{
    "version": 3,
    "terraform_version": "0.7.7",
    "serial": 8,
    "lineage": "e766cf59-b87d-4da3-adaf-a80939aa6f09",
    "remote": {
        "type": "s3",
        "config": {
            "bucket": "imma-io-remote-state",
            "key": "env-ireland/terraform.tfstate",
            "region": "us-west-1"
        }
    },
    "modules": [
        {
            "path": [
                "root"
            ],
            "outputs": {
                "aws_region": {
                    "sensitive": false,
                    "type": "string",
                    "value": "eu-west-1"
                },
                "env_name": {
                    "sensitive": false,
                    "type": "string",
                    "value": "ireland"
                },
                "env_region": {
                    "sensitive": false,
                    "type": "map",
                    "value": {
                        "admin": "us-east-1",
                        "dev": "us-west-2",
                        "ireland": "eu-west-1",
                        "network": "us-east-1",
                        "prod": "us-east-2",
                        "sandbox": "us-west-1",
                        "stage": "us-west-2"
                    }
                },
                "igw_id": {
                    "sensitive": false,
                    "type": "string",
                    "value": "igw-f359b797"
                },
                "nat_gateways": {
                    "sensitive": false,
                    "type": "list",
                    "value": []
                },
                "private_zone_id": {
                    "sensitive": false,
                    "type": "string",
                    "value": "Z39W44RFQT828X"
                },
                "private_zone_name": {
                    "sensitive": false,
                    "type": "string",
                    "value": "ireland.imma.io"
                },
                "private_zone_servers": {
                    "sensitive": false,
                    "type": "list",
                    "value": [
                        "ns-0.awsdns-00.com.",
                        "ns-1024.awsdns-00.org.",
                        "ns-1536.awsdns-00.co.uk.",
                        "ns-512.awsdns-00.net."
                    ]
                },
                "sg_efs": {
                    "sensitive": false,
                    "type": "string",
                    "value": "sg-8407c9e2"
                },
                "sg_env": {
                    "sensitive": false,
                    "type": "string",
                    "value": "sg-bc07c9da"
                },
                "sg_env_lb": {
                    "sensitive": false,
                    "type": "string",
                    "value": "sg-be07c9d8"
                },
                "sg_env_lb_private": {
                    "sensitive": false,
                    "type": "string",
                    "value": "sg-b107c9d7"
                },
                "sg_env_lb_public": {
                    "sensitive": false,
                    "type": "string",
                    "value": "sg-b807c9de"
                },
                "sg_env_private": {
                    "sensitive": false,
                    "type": "string",
                    "value": "sg-bd07c9db"
                },
                "sg_env_public": {
                    "sensitive": false,
                    "type": "string",
                    "value": "sg-bf07c9d9"
                },
                "vpc_id": {
                    "sensitive": false,
                    "type": "string",
                    "value": "vpc-33dcbe57"
                }
            },
            "resources": {
                "data.terraform_remote_state.global": {
                    "type": "terraform_remote_state",
                    "depends_on": [],
                    "primary": {
                        "id": "2016-10-28 03:41:25.499083487 +0000 UTC",
                        "attributes": {
                            "aws_account_id": "548373030883",
                            "backend": "local",
                            "config.%": "1",
                            "config.path": "../.terraform/terraform.tfstate",
                            "domain_name": "imma.io",
                            "env_cidr.%": "8",
                            "env_cidr._reserved_docker": "172.17.0.0/16",
                            "env_cidr.admin": "172.19.0.0/16",
                            "env_cidr.dev": "172.20.0.0/16",
                            "env_cidr.ireland": "172.21.0.0/16",
                            "env_cidr.network": "172.23.0.0/16",
                            "env_cidr.prod": "172.18.0.0/16",
                            "env_cidr.sandbox": "172.16.0.0/16",
                            "env_cidr.stage": "172.22.0.0/16",
                            "env_region.%": "7",
                            "env_region.admin": "us-east-1",
                            "env_region.dev": "us-west-2",
                            "env_region.ireland": "eu-west-1",
                            "env_region.network": "us-east-1",
                            "env_region.prod": "us-east-2",
                            "env_region.sandbox": "us-west-1",
                            "env_region.stage": "us-west-2",
                            "id": "2016-10-28 03:41:25.499083487 +0000 UTC",
                            "s3_remote_state": "b-32471e35-global-tf-remote-state",
                            "service_nets.%": "10",
                            "service_nets._reserved_services.#": "3",
                            "service_nets._reserved_services.0": "96",
                            "service_nets._reserved_services.1": "97",
                            "service_nets._reserved_services.2": "98",
                            "service_nets.aptly.#": "4",
                            "service_nets.aptly.0": "111",
                            "service_nets.aptly.1": "112",
                            "service_nets.aptly.2": "113",
                            "service_nets.aptly.3": "1002",
                            "service_nets.bastion.#": "4",
                            "service_nets.bastion.0": "102",
                            "service_nets.bastion.1": "103",
                            "service_nets.bastion.2": "104",
                            "service_nets.bastion.3": "1001",
                            "service_nets.blocks.#": "4",
                            "service_nets.blocks.0": "123",
                            "service_nets.blocks.1": "124",
                            "service_nets.blocks.2": "125",
                            "service_nets.blocks.3": "1008",
                            "service_nets.dns.#": "4",
                            "service_nets.dns.0": "117",
                            "service_nets.dns.1": "118",
                            "service_nets.dns.2": "119",
                            "service_nets.dns.3": "1004",
                            "service_nets.irssi.#": "4",
                            "service_nets.irssi.0": "105",
                            "service_nets.irssi.1": "106",
                            "service_nets.irssi.2": "107",
                            "service_nets.irssi.3": "1006",
                            "service_nets.nexus.#": "4",
                            "service_nets.nexus.0": "114",
                            "service_nets.nexus.1": "115",
                            "service_nets.nexus.2": "116",
                            "service_nets.nexus.3": "1003",
                            "service_nets.ntp.#": "4",
                            "service_nets.ntp.0": "120",
                            "service_nets.ntp.1": "121",
                            "service_nets.ntp.2": "122",
                            "service_nets.ntp.3": "1005",
                            "service_nets.openvpn.#": "4",
                            "service_nets.openvpn.0": "99",
                            "service_nets.openvpn.1": "100",
                            "service_nets.openvpn.2": "101",
                            "service_nets.openvpn.3": "1000",
                            "service_nets.packer.#": "4",
                            "service_nets.packer.0": "108",
                            "service_nets.packer.1": "109",
                            "service_nets.packer.2": "110",
                            "service_nets.packer.3": "1007",
                            "sys_nets.%": "4",
                            "sys_nets._reserved_24.#": "3",
                            "sys_nets._reserved_24.0": "0",
                            "sys_nets._reserved_24.1": "1",
                            "sys_nets._reserved_24.2": "6",
                            "sys_nets._reserved_28.#": "10",
                            "sys_nets._reserved_28.0": "0",
                            "sys_nets._reserved_28.1": "1",
                            "sys_nets._reserved_28.2": "2",
                            "sys_nets._reserved_28.3": "3",
                            "sys_nets._reserved_28.4": "4",
                            "sys_nets._reserved_28.5": "5",
                            "sys_nets._reserved_28.6": "6",
                            "sys_nets._reserved_28.7": "7",
                            "sys_nets._reserved_28.8": "8",
                            "sys_nets._reserved_28.9": "9",
                            "sys_nets.common.#": "4",
                            "sys_nets.common.0": "2",
                            "sys_nets.common.1": "3",
                            "sys_nets.common.2": "4",
                            "sys_nets.common.3": "5",
                            "sys_nets.nat.#": "4",
                            "sys_nets.nat.0": "10",
                            "sys_nets.nat.1": "11",
                            "sys_nets.nat.2": "12",
                            "sys_nets.nat.3": "13"
                        },
                        "meta": {},
                        "tainted": false
                    },
                    "deposed": [],
                    "provider": ""
                }
            },
            "depends_on": []
        },
        {
            "path": [
                "root",
                "env"
            ],
            "outputs": {
                "env_name": {
                    "sensitive": false,
                    "type": "string",
                    "value": "ireland"
                },
                "igw_id": {
                    "sensitive": false,
                    "type": "string",
                    "value": "igw-f359b797"
                },
                "nat_gateways": {
                    "sensitive": false,
                    "type": "list",
                    "value": []
                },
                "private_zone_id": {
                    "sensitive": false,
                    "type": "string",
                    "value": "Z39W44RFQT828X"
                },
                "private_zone_name": {
                    "sensitive": false,
                    "type": "string",
                    "value": "ireland.imma.io"
                },
                "private_zone_servers": {
                    "sensitive": false,
                    "type": "list",
                    "value": [
                        "ns-0.awsdns-00.com.",
                        "ns-1024.awsdns-00.org.",
                        "ns-1536.awsdns-00.co.uk.",
                        "ns-512.awsdns-00.net."
                    ]
                },
                "sg_efs": {
                    "sensitive": false,
                    "type": "string",
                    "value": "sg-8407c9e2"
                },
                "sg_env": {
                    "sensitive": false,
                    "type": "string",
                    "value": "sg-bc07c9da"
                },
                "sg_env_lb": {
                    "sensitive": false,
                    "type": "string",
                    "value": "sg-be07c9d8"
                },
                "sg_env_lb_private": {
                    "sensitive": false,
                    "type": "string",
                    "value": "sg-b107c9d7"
                },
                "sg_env_lb_public": {
                    "sensitive": false,
                    "type": "string",
                    "value": "sg-b807c9de"
                },
                "sg_env_private": {
                    "sensitive": false,
                    "type": "string",
                    "value": "sg-bd07c9db"
                },
                "sg_env_public": {
                    "sensitive": false,
                    "type": "string",
                    "value": "sg-bf07c9d9"
                },
                "vpc_id": {
                    "sensitive": false,
                    "type": "string",
                    "value": "vpc-33dcbe57"
                }
            },
            "resources": {
                "aws_cloudwatch_log_group.flow_log": {
                    "type": "aws_cloudwatch_log_group",
                    "depends_on": [],
                    "primary": {
                        "id": "ireland-flow-log",
                        "attributes": {
                            "arn": "arn:aws:logs:eu-west-1:548373030883:log-group:ireland-flow-log:*",
                            "id": "ireland-flow-log",
                            "name": "ireland-flow-log",
                            "retention_in_days": "0"
                        },
                        "meta": {},
                        "tainted": false
                    },
                    "deposed": [],
                    "provider": ""
                },
                "aws_flow_log.env": {
                    "type": "aws_flow_log",
                    "depends_on": [
                        "aws_cloudwatch_log_group.flow_log",
                        "aws_iam_role.flow_log",
                        "aws_vpc.env"
                    ],
                    "primary": {
                        "id": "fl-d68162bf",
                        "attributes": {
                            "iam_role_arn": "arn:aws:iam::548373030883:role/ireland-flow-log",
                            "id": "fl-d68162bf",
                            "log_group_name": "ireland-flow-log",
                            "traffic_type": "ALL",
                            "vpc_id": "vpc-33dcbe57"
                        },
                        "meta": {},
                        "tainted": false
                    },
                    "deposed": [],
                    "provider": ""
                },
                "aws_iam_role.flow_log": {
                    "type": "aws_iam_role",
                    "depends_on": [
                        "data.aws_iam_policy_document.flow_log"
                    ],
                    "primary": {
                        "id": "ireland-flow-log",
                        "attributes": {
                            "arn": "arn:aws:iam::548373030883:role/ireland-flow-log",
                            "assume_role_policy": "{\n  \"Version\": \"2012-10-17\",\n  \"Statement\": [\n    {\n      \"Sid\": \"\",\n      \"Effect\": \"Allow\",\n      \"Action\": \"sts:AssumeRole\",\n      \"Principal\": {\n        \"Service\": \"vpc-flow-logs.amazonaws.com\"\n      }\n    }\n  ]\n}",
                            "id": "ireland-flow-log",
                            "name": "ireland-flow-log",
                            "path": "/",
                            "unique_id": "AROAJTFF7NGKT3U2WY3TW"
                        },
                        "meta": {},
                        "tainted": false
                    },
                    "deposed": [],
                    "provider": ""
                },
                "aws_iam_role_policy.flow_log": {
                    "type": "aws_iam_role_policy",
                    "depends_on": [
                        "aws_iam_role.flow_log",
                        "data.aws_iam_policy_document.flow_log_logs"
                    ],
                    "primary": {
                        "id": "ireland-flow-log:ireland-flow-log",
                        "attributes": {
                            "id": "ireland-flow-log:ireland-flow-log",
                            "name": "ireland-flow-log",
                            "policy": "{\n  \"Version\": \"2012-10-17\",\n  \"Statement\": [\n    {\n      \"Sid\": \"\",\n      \"Effect\": \"Allow\",\n      \"Action\": [\n        \"logs:PutLogEvents\",\n        \"logs:DescribeLogStreams\",\n        \"logs:DescribeLogGroups\",\n        \"logs:CreateLogStream\",\n        \"logs:CreateLogGroup\"\n      ],\n      \"Resource\": \"*\"\n    }\n  ]\n}",
                            "role": "ireland-flow-log"
                        },
                        "meta": {},
                        "tainted": false
                    },
                    "deposed": [],
                    "provider": ""
                },
                "aws_internet_gateway.env": {
                    "type": "aws_internet_gateway",
                    "depends_on": [
                        "aws_vpc.env"
                    ],
                    "primary": {
                        "id": "igw-f359b797",
                        "attributes": {
                            "id": "igw-f359b797",
                            "tags.%": "3",
                            "tags.Env": "ireland",
                            "tags.ManagedBy": "terraform",
                            "tags.Name": "ireland-nat",
                            "vpc_id": "vpc-33dcbe57"
                        },
                        "meta": {},
                        "tainted": false
                    },
                    "deposed": [],
                    "provider": ""
                },
                "aws_route.nat": {
                    "type": "aws_route",
                    "depends_on": [
                        "aws_internet_gateway.env",
                        "aws_route_table.nat"
                    ],
                    "primary": {
                        "id": "r-rtb-415f6a251080289494",
                        "attributes": {
                            "destination_cidr_block": "0.0.0.0/0",
                            "destination_prefix_list_id": "",
                            "gateway_id": "igw-f359b797",
                            "id": "r-rtb-415f6a251080289494",
                            "instance_id": "",
                            "instance_owner_id": "",
                            "nat_gateway_id": "",
                            "network_interface_id": "",
                            "origin": "CreateRoute",
                            "route_table_id": "rtb-415f6a25",
                            "state": "active",
                            "vpc_peering_connection_id": ""
                        },
                        "meta": {},
                        "tainted": false
                    },
                    "deposed": [],
                    "provider": ""
                },
                "aws_route53_record.fs.0": {
                    "type": "aws_route53_record",
                    "depends_on": [
                        "aws_route53_zone.private",
                        "data.aws_availability_zones.azs",
                        "data.terraform_remote_state.global",
                        "module.fs"
                    ],
                    "primary": {
                        "id": "Z39W44RFQT828X_efs-eu-west-1a.ireland.imma.io_CNAME",
                        "attributes": {
                            "fqdn": "efs-eu-west-1a.ireland.imma.io",
                            "health_check_id": "",
                            "id": "Z39W44RFQT828X_efs-eu-west-1a.ireland.imma.io_CNAME",
                            "name": "efs-eu-west-1a.ireland.imma.io",
                            "records.#": "1",
                            "records.2123366100": "eu-west-1a.fs-f703f33e.efs.eu-west-1.amazonaws.com",
                            "set_identifier": "",
                            "ttl": "60",
                            "type": "CNAME",
                            "zone_id": "Z39W44RFQT828X"
                        },
                        "meta": {
                            "schema_version": "2"
                        },
                        "tainted": false
                    },
                    "deposed": [],
                    "provider": ""
                },
                "aws_route53_record.fs.1": {
                    "type": "aws_route53_record",
                    "depends_on": [
                        "aws_route53_zone.private",
                        "data.aws_availability_zones.azs",
                        "data.terraform_remote_state.global",
                        "module.fs"
                    ],
                    "primary": {
                        "id": "Z39W44RFQT828X_efs-eu-west-1b.ireland.imma.io_CNAME",
                        "attributes": {
                            "fqdn": "efs-eu-west-1b.ireland.imma.io",
                            "health_check_id": "",
                            "id": "Z39W44RFQT828X_efs-eu-west-1b.ireland.imma.io_CNAME",
                            "name": "efs-eu-west-1b.ireland.imma.io",
                            "records.#": "1",
                            "records.2647017846": "eu-west-1b.fs-f703f33e.efs.eu-west-1.amazonaws.com",
                            "set_identifier": "",
                            "ttl": "60",
                            "type": "CNAME",
                            "zone_id": "Z39W44RFQT828X"
                        },
                        "meta": {
                            "schema_version": "2"
                        },
                        "tainted": false
                    },
                    "deposed": [],
                    "provider": ""
                },
                "aws_route53_record.fs.2": {
                    "type": "aws_route53_record",
                    "depends_on": [
                        "aws_route53_zone.private",
                        "data.aws_availability_zones.azs",
                        "data.terraform_remote_state.global",
                        "module.fs"
                    ],
                    "primary": {
                        "id": "Z39W44RFQT828X_efs-eu-west-1c.ireland.imma.io_CNAME",
                        "attributes": {
                            "fqdn": "efs-eu-west-1c.ireland.imma.io",
                            "health_check_id": "",
                            "id": "Z39W44RFQT828X_efs-eu-west-1c.ireland.imma.io_CNAME",
                            "name": "efs-eu-west-1c.ireland.imma.io",
                            "records.#": "1",
                            "records.1976687063": "eu-west-1c.fs-f703f33e.efs.eu-west-1.amazonaws.com",
                            "set_identifier": "",
                            "ttl": "60",
                            "type": "CNAME",
                            "zone_id": "Z39W44RFQT828X"
                        },
                        "meta": {
                            "schema_version": "2"
                        },
                        "tainted": false
                    },
                    "deposed": [],
                    "provider": ""
                },
                "aws_route53_zone.private": {
                    "type": "aws_route53_zone",
                    "depends_on": [
                        "aws_vpc.env",
                        "data.terraform_remote_state.global"
                    ],
                    "primary": {
                        "id": "Z39W44RFQT828X",
                        "attributes": {
                            "comment": "Managed by Terraform",
                            "force_destroy": "false",
                            "id": "Z39W44RFQT828X",
                            "name": "ireland.imma.io",
                            "name_servers.#": "4",
                            "name_servers.0": "ns-0.awsdns-00.com.",
                            "name_servers.1": "ns-1024.awsdns-00.org.",
                            "name_servers.2": "ns-1536.awsdns-00.co.uk.",
                            "name_servers.3": "ns-512.awsdns-00.net.",
                            "tags.%": "3",
                            "tags.Env": "ireland",
                            "tags.ManagedBy": "terraform",
                            "tags.Name": "ireland",
                            "vpc_id": "vpc-33dcbe57",
                            "vpc_region": "eu-west-1",
                            "zone_id": "Z39W44RFQT828X"
                        },
                        "meta": {},
                        "tainted": false
                    },
                    "deposed": [],
                    "provider": ""
                },
                "aws_route_table.common.0": {
                    "type": "aws_route_table",
                    "depends_on": [
                        "aws_vpc.env"
                    ],
                    "primary": {
                        "id": "rtb-445f6a20",
                        "attributes": {
                            "id": "rtb-445f6a20",
                            "propagating_vgws.#": "0",
                            "route.#": "0",
                            "tags.%": "3",
                            "tags.Env": "ireland",
                            "tags.ManagedBy": "terraform",
                            "tags.Name": "ireland-common",
                            "vpc_id": "vpc-33dcbe57"
                        },
                        "meta": {},
                        "tainted": false
                    },
                    "deposed": [],
                    "provider": ""
                },
                "aws_route_table.common.1": {
                    "type": "aws_route_table",
                    "depends_on": [
                        "aws_vpc.env"
                    ],
                    "primary": {
                        "id": "rtb-475f6a23",
                        "attributes": {
                            "id": "rtb-475f6a23",
                            "propagating_vgws.#": "0",
                            "route.#": "0",
                            "tags.%": "3",
                            "tags.Env": "ireland",
                            "tags.ManagedBy": "terraform",
                            "tags.Name": "ireland-common",
                            "vpc_id": "vpc-33dcbe57"
                        },
                        "meta": {},
                        "tainted": false
                    },
                    "deposed": [],
                    "provider": ""
                },
                "aws_route_table.common.2": {
                    "type": "aws_route_table",
                    "depends_on": [
                        "aws_vpc.env"
                    ],
                    "primary": {
                        "id": "rtb-7a5f6a1e",
                        "attributes": {
                            "id": "rtb-7a5f6a1e",
                            "propagating_vgws.#": "0",
                            "route.#": "0",
                            "tags.%": "3",
                            "tags.Env": "ireland",
                            "tags.ManagedBy": "terraform",
                            "tags.Name": "ireland-common",
                            "vpc_id": "vpc-33dcbe57"
                        },
                        "meta": {},
                        "tainted": false
                    },
                    "deposed": [],
                    "provider": ""
                },
                "aws_route_table.nat": {
                    "type": "aws_route_table",
                    "depends_on": [
                        "aws_vpc.env"
                    ],
                    "primary": {
                        "id": "rtb-415f6a25",
                        "attributes": {
                            "id": "rtb-415f6a25",
                            "propagating_vgws.#": "0",
                            "route.#": "1",
                            "route.3739672824.cidr_block": "0.0.0.0/0",
                            "route.3739672824.gateway_id": "igw-f359b797",
                            "route.3739672824.instance_id": "",
                            "route.3739672824.nat_gateway_id": "",
                            "route.3739672824.network_interface_id": "",
                            "route.3739672824.vpc_peering_connection_id": "",
                            "tags.%": "4",
                            "tags.Env": "ireland",
                            "tags.ManagedBy": "terraform",
                            "tags.Name": "ireland-nat",
                            "tags.Network": "public",
                            "vpc_id": "vpc-33dcbe57"
                        },
                        "meta": {},
                        "tainted": false
                    },
                    "deposed": [],
                    "provider": ""
                },
                "aws_route_table_association.common.0": {
                    "type": "aws_route_table_association",
                    "depends_on": [
                        "aws_route_table.common",
                        "aws_subnet.common"
                    ],
                    "primary": {
                        "id": "rtbassoc-fedf5499",
                        "attributes": {
                            "id": "rtbassoc-fedf5499",
                            "route_table_id": "rtb-445f6a20",
                            "subnet_id": "subnet-30129268"
                        },
                        "meta": {},
                        "tainted": false
                    },
                    "deposed": [],
                    "provider": ""
                },
                "aws_route_table_association.common.1": {
                    "type": "aws_route_table_association",
                    "depends_on": [
                        "aws_route_table.common",
                        "aws_subnet.common"
                    ],
                    "primary": {
                        "id": "rtbassoc-fddf549a",
                        "attributes": {
                            "id": "rtbassoc-fddf549a",
                            "route_table_id": "rtb-475f6a23",
                            "subnet_id": "subnet-58bdfb3c"
                        },
                        "meta": {},
                        "tainted": false
                    },
                    "deposed": [],
                    "provider": ""
                },
                "aws_route_table_association.common.2": {
                    "type": "aws_route_table_association",
                    "depends_on": [
                        "aws_route_table.common",
                        "aws_subnet.common"
                    ],
                    "primary": {
                        "id": "rtbassoc-ffdf5498",
                        "attributes": {
                            "id": "rtbassoc-ffdf5498",
                            "route_table_id": "rtb-7a5f6a1e",
                            "subnet_id": "subnet-affa86d9"
                        },
                        "meta": {},
                        "tainted": false
                    },
                    "deposed": [],
                    "provider": ""
                },
                "aws_route_table_association.nat.0": {
                    "type": "aws_route_table_association",
                    "depends_on": [
                        "aws_route_table.nat",
                        "aws_subnet.nat"
                    ],
                    "primary": {
                        "id": "rtbassoc-fadf549d",
                        "attributes": {
                            "id": "rtbassoc-fadf549d",
                            "route_table_id": "rtb-415f6a25",
                            "subnet_id": "subnet-31129269"
                        },
                        "meta": {},
                        "tainted": false
                    },
                    "deposed": [],
                    "provider": ""
                },
                "aws_route_table_association.nat.1": {
                    "type": "aws_route_table_association",
                    "depends_on": [
                        "aws_route_table.nat",
                        "aws_subnet.nat"
                    ],
                    "primary": {
                        "id": "rtbassoc-f8df549f",
                        "attributes": {
                            "id": "rtbassoc-f8df549f",
                            "route_table_id": "rtb-415f6a25",
                            "subnet_id": "subnet-59bdfb3d"
                        },
                        "meta": {},
                        "tainted": false
                    },
                    "deposed": [],
                    "provider": ""
                },
                "aws_route_table_association.nat.2": {
                    "type": "aws_route_table_association",
                    "depends_on": [
                        "aws_route_table.nat",
                        "aws_subnet.nat"
                    ],
                    "primary": {
                        "id": "rtbassoc-f9df549e",
                        "attributes": {
                            "id": "rtbassoc-f9df549e",
                            "route_table_id": "rtb-415f6a25",
                            "subnet_id": "subnet-acfa86da"
                        },
                        "meta": {},
                        "tainted": false
                    },
                    "deposed": [],
                    "provider": ""
                },
                "aws_s3_bucket.lb": {
                    "type": "aws_s3_bucket",
                    "depends_on": [
                        "data.terraform_remote_state.global"
                    ],
                    "primary": {
                        "id": "b-32471e35-ireland-lb",
                        "attributes": {
                            "acceleration_status": "",
                            "acl": "private",
                            "arn": "arn:aws:s3:::b-32471e35-ireland-lb",
                            "bucket": "b-32471e35-ireland-lb",
                            "force_destroy": "false",
                            "hosted_zone_id": "Z1BKCTXD74EZPE",
                            "id": "b-32471e35-ireland-lb",
                            "region": "eu-west-1",
                            "request_payer": "BucketOwner",
                            "tags.%": "2",
                            "tags.Env": "ireland",
                            "tags.ManagedBy": "terraform",
                            "versioning.#": "1",
                            "versioning.69840937.enabled": "true",
                            "website.#": "0"
                        },
                        "meta": {},
                        "tainted": false
                    },
                    "deposed": [],
                    "provider": ""
                },
                "aws_s3_bucket.s3": {
                    "type": "aws_s3_bucket",
                    "depends_on": [
                        "data.terraform_remote_state.global"
                    ],
                    "primary": {
                        "id": "b-32471e35-ireland-s3",
                        "attributes": {
                            "acceleration_status": "",
                            "acl": "log-delivery-write",
                            "arn": "arn:aws:s3:::b-32471e35-ireland-s3",
                            "bucket": "b-32471e35-ireland-s3",
                            "force_destroy": "false",
                            "hosted_zone_id": "Z1BKCTXD74EZPE",
                            "id": "b-32471e35-ireland-s3",
                            "logging.#": "1",
                            "logging.1925409119.target_bucket": "b-32471e35-ireland-s3-meta",
                            "logging.1925409119.target_prefix": "log/",
                            "region": "eu-west-1",
                            "request_payer": "BucketOwner",
                            "tags.%": "2",
                            "tags.Env": "ireland",
                            "tags.ManagedBy": "terraform",
                            "versioning.#": "1",
                            "versioning.69840937.enabled": "true",
                            "website.#": "0"
                        },
                        "meta": {},
                        "tainted": false
                    },
                    "deposed": [],
                    "provider": ""
                },
                "aws_s3_bucket.s3-meta": {
                    "type": "aws_s3_bucket",
                    "depends_on": [
                        "data.terraform_remote_state.global"
                    ],
                    "primary": {
                        "id": "b-32471e35-ireland-s3-meta",
                        "attributes": {
                            "acceleration_status": "",
                            "acl": "log-delivery-write",
                            "arn": "arn:aws:s3:::b-32471e35-ireland-s3-meta",
                            "bucket": "b-32471e35-ireland-s3-meta",
                            "force_destroy": "false",
                            "hosted_zone_id": "Z1BKCTXD74EZPE",
                            "id": "b-32471e35-ireland-s3-meta",
                            "region": "eu-west-1",
                            "request_payer": "BucketOwner",
                            "tags.%": "2",
                            "tags.Env": "ireland",
                            "tags.ManagedBy": "terraform",
                            "versioning.#": "1",
                            "versioning.69840937.enabled": "true",
                            "website.#": "0"
                        },
                        "meta": {},
                        "tainted": false
                    },
                    "deposed": [],
                    "provider": ""
                },
                "aws_s3_bucket.website": {
                    "type": "aws_s3_bucket",
                    "depends_on": [
                        "data.terraform_remote_state.global"
                    ],
                    "primary": {
                        "id": "b-32471e35-ireland-website",
                        "attributes": {
                            "acceleration_status": "",
                            "acl": "private",
                            "arn": "arn:aws:s3:::b-32471e35-ireland-website",
                            "bucket": "b-32471e35-ireland-website",
                            "force_destroy": "false",
                            "hosted_zone_id": "Z1BKCTXD74EZPE",
                            "id": "b-32471e35-ireland-website",
                            "logging.#": "1",
                            "logging.2669014284.target_bucket": "b-32471e35-ireland-s3",
                            "logging.2669014284.target_prefix": "log/",
                            "region": "eu-west-1",
                            "request_payer": "BucketOwner",
                            "tags.%": "2",
                            "tags.Env": "ireland",
                            "tags.ManagedBy": "terraform",
                            "versioning.#": "1",
                            "versioning.69840937.enabled": "true",
                            "website.#": "1",
                            "website.0.error_document": "error.html",
                            "website.0.index_document": "index.html",
                            "website.0.redirect_all_requests_to": "",
                            "website.0.routing_rules": "",
                            "website_domain": "s3-website-eu-west-1.amazonaws.com",
                            "website_endpoint": "b-32471e35-ireland-website.s3-website-eu-west-1.amazonaws.com"
                        },
                        "meta": {},
                        "tainted": false
                    },
                    "deposed": [],
                    "provider": ""
                },
                "aws_security_group.env": {
                    "type": "aws_security_group",
                    "depends_on": [
                        "aws_vpc.env"
                    ],
                    "primary": {
                        "id": "sg-bc07c9da",
                        "attributes": {
                            "description": "Environment ireland",
                            "egress.#": "1",
                            "egress.482069346.cidr_blocks.#": "1",
                            "egress.482069346.cidr_blocks.0": "0.0.0.0/0",
                            "egress.482069346.from_port": "0",
                            "egress.482069346.prefix_list_ids.#": "0",
                            "egress.482069346.protocol": "-1",
                            "egress.482069346.security_groups.#": "0",
                            "egress.482069346.self": "false",
                            "egress.482069346.to_port": "0",
                            "id": "sg-bc07c9da",
                            "ingress.#": "0",
                            "name": "ireland",
                            "owner_id": "548373030883",
                            "tags.%": "3",
                            "tags.Env": "ireland",
                            "tags.ManagedBy": "terraform",
                            "tags.Name": "ireland",
                            "vpc_id": "vpc-33dcbe57"
                        },
                        "meta": {},
                        "tainted": false
                    },
                    "deposed": [],
                    "provider": ""
                },
                "aws_security_group.env_lb": {
                    "type": "aws_security_group",
                    "depends_on": [
                        "aws_vpc.env"
                    ],
                    "primary": {
                        "id": "sg-be07c9d8",
                        "attributes": {
                            "description": "Environment ireland LB",
                            "egress.#": "1",
                            "egress.482069346.cidr_blocks.#": "1",
                            "egress.482069346.cidr_blocks.0": "0.0.0.0/0",
                            "egress.482069346.from_port": "0",
                            "egress.482069346.prefix_list_ids.#": "0",
                            "egress.482069346.protocol": "-1",
                            "egress.482069346.security_groups.#": "0",
                            "egress.482069346.self": "false",
                            "egress.482069346.to_port": "0",
                            "id": "sg-be07c9d8",
                            "ingress.#": "0",
                            "name": "ireland-lb",
                            "owner_id": "548373030883",
                            "tags.%": "3",
                            "tags.Env": "ireland",
                            "tags.ManagedBy": "terraform",
                            "tags.Name": "ireland",
                            "vpc_id": "vpc-33dcbe57"
                        },
                        "meta": {},
                        "tainted": false
                    },
                    "deposed": [],
                    "provider": ""
                },
                "aws_security_group.env_lb_private": {
                    "type": "aws_security_group",
                    "depends_on": [
                        "aws_vpc.env"
                    ],
                    "primary": {
                        "id": "sg-b107c9d7",
                        "attributes": {
                            "description": "Environment ireland LB Private",
                            "egress.#": "0",
                            "id": "sg-b107c9d7",
                            "ingress.#": "0",
                            "name": "ireland-lb-private",
                            "owner_id": "548373030883",
                            "tags.%": "4",
                            "tags.Env": "ireland",
                            "tags.ManagedBy": "terraform",
                            "tags.Name": "ireland",
                            "tags.Network": "public",
                            "vpc_id": "vpc-33dcbe57"
                        },
                        "meta": {},
                        "tainted": false
                    },
                    "deposed": [],
                    "provider": ""
                },
                "aws_security_group.env_lb_public": {
                    "type": "aws_security_group",
                    "depends_on": [
                        "aws_vpc.env"
                    ],
                    "primary": {
                        "id": "sg-b807c9de",
                        "attributes": {
                            "description": "Environment ireland LB Public",
                            "egress.#": "0",
                            "id": "sg-b807c9de",
                            "ingress.#": "0",
                            "name": "ireland-lb-public",
                            "owner_id": "548373030883",
                            "tags.%": "4",
                            "tags.Env": "ireland",
                            "tags.ManagedBy": "terraform",
                            "tags.Name": "ireland",
                            "tags.Network": "public",
                            "vpc_id": "vpc-33dcbe57"
                        },
                        "meta": {},
                        "tainted": false
                    },
                    "deposed": [],
                    "provider": ""
                },
                "aws_security_group.env_private": {
                    "type": "aws_security_group",
                    "depends_on": [
                        "aws_vpc.env"
                    ],
                    "primary": {
                        "id": "sg-bd07c9db",
                        "attributes": {
                            "description": "Environment ireland Private",
                            "egress.#": "0",
                            "id": "sg-bd07c9db",
                            "ingress.#": "0",
                            "name": "ireland-private",
                            "owner_id": "548373030883",
                            "tags.%": "3",
                            "tags.Env": "ireland",
                            "tags.ManagedBy": "terraform",
                            "tags.Name": "ireland",
                            "vpc_id": "vpc-33dcbe57"
                        },
                        "meta": {},
                        "tainted": false
                    },
                    "deposed": [],
                    "provider": ""
                },
                "aws_security_group.env_public": {
                    "type": "aws_security_group",
                    "depends_on": [
                        "aws_vpc.env"
                    ],
                    "primary": {
                        "id": "sg-bf07c9d9",
                        "attributes": {
                            "description": "Environment ireland Public",
                            "egress.#": "0",
                            "id": "sg-bf07c9d9",
                            "ingress.#": "0",
                            "name": "ireland-public",
                            "owner_id": "548373030883",
                            "tags.%": "4",
                            "tags.Env": "ireland",
                            "tags.ManagedBy": "terraform",
                            "tags.Name": "ireland",
                            "tags.Network": "public",
                            "vpc_id": "vpc-33dcbe57"
                        },
                        "meta": {},
                        "tainted": false
                    },
                    "deposed": [],
                    "provider": ""
                },
                "aws_security_group_rule.env_egress": {
                    "type": "aws_security_group_rule",
                    "depends_on": [
                        "aws_security_group.env"
                    ],
                    "primary": {
                        "id": "sgrule-284322752",
                        "attributes": {
                            "cidr_blocks.#": "1",
                            "cidr_blocks.0": "0.0.0.0/0",
                            "from_port": "0",
                            "id": "sgrule-284322752",
                            "prefix_list_ids.#": "0",
                            "protocol": "-1",
                            "security_group_id": "sg-bc07c9da",
                            "self": "false",
                            "to_port": "0",
                            "type": "egress"
                        },
                        "meta": {
                            "schema_version": "2"
                        },
                        "tainted": false
                    },
                    "deposed": [],
                    "provider": ""
                },
                "aws_security_group_rule.env_lb_egress": {
                    "type": "aws_security_group_rule",
                    "depends_on": [
                        "aws_security_group.env_lb"
                    ],
                    "primary": {
                        "id": "sgrule-3634122440",
                        "attributes": {
                            "cidr_blocks.#": "1",
                            "cidr_blocks.0": "0.0.0.0/0",
                            "from_port": "0",
                            "id": "sgrule-3634122440",
                            "prefix_list_ids.#": "0",
                            "protocol": "-1",
                            "security_group_id": "sg-be07c9d8",
                            "self": "false",
                            "to_port": "0",
                            "type": "egress"
                        },
                        "meta": {
                            "schema_version": "2"
                        },
                        "tainted": false
                    },
                    "deposed": [],
                    "provider": ""
                },
                "aws_subnet.common.0": {
                    "type": "aws_subnet",
                    "depends_on": [
                        "aws_vpc.env",
                        "data.aws_availability_zones.azs",
                        "data.aws_vpc.current"
                    ],
                    "primary": {
                        "id": "subnet-30129268",
                        "attributes": {
                            "availability_zone": "eu-west-1a",
                            "cidr_block": "172.21.2.0/24",
                            "id": "subnet-30129268",
                            "map_public_ip_on_launch": "false",
                            "tags.%": "3",
                            "tags.Env": "ireland",
                            "tags.ManagedBy": "terraform",
                            "tags.Name": "ireland-common",
                            "vpc_id": "vpc-33dcbe57"
                        },
                        "meta": {},
                        "tainted": false
                    },
                    "deposed": [],
                    "provider": ""
                },
                "aws_subnet.common.1": {
                    "type": "aws_subnet",
                    "depends_on": [
                        "aws_vpc.env",
                        "data.aws_availability_zones.azs",
                        "data.aws_vpc.current"
                    ],
                    "primary": {
                        "id": "subnet-58bdfb3c",
                        "attributes": {
                            "availability_zone": "eu-west-1b",
                            "cidr_block": "172.21.3.0/24",
                            "id": "subnet-58bdfb3c",
                            "map_public_ip_on_launch": "false",
                            "tags.%": "3",
                            "tags.Env": "ireland",
                            "tags.ManagedBy": "terraform",
                            "tags.Name": "ireland-common",
                            "vpc_id": "vpc-33dcbe57"
                        },
                        "meta": {},
                        "tainted": false
                    },
                    "deposed": [],
                    "provider": ""
                },
                "aws_subnet.common.2": {
                    "type": "aws_subnet",
                    "depends_on": [
                        "aws_vpc.env",
                        "data.aws_availability_zones.azs",
                        "data.aws_vpc.current"
                    ],
                    "primary": {
                        "id": "subnet-affa86d9",
                        "attributes": {
                            "availability_zone": "eu-west-1c",
                            "cidr_block": "172.21.4.0/24",
                            "id": "subnet-affa86d9",
                            "map_public_ip_on_launch": "false",
                            "tags.%": "3",
                            "tags.Env": "ireland",
                            "tags.ManagedBy": "terraform",
                            "tags.Name": "ireland-common",
                            "vpc_id": "vpc-33dcbe57"
                        },
                        "meta": {},
                        "tainted": false
                    },
                    "deposed": [],
                    "provider": ""
                },
                "aws_subnet.nat.0": {
                    "type": "aws_subnet",
                    "depends_on": [
                        "aws_vpc.env",
                        "data.aws_availability_zones.azs",
                        "data.aws_vpc.current"
                    ],
                    "primary": {
                        "id": "subnet-31129269",
                        "attributes": {
                            "availability_zone": "eu-west-1a",
                            "cidr_block": "172.21.0.160/28",
                            "id": "subnet-31129269",
                            "map_public_ip_on_launch": "true",
                            "tags.%": "4",
                            "tags.Env": "ireland",
                            "tags.ManagedBy": "terraform",
                            "tags.Name": "ireland-nat",
                            "tags.Network": "public",
                            "vpc_id": "vpc-33dcbe57"
                        },
                        "meta": {},
                        "tainted": false
                    },
                    "deposed": [],
                    "provider": ""
                },
                "aws_subnet.nat.1": {
                    "type": "aws_subnet",
                    "depends_on": [
                        "aws_vpc.env",
                        "data.aws_availability_zones.azs",
                        "data.aws_vpc.current"
                    ],
                    "primary": {
                        "id": "subnet-59bdfb3d",
                        "attributes": {
                            "availability_zone": "eu-west-1b",
                            "cidr_block": "172.21.0.176/28",
                            "id": "subnet-59bdfb3d",
                            "map_public_ip_on_launch": "true",
                            "tags.%": "4",
                            "tags.Env": "ireland",
                            "tags.ManagedBy": "terraform",
                            "tags.Name": "ireland-nat",
                            "tags.Network": "public",
                            "vpc_id": "vpc-33dcbe57"
                        },
                        "meta": {},
                        "tainted": false
                    },
                    "deposed": [],
                    "provider": ""
                },
                "aws_subnet.nat.2": {
                    "type": "aws_subnet",
                    "depends_on": [
                        "aws_vpc.env",
                        "data.aws_availability_zones.azs",
                        "data.aws_vpc.current"
                    ],
                    "primary": {
                        "id": "subnet-acfa86da",
                        "attributes": {
                            "availability_zone": "eu-west-1c",
                            "cidr_block": "172.21.0.192/28",
                            "id": "subnet-acfa86da",
                            "map_public_ip_on_launch": "true",
                            "tags.%": "4",
                            "tags.Env": "ireland",
                            "tags.ManagedBy": "terraform",
                            "tags.Name": "ireland-nat",
                            "tags.Network": "public",
                            "vpc_id": "vpc-33dcbe57"
                        },
                        "meta": {},
                        "tainted": false
                    },
                    "deposed": [],
                    "provider": ""
                },
                "aws_vpc.env": {
                    "type": "aws_vpc",
                    "depends_on": [],
                    "primary": {
                        "id": "vpc-33dcbe57",
                        "attributes": {
                            "cidr_block": "172.21.0.0/16",
                            "default_network_acl_id": "acl-ca99c1ae",
                            "default_route_table_id": "rtb-755f6a11",
                            "default_security_group_id": "sg-a407c9c2",
                            "dhcp_options_id": "dopt-8ec258eb",
                            "enable_classiclink": "false",
                            "enable_dns_hostnames": "true",
                            "enable_dns_support": "true",
                            "id": "vpc-33dcbe57",
                            "instance_tenancy": "default",
                            "main_route_table_id": "rtb-755f6a11",
                            "tags.%": "3",
                            "tags.Env": "ireland",
                            "tags.ManagedBy": "terraform",
                            "tags.Name": "ireland"
                        },
                        "meta": {},
                        "tainted": false
                    },
                    "deposed": [],
                    "provider": ""
                },
                "data.aws_availability_zones.azs": {
                    "type": "aws_availability_zones",
                    "depends_on": [],
                    "primary": {
                        "id": "2016-10-28 03:41:26.924978733 +0000 UTC",
                        "attributes": {
                            "id": "2016-10-28 03:41:26.924978733 +0000 UTC",
                            "names.#": "3",
                            "names.0": "eu-west-1a",
                            "names.1": "eu-west-1b",
                            "names.2": "eu-west-1c"
                        },
                        "meta": {},
                        "tainted": false
                    },
                    "deposed": [],
                    "provider": ""
                },
                "data.aws_iam_policy_document.flow_log": {
                    "type": "aws_iam_policy_document",
                    "depends_on": [],
                    "primary": {
                        "id": "3760307347",
                        "attributes": {
                            "id": "3760307347",
                            "json": "{\n  \"Version\": \"2012-10-17\",\n  \"Statement\": [\n    {\n      \"Sid\": \"\",\n      \"Effect\": \"Allow\",\n      \"Action\": \"sts:AssumeRole\",\n      \"Principal\": {\n        \"Service\": \"vpc-flow-logs.amazonaws.com\"\n      }\n    }\n  ]\n}",
                            "statement.#": "1",
                            "statement.0.actions.#": "1",
                            "statement.0.actions.2528466339": "sts:AssumeRole",
                            "statement.0.condition.#": "0",
                            "statement.0.effect": "Allow",
                            "statement.0.not_actions.#": "0",
                            "statement.0.not_principals.#": "0",
                            "statement.0.not_resources.#": "0",
                            "statement.0.principals.#": "1",
                            "statement.0.principals.1811546408.identifiers.#": "1",
                            "statement.0.principals.1811546408.identifiers.909777474": "vpc-flow-logs.amazonaws.com",
                            "statement.0.principals.1811546408.type": "Service",
                            "statement.0.resources.#": "0",
                            "statement.0.sid": ""
                        },
                        "meta": {},
                        "tainted": false
                    },
                    "deposed": [],
                    "provider": ""
                },
                "data.aws_iam_policy_document.flow_log_logs": {
                    "type": "aws_iam_policy_document",
                    "depends_on": [],
                    "primary": {
                        "id": "3442509011",
                        "attributes": {
                            "id": "3442509011",
                            "json": "{\n  \"Version\": \"2012-10-17\",\n  \"Statement\": [\n    {\n      \"Sid\": \"\",\n      \"Effect\": \"Allow\",\n      \"Action\": [\n        \"logs:PutLogEvents\",\n        \"logs:DescribeLogStreams\",\n        \"logs:DescribeLogGroups\",\n        \"logs:CreateLogStream\",\n        \"logs:CreateLogGroup\"\n      ],\n      \"Resource\": \"*\"\n    }\n  ]\n}",
                            "statement.#": "1",
                            "statement.0.actions.#": "5",
                            "statement.0.actions.2164683621": "logs:DescribeLogGroups",
                            "statement.0.actions.2809485102": "logs:CreateLogGroup",
                            "statement.0.actions.3285979848": "logs:CreateLogStream",
                            "statement.0.actions.3697566380": "logs:DescribeLogStreams",
                            "statement.0.actions.39743051": "logs:PutLogEvents",
                            "statement.0.condition.#": "0",
                            "statement.0.effect": "Allow",
                            "statement.0.not_actions.#": "0",
                            "statement.0.not_principals.#": "0",
                            "statement.0.not_resources.#": "0",
                            "statement.0.principals.#": "0",
                            "statement.0.resources.#": "1",
                            "statement.0.resources.2679715827": "*",
                            "statement.0.sid": ""
                        },
                        "meta": {},
                        "tainted": false
                    },
                    "deposed": [],
                    "provider": ""
                },
                "data.aws_vpc.current": {
                    "type": "aws_vpc",
                    "depends_on": [
                        "aws_vpc.env"
                    ],
                    "primary": {
                        "id": "vpc-33dcbe57",
                        "attributes": {
                            "cidr_block": "172.21.0.0/16",
                            "default": "false",
                            "dhcp_options_id": "dopt-8ec258eb",
                            "id": "vpc-33dcbe57",
                            "instance_tenancy": "default",
                            "state": "available",
                            "tags.%": "3",
                            "tags.Env": "ireland",
                            "tags.ManagedBy": "terraform",
                            "tags.Name": "ireland"
                        },
                        "meta": {},
                        "tainted": false
                    },
                    "deposed": [],
                    "provider": ""
                },
                "data.terraform_remote_state.global": {
                    "type": "terraform_remote_state",
                    "depends_on": [],
                    "primary": {
                        "id": "2016-10-28 03:41:25.50718269 +0000 UTC",
                        "attributes": {
                            "aws_account_id": "548373030883",
                            "backend": "local",
                            "config.%": "1",
                            "config.path": "../.terraform/terraform.tfstate",
                            "domain_name": "imma.io",
                            "env_cidr.%": "8",
                            "env_cidr._reserved_docker": "172.17.0.0/16",
                            "env_cidr.admin": "172.19.0.0/16",
                            "env_cidr.dev": "172.20.0.0/16",
                            "env_cidr.ireland": "172.21.0.0/16",
                            "env_cidr.network": "172.23.0.0/16",
                            "env_cidr.prod": "172.18.0.0/16",
                            "env_cidr.sandbox": "172.16.0.0/16",
                            "env_cidr.stage": "172.22.0.0/16",
                            "env_region.%": "7",
                            "env_region.admin": "us-east-1",
                            "env_region.dev": "us-west-2",
                            "env_region.ireland": "eu-west-1",
                            "env_region.network": "us-east-1",
                            "env_region.prod": "us-east-2",
                            "env_region.sandbox": "us-west-1",
                            "env_region.stage": "us-west-2",
                            "id": "2016-10-28 03:41:25.50718269 +0000 UTC",
                            "s3_remote_state": "b-32471e35-global-tf-remote-state",
                            "service_nets.%": "10",
                            "service_nets._reserved_services.#": "3",
                            "service_nets._reserved_services.0": "96",
                            "service_nets._reserved_services.1": "97",
                            "service_nets._reserved_services.2": "98",
                            "service_nets.aptly.#": "4",
                            "service_nets.aptly.0": "111",
                            "service_nets.aptly.1": "112",
                            "service_nets.aptly.2": "113",
                            "service_nets.aptly.3": "1002",
                            "service_nets.bastion.#": "4",
                            "service_nets.bastion.0": "102",
                            "service_nets.bastion.1": "103",
                            "service_nets.bastion.2": "104",
                            "service_nets.bastion.3": "1001",
                            "service_nets.blocks.#": "4",
                            "service_nets.blocks.0": "123",
                            "service_nets.blocks.1": "124",
                            "service_nets.blocks.2": "125",
                            "service_nets.blocks.3": "1008",
                            "service_nets.dns.#": "4",
                            "service_nets.dns.0": "117",
                            "service_nets.dns.1": "118",
                            "service_nets.dns.2": "119",
                            "service_nets.dns.3": "1004",
                            "service_nets.irssi.#": "4",
                            "service_nets.irssi.0": "105",
                            "service_nets.irssi.1": "106",
                            "service_nets.irssi.2": "107",
                            "service_nets.irssi.3": "1006",
                            "service_nets.nexus.#": "4",
                            "service_nets.nexus.0": "114",
                            "service_nets.nexus.1": "115",
                            "service_nets.nexus.2": "116",
                            "service_nets.nexus.3": "1003",
                            "service_nets.ntp.#": "4",
                            "service_nets.ntp.0": "120",
                            "service_nets.ntp.1": "121",
                            "service_nets.ntp.2": "122",
                            "service_nets.ntp.3": "1005",
                            "service_nets.openvpn.#": "4",
                            "service_nets.openvpn.0": "99",
                            "service_nets.openvpn.1": "100",
                            "service_nets.openvpn.2": "101",
                            "service_nets.openvpn.3": "1000",
                            "service_nets.packer.#": "4",
                            "service_nets.packer.0": "108",
                            "service_nets.packer.1": "109",
                            "service_nets.packer.2": "110",
                            "service_nets.packer.3": "1007",
                            "sys_nets.%": "4",
                            "sys_nets._reserved_24.#": "3",
                            "sys_nets._reserved_24.0": "0",
                            "sys_nets._reserved_24.1": "1",
                            "sys_nets._reserved_24.2": "6",
                            "sys_nets._reserved_28.#": "10",
                            "sys_nets._reserved_28.0": "0",
                            "sys_nets._reserved_28.1": "1",
                            "sys_nets._reserved_28.2": "2",
                            "sys_nets._reserved_28.3": "3",
                            "sys_nets._reserved_28.4": "4",
                            "sys_nets._reserved_28.5": "5",
                            "sys_nets._reserved_28.6": "6",
                            "sys_nets._reserved_28.7": "7",
                            "sys_nets._reserved_28.8": "8",
                            "sys_nets._reserved_28.9": "9",
                            "sys_nets.common.#": "4",
                            "sys_nets.common.0": "2",
                            "sys_nets.common.1": "3",
                            "sys_nets.common.2": "4",
                            "sys_nets.common.3": "5",
                            "sys_nets.nat.#": "4",
                            "sys_nets.nat.0": "10",
                            "sys_nets.nat.1": "11",
                            "sys_nets.nat.2": "12",
                            "sys_nets.nat.3": "13"
                        },
                        "meta": {},
                        "tainted": false
                    },
                    "deposed": [],
                    "provider": ""
                }
            },
            "depends_on": []
        },
        {
            "path": [
                "root",
                "env",
                "fs"
            ],
            "outputs": {
                "efs_dns_names": {
                    "sensitive": false,
                    "type": "list",
                    "value": [
                        "eu-west-1a.fs-f703f33e.efs.eu-west-1.amazonaws.com",
                        "eu-west-1b.fs-f703f33e.efs.eu-west-1.amazonaws.com",
                        "eu-west-1c.fs-f703f33e.efs.eu-west-1.amazonaws.com"
                    ]
                },
                "efs_sg": {
                    "sensitive": false,
                    "type": "string",
                    "value": "sg-8407c9e2"
                }
            },
            "resources": {
                "aws_efs_file_system.fs": {
                    "type": "aws_efs_file_system",
                    "depends_on": [],
                    "primary": {
                        "id": "fs-f703f33e",
                        "attributes": {
                            "creation_token": "terraform-201610212117494976579435go",
                            "id": "fs-f703f33e",
                            "performance_mode": "generalPurpose",
                            "tags.%": "3",
                            "tags.Env": "ireland",
                            "tags.ManagedBy": "terraform",
                            "tags.Name": "ireland"
                        },
                        "meta": {},
                        "tainted": false
                    },
                    "deposed": [],
                    "provider": ""
                },
                "aws_efs_mount_target.fs.0": {
                    "type": "aws_efs_mount_target",
                    "depends_on": [
                        "aws_efs_file_system.fs",
                        "aws_security_group.fs"
                    ],
                    "primary": {
                        "id": "fsmt-b857ab71",
                        "attributes": {
                            "dns_name": "eu-west-1a.fs-f703f33e.efs.eu-west-1.amazonaws.com",
                            "file_system_id": "fs-f703f33e",
                            "id": "fsmt-b857ab71",
                            "ip_address": "172.21.2.217",
                            "network_interface_id": "eni-7d9afe23",
                            "security_groups.#": "1",
                            "security_groups.2210995649": "sg-8407c9e2",
                            "subnet_id": "subnet-30129268"
                        },
                        "meta": {},
                        "tainted": false
                    },
                    "deposed": [],
                    "provider": ""
                },
                "aws_efs_mount_target.fs.1": {
                    "type": "aws_efs_mount_target",
                    "depends_on": [
                        "aws_efs_file_system.fs",
                        "aws_security_group.fs"
                    ],
                    "primary": {
                        "id": "fsmt-bd57ab74",
                        "attributes": {
                            "dns_name": "eu-west-1b.fs-f703f33e.efs.eu-west-1.amazonaws.com",
                            "file_system_id": "fs-f703f33e",
                            "id": "fsmt-bd57ab74",
                            "ip_address": "172.21.3.224",
                            "network_interface_id": "eni-875f13fd",
                            "security_groups.#": "1",
                            "security_groups.2210995649": "sg-8407c9e2",
                            "subnet_id": "subnet-58bdfb3c"
                        },
                        "meta": {},
                        "tainted": false
                    },
                    "deposed": [],
                    "provider": ""
                },
                "aws_efs_mount_target.fs.2": {
                    "type": "aws_efs_mount_target",
                    "depends_on": [
                        "aws_efs_file_system.fs",
                        "aws_security_group.fs"
                    ],
                    "primary": {
                        "id": "fsmt-bb57ab72",
                        "attributes": {
                            "dns_name": "eu-west-1c.fs-f703f33e.efs.eu-west-1.amazonaws.com",
                            "file_system_id": "fs-f703f33e",
                            "id": "fsmt-bb57ab72",
                            "ip_address": "172.21.4.60",
                            "network_interface_id": "eni-039b474c",
                            "security_groups.#": "1",
                            "security_groups.2210995649": "sg-8407c9e2",
                            "subnet_id": "subnet-affa86d9"
                        },
                        "meta": {},
                        "tainted": false
                    },
                    "deposed": [],
                    "provider": ""
                },
                "aws_security_group.fs": {
                    "type": "aws_security_group",
                    "depends_on": [
                        "data.aws_vpc.current"
                    ],
                    "primary": {
                        "id": "sg-8407c9e2",
                        "attributes": {
                            "description": "ireland",
                            "egress.#": "0",
                            "id": "sg-8407c9e2",
                            "ingress.#": "0",
                            "name": "ireland-efs",
                            "owner_id": "548373030883",
                            "tags.%": "3",
                            "tags.Env": "ireland",
                            "tags.ManagedBy": "terraform",
                            "tags.Name": "ireland",
                            "vpc_id": "vpc-33dcbe57"
                        },
                        "meta": {},
                        "tainted": false
                    },
                    "deposed": [],
                    "provider": ""
                },
                "data.aws_vpc.current": {
                    "type": "aws_vpc",
                    "depends_on": [],
                    "primary": {
                        "id": "vpc-33dcbe57",
                        "attributes": {
                            "cidr_block": "172.21.0.0/16",
                            "default": "false",
                            "dhcp_options_id": "dopt-8ec258eb",
                            "id": "vpc-33dcbe57",
                            "instance_tenancy": "default",
                            "state": "available",
                            "tags.%": "3",
                            "tags.Env": "ireland",
                            "tags.ManagedBy": "terraform",
                            "tags.Name": "ireland"
                        },
                        "meta": {},
                        "tainted": false
                    },
                    "deposed": [],
                    "provider": ""
                }
            },
            "depends_on": []
        }
    ]
}
