{
    "version": 3,
    "terraform_version": "0.7.6",
    "serial": 2,
    "lineage": "92aa65e9-3390-4e91-8f52-289096ce46fc",
    "modules": [
        {
            "path": [
                "root"
            ],
            "outputs": {
                "app_sg": {
                    "sensitive": false,
                    "type": "string",
                    "value": "sg-49c8f32d"
                },
                "s3_remote_state": {
                    "sensitive": false,
                    "type": "string",
                    "value": "imma-io-remote-state"
                }
            },
            "resources": {
                "data.consul_keys.app": {
                    "type": "consul_keys",
                    "depends_on": [],
                    "primary": {
                        "id": "-",
                        "attributes": {
                            "datacenter": "dc1",
                            "id": "-",
                            "key.#": "1",
                            "key.1063129301.default": "102 103",
                            "key.1063129301.name": "irssi_nets",
                            "key.1063129301.path": "app/finite/irssi/nets",
                            "var.%": "1",
                            "var.irssi_nets": "102 103"
                        },
                        "meta": {},
                        "tainted": false
                    },
                    "deposed": [],
                    "provider": ""
                },
                "data.terraform_remote_state.global": {
                    "type": "terraform_remote_state",
                    "depends_on": [],
                    "primary": {
                        "id": "2016-10-16 01:17:43.447474389 +0000 UTC",
                        "attributes": {
                            "aws_account_id": "548373030883",
                            "backend": "local",
                            "config.%": "1",
                            "config.path": "../../global/.terraform/terraform.tfstate",
                            "domain_name": "imma.io",
                            "id": "2016-10-16 01:17:43.447474389 +0000 UTC",
                            "public_name_servers.#": "4",
                            "public_name_servers.0": "ns-1188.awsdns-20.org",
                            "public_name_servers.1": "ns-1607.awsdns-08.co.uk",
                            "public_name_servers.2": "ns-372.awsdns-46.com",
                            "public_name_servers.3": "ns-634.awsdns-15.net",
                            "public_zone_id.#": "1",
                            "public_zone_id.0": "ZZVGFVKOQPT46",
                            "s3_remote_state": "imma-io-remote-state"
                        },
                        "meta": {},
                        "tainted": false
                    },
                    "deposed": [],
                    "provider": ""
                },
                "data.terraform_remote_state.sandbox": {
                    "type": "terraform_remote_state",
                    "depends_on": [],
                    "primary": {
                        "id": "2016-10-16 01:17:43.458670738 +0000 UTC",
                        "attributes": {
                            "backend": "local",
                            "config.%": "1",
                            "config.path": "../../env-sandbox/.terraform/terraform.tfstate",
                            "env_cidr": "172.16.0.0/16",
                            "env_name": "sandbox",
                            "id": "2016-10-16 01:17:43.458670738 +0000 UTC",
                            "igw_id": "igw-b4244dd1",
                            "key_name": "sandbox",
                            "nat_gateways.#": "1",
                            "nat_gateways.0": "nat-0945336cad424adf5",
                            "private_zone_id": "Z2GJZFFJRFLQCA",
                            "private_zone_name": "sandbox.imma.io",
                            "private_zone_servers.#": "4",
                            "private_zone_servers.0": "ns-0.awsdns-00.com.",
                            "private_zone_servers.1": "ns-1024.awsdns-00.org.",
                            "private_zone_servers.2": "ns-1536.awsdns-00.co.uk.",
                            "private_zone_servers.3": "ns-512.awsdns-00.net.",
                            "public_zone_id": "Z2GMU4FCOMYMFB",
                            "public_zone_name": "sandbox.imma.io",
                            "public_zone_servers.#": "4",
                            "public_zone_servers.0": "ns-1531.awsdns-63.org",
                            "public_zone_servers.1": "ns-1889.awsdns-44.co.uk",
                            "public_zone_servers.2": "ns-258.awsdns-32.com",
                            "public_zone_servers.3": "ns-685.awsdns-21.net",
                            "s3_remote_state": "imma-io-remote-state",
                            "sg_env": "sg-ccab9aa8",
                            "sg_env_lb": "sg-c3ab9aa7",
                            "sg_env_lb_private": "sg-c1ab9aa5",
                            "sg_env_lb_public": "sg-c2ab9aa6",
                            "sg_env_private": "sg-cdab9aa9",
                            "sg_env_public": "sg-cfab9aab",
                            "vpc_id": "vpc-d3dac9b6"
                        },
                        "meta": {},
                        "tainted": false
                    },
                    "deposed": [],
                    "provider": ""
                }
            },
            "depends_on": []
        },
        {
            "path": [
                "root",
                "app"
            ],
            "outputs": {
                "app_sg": {
                    "sensitive": false,
                    "type": "string",
                    "value": "sg-49c8f32d"
                },
                "s3_remote_state": {
                    "sensitive": false,
                    "type": "string",
                    "value": "imma-io-remote-state"
                }
            },
            "resources": {
                "aws_iam_group.app": {
                    "type": "aws_iam_group",
                    "depends_on": [
                        "data.terraform_remote_state.env"
                    ],
                    "primary": {
                        "id": "sandbox-finite",
                        "attributes": {
                            "arn": "arn:aws:iam::548373030883:group/sandbox-finite",
                            "id": "sandbox-finite",
                            "name": "sandbox-finite",
                            "path": "/",
                            "unique_id": "AGPAIZ3OHZ4Z3CSPVV5M2"
                        },
                        "meta": {},
                        "tainted": false
                    },
                    "deposed": [],
                    "provider": ""
                },
                "aws_iam_role.app": {
                    "type": "aws_iam_role",
                    "depends_on": [
                        "data.terraform_remote_state.env"
                    ],
                    "primary": {
                        "id": "sandbox-finite",
                        "attributes": {
                            "arn": "arn:aws:iam::548373030883:role/sandbox-finite",
                            "assume_role_policy": "{\n  \"Version\": \"2012-10-17\",\n  \"Statement\": [\n    {\n      \"Action\": \"sts:AssumeRole\",\n      \"Principal\": {\n        \"Service\": \"ec2.amazonaws.com\"\n      },\n      \"Effect\": \"Allow\"\n    }\n  ]\n}\n",
                            "id": "sandbox-finite",
                            "name": "sandbox-finite",
                            "path": "/",
                            "unique_id": "AROAJ5RXGROG3P6CG7UC6"
                        },
                        "meta": {},
                        "tainted": false
                    },
                    "deposed": [],
                    "provider": ""
                },
                "aws_security_group.app": {
                    "type": "aws_security_group",
                    "depends_on": [
                        "data.terraform_remote_state.env",
                        "data.terraform_remote_state.env"
                    ],
                    "primary": {
                        "id": "sg-49c8f32d",
                        "attributes": {
                            "description": "Application finite",
                            "egress.#": "0",
                            "id": "sg-49c8f32d",
                            "ingress.#": "0",
                            "name": "sandbox-finite",
                            "owner_id": "548373030883",
                            "tags.%": "3",
                            "tags.Env": "sandbox",
                            "tags.ManagedBy": "terraform",
                            "tags.Name": "sandbox-finite",
                            "vpc_id": "vpc-d3dac9b6"
                        },
                        "meta": {},
                        "tainted": false
                    },
                    "deposed": [],
                    "provider": ""
                },
                "data.terraform_remote_state.env": {
                    "type": "terraform_remote_state",
                    "depends_on": [],
                    "primary": {
                        "id": "2016-10-16 01:17:43.464294737 +0000 UTC",
                        "attributes": {
                            "backend": "local",
                            "config.%": "1",
                            "config.path": "../../env-sandbox/.terraform/terraform.tfstate",
                            "env_cidr": "172.16.0.0/16",
                            "env_name": "sandbox",
                            "id": "2016-10-16 01:17:43.464294737 +0000 UTC",
                            "igw_id": "igw-b4244dd1",
                            "key_name": "sandbox",
                            "nat_gateways.#": "1",
                            "nat_gateways.0": "nat-0945336cad424adf5",
                            "private_zone_id": "Z2GJZFFJRFLQCA",
                            "private_zone_name": "sandbox.imma.io",
                            "private_zone_servers.#": "4",
                            "private_zone_servers.0": "ns-0.awsdns-00.com.",
                            "private_zone_servers.1": "ns-1024.awsdns-00.org.",
                            "private_zone_servers.2": "ns-1536.awsdns-00.co.uk.",
                            "private_zone_servers.3": "ns-512.awsdns-00.net.",
                            "public_zone_id": "Z2GMU4FCOMYMFB",
                            "public_zone_name": "sandbox.imma.io",
                            "public_zone_servers.#": "4",
                            "public_zone_servers.0": "ns-1531.awsdns-63.org",
                            "public_zone_servers.1": "ns-1889.awsdns-44.co.uk",
                            "public_zone_servers.2": "ns-258.awsdns-32.com",
                            "public_zone_servers.3": "ns-685.awsdns-21.net",
                            "s3_remote_state": "imma-io-remote-state",
                            "sg_env": "sg-ccab9aa8",
                            "sg_env_lb": "sg-c3ab9aa7",
                            "sg_env_lb_private": "sg-c1ab9aa5",
                            "sg_env_lb_public": "sg-c2ab9aa6",
                            "sg_env_private": "sg-cdab9aa9",
                            "sg_env_public": "sg-cfab9aab",
                            "vpc_id": "vpc-d3dac9b6"
                        },
                        "meta": {},
                        "tainted": false
                    },
                    "deposed": [],
                    "provider": ""
                },
                "data.terraform_remote_state.global": {
                    "type": "terraform_remote_state",
                    "depends_on": [],
                    "primary": {
                        "id": "2016-10-16 01:17:43.462579333 +0000 UTC",
                        "attributes": {
                            "aws_account_id": "548373030883",
                            "backend": "local",
                            "config.%": "1",
                            "config.path": "../../global/.terraform/terraform.tfstate",
                            "domain_name": "imma.io",
                            "id": "2016-10-16 01:17:43.462579333 +0000 UTC",
                            "public_name_servers.#": "4",
                            "public_name_servers.0": "ns-1188.awsdns-20.org",
                            "public_name_servers.1": "ns-1607.awsdns-08.co.uk",
                            "public_name_servers.2": "ns-372.awsdns-46.com",
                            "public_name_servers.3": "ns-634.awsdns-15.net",
                            "public_zone_id.#": "1",
                            "public_zone_id.0": "ZZVGFVKOQPT46",
                            "s3_remote_state": "imma-io-remote-state"
                        },
                        "meta": {},
                        "tainted": false
                    },
                    "deposed": [],
                    "provider": ""
                }
            },
            "depends_on": []
        },
        {
            "path": [
                "root",
                "irssi"
            ],
            "outputs": {},
            "resources": {
                "aws_autoscaling_group.service.0": {
                    "type": "aws_autoscaling_group",
                    "depends_on": [
                        "aws_launch_configuration.service",
                        "aws_subnet.service",
                        "data.terraform_remote_state.env"
                    ],
                    "primary": {
                        "id": "sandbox-finite-irssi-blue",
                        "attributes": {
                            "arn": "arn:aws:autoscaling:us-west-1:548373030883:autoScalingGroup:afa2ee42-c49e-443b-ab08-016683400296:autoScalingGroupName/sandbox-finite-irssi-blue",
                            "availability_zones.#": "2",
                            "availability_zones.1360892230": "us-west-1c",
                            "availability_zones.639279568": "us-west-1b",
                            "default_cooldown": "300",
                            "desired_capacity": "0",
                            "force_delete": "false",
                            "health_check_grace_period": "300",
                            "health_check_type": "EC2",
                            "id": "sandbox-finite-irssi-blue",
                            "launch_configuration": "sandbox-finite-irssi-blue-20161016011801996375142x34",
                            "load_balancers.#": "0",
                            "max_size": "5",
                            "metrics_granularity": "1Minute",
                            "min_size": "0",
                            "name": "sandbox-finite-irssi-blue",
                            "placement_group": "",
                            "protect_from_scale_in": "false",
                            "tag.#": "4",
                            "tag.1182945285.key": "Name",
                            "tag.1182945285.propagate_at_launch": "true",
                            "tag.1182945285.value": "sandbox-finite-irssi-blue",
                            "tag.2467504824.key": "ManagedBy",
                            "tag.2467504824.propagate_at_launch": "true",
                            "tag.2467504824.value": "asg finite-irssi-blue",
                            "tag.2491152520.key": "Env",
                            "tag.2491152520.propagate_at_launch": "true",
                            "tag.2491152520.value": "sandbox",
                            "tag.796500417.key": "App",
                            "tag.796500417.propagate_at_launch": "true",
                            "tag.796500417.value": "finite",
                            "target_group_arns.#": "0",
                            "termination_policies.#": "1",
                            "termination_policies.0": "OldestInstance",
                            "vpc_zone_identifier.#": "2",
                            "vpc_zone_identifier.3679120650": "subnet-b88374e0",
                            "vpc_zone_identifier.3923230844": "subnet-dc2b8bb8",
                            "wait_for_capacity_timeout": "10m"
                        },
                        "meta": {},
                        "tainted": false
                    },
                    "deposed": [],
                    "provider": ""
                },
                "aws_autoscaling_group.service.1": {
                    "type": "aws_autoscaling_group",
                    "depends_on": [
                        "aws_launch_configuration.service",
                        "aws_subnet.service",
                        "data.terraform_remote_state.env"
                    ],
                    "primary": {
                        "id": "sandbox-finite-irssi-green",
                        "attributes": {
                            "arn": "arn:aws:autoscaling:us-west-1:548373030883:autoScalingGroup:17eded01-d516-4bad-8d7e-6fd2f7dee9a5:autoScalingGroupName/sandbox-finite-irssi-green",
                            "availability_zones.#": "2",
                            "availability_zones.1360892230": "us-west-1c",
                            "availability_zones.639279568": "us-west-1b",
                            "default_cooldown": "300",
                            "desired_capacity": "0",
                            "force_delete": "false",
                            "health_check_grace_period": "300",
                            "health_check_type": "EC2",
                            "id": "sandbox-finite-irssi-green",
                            "launch_configuration": "sandbox-finite-irssi-green-20161016011801995505512adx",
                            "load_balancers.#": "0",
                            "max_size": "5",
                            "metrics_granularity": "1Minute",
                            "min_size": "0",
                            "name": "sandbox-finite-irssi-green",
                            "placement_group": "",
                            "protect_from_scale_in": "false",
                            "tag.#": "4",
                            "tag.1802635248.key": "Name",
                            "tag.1802635248.propagate_at_launch": "true",
                            "tag.1802635248.value": "sandbox-finite-irssi-green",
                            "tag.2491152520.key": "Env",
                            "tag.2491152520.propagate_at_launch": "true",
                            "tag.2491152520.value": "sandbox",
                            "tag.3732363699.key": "ManagedBy",
                            "tag.3732363699.propagate_at_launch": "true",
                            "tag.3732363699.value": "asg finite-irssi-green",
                            "tag.796500417.key": "App",
                            "tag.796500417.propagate_at_launch": "true",
                            "tag.796500417.value": "finite",
                            "target_group_arns.#": "0",
                            "termination_policies.#": "1",
                            "termination_policies.0": "OldestInstance",
                            "vpc_zone_identifier.#": "2",
                            "vpc_zone_identifier.3679120650": "subnet-b88374e0",
                            "vpc_zone_identifier.3923230844": "subnet-dc2b8bb8",
                            "wait_for_capacity_timeout": "10m"
                        },
                        "meta": {},
                        "tainted": false
                    },
                    "deposed": [],
                    "provider": ""
                },
                "aws_iam_group.service": {
                    "type": "aws_iam_group",
                    "depends_on": [
                        "data.terraform_remote_state.env"
                    ],
                    "primary": {
                        "id": "sandbox-finite-irssi",
                        "attributes": {
                            "arn": "arn:aws:iam::548373030883:group/sandbox-finite-irssi",
                            "id": "sandbox-finite-irssi",
                            "name": "sandbox-finite-irssi",
                            "path": "/",
                            "unique_id": "AGPAIO6M3CIVZFRJHXLEE"
                        },
                        "meta": {},
                        "tainted": false
                    },
                    "deposed": [],
                    "provider": ""
                },
                "aws_iam_instance_profile.service": {
                    "type": "aws_iam_instance_profile",
                    "depends_on": [
                        "aws_iam_role.service",
                        "data.terraform_remote_state.env"
                    ],
                    "primary": {
                        "id": "sandbox-finite-irssi",
                        "attributes": {
                            "arn": "arn:aws:iam::548373030883:instance-profile/sandbox-finite-irssi",
                            "id": "sandbox-finite-irssi",
                            "name": "sandbox-finite-irssi",
                            "path": "/",
                            "roles.#": "1",
                            "roles.42550563": "sandbox-finite-irssi"
                        },
                        "meta": {},
                        "tainted": false
                    },
                    "deposed": [],
                    "provider": ""
                },
                "aws_iam_role.service": {
                    "type": "aws_iam_role",
                    "depends_on": [
                        "data.terraform_remote_state.env"
                    ],
                    "primary": {
                        "id": "sandbox-finite-irssi",
                        "attributes": {
                            "arn": "arn:aws:iam::548373030883:role/sandbox-finite-irssi",
                            "assume_role_policy": "{\n  \"Version\": \"2012-10-17\",\n  \"Statement\": [\n    {\n      \"Action\": \"sts:AssumeRole\",\n      \"Principal\": { \n        \"Service\": \"ec2.amazonaws.com\"\n      },\n      \"Effect\": \"Allow\"\n    }\n  ]\n}\n",
                            "id": "sandbox-finite-irssi",
                            "name": "sandbox-finite-irssi",
                            "path": "/",
                            "unique_id": "AROAJFZLT264FSENYCE6E"
                        },
                        "meta": {},
                        "tainted": false
                    },
                    "deposed": [],
                    "provider": ""
                },
                "aws_key_pair.service": {
                    "type": "aws_key_pair",
                    "depends_on": [
                        "data.template_file.key_pair_service",
                        "data.terraform_remote_state.env"
                    ],
                    "primary": {
                        "id": "sandbox-finite-irssi",
                        "attributes": {
                            "fingerprint": "7e:31:77:1b:39:9d:7e:9d:2e:cc:02:90:56:d3:25:19",
                            "id": "sandbox-finite-irssi",
                            "key_name": "sandbox-finite-irssi",
                            "public_key": "ssh-rsa AAAAB3NzaC1yc2EAAAADAQABAAABAQCRskgy/FrRS6fWYRKPSXqYdaXUUoLwi+bdUFPTK0L99WAP438yWQtVE4EpSBkTWrWfK0xftFR4zC/xdC+84qzfVtkqEXtAw9sbC9RdMKEZX7PcMZx+Bl3J2bwbowg8+LmI0NFCNITB1jvMdKcK4HffEhT9QPlM06U0sIayHBR1cdiiMhocv0nkmLuaULNo+S/FRNR7pgYamtCkjol3yxbEDo54536+eA0BWjXbEiqEPiti/Q6QI+rBMdbz3oglphd1wi8bM2KN486lQaU/pTENZiFYRhk2kSt11zxYzJ9Wsj80lrcw1HxSj5q27wzo4y4UBaTl0Qq9+kxUSsoH70Fz app-demo/sandbox"
                        },
                        "meta": {
                            "schema_version": "1"
                        },
                        "tainted": false
                    },
                    "deposed": [],
                    "provider": ""
                },
                "aws_launch_configuration.service.0": {
                    "type": "aws_launch_configuration",
                    "depends_on": [
                        "aws_key_pair.service",
                        "aws_security_group.service",
                        "data.aws_ami.service",
                        "data.template_file.user_data_service",
                        "data.terraform_remote_state.env",
                        "data.terraform_remote_state.env",
                        "data.terraform_remote_state.env",
                        "data.terraform_remote_state.env"
                    ],
                    "primary": {
                        "id": "sandbox-finite-irssi-blue-20161016011801996375142x34",
                        "attributes": {
                            "associate_public_ip_address": "false",
                            "ebs_block_device.#": "0",
                            "ebs_optimized": "false",
                            "enable_monitoring": "true",
                            "ephemeral_block_device.#": "4",
                            "ephemeral_block_device.1341606603.device_name": "/dev/sde",
                            "ephemeral_block_device.1341606603.virtual_name": "ephemeral3",
                            "ephemeral_block_device.2340069903.device_name": "/dev/sdd",
                            "ephemeral_block_device.2340069903.virtual_name": "ephemeral2",
                            "ephemeral_block_device.3710187412.device_name": "/dev/sdc",
                            "ephemeral_block_device.3710187412.virtual_name": "ephemeral1",
                            "ephemeral_block_device.430514000.device_name": "/dev/sdb",
                            "ephemeral_block_device.430514000.virtual_name": "ephemeral0",
                            "iam_instance_profile": "sandbox-finite-irssi",
                            "id": "sandbox-finite-irssi-blue-20161016011801996375142x34",
                            "image_id": "ami-73531b13",
                            "instance_type": "t2.nano",
                            "key_name": "sandbox-finite-irssi",
                            "name": "sandbox-finite-irssi-blue-20161016011801996375142x34",
                            "name_prefix": "sandbox-finite-irssi-blue-",
                            "root_block_device.#": "1",
                            "root_block_device.0.delete_on_termination": "true",
                            "root_block_device.0.iops": "0",
                            "root_block_device.0.volume_size": "100",
                            "root_block_device.0.volume_type": "gp2",
                            "security_groups.#": "4",
                            "security_groups.1067192849": "sg-4bc8f32f",
                            "security_groups.3254162712": "sg-cfab9aab",
                            "security_groups.4030778992": "sg-49c8f32d",
                            "security_groups.409993813": "sg-ccab9aa8",
                            "spot_price": "",
                            "user_data": "8a4997f0016f2019471ef895ba46003095d7bb1d",
                            "vpc_classic_link_id": "",
                            "vpc_classic_link_security_groups.#": "0"
                        },
                        "meta": {},
                        "tainted": false
                    },
                    "deposed": [],
                    "provider": ""
                },
                "aws_launch_configuration.service.1": {
                    "type": "aws_launch_configuration",
                    "depends_on": [
                        "aws_key_pair.service",
                        "aws_security_group.service",
                        "data.aws_ami.service",
                        "data.template_file.user_data_service",
                        "data.terraform_remote_state.env",
                        "data.terraform_remote_state.env",
                        "data.terraform_remote_state.env",
                        "data.terraform_remote_state.env"
                    ],
                    "primary": {
                        "id": "sandbox-finite-irssi-green-20161016011801995505512adx",
                        "attributes": {
                            "associate_public_ip_address": "false",
                            "ebs_block_device.#": "0",
                            "ebs_optimized": "false",
                            "enable_monitoring": "true",
                            "ephemeral_block_device.#": "4",
                            "ephemeral_block_device.1341606603.device_name": "/dev/sde",
                            "ephemeral_block_device.1341606603.virtual_name": "ephemeral3",
                            "ephemeral_block_device.2340069903.device_name": "/dev/sdd",
                            "ephemeral_block_device.2340069903.virtual_name": "ephemeral2",
                            "ephemeral_block_device.3710187412.device_name": "/dev/sdc",
                            "ephemeral_block_device.3710187412.virtual_name": "ephemeral1",
                            "ephemeral_block_device.430514000.device_name": "/dev/sdb",
                            "ephemeral_block_device.430514000.virtual_name": "ephemeral0",
                            "iam_instance_profile": "sandbox-finite-irssi",
                            "id": "sandbox-finite-irssi-green-20161016011801995505512adx",
                            "image_id": "ami-73531b13",
                            "instance_type": "t2.nano",
                            "key_name": "sandbox-finite-irssi",
                            "name": "sandbox-finite-irssi-green-20161016011801995505512adx",
                            "name_prefix": "sandbox-finite-irssi-green-",
                            "root_block_device.#": "1",
                            "root_block_device.0.delete_on_termination": "true",
                            "root_block_device.0.iops": "0",
                            "root_block_device.0.volume_size": "100",
                            "root_block_device.0.volume_type": "gp2",
                            "security_groups.#": "4",
                            "security_groups.1067192849": "sg-4bc8f32f",
                            "security_groups.3254162712": "sg-cfab9aab",
                            "security_groups.4030778992": "sg-49c8f32d",
                            "security_groups.409993813": "sg-ccab9aa8",
                            "spot_price": "",
                            "user_data": "8a4997f0016f2019471ef895ba46003095d7bb1d",
                            "vpc_classic_link_id": "",
                            "vpc_classic_link_security_groups.#": "0"
                        },
                        "meta": {},
                        "tainted": false
                    },
                    "deposed": [],
                    "provider": ""
                },
                "aws_route.service_public.0": {
                    "type": "aws_route",
                    "depends_on": [
                        "aws_route_table.service_public",
                        "data.terraform_remote_state.env"
                    ],
                    "primary": {
                        "id": "r-rtb-50ca0f341080289494",
                        "attributes": {
                            "destination_cidr_block": "0.0.0.0/0",
                            "destination_prefix_list_id": "",
                            "gateway_id": "igw-b4244dd1",
                            "id": "r-rtb-50ca0f341080289494",
                            "instance_id": "",
                            "instance_owner_id": "",
                            "nat_gateway_id": "",
                            "network_interface_id": "",
                            "origin": "CreateRoute",
                            "route_table_id": "rtb-50ca0f34",
                            "state": "active",
                            "vpc_peering_connection_id": ""
                        },
                        "meta": {},
                        "tainted": false
                    },
                    "deposed": [],
                    "provider": ""
                },
                "aws_route.service_public.1": {
                    "type": "aws_route",
                    "depends_on": [
                        "aws_route_table.service_public",
                        "data.terraform_remote_state.env"
                    ],
                    "primary": {
                        "id": "r-rtb-57ca0f331080289494",
                        "attributes": {
                            "destination_cidr_block": "0.0.0.0/0",
                            "destination_prefix_list_id": "",
                            "gateway_id": "igw-b4244dd1",
                            "id": "r-rtb-57ca0f331080289494",
                            "instance_id": "",
                            "instance_owner_id": "",
                            "nat_gateway_id": "",
                            "network_interface_id": "",
                            "origin": "CreateRoute",
                            "route_table_id": "rtb-57ca0f33",
                            "state": "active",
                            "vpc_peering_connection_id": ""
                        },
                        "meta": {},
                        "tainted": false
                    },
                    "deposed": [],
                    "provider": ""
                },
                "aws_route_table.service_public.0": {
                    "type": "aws_route_table",
                    "depends_on": [
                        "data.terraform_remote_state.env",
                        "data.terraform_remote_state.env"
                    ],
                    "primary": {
                        "id": "rtb-50ca0f34",
                        "attributes": {
                            "id": "rtb-50ca0f34",
                            "propagating_vgws.#": "0",
                            "route.#": "1",
                            "route.4172831329.cidr_block": "0.0.0.0/0",
                            "route.4172831329.gateway_id": "igw-b4244dd1",
                            "route.4172831329.instance_id": "",
                            "route.4172831329.nat_gateway_id": "",
                            "route.4172831329.network_interface_id": "",
                            "route.4172831329.vpc_peering_connection_id": "",
                            "tags.%": "6",
                            "tags.App": "finite",
                            "tags.Env": "sandbox",
                            "tags.ManagedBy": "terraform",
                            "tags.Name": "sandbox-finite-irssi",
                            "tags.Network": "public",
                            "tags.Service": "irssi",
                            "vpc_id": "vpc-d3dac9b6"
                        },
                        "meta": {},
                        "tainted": false
                    },
                    "deposed": [],
                    "provider": ""
                },
                "aws_route_table.service_public.1": {
                    "type": "aws_route_table",
                    "depends_on": [
                        "data.terraform_remote_state.env",
                        "data.terraform_remote_state.env"
                    ],
                    "primary": {
                        "id": "rtb-57ca0f33",
                        "attributes": {
                            "id": "rtb-57ca0f33",
                            "propagating_vgws.#": "0",
                            "route.#": "1",
                            "route.4172831329.cidr_block": "0.0.0.0/0",
                            "route.4172831329.gateway_id": "igw-b4244dd1",
                            "route.4172831329.instance_id": "",
                            "route.4172831329.nat_gateway_id": "",
                            "route.4172831329.network_interface_id": "",
                            "route.4172831329.vpc_peering_connection_id": "",
                            "tags.%": "6",
                            "tags.App": "finite",
                            "tags.Env": "sandbox",
                            "tags.ManagedBy": "terraform",
                            "tags.Name": "sandbox-finite-irssi",
                            "tags.Network": "public",
                            "tags.Service": "irssi",
                            "vpc_id": "vpc-d3dac9b6"
                        },
                        "meta": {},
                        "tainted": false
                    },
                    "deposed": [],
                    "provider": ""
                },
                "aws_route_table_association.service_public.0": {
                    "type": "aws_route_table_association",
                    "depends_on": [
                        "aws_route_table.service_public",
                        "aws_subnet.service"
                    ],
                    "primary": {
                        "id": "rtbassoc-30069654",
                        "attributes": {
                            "id": "rtbassoc-30069654",
                            "route_table_id": "rtb-50ca0f34",
                            "subnet_id": "subnet-b88374e0"
                        },
                        "meta": {},
                        "tainted": false
                    },
                    "deposed": [],
                    "provider": ""
                },
                "aws_route_table_association.service_public.1": {
                    "type": "aws_route_table_association",
                    "depends_on": [
                        "aws_route_table.service_public",
                        "aws_subnet.service"
                    ],
                    "primary": {
                        "id": "rtbassoc-37069653",
                        "attributes": {
                            "id": "rtbassoc-37069653",
                            "route_table_id": "rtb-50ca0f34",
                            "subnet_id": "subnet-dc2b8bb8"
                        },
                        "meta": {},
                        "tainted": false
                    },
                    "deposed": [],
                    "provider": ""
                },
                "aws_security_group.service": {
                    "type": "aws_security_group",
                    "depends_on": [
                        "data.terraform_remote_state.env",
                        "data.terraform_remote_state.env"
                    ],
                    "primary": {
                        "id": "sg-4bc8f32f",
                        "attributes": {
                            "description": "Service finite-irssi",
                            "egress.#": "0",
                            "id": "sg-4bc8f32f",
                            "ingress.#": "0",
                            "name": "sandbox-finite-irssi",
                            "owner_id": "548373030883",
                            "tags.%": "5",
                            "tags.App": "finite",
                            "tags.Env": "sandbox",
                            "tags.ManagedBy": "terraform",
                            "tags.Name": "sandbox-finite-irssi",
                            "tags.Service": "irssi",
                            "vpc_id": "vpc-d3dac9b6"
                        },
                        "meta": {},
                        "tainted": false
                    },
                    "deposed": [],
                    "provider": ""
                },
                "aws_subnet.service.0": {
                    "type": "aws_subnet",
                    "depends_on": [
                        "data.aws_availability_zones.azs",
                        "data.terraform_remote_state.env",
                        "data.terraform_remote_state.env",
                        "data.terraform_remote_state.env"
                    ],
                    "primary": {
                        "id": "subnet-b88374e0",
                        "attributes": {
                            "availability_zone": "us-west-1b",
                            "cidr_block": "172.16.6.96/28",
                            "id": "subnet-b88374e0",
                            "map_public_ip_on_launch": "true",
                            "tags.%": "5",
                            "tags.App": "finite",
                            "tags.Env": "sandbox",
                            "tags.ManagedBy": "terraform",
                            "tags.Name": "sandbox-finite-irssi",
                            "tags.Service": "irssi",
                            "vpc_id": "vpc-d3dac9b6"
                        },
                        "meta": {},
                        "tainted": false
                    },
                    "deposed": [],
                    "provider": ""
                },
                "aws_subnet.service.1": {
                    "type": "aws_subnet",
                    "depends_on": [
                        "data.aws_availability_zones.azs",
                        "data.terraform_remote_state.env",
                        "data.terraform_remote_state.env",
                        "data.terraform_remote_state.env"
                    ],
                    "primary": {
                        "id": "subnet-dc2b8bb8",
                        "attributes": {
                            "availability_zone": "us-west-1c",
                            "cidr_block": "172.16.6.112/28",
                            "id": "subnet-dc2b8bb8",
                            "map_public_ip_on_launch": "true",
                            "tags.%": "5",
                            "tags.App": "finite",
                            "tags.Env": "sandbox",
                            "tags.ManagedBy": "terraform",
                            "tags.Name": "sandbox-finite-irssi",
                            "tags.Service": "irssi",
                            "vpc_id": "vpc-d3dac9b6"
                        },
                        "meta": {},
                        "tainted": false
                    },
                    "deposed": [],
                    "provider": ""
                },
                "data.aws_ami.service": {
                    "type": "aws_ami",
                    "depends_on": [],
                    "primary": {
                        "id": "ami-73531b13",
                        "attributes": {
                            "architecture": "x86_64",
                            "block_device_mappings.#": "3",
                            "block_device_mappings.1634610537.device_name": "/dev/sdb",
                            "block_device_mappings.1634610537.ebs.%": "0",
                            "block_device_mappings.1634610537.no_device": "",
                            "block_device_mappings.1634610537.virtual_name": "ephemeral0",
                            "block_device_mappings.2547816212.device_name": "/dev/sda1",
                            "block_device_mappings.2547816212.ebs.%": "6",
                            "block_device_mappings.2547816212.ebs.delete_on_termination": "true",
                            "block_device_mappings.2547816212.ebs.encrypted": "false",
                            "block_device_mappings.2547816212.ebs.iops": "0",
                            "block_device_mappings.2547816212.ebs.snapshot_id": "snap-0e33298d",
                            "block_device_mappings.2547816212.ebs.volume_size": "8",
                            "block_device_mappings.2547816212.ebs.volume_type": "gp2",
                            "block_device_mappings.2547816212.no_device": "",
                            "block_device_mappings.2547816212.virtual_name": "",
                            "block_device_mappings.3850042718.device_name": "/dev/sdc",
                            "block_device_mappings.3850042718.ebs.%": "0",
                            "block_device_mappings.3850042718.no_device": "",
                            "block_device_mappings.3850042718.virtual_name": "ephemeral1",
                            "creation_date": "2016-10-14T01:33:20.000Z",
                            "filter.#": "3",
                            "filter.1585153008.name": "name",
                            "filter.1585153008.values.#": "1",
                            "filter.1585153008.values.0": "ubuntu/images/hvm-ssd/ubuntu-xenial-16.04-amd64-server-*",
                            "filter.1609839683.name": "block-device-mapping.volume-type",
                            "filter.1609839683.values.#": "1",
                            "filter.1609839683.values.0": "gp2",
                            "filter.490168357.name": "virtualization-type",
                            "filter.490168357.values.#": "1",
                            "filter.490168357.values.0": "hvm",
                            "hypervisor": "xen",
                            "id": "ami-73531b13",
                            "image_id": "ami-73531b13",
                            "image_location": "099720109477/ubuntu/images/hvm-ssd/ubuntu-xenial-16.04-amd64-server-20161013",
                            "image_type": "machine",
                            "most_recent": "true",
                            "name": "ubuntu/images/hvm-ssd/ubuntu-xenial-16.04-amd64-server-20161013",
                            "owner_id": "099720109477",
                            "owners.#": "1",
                            "owners.0": "099720109477",
                            "product_codes.#": "0",
                            "public": "true",
                            "root_device_name": "/dev/sda1",
                            "root_device_type": "ebs",
                            "sriov_net_support": "simple",
                            "state": "available",
                            "state_reason.%": "2",
                            "state_reason.code": "UNSET",
                            "state_reason.message": "UNSET",
                            "tags.#": "0",
                            "virtualization_type": "hvm"
                        },
                        "meta": {},
                        "tainted": false
                    },
                    "deposed": [],
                    "provider": ""
                },
                "data.aws_availability_zones.azs": {
                    "type": "aws_availability_zones",
                    "depends_on": [],
                    "primary": {
                        "id": "2016-10-16 01:17:51.389388547 +0000 UTC",
                        "attributes": {
                            "id": "2016-10-16 01:17:51.389388547 +0000 UTC",
                            "names.#": "2",
                            "names.0": "us-west-1b",
                            "names.1": "us-west-1c"
                        },
                        "meta": {},
                        "tainted": false
                    },
                    "deposed": [],
                    "provider": ""
                },
                "data.template_file.key_pair_service": {
                    "type": "template_file",
                    "depends_on": [],
                    "primary": {
                        "id": "5035aaff317efe1209b2dede10a40005851c8565fcde8c12512d44c871e78263",
                        "attributes": {
                            "id": "5035aaff317efe1209b2dede10a40005851c8565fcde8c12512d44c871e78263",
                            "rendered": "ssh-rsa AAAAB3NzaC1yc2EAAAADAQABAAABAQCRskgy/FrRS6fWYRKPSXqYdaXUUoLwi+bdUFPTK0L99WAP438yWQtVE4EpSBkTWrWfK0xftFR4zC/xdC+84qzfVtkqEXtAw9sbC9RdMKEZX7PcMZx+Bl3J2bwbowg8+LmI0NFCNITB1jvMdKcK4HffEhT9QPlM06U0sIayHBR1cdiiMhocv0nkmLuaULNo+S/FRNR7pgYamtCkjol3yxbEDo54536+eA0BWjXbEiqEPiti/Q6QI+rBMdbz3oglphd1wi8bM2KN486lQaU/pTENZiFYRhk2kSt11zxYzJ9Wsj80lrcw1HxSj5q27wzo4y4UBaTl0Qq9+kxUSsoH70Fz app-demo/sandbox\n",
                            "template": "ssh-rsa AAAAB3NzaC1yc2EAAAADAQABAAABAQCRskgy/FrRS6fWYRKPSXqYdaXUUoLwi+bdUFPTK0L99WAP438yWQtVE4EpSBkTWrWfK0xftFR4zC/xdC+84qzfVtkqEXtAw9sbC9RdMKEZX7PcMZx+Bl3J2bwbowg8+LmI0NFCNITB1jvMdKcK4HffEhT9QPlM06U0sIayHBR1cdiiMhocv0nkmLuaULNo+S/FRNR7pgYamtCkjol3yxbEDo54536+eA0BWjXbEiqEPiti/Q6QI+rBMdbz3oglphd1wi8bM2KN486lQaU/pTENZiFYRhk2kSt11zxYzJ9Wsj80lrcw1HxSj5q27wzo4y4UBaTl0Qq9+kxUSsoH70Fz app-demo/sandbox\n"
                        },
                        "meta": {},
                        "tainted": false
                    },
                    "deposed": [],
                    "provider": ""
                },
                "data.template_file.user_data_service": {
                    "type": "template_file",
                    "depends_on": [
                        "data.template_file.key_pair_service",
                        "data.terraform_remote_state.env"
                    ],
                    "primary": {
                        "id": "276fcf32925e08a1ab3d29a232e31ede835e0ad61e26bf1fcf6992bf40cc436e",
                        "attributes": {
                            "id": "276fcf32925e08a1ab3d29a232e31ede835e0ad61e26bf1fcf6992bf40cc436e",
                            "rendered": "From nobody Wed Aug 10 18:58:26 2016\nContent-Type: multipart/mixed; boundary=\"===============88888888888888888888888888==\"\nMIME-Version: 1.0\nNumber-Attachments: 1\n\n--===============88888888888888888888888888==\nMIME-Version: 1.0\nContent-Type: text/cloud-config\nContent-Disposition: attachment; filename=\"part-001\"\n\nusers:\n - name: ubuntu\n   shell: /bin/bash\n   sudo: \"ALL=(ALL) NOPASSWD: ALL\"\n   ssh-authorized-keys:\n    - ssh-rsa AAAAB3NzaC1yc2EAAAADAQABAAABAQCRskgy/FrRS6fWYRKPSXqYdaXUUoLwi+bdUFPTK0L99WAP438yWQtVE4EpSBkTWrWfK0xftFR4zC/xdC+84qzfVtkqEXtAw9sbC9RdMKEZX7PcMZx+Bl3J2bwbowg8+LmI0NFCNITB1jvMdKcK4HffEhT9QPlM06U0sIayHBR1cdiiMhocv0nkmLuaULNo+S/FRNR7pgYamtCkjol3yxbEDo54536+eA0BWjXbEiqEPiti/Q6QI+rBMdbz3oglphd1wi8bM2KN486lQaU/pTENZiFYRhk2kSt11zxYzJ9Wsj80lrcw1HxSj5q27wzo4y4UBaTl0Qq9+kxUSsoH70Fz app-demo/sandbox\n\n\nmanage_etc_hosts: true\n\nwrite_files:\n - owner: root:root\n   path: /etc/network/fan\n   permissions: '0644'\n   content: |\n      172.16.0.0/16/16 250.0.0.0/8 --enable --dhcp\n - owner: root:root\n   path: /etc/sysctl.d/99-lxd.conf\n   permissions: '0644'\n   content: |\n      fs.inotify.max_queued_events = 1048576\n      fs.inotify.max_user_instances = 1048576\n      fs.inotify.max_user_watches = 1048576\n      vm.max_map_count = 262144\n      net.core.netdev_max_backlog = 182757\n - owner: root:root\n   path: /etc/security/limits.d/99-lxd.conf\n   permissions: '0644'\n   content: |\n      * soft nofile 1048576\n      * hard nofile 1048576\n      root soft nofile 1048576\n      root hard nofile 1048576\n      * soft memlock unlimited\n      * hard memlock unlimited\n - owner: root:root\n   path: /etc/cloud/cloud.cfg.d/99-disable-network-config.cfg\n   permissions: '0644'\n   content: |\n      network: {config: disabled}\n - owner: root:root\n   path: /etc/network/interfaces.d/50-cloud-init.cfg\n   permissions: '0644'\n   content: |\n      # This file is generated from information provided by\n      # the datasource.  Changes to it will not persist across an instance.\n      # To disable cloud-init's network configuration capabilities, write a file\n      # /etc/cloud/cloud.cfg.d/99-disable-network-config.cfg with the following:\n      # network: {config: disabled}\n      auto lo\n      iface lo inet loopback\n\n      auto eth0\n      iface eth0 inet manual\n          txqueuelen 10000\n\n      auto br0\n      iface br0 inet dhcp\n          txqueuelen 10000\n          bridge-ifaces eth0\n          bridge-ports eth0\n\nlxd:\n  init:\n    network_address: 0.0.0.0\n    network_port: 8443\n    trust_password: ubuntu\n  bridge:\n    mode: existing\n    name: br0\n\npackages:\n - openssh-server\n - aptitude\n - ntp\n - curl\n - unzip\n - git\n - perl\n - ruby\n - language-pack-en\n - nfs-common\n - build-essential\n - dkms\n - lvm2\n - xfsprogs\n - xfsdump\n - bridge-utils\n - thin-provisioning-tools\n - software-properties-common\n - btrfs-tools\n - ubuntu-fan\n - linux-generic\n - ifmetric\n\nruncmd:\n  - \"aptitude purge -y open-iscsi nano mlocate ubuntu-release-upgrader-core update-manager-core\"\n  - \"add-apt-repository -y ppa:ubuntu-lxc/lxd-stable\"\n  - \"aptitude update\"\n  - \"env DEBIAN_FRONTEND=noninteractive aptitude -o Dpkg::Options::=--force-confdef -o Dpkg::Options::=--force-confold install -y lxd lxd-tools criu docker.io\"\n  - \"env DEBIAN_FRONTEND=noninteractive aptitude -o Dpkg::Options::=--force-confdef -o Dpkg::Options::=--force-confold upgrade -y\"\n  - \"usermod -aG lxd ubuntu\"\n  - \"usermod -aG docker ubuntu\"\n  - \"systemctl disable apt-daily.service\"\n  - \"systemctl disable apt-daily.timer\"\n  - \"sleep 30\"\n  - \"reboot\"\n",
                            "template": "From nobody Wed Aug 10 18:58:26 2016\nContent-Type: multipart/mixed; boundary=\"===============88888888888888888888888888==\"\nMIME-Version: 1.0\nNumber-Attachments: 1\n\n--===============88888888888888888888888888==\nMIME-Version: 1.0\nContent-Type: text/cloud-config\nContent-Disposition: attachment; filename=\"part-001\"\n\nusers:\n - name: ubuntu\n   shell: /bin/bash\n   sudo: \"ALL=(ALL) NOPASSWD: ALL\"\n   ssh-authorized-keys:\n    - ${public_key}\n\nmanage_etc_hosts: true\n\nwrite_files:\n - owner: root:root\n   path: /etc/network/fan\n   permissions: '0644'\n   content: |\n      ${vpc_cidr}/16 250.0.0.0/8 --enable --dhcp\n - owner: root:root\n   path: /etc/sysctl.d/99-lxd.conf\n   permissions: '0644'\n   content: |\n      fs.inotify.max_queued_events = 1048576\n      fs.inotify.max_user_instances = 1048576\n      fs.inotify.max_user_watches = 1048576\n      vm.max_map_count = 262144\n      net.core.netdev_max_backlog = 182757\n - owner: root:root\n   path: /etc/security/limits.d/99-lxd.conf\n   permissions: '0644'\n   content: |\n      * soft nofile 1048576\n      * hard nofile 1048576\n      root soft nofile 1048576\n      root hard nofile 1048576\n      * soft memlock unlimited\n      * hard memlock unlimited\n - owner: root:root\n   path: /etc/cloud/cloud.cfg.d/99-disable-network-config.cfg\n   permissions: '0644'\n   content: |\n      network: {config: disabled}\n - owner: root:root\n   path: /etc/network/interfaces.d/50-cloud-init.cfg\n   permissions: '0644'\n   content: |\n      # This file is generated from information provided by\n      # the datasource.  Changes to it will not persist across an instance.\n      # To disable cloud-init's network configuration capabilities, write a file\n      # /etc/cloud/cloud.cfg.d/99-disable-network-config.cfg with the following:\n      # network: {config: disabled}\n      auto lo\n      iface lo inet loopback\n\n      auto eth0\n      iface eth0 inet manual\n          txqueuelen 10000\n\n      auto br0\n      iface br0 inet dhcp\n          txqueuelen 10000\n          bridge-ifaces eth0\n          bridge-ports eth0\n\nlxd:\n  init:\n    network_address: 0.0.0.0\n    network_port: 8443\n    trust_password: ubuntu\n  bridge:\n    mode: existing\n    name: br0\n\npackages:\n - openssh-server\n - aptitude\n - ntp\n - curl\n - unzip\n - git\n - perl\n - ruby\n - language-pack-en\n - nfs-common\n - build-essential\n - dkms\n - lvm2\n - xfsprogs\n - xfsdump\n - bridge-utils\n - thin-provisioning-tools\n - software-properties-common\n - btrfs-tools\n - ubuntu-fan\n - linux-generic\n - ifmetric\n\nruncmd:\n  - \"aptitude purge -y open-iscsi nano mlocate ubuntu-release-upgrader-core update-manager-core\"\n  - \"add-apt-repository -y ppa:ubuntu-lxc/lxd-stable\"\n  - \"aptitude update\"\n  - \"env DEBIAN_FRONTEND=noninteractive aptitude -o Dpkg::Options::=--force-confdef -o Dpkg::Options::=--force-confold install -y lxd lxd-tools criu docker.io\"\n  - \"env DEBIAN_FRONTEND=noninteractive aptitude -o Dpkg::Options::=--force-confdef -o Dpkg::Options::=--force-confold upgrade -y\"\n  - \"usermod -aG lxd ubuntu\"\n  - \"usermod -aG docker ubuntu\"\n  - \"systemctl disable apt-daily.service\"\n  - \"systemctl disable apt-daily.timer\"\n  - \"sleep 30\"\n  - \"reboot\"\n",
                            "vars.%": "2",
                            "vars.public_key": "ssh-rsa AAAAB3NzaC1yc2EAAAADAQABAAABAQCRskgy/FrRS6fWYRKPSXqYdaXUUoLwi+bdUFPTK0L99WAP438yWQtVE4EpSBkTWrWfK0xftFR4zC/xdC+84qzfVtkqEXtAw9sbC9RdMKEZX7PcMZx+Bl3J2bwbowg8+LmI0NFCNITB1jvMdKcK4HffEhT9QPlM06U0sIayHBR1cdiiMhocv0nkmLuaULNo+S/FRNR7pgYamtCkjol3yxbEDo54536+eA0BWjXbEiqEPiti/Q6QI+rBMdbz3oglphd1wi8bM2KN486lQaU/pTENZiFYRhk2kSt11zxYzJ9Wsj80lrcw1HxSj5q27wzo4y4UBaTl0Qq9+kxUSsoH70Fz app-demo/sandbox\n",
                            "vars.vpc_cidr": "172.16.0.0/16"
                        },
                        "meta": {},
                        "tainted": false
                    },
                    "deposed": [],
                    "provider": ""
                },
                "data.terraform_remote_state.env": {
                    "type": "terraform_remote_state",
                    "depends_on": [],
                    "primary": {
                        "id": "2016-10-16 01:17:43.455330805 +0000 UTC",
                        "attributes": {
                            "backend": "local",
                            "config.%": "1",
                            "config.path": "../../env-sandbox/.terraform/terraform.tfstate",
                            "env_cidr": "172.16.0.0/16",
                            "env_name": "sandbox",
                            "id": "2016-10-16 01:17:43.455330805 +0000 UTC",
                            "igw_id": "igw-b4244dd1",
                            "key_name": "sandbox",
                            "nat_gateways.#": "1",
                            "nat_gateways.0": "nat-0945336cad424adf5",
                            "private_zone_id": "Z2GJZFFJRFLQCA",
                            "private_zone_name": "sandbox.imma.io",
                            "private_zone_servers.#": "4",
                            "private_zone_servers.0": "ns-0.awsdns-00.com.",
                            "private_zone_servers.1": "ns-1024.awsdns-00.org.",
                            "private_zone_servers.2": "ns-1536.awsdns-00.co.uk.",
                            "private_zone_servers.3": "ns-512.awsdns-00.net.",
                            "public_zone_id": "Z2GMU4FCOMYMFB",
                            "public_zone_name": "sandbox.imma.io",
                            "public_zone_servers.#": "4",
                            "public_zone_servers.0": "ns-1531.awsdns-63.org",
                            "public_zone_servers.1": "ns-1889.awsdns-44.co.uk",
                            "public_zone_servers.2": "ns-258.awsdns-32.com",
                            "public_zone_servers.3": "ns-685.awsdns-21.net",
                            "s3_remote_state": "imma-io-remote-state",
                            "sg_env": "sg-ccab9aa8",
                            "sg_env_lb": "sg-c3ab9aa7",
                            "sg_env_lb_private": "sg-c1ab9aa5",
                            "sg_env_lb_public": "sg-c2ab9aa6",
                            "sg_env_private": "sg-cdab9aa9",
                            "sg_env_public": "sg-cfab9aab",
                            "vpc_id": "vpc-d3dac9b6"
                        },
                        "meta": {},
                        "tainted": false
                    },
                    "deposed": [],
                    "provider": ""
                },
                "data.terraform_remote_state.global": {
                    "type": "terraform_remote_state",
                    "depends_on": [],
                    "primary": {
                        "id": "2016-10-16 01:17:43.450332012 +0000 UTC",
                        "attributes": {
                            "aws_account_id": "548373030883",
                            "backend": "local",
                            "config.%": "1",
                            "config.path": "../../global/.terraform/terraform.tfstate",
                            "domain_name": "imma.io",
                            "id": "2016-10-16 01:17:43.450332012 +0000 UTC",
                            "public_name_servers.#": "4",
                            "public_name_servers.0": "ns-1188.awsdns-20.org",
                            "public_name_servers.1": "ns-1607.awsdns-08.co.uk",
                            "public_name_servers.2": "ns-372.awsdns-46.com",
                            "public_name_servers.3": "ns-634.awsdns-15.net",
                            "public_zone_id.#": "1",
                            "public_zone_id.0": "ZZVGFVKOQPT46",
                            "s3_remote_state": "imma-io-remote-state"
                        },
                        "meta": {},
                        "tainted": false
                    },
                    "deposed": [],
                    "provider": ""
                }
            },
            "depends_on": []
        },
        {
            "path": [
                "root",
                "irssi",
                "fs"
            ],
            "outputs": {},
            "resources": {
                "data.terraform_remote_state.env": {
                    "type": "terraform_remote_state",
                    "depends_on": [],
                    "primary": {
                        "id": "2016-10-16 01:17:43.457434202 +0000 UTC",
                        "attributes": {
                            "backend": "local",
                            "config.%": "1",
                            "config.path": "../../env-sandbox/.terraform/terraform.tfstate",
                            "env_cidr": "172.16.0.0/16",
                            "env_name": "sandbox",
                            "id": "2016-10-16 01:17:43.457434202 +0000 UTC",
                            "igw_id": "igw-b4244dd1",
                            "key_name": "sandbox",
                            "nat_gateways.#": "1",
                            "nat_gateways.0": "nat-0945336cad424adf5",
                            "private_zone_id": "Z2GJZFFJRFLQCA",
                            "private_zone_name": "sandbox.imma.io",
                            "private_zone_servers.#": "4",
                            "private_zone_servers.0": "ns-0.awsdns-00.com.",
                            "private_zone_servers.1": "ns-1024.awsdns-00.org.",
                            "private_zone_servers.2": "ns-1536.awsdns-00.co.uk.",
                            "private_zone_servers.3": "ns-512.awsdns-00.net.",
                            "public_zone_id": "Z2GMU4FCOMYMFB",
                            "public_zone_name": "sandbox.imma.io",
                            "public_zone_servers.#": "4",
                            "public_zone_servers.0": "ns-1531.awsdns-63.org",
                            "public_zone_servers.1": "ns-1889.awsdns-44.co.uk",
                            "public_zone_servers.2": "ns-258.awsdns-32.com",
                            "public_zone_servers.3": "ns-685.awsdns-21.net",
                            "s3_remote_state": "imma-io-remote-state",
                            "sg_env": "sg-ccab9aa8",
                            "sg_env_lb": "sg-c3ab9aa7",
                            "sg_env_lb_private": "sg-c1ab9aa5",
                            "sg_env_lb_public": "sg-c2ab9aa6",
                            "sg_env_private": "sg-cdab9aa9",
                            "sg_env_public": "sg-cfab9aab",
                            "vpc_id": "vpc-d3dac9b6"
                        },
                        "meta": {},
                        "tainted": false
                    },
                    "deposed": [],
                    "provider": ""
                }
            },
            "depends_on": []
        }
    ]
}
