{
    "version": 3,
    "terraform_version": "0.7.7",
    "serial": 16,
    "lineage": "c89a5c49-acb6-44e2-a57e-db75ac01244a",
    "remote": {
        "type": "s3",
        "config": {
            "bucket": "imma-io-remote-state",
            "key": "env-network/terraform.tfstate",
            "region": "us-west-1"
        }
    },
    "modules": [
        {
            "path": [
                "root"
            ],
            "outputs": {
                "aws_region": {
                    "sensitive": false,
                    "type": "string",
                    "value": "us-east-1"
                },
                "env_name": {
                    "sensitive": false,
                    "type": "string",
                    "value": "network"
                },
                "env_region": {
                    "sensitive": false,
                    "type": "map",
                    "value": {
                        "admin": "us-east-1",
                        "dev": "us-west-2",
                        "ireland": "eu-west-1",
                        "network": "us-east-1",
                        "prod": "us-east-2",
                        "sandbox": "us-west-1",
                        "stage": "us-west-2"
                    }
                },
                "igw_id": {
                    "sensitive": false,
                    "type": "string",
                    "value": "igw-aa11c2cd"
                },
                "nat_gateways": {
                    "sensitive": false,
                    "type": "list",
                    "value": []
                },
                "private_zone_id": {
                    "sensitive": false,
                    "type": "string",
                    "value": "Z20GW8Q146TR60"
                },
                "private_zone_name": {
                    "sensitive": false,
                    "type": "string",
                    "value": "network.imma.io"
                },
                "private_zone_servers": {
                    "sensitive": false,
                    "type": "list",
                    "value": [
                        "ns-0.awsdns-00.com.",
                        "ns-1024.awsdns-00.org.",
                        "ns-1536.awsdns-00.co.uk.",
                        "ns-512.awsdns-00.net."
                    ]
                },
                "sg_env": {
                    "sensitive": false,
                    "type": "string",
                    "value": "sg-73f0e809"
                },
                "sg_env_lb": {
                    "sensitive": false,
                    "type": "string",
                    "value": "sg-71f0e80b"
                },
                "sg_env_lb_private": {
                    "sensitive": false,
                    "type": "string",
                    "value": "sg-75f0e80f"
                },
                "sg_env_lb_public": {
                    "sensitive": false,
                    "type": "string",
                    "value": "sg-70f0e80a"
                },
                "sg_env_private": {
                    "sensitive": false,
                    "type": "string",
                    "value": "sg-72f0e808"
                },
                "sg_env_public": {
                    "sensitive": false,
                    "type": "string",
                    "value": "sg-7df0e807"
                },
                "vpc_id": {
                    "sensitive": false,
                    "type": "string",
                    "value": "vpc-1cb1be7b"
                }
            },
            "resources": {
                "data.terraform_remote_state.global": {
                    "type": "terraform_remote_state",
                    "depends_on": [],
                    "primary": {
                        "id": "2016-10-28 03:39:23.127701309 +0000 UTC",
                        "attributes": {
                            "aws_account_id": "548373030883",
                            "backend": "local",
                            "config.%": "1",
                            "config.path": "../.terraform/terraform.tfstate",
                            "domain_name": "imma.io",
                            "env_cidr.%": "8",
                            "env_cidr._reserved_docker": "172.17.0.0/16",
                            "env_cidr.admin": "172.19.0.0/16",
                            "env_cidr.dev": "172.20.0.0/16",
                            "env_cidr.ireland": "172.21.0.0/16",
                            "env_cidr.network": "172.23.0.0/16",
                            "env_cidr.prod": "172.18.0.0/16",
                            "env_cidr.sandbox": "172.16.0.0/16",
                            "env_cidr.stage": "172.22.0.0/16",
                            "env_region.%": "7",
                            "env_region.admin": "us-east-1",
                            "env_region.dev": "us-west-2",
                            "env_region.ireland": "eu-west-1",
                            "env_region.network": "us-east-1",
                            "env_region.prod": "us-east-2",
                            "env_region.sandbox": "us-west-1",
                            "env_region.stage": "us-west-2",
                            "id": "2016-10-28 03:39:23.127701309 +0000 UTC",
                            "s3_remote_state": "b-32471e35-global-tf-remote-state",
                            "service_nets.%": "10",
                            "service_nets._reserved_services.#": "3",
                            "service_nets._reserved_services.0": "96",
                            "service_nets._reserved_services.1": "97",
                            "service_nets._reserved_services.2": "98",
                            "service_nets.aptly.#": "4",
                            "service_nets.aptly.0": "111",
                            "service_nets.aptly.1": "112",
                            "service_nets.aptly.2": "113",
                            "service_nets.aptly.3": "1002",
                            "service_nets.bastion.#": "4",
                            "service_nets.bastion.0": "102",
                            "service_nets.bastion.1": "103",
                            "service_nets.bastion.2": "104",
                            "service_nets.bastion.3": "1001",
                            "service_nets.blocks.#": "4",
                            "service_nets.blocks.0": "123",
                            "service_nets.blocks.1": "124",
                            "service_nets.blocks.2": "125",
                            "service_nets.blocks.3": "1008",
                            "service_nets.dns.#": "4",
                            "service_nets.dns.0": "117",
                            "service_nets.dns.1": "118",
                            "service_nets.dns.2": "119",
                            "service_nets.dns.3": "1004",
                            "service_nets.irssi.#": "4",
                            "service_nets.irssi.0": "105",
                            "service_nets.irssi.1": "106",
                            "service_nets.irssi.2": "107",
                            "service_nets.irssi.3": "1006",
                            "service_nets.nexus.#": "4",
                            "service_nets.nexus.0": "114",
                            "service_nets.nexus.1": "115",
                            "service_nets.nexus.2": "116",
                            "service_nets.nexus.3": "1003",
                            "service_nets.ntp.#": "4",
                            "service_nets.ntp.0": "120",
                            "service_nets.ntp.1": "121",
                            "service_nets.ntp.2": "122",
                            "service_nets.ntp.3": "1005",
                            "service_nets.openvpn.#": "4",
                            "service_nets.openvpn.0": "99",
                            "service_nets.openvpn.1": "100",
                            "service_nets.openvpn.2": "101",
                            "service_nets.openvpn.3": "1000",
                            "service_nets.packer.#": "4",
                            "service_nets.packer.0": "108",
                            "service_nets.packer.1": "109",
                            "service_nets.packer.2": "110",
                            "service_nets.packer.3": "1007",
                            "sys_nets.%": "4",
                            "sys_nets._reserved_24.#": "3",
                            "sys_nets._reserved_24.0": "0",
                            "sys_nets._reserved_24.1": "1",
                            "sys_nets._reserved_24.2": "6",
                            "sys_nets._reserved_28.#": "10",
                            "sys_nets._reserved_28.0": "0",
                            "sys_nets._reserved_28.1": "1",
                            "sys_nets._reserved_28.2": "2",
                            "sys_nets._reserved_28.3": "3",
                            "sys_nets._reserved_28.4": "4",
                            "sys_nets._reserved_28.5": "5",
                            "sys_nets._reserved_28.6": "6",
                            "sys_nets._reserved_28.7": "7",
                            "sys_nets._reserved_28.8": "8",
                            "sys_nets._reserved_28.9": "9",
                            "sys_nets.common.#": "4",
                            "sys_nets.common.0": "2",
                            "sys_nets.common.1": "3",
                            "sys_nets.common.2": "4",
                            "sys_nets.common.3": "5",
                            "sys_nets.nat.#": "4",
                            "sys_nets.nat.0": "10",
                            "sys_nets.nat.1": "11",
                            "sys_nets.nat.2": "12",
                            "sys_nets.nat.3": "13"
                        },
                        "meta": {},
                        "tainted": false
                    },
                    "deposed": [],
                    "provider": ""
                }
            },
            "depends_on": []
        },
        {
            "path": [
                "root",
                "env"
            ],
            "outputs": {
                "env_name": {
                    "sensitive": false,
                    "type": "string",
                    "value": "network"
                },
                "igw_id": {
                    "sensitive": false,
                    "type": "string",
                    "value": "igw-aa11c2cd"
                },
                "nat_gateways": {
                    "sensitive": false,
                    "type": "list",
                    "value": []
                },
                "private_zone_id": {
                    "sensitive": false,
                    "type": "string",
                    "value": "Z20GW8Q146TR60"
                },
                "private_zone_name": {
                    "sensitive": false,
                    "type": "string",
                    "value": "network.imma.io"
                },
                "private_zone_servers": {
                    "sensitive": false,
                    "type": "list",
                    "value": [
                        "ns-0.awsdns-00.com.",
                        "ns-1024.awsdns-00.org.",
                        "ns-1536.awsdns-00.co.uk.",
                        "ns-512.awsdns-00.net."
                    ]
                },
                "sg_env": {
                    "sensitive": false,
                    "type": "string",
                    "value": "sg-73f0e809"
                },
                "sg_env_lb": {
                    "sensitive": false,
                    "type": "string",
                    "value": "sg-71f0e80b"
                },
                "sg_env_lb_private": {
                    "sensitive": false,
                    "type": "string",
                    "value": "sg-75f0e80f"
                },
                "sg_env_lb_public": {
                    "sensitive": false,
                    "type": "string",
                    "value": "sg-70f0e80a"
                },
                "sg_env_private": {
                    "sensitive": false,
                    "type": "string",
                    "value": "sg-72f0e808"
                },
                "sg_env_public": {
                    "sensitive": false,
                    "type": "string",
                    "value": "sg-7df0e807"
                },
                "vpc_id": {
                    "sensitive": false,
                    "type": "string",
                    "value": "vpc-1cb1be7b"
                }
            },
            "resources": {
                "aws_cloudwatch_log_group.flow_log": {
                    "type": "aws_cloudwatch_log_group",
                    "depends_on": [],
                    "primary": {
                        "id": "network-flow-log",
                        "attributes": {
                            "arn": "arn:aws:logs:us-east-1:548373030883:log-group:network-flow-log:*",
                            "id": "network-flow-log",
                            "name": "network-flow-log",
                            "retention_in_days": "0"
                        },
                        "meta": {},
                        "tainted": false
                    },
                    "deposed": [],
                    "provider": ""
                },
                "aws_flow_log.env": {
                    "type": "aws_flow_log",
                    "depends_on": [
                        "aws_cloudwatch_log_group.flow_log",
                        "aws_iam_role.flow_log",
                        "aws_vpc.env"
                    ],
                    "primary": {
                        "id": "fl-a47994cd",
                        "attributes": {
                            "iam_role_arn": "arn:aws:iam::548373030883:role/network-flow-log",
                            "id": "fl-a47994cd",
                            "log_group_name": "network-flow-log",
                            "traffic_type": "ALL",
                            "vpc_id": "vpc-1cb1be7b"
                        },
                        "meta": {},
                        "tainted": false
                    },
                    "deposed": [],
                    "provider": ""
                },
                "aws_iam_role.flow_log": {
                    "type": "aws_iam_role",
                    "depends_on": [
                        "data.aws_iam_policy_document.flow_log"
                    ],
                    "primary": {
                        "id": "network-flow-log",
                        "attributes": {
                            "arn": "arn:aws:iam::548373030883:role/network-flow-log",
                            "assume_role_policy": "{\n  \"Version\": \"2012-10-17\",\n  \"Statement\": [\n    {\n      \"Sid\": \"\",\n      \"Effect\": \"Allow\",\n      \"Action\": \"sts:AssumeRole\",\n      \"Principal\": {\n        \"Service\": \"vpc-flow-logs.amazonaws.com\"\n      }\n    }\n  ]\n}",
                            "id": "network-flow-log",
                            "name": "network-flow-log",
                            "path": "/",
                            "unique_id": "AROAJY6Y6WRAL7ZX5SYI4"
                        },
                        "meta": {},
                        "tainted": false
                    },
                    "deposed": [],
                    "provider": ""
                },
                "aws_iam_role_policy.flow_log": {
                    "type": "aws_iam_role_policy",
                    "depends_on": [
                        "aws_iam_role.flow_log",
                        "data.aws_iam_policy_document.flow_log_logs"
                    ],
                    "primary": {
                        "id": "network-flow-log:network-flow-log",
                        "attributes": {
                            "id": "network-flow-log:network-flow-log",
                            "name": "network-flow-log",
                            "policy": "{\n  \"Version\": \"2012-10-17\",\n  \"Statement\": [\n    {\n      \"Sid\": \"\",\n      \"Effect\": \"Allow\",\n      \"Action\": [\n        \"logs:PutLogEvents\",\n        \"logs:DescribeLogStreams\",\n        \"logs:DescribeLogGroups\",\n        \"logs:CreateLogStream\",\n        \"logs:CreateLogGroup\"\n      ],\n      \"Resource\": \"*\"\n    }\n  ]\n}",
                            "role": "network-flow-log"
                        },
                        "meta": {},
                        "tainted": false
                    },
                    "deposed": [],
                    "provider": ""
                },
                "aws_internet_gateway.env": {
                    "type": "aws_internet_gateway",
                    "depends_on": [
                        "aws_vpc.env"
                    ],
                    "primary": {
                        "id": "igw-aa11c2cd",
                        "attributes": {
                            "id": "igw-aa11c2cd",
                            "tags.%": "3",
                            "tags.Env": "network",
                            "tags.ManagedBy": "terraform",
                            "tags.Name": "network-nat",
                            "vpc_id": "vpc-1cb1be7b"
                        },
                        "meta": {},
                        "tainted": false
                    },
                    "deposed": [],
                    "provider": ""
                },
                "aws_route.nat": {
                    "type": "aws_route",
                    "depends_on": [
                        "aws_internet_gateway.env",
                        "aws_route_table.nat"
                    ],
                    "primary": {
                        "id": "r-rtb-d70571b11080289494",
                        "attributes": {
                            "destination_cidr_block": "0.0.0.0/0",
                            "destination_prefix_list_id": "",
                            "gateway_id": "igw-aa11c2cd",
                            "id": "r-rtb-d70571b11080289494",
                            "instance_id": "",
                            "instance_owner_id": "",
                            "nat_gateway_id": "",
                            "network_interface_id": "",
                            "origin": "CreateRoute",
                            "route_table_id": "rtb-d70571b1",
                            "state": "active",
                            "vpc_peering_connection_id": ""
                        },
                        "meta": {},
                        "tainted": false
                    },
                    "deposed": [],
                    "provider": ""
                },
                "aws_route53_zone.private": {
                    "type": "aws_route53_zone",
                    "depends_on": [
                        "aws_vpc.env",
                        "data.terraform_remote_state.global"
                    ],
                    "primary": {
                        "id": "Z20GW8Q146TR60",
                        "attributes": {
                            "comment": "Managed by Terraform",
                            "force_destroy": "false",
                            "id": "Z20GW8Q146TR60",
                            "name": "network.imma.io",
                            "name_servers.#": "4",
                            "name_servers.0": "ns-0.awsdns-00.com.",
                            "name_servers.1": "ns-1024.awsdns-00.org.",
                            "name_servers.2": "ns-1536.awsdns-00.co.uk.",
                            "name_servers.3": "ns-512.awsdns-00.net.",
                            "tags.%": "3",
                            "tags.Env": "network",
                            "tags.ManagedBy": "terraform",
                            "tags.Name": "network",
                            "vpc_id": "vpc-1cb1be7b",
                            "vpc_region": "us-east-1",
                            "zone_id": "Z20GW8Q146TR60"
                        },
                        "meta": {},
                        "tainted": false
                    },
                    "deposed": [],
                    "provider": ""
                },
                "aws_route_table.common.0": {
                    "type": "aws_route_table",
                    "depends_on": [
                        "aws_vpc.env"
                    ],
                    "primary": {
                        "id": "rtb-d40571b2",
                        "attributes": {
                            "id": "rtb-d40571b2",
                            "propagating_vgws.#": "0",
                            "route.#": "0",
                            "tags.%": "3",
                            "tags.Env": "network",
                            "tags.ManagedBy": "terraform",
                            "tags.Name": "network-common",
                            "vpc_id": "vpc-1cb1be7b"
                        },
                        "meta": {},
                        "tainted": false
                    },
                    "deposed": [],
                    "provider": ""
                },
                "aws_route_table.common.1": {
                    "type": "aws_route_table",
                    "depends_on": [
                        "aws_vpc.env"
                    ],
                    "primary": {
                        "id": "rtb-c80571ae",
                        "attributes": {
                            "id": "rtb-c80571ae",
                            "propagating_vgws.#": "0",
                            "route.#": "0",
                            "tags.%": "3",
                            "tags.Env": "network",
                            "tags.ManagedBy": "terraform",
                            "tags.Name": "network-common",
                            "vpc_id": "vpc-1cb1be7b"
                        },
                        "meta": {},
                        "tainted": false
                    },
                    "deposed": [],
                    "provider": ""
                },
                "aws_route_table.common.2": {
                    "type": "aws_route_table",
                    "depends_on": [
                        "aws_vpc.env"
                    ],
                    "primary": {
                        "id": "rtb-c90571af",
                        "attributes": {
                            "id": "rtb-c90571af",
                            "propagating_vgws.#": "0",
                            "route.#": "0",
                            "tags.%": "3",
                            "tags.Env": "network",
                            "tags.ManagedBy": "terraform",
                            "tags.Name": "network-common",
                            "vpc_id": "vpc-1cb1be7b"
                        },
                        "meta": {},
                        "tainted": false
                    },
                    "deposed": [],
                    "provider": ""
                },
                "aws_route_table.common.3": {
                    "type": "aws_route_table",
                    "depends_on": [
                        "aws_vpc.env"
                    ],
                    "primary": {
                        "id": "rtb-d50571b3",
                        "attributes": {
                            "id": "rtb-d50571b3",
                            "propagating_vgws.#": "0",
                            "route.#": "0",
                            "tags.%": "3",
                            "tags.Env": "network",
                            "tags.ManagedBy": "terraform",
                            "tags.Name": "network-common",
                            "vpc_id": "vpc-1cb1be7b"
                        },
                        "meta": {},
                        "tainted": false
                    },
                    "deposed": [],
                    "provider": ""
                },
                "aws_route_table.nat": {
                    "type": "aws_route_table",
                    "depends_on": [
                        "aws_vpc.env"
                    ],
                    "primary": {
                        "id": "rtb-d70571b1",
                        "attributes": {
                            "id": "rtb-d70571b1",
                            "propagating_vgws.#": "0",
                            "route.#": "1",
                            "route.2197800898.cidr_block": "0.0.0.0/0",
                            "route.2197800898.gateway_id": "igw-aa11c2cd",
                            "route.2197800898.instance_id": "",
                            "route.2197800898.nat_gateway_id": "",
                            "route.2197800898.network_interface_id": "",
                            "route.2197800898.vpc_peering_connection_id": "",
                            "tags.%": "4",
                            "tags.Env": "network",
                            "tags.ManagedBy": "terraform",
                            "tags.Name": "network-nat",
                            "tags.Network": "public",
                            "vpc_id": "vpc-1cb1be7b"
                        },
                        "meta": {},
                        "tainted": false
                    },
                    "deposed": [],
                    "provider": ""
                },
                "aws_route_table_association.common.0": {
                    "type": "aws_route_table_association",
                    "depends_on": [
                        "aws_route_table.common",
                        "aws_subnet.common"
                    ],
                    "primary": {
                        "id": "rtbassoc-f36b038a",
                        "attributes": {
                            "id": "rtbassoc-f36b038a",
                            "route_table_id": "rtb-d40571b2",
                            "subnet_id": "subnet-1dc11130"
                        },
                        "meta": {},
                        "tainted": false
                    },
                    "deposed": [],
                    "provider": ""
                },
                "aws_route_table_association.common.1": {
                    "type": "aws_route_table_association",
                    "depends_on": [
                        "aws_route_table.common",
                        "aws_subnet.common"
                    ],
                    "primary": {
                        "id": "rtbassoc-f56b038c",
                        "attributes": {
                            "id": "rtbassoc-f56b038c",
                            "route_table_id": "rtb-c80571ae",
                            "subnet_id": "subnet-60cf4c29"
                        },
                        "meta": {},
                        "tainted": false
                    },
                    "deposed": [],
                    "provider": ""
                },
                "aws_route_table_association.common.2": {
                    "type": "aws_route_table_association",
                    "depends_on": [
                        "aws_route_table.common",
                        "aws_subnet.common"
                    ],
                    "primary": {
                        "id": "rtbassoc-f26b038b",
                        "attributes": {
                            "id": "rtbassoc-f26b038b",
                            "route_table_id": "rtb-c90571af",
                            "subnet_id": "subnet-b24793e9"
                        },
                        "meta": {},
                        "tainted": false
                    },
                    "deposed": [],
                    "provider": ""
                },
                "aws_route_table_association.common.3": {
                    "type": "aws_route_table_association",
                    "depends_on": [
                        "aws_route_table.common",
                        "aws_subnet.common"
                    ],
                    "primary": {
                        "id": "rtbassoc-f46b038d",
                        "attributes": {
                            "id": "rtbassoc-f46b038d",
                            "route_table_id": "rtb-d50571b3",
                            "subnet_id": "subnet-6067a35c"
                        },
                        "meta": {},
                        "tainted": false
                    },
                    "deposed": [],
                    "provider": ""
                },
                "aws_route_table_association.nat.0": {
                    "type": "aws_route_table_association",
                    "depends_on": [
                        "aws_route_table.nat",
                        "aws_subnet.nat"
                    ],
                    "primary": {
                        "id": "rtbassoc-eb6b0392",
                        "attributes": {
                            "id": "rtbassoc-eb6b0392",
                            "route_table_id": "rtb-d70571b1",
                            "subnet_id": "subnet-1cc11131"
                        },
                        "meta": {},
                        "tainted": false
                    },
                    "deposed": [],
                    "provider": ""
                },
                "aws_route_table_association.nat.1": {
                    "type": "aws_route_table_association",
                    "depends_on": [
                        "aws_route_table.nat",
                        "aws_subnet.nat"
                    ],
                    "primary": {
                        "id": "rtbassoc-f76b038e",
                        "attributes": {
                            "id": "rtbassoc-f76b038e",
                            "route_table_id": "rtb-d70571b1",
                            "subnet_id": "subnet-61cf4c28"
                        },
                        "meta": {},
                        "tainted": false
                    },
                    "deposed": [],
                    "provider": ""
                },
                "aws_route_table_association.nat.2": {
                    "type": "aws_route_table_association",
                    "depends_on": [
                        "aws_route_table.nat",
                        "aws_subnet.nat"
                    ],
                    "primary": {
                        "id": "rtbassoc-f66b038f",
                        "attributes": {
                            "id": "rtbassoc-f66b038f",
                            "route_table_id": "rtb-d70571b1",
                            "subnet_id": "subnet-b14793ea"
                        },
                        "meta": {},
                        "tainted": false
                    },
                    "deposed": [],
                    "provider": ""
                },
                "aws_route_table_association.nat.3": {
                    "type": "aws_route_table_association",
                    "depends_on": [
                        "aws_route_table.nat",
                        "aws_subnet.nat"
                    ],
                    "primary": {
                        "id": "rtbassoc-e96b0390",
                        "attributes": {
                            "id": "rtbassoc-e96b0390",
                            "route_table_id": "rtb-d70571b1",
                            "subnet_id": "subnet-6167a35d"
                        },
                        "meta": {},
                        "tainted": false
                    },
                    "deposed": [],
                    "provider": ""
                },
                "aws_s3_bucket.lb": {
                    "type": "aws_s3_bucket",
                    "depends_on": [
                        "data.terraform_remote_state.global"
                    ],
                    "primary": {
                        "id": "b-32471e35-network-lb",
                        "attributes": {
                            "acceleration_status": "",
                            "acl": "private",
                            "arn": "arn:aws:s3:::b-32471e35-network-lb",
                            "bucket": "b-32471e35-network-lb",
                            "force_destroy": "false",
                            "hosted_zone_id": "Z3AQBSTGFYJSTF",
                            "id": "b-32471e35-network-lb",
                            "region": "us-east-1",
                            "request_payer": "BucketOwner",
                            "tags.%": "2",
                            "tags.Env": "network",
                            "tags.ManagedBy": "terraform",
                            "versioning.#": "1",
                            "versioning.69840937.enabled": "true",
                            "website.#": "0"
                        },
                        "meta": {},
                        "tainted": false
                    },
                    "deposed": [],
                    "provider": ""
                },
                "aws_s3_bucket.s3": {
                    "type": "aws_s3_bucket",
                    "depends_on": [
                        "data.terraform_remote_state.global"
                    ],
                    "primary": {
                        "id": "b-32471e35-network-s3",
                        "attributes": {
                            "acceleration_status": "",
                            "acl": "log-delivery-write",
                            "arn": "arn:aws:s3:::b-32471e35-network-s3",
                            "bucket": "b-32471e35-network-s3",
                            "force_destroy": "false",
                            "hosted_zone_id": "Z3AQBSTGFYJSTF",
                            "id": "b-32471e35-network-s3",
                            "logging.#": "1",
                            "logging.1507565768.target_bucket": "b-32471e35-network-s3-meta",
                            "logging.1507565768.target_prefix": "log/",
                            "region": "us-east-1",
                            "request_payer": "BucketOwner",
                            "tags.%": "2",
                            "tags.Env": "network",
                            "tags.ManagedBy": "terraform",
                            "versioning.#": "1",
                            "versioning.69840937.enabled": "true",
                            "website.#": "0"
                        },
                        "meta": {},
                        "tainted": false
                    },
                    "deposed": [],
                    "provider": ""
                },
                "aws_s3_bucket.s3-meta": {
                    "type": "aws_s3_bucket",
                    "depends_on": [
                        "data.terraform_remote_state.global"
                    ],
                    "primary": {
                        "id": "b-32471e35-network-s3-meta",
                        "attributes": {
                            "acceleration_status": "",
                            "acl": "log-delivery-write",
                            "arn": "arn:aws:s3:::b-32471e35-network-s3-meta",
                            "bucket": "b-32471e35-network-s3-meta",
                            "force_destroy": "false",
                            "hosted_zone_id": "Z3AQBSTGFYJSTF",
                            "id": "b-32471e35-network-s3-meta",
                            "region": "us-east-1",
                            "request_payer": "BucketOwner",
                            "tags.%": "2",
                            "tags.Env": "network",
                            "tags.ManagedBy": "terraform",
                            "versioning.#": "1",
                            "versioning.69840937.enabled": "true",
                            "website.#": "0"
                        },
                        "meta": {},
                        "tainted": false
                    },
                    "deposed": [],
                    "provider": ""
                },
                "aws_s3_bucket.website": {
                    "type": "aws_s3_bucket",
                    "depends_on": [
                        "data.terraform_remote_state.global"
                    ],
                    "primary": {
                        "id": "b-32471e35-network-website",
                        "attributes": {
                            "acceleration_status": "",
                            "acl": "private",
                            "arn": "arn:aws:s3:::b-32471e35-network-website",
                            "bucket": "b-32471e35-network-website",
                            "force_destroy": "false",
                            "hosted_zone_id": "Z3AQBSTGFYJSTF",
                            "id": "b-32471e35-network-website",
                            "logging.#": "1",
                            "logging.2838142928.target_bucket": "b-32471e35-network-s3",
                            "logging.2838142928.target_prefix": "log/",
                            "region": "us-east-1",
                            "request_payer": "BucketOwner",
                            "tags.%": "2",
                            "tags.Env": "network",
                            "tags.ManagedBy": "terraform",
                            "versioning.#": "1",
                            "versioning.69840937.enabled": "true",
                            "website.#": "1",
                            "website.0.error_document": "error.html",
                            "website.0.index_document": "index.html",
                            "website.0.redirect_all_requests_to": "",
                            "website.0.routing_rules": "",
                            "website_domain": "s3-website-us-east-1.amazonaws.com",
                            "website_endpoint": "b-32471e35-network-website.s3-website-us-east-1.amazonaws.com"
                        },
                        "meta": {},
                        "tainted": false
                    },
                    "deposed": [],
                    "provider": ""
                },
                "aws_security_group.env": {
                    "type": "aws_security_group",
                    "depends_on": [
                        "aws_vpc.env"
                    ],
                    "primary": {
                        "id": "sg-73f0e809",
                        "attributes": {
                            "description": "Environment network",
                            "egress.#": "1",
                            "egress.482069346.cidr_blocks.#": "1",
                            "egress.482069346.cidr_blocks.0": "0.0.0.0/0",
                            "egress.482069346.from_port": "0",
                            "egress.482069346.prefix_list_ids.#": "0",
                            "egress.482069346.protocol": "-1",
                            "egress.482069346.security_groups.#": "0",
                            "egress.482069346.self": "false",
                            "egress.482069346.to_port": "0",
                            "id": "sg-73f0e809",
                            "ingress.#": "0",
                            "name": "network",
                            "owner_id": "548373030883",
                            "tags.%": "3",
                            "tags.Env": "network",
                            "tags.ManagedBy": "terraform",
                            "tags.Name": "network",
                            "vpc_id": "vpc-1cb1be7b"
                        },
                        "meta": {},
                        "tainted": false
                    },
                    "deposed": [],
                    "provider": ""
                },
                "aws_security_group.env_lb": {
                    "type": "aws_security_group",
                    "depends_on": [
                        "aws_vpc.env"
                    ],
                    "primary": {
                        "id": "sg-71f0e80b",
                        "attributes": {
                            "description": "Environment network LB",
                            "egress.#": "1",
                            "egress.482069346.cidr_blocks.#": "1",
                            "egress.482069346.cidr_blocks.0": "0.0.0.0/0",
                            "egress.482069346.from_port": "0",
                            "egress.482069346.prefix_list_ids.#": "0",
                            "egress.482069346.protocol": "-1",
                            "egress.482069346.security_groups.#": "0",
                            "egress.482069346.self": "false",
                            "egress.482069346.to_port": "0",
                            "id": "sg-71f0e80b",
                            "ingress.#": "0",
                            "name": "network-lb",
                            "owner_id": "548373030883",
                            "tags.%": "3",
                            "tags.Env": "network",
                            "tags.ManagedBy": "terraform",
                            "tags.Name": "network",
                            "vpc_id": "vpc-1cb1be7b"
                        },
                        "meta": {},
                        "tainted": false
                    },
                    "deposed": [],
                    "provider": ""
                },
                "aws_security_group.env_lb_private": {
                    "type": "aws_security_group",
                    "depends_on": [
                        "aws_vpc.env"
                    ],
                    "primary": {
                        "id": "sg-75f0e80f",
                        "attributes": {
                            "description": "Environment network LB Private",
                            "egress.#": "0",
                            "id": "sg-75f0e80f",
                            "ingress.#": "0",
                            "name": "network-lb-private",
                            "owner_id": "548373030883",
                            "tags.%": "4",
                            "tags.Env": "network",
                            "tags.ManagedBy": "terraform",
                            "tags.Name": "network",
                            "tags.Network": "public",
                            "vpc_id": "vpc-1cb1be7b"
                        },
                        "meta": {},
                        "tainted": false
                    },
                    "deposed": [],
                    "provider": ""
                },
                "aws_security_group.env_lb_public": {
                    "type": "aws_security_group",
                    "depends_on": [
                        "aws_vpc.env"
                    ],
                    "primary": {
                        "id": "sg-70f0e80a",
                        "attributes": {
                            "description": "Environment network LB Public",
                            "egress.#": "0",
                            "id": "sg-70f0e80a",
                            "ingress.#": "0",
                            "name": "network-lb-public",
                            "owner_id": "548373030883",
                            "tags.%": "4",
                            "tags.Env": "network",
                            "tags.ManagedBy": "terraform",
                            "tags.Name": "network",
                            "tags.Network": "public",
                            "vpc_id": "vpc-1cb1be7b"
                        },
                        "meta": {},
                        "tainted": false
                    },
                    "deposed": [],
                    "provider": ""
                },
                "aws_security_group.env_private": {
                    "type": "aws_security_group",
                    "depends_on": [
                        "aws_vpc.env"
                    ],
                    "primary": {
                        "id": "sg-72f0e808",
                        "attributes": {
                            "description": "Environment network Private",
                            "egress.#": "0",
                            "id": "sg-72f0e808",
                            "ingress.#": "0",
                            "name": "network-private",
                            "owner_id": "548373030883",
                            "tags.%": "3",
                            "tags.Env": "network",
                            "tags.ManagedBy": "terraform",
                            "tags.Name": "network",
                            "vpc_id": "vpc-1cb1be7b"
                        },
                        "meta": {},
                        "tainted": false
                    },
                    "deposed": [],
                    "provider": ""
                },
                "aws_security_group.env_public": {
                    "type": "aws_security_group",
                    "depends_on": [
                        "aws_vpc.env"
                    ],
                    "primary": {
                        "id": "sg-7df0e807",
                        "attributes": {
                            "description": "Environment network Public",
                            "egress.#": "0",
                            "id": "sg-7df0e807",
                            "ingress.#": "0",
                            "name": "network-public",
                            "owner_id": "548373030883",
                            "tags.%": "4",
                            "tags.Env": "network",
                            "tags.ManagedBy": "terraform",
                            "tags.Name": "network",
                            "tags.Network": "public",
                            "vpc_id": "vpc-1cb1be7b"
                        },
                        "meta": {},
                        "tainted": false
                    },
                    "deposed": [],
                    "provider": ""
                },
                "aws_security_group_rule.env_egress": {
                    "type": "aws_security_group_rule",
                    "depends_on": [
                        "aws_security_group.env"
                    ],
                    "primary": {
                        "id": "sgrule-242199358",
                        "attributes": {
                            "cidr_blocks.#": "1",
                            "cidr_blocks.0": "0.0.0.0/0",
                            "from_port": "0",
                            "id": "sgrule-242199358",
                            "prefix_list_ids.#": "0",
                            "protocol": "-1",
                            "security_group_id": "sg-73f0e809",
                            "self": "false",
                            "to_port": "0",
                            "type": "egress"
                        },
                        "meta": {
                            "schema_version": "2"
                        },
                        "tainted": false
                    },
                    "deposed": [],
                    "provider": ""
                },
                "aws_security_group_rule.env_lb_egress": {
                    "type": "aws_security_group_rule",
                    "depends_on": [
                        "aws_security_group.env_lb"
                    ],
                    "primary": {
                        "id": "sgrule-4001805250",
                        "attributes": {
                            "cidr_blocks.#": "1",
                            "cidr_blocks.0": "0.0.0.0/0",
                            "from_port": "0",
                            "id": "sgrule-4001805250",
                            "prefix_list_ids.#": "0",
                            "protocol": "-1",
                            "security_group_id": "sg-71f0e80b",
                            "self": "false",
                            "to_port": "0",
                            "type": "egress"
                        },
                        "meta": {
                            "schema_version": "2"
                        },
                        "tainted": false
                    },
                    "deposed": [],
                    "provider": ""
                },
                "aws_subnet.common.0": {
                    "type": "aws_subnet",
                    "depends_on": [
                        "aws_vpc.env",
                        "data.aws_availability_zones.azs",
                        "data.aws_vpc.current"
                    ],
                    "primary": {
                        "id": "subnet-1dc11130",
                        "attributes": {
                            "availability_zone": "us-east-1a",
                            "cidr_block": "172.23.2.0/24",
                            "id": "subnet-1dc11130",
                            "map_public_ip_on_launch": "false",
                            "tags.%": "3",
                            "tags.Env": "network",
                            "tags.ManagedBy": "terraform",
                            "tags.Name": "network-common",
                            "vpc_id": "vpc-1cb1be7b"
                        },
                        "meta": {},
                        "tainted": false
                    },
                    "deposed": [],
                    "provider": ""
                },
                "aws_subnet.common.1": {
                    "type": "aws_subnet",
                    "depends_on": [
                        "aws_vpc.env",
                        "data.aws_availability_zones.azs",
                        "data.aws_vpc.current"
                    ],
                    "primary": {
                        "id": "subnet-60cf4c29",
                        "attributes": {
                            "availability_zone": "us-east-1b",
                            "cidr_block": "172.23.3.0/24",
                            "id": "subnet-60cf4c29",
                            "map_public_ip_on_launch": "false",
                            "tags.%": "3",
                            "tags.Env": "network",
                            "tags.ManagedBy": "terraform",
                            "tags.Name": "network-common",
                            "vpc_id": "vpc-1cb1be7b"
                        },
                        "meta": {},
                        "tainted": false
                    },
                    "deposed": [],
                    "provider": ""
                },
                "aws_subnet.common.2": {
                    "type": "aws_subnet",
                    "depends_on": [
                        "aws_vpc.env",
                        "data.aws_availability_zones.azs",
                        "data.aws_vpc.current"
                    ],
                    "primary": {
                        "id": "subnet-b24793e9",
                        "attributes": {
                            "availability_zone": "us-east-1c",
                            "cidr_block": "172.23.4.0/24",
                            "id": "subnet-b24793e9",
                            "map_public_ip_on_launch": "false",
                            "tags.%": "3",
                            "tags.Env": "network",
                            "tags.ManagedBy": "terraform",
                            "tags.Name": "network-common",
                            "vpc_id": "vpc-1cb1be7b"
                        },
                        "meta": {},
                        "tainted": false
                    },
                    "deposed": [],
                    "provider": ""
                },
                "aws_subnet.common.3": {
                    "type": "aws_subnet",
                    "depends_on": [
                        "aws_vpc.env",
                        "data.aws_availability_zones.azs",
                        "data.aws_vpc.current"
                    ],
                    "primary": {
                        "id": "subnet-6067a35c",
                        "attributes": {
                            "availability_zone": "us-east-1e",
                            "cidr_block": "172.23.5.0/24",
                            "id": "subnet-6067a35c",
                            "map_public_ip_on_launch": "false",
                            "tags.%": "3",
                            "tags.Env": "network",
                            "tags.ManagedBy": "terraform",
                            "tags.Name": "network-common",
                            "vpc_id": "vpc-1cb1be7b"
                        },
                        "meta": {},
                        "tainted": false
                    },
                    "deposed": [],
                    "provider": ""
                },
                "aws_subnet.nat.0": {
                    "type": "aws_subnet",
                    "depends_on": [
                        "aws_vpc.env",
                        "data.aws_availability_zones.azs",
                        "data.aws_vpc.current"
                    ],
                    "primary": {
                        "id": "subnet-1cc11131",
                        "attributes": {
                            "availability_zone": "us-east-1a",
                            "cidr_block": "172.23.0.160/28",
                            "id": "subnet-1cc11131",
                            "map_public_ip_on_launch": "true",
                            "tags.%": "4",
                            "tags.Env": "network",
                            "tags.ManagedBy": "terraform",
                            "tags.Name": "network-nat",
                            "tags.Network": "public",
                            "vpc_id": "vpc-1cb1be7b"
                        },
                        "meta": {},
                        "tainted": false
                    },
                    "deposed": [],
                    "provider": ""
                },
                "aws_subnet.nat.1": {
                    "type": "aws_subnet",
                    "depends_on": [
                        "aws_vpc.env",
                        "data.aws_availability_zones.azs",
                        "data.aws_vpc.current"
                    ],
                    "primary": {
                        "id": "subnet-61cf4c28",
                        "attributes": {
                            "availability_zone": "us-east-1b",
                            "cidr_block": "172.23.0.176/28",
                            "id": "subnet-61cf4c28",
                            "map_public_ip_on_launch": "true",
                            "tags.%": "4",
                            "tags.Env": "network",
                            "tags.ManagedBy": "terraform",
                            "tags.Name": "network-nat",
                            "tags.Network": "public",
                            "vpc_id": "vpc-1cb1be7b"
                        },
                        "meta": {},
                        "tainted": false
                    },
                    "deposed": [],
                    "provider": ""
                },
                "aws_subnet.nat.2": {
                    "type": "aws_subnet",
                    "depends_on": [
                        "aws_vpc.env",
                        "data.aws_availability_zones.azs",
                        "data.aws_vpc.current"
                    ],
                    "primary": {
                        "id": "subnet-b14793ea",
                        "attributes": {
                            "availability_zone": "us-east-1c",
                            "cidr_block": "172.23.0.192/28",
                            "id": "subnet-b14793ea",
                            "map_public_ip_on_launch": "true",
                            "tags.%": "4",
                            "tags.Env": "network",
                            "tags.ManagedBy": "terraform",
                            "tags.Name": "network-nat",
                            "tags.Network": "public",
                            "vpc_id": "vpc-1cb1be7b"
                        },
                        "meta": {},
                        "tainted": false
                    },
                    "deposed": [],
                    "provider": ""
                },
                "aws_subnet.nat.3": {
                    "type": "aws_subnet",
                    "depends_on": [
                        "aws_vpc.env",
                        "data.aws_availability_zones.azs",
                        "data.aws_vpc.current"
                    ],
                    "primary": {
                        "id": "subnet-6167a35d",
                        "attributes": {
                            "availability_zone": "us-east-1e",
                            "cidr_block": "172.23.0.208/28",
                            "id": "subnet-6167a35d",
                            "map_public_ip_on_launch": "true",
                            "tags.%": "4",
                            "tags.Env": "network",
                            "tags.ManagedBy": "terraform",
                            "tags.Name": "network-nat",
                            "tags.Network": "public",
                            "vpc_id": "vpc-1cb1be7b"
                        },
                        "meta": {},
                        "tainted": false
                    },
                    "deposed": [],
                    "provider": ""
                },
                "aws_vpc.env": {
                    "type": "aws_vpc",
                    "depends_on": [],
                    "primary": {
                        "id": "vpc-1cb1be7b",
                        "attributes": {
                            "cidr_block": "172.23.0.0/16",
                            "default_network_acl_id": "acl-2beb284d",
                            "default_route_table_id": "rtb-cc0571aa",
                            "default_security_group_id": "sg-8cffe7f6",
                            "dhcp_options_id": "dopt-3b4d775e",
                            "enable_classiclink": "false",
                            "enable_dns_hostnames": "true",
                            "enable_dns_support": "true",
                            "id": "vpc-1cb1be7b",
                            "instance_tenancy": "default",
                            "main_route_table_id": "rtb-cc0571aa",
                            "tags.%": "3",
                            "tags.Env": "network",
                            "tags.ManagedBy": "terraform",
                            "tags.Name": "network"
                        },
                        "meta": {},
                        "tainted": false
                    },
                    "deposed": [],
                    "provider": ""
                },
                "data.aws_availability_zones.azs": {
                    "type": "aws_availability_zones",
                    "depends_on": [],
                    "primary": {
                        "id": "2016-10-28 03:39:24.442801464 +0000 UTC",
                        "attributes": {
                            "id": "2016-10-28 03:39:24.442801464 +0000 UTC",
                            "names.#": "4",
                            "names.0": "us-east-1a",
                            "names.1": "us-east-1b",
                            "names.2": "us-east-1c",
                            "names.3": "us-east-1e"
                        },
                        "meta": {},
                        "tainted": false
                    },
                    "deposed": [],
                    "provider": ""
                },
                "data.aws_iam_policy_document.flow_log": {
                    "type": "aws_iam_policy_document",
                    "depends_on": [],
                    "primary": {
                        "id": "3760307347",
                        "attributes": {
                            "id": "3760307347",
                            "json": "{\n  \"Version\": \"2012-10-17\",\n  \"Statement\": [\n    {\n      \"Sid\": \"\",\n      \"Effect\": \"Allow\",\n      \"Action\": \"sts:AssumeRole\",\n      \"Principal\": {\n        \"Service\": \"vpc-flow-logs.amazonaws.com\"\n      }\n    }\n  ]\n}",
                            "statement.#": "1",
                            "statement.0.actions.#": "1",
                            "statement.0.actions.2528466339": "sts:AssumeRole",
                            "statement.0.condition.#": "0",
                            "statement.0.effect": "Allow",
                            "statement.0.not_actions.#": "0",
                            "statement.0.not_principals.#": "0",
                            "statement.0.not_resources.#": "0",
                            "statement.0.principals.#": "1",
                            "statement.0.principals.1811546408.identifiers.#": "1",
                            "statement.0.principals.1811546408.identifiers.909777474": "vpc-flow-logs.amazonaws.com",
                            "statement.0.principals.1811546408.type": "Service",
                            "statement.0.resources.#": "0",
                            "statement.0.sid": ""
                        },
                        "meta": {},
                        "tainted": false
                    },
                    "deposed": [],
                    "provider": ""
                },
                "data.aws_iam_policy_document.flow_log_logs": {
                    "type": "aws_iam_policy_document",
                    "depends_on": [],
                    "primary": {
                        "id": "3442509011",
                        "attributes": {
                            "id": "3442509011",
                            "json": "{\n  \"Version\": \"2012-10-17\",\n  \"Statement\": [\n    {\n      \"Sid\": \"\",\n      \"Effect\": \"Allow\",\n      \"Action\": [\n        \"logs:PutLogEvents\",\n        \"logs:DescribeLogStreams\",\n        \"logs:DescribeLogGroups\",\n        \"logs:CreateLogStream\",\n        \"logs:CreateLogGroup\"\n      ],\n      \"Resource\": \"*\"\n    }\n  ]\n}",
                            "statement.#": "1",
                            "statement.0.actions.#": "5",
                            "statement.0.actions.2164683621": "logs:DescribeLogGroups",
                            "statement.0.actions.2809485102": "logs:CreateLogGroup",
                            "statement.0.actions.3285979848": "logs:CreateLogStream",
                            "statement.0.actions.3697566380": "logs:DescribeLogStreams",
                            "statement.0.actions.39743051": "logs:PutLogEvents",
                            "statement.0.condition.#": "0",
                            "statement.0.effect": "Allow",
                            "statement.0.not_actions.#": "0",
                            "statement.0.not_principals.#": "0",
                            "statement.0.not_resources.#": "0",
                            "statement.0.principals.#": "0",
                            "statement.0.resources.#": "1",
                            "statement.0.resources.2679715827": "*",
                            "statement.0.sid": ""
                        },
                        "meta": {},
                        "tainted": false
                    },
                    "deposed": [],
                    "provider": ""
                },
                "data.aws_vpc.current": {
                    "type": "aws_vpc",
                    "depends_on": [
                        "aws_vpc.env"
                    ],
                    "primary": {
                        "id": "vpc-1cb1be7b",
                        "attributes": {
                            "cidr_block": "172.23.0.0/16",
                            "default": "false",
                            "dhcp_options_id": "dopt-3b4d775e",
                            "id": "vpc-1cb1be7b",
                            "instance_tenancy": "default",
                            "state": "available",
                            "tags.%": "3",
                            "tags.Env": "network",
                            "tags.ManagedBy": "terraform",
                            "tags.Name": "network"
                        },
                        "meta": {},
                        "tainted": false
                    },
                    "deposed": [],
                    "provider": ""
                },
                "data.terraform_remote_state.global": {
                    "type": "terraform_remote_state",
                    "depends_on": [],
                    "primary": {
                        "id": "2016-10-28 03:39:23.139176471 +0000 UTC",
                        "attributes": {
                            "aws_account_id": "548373030883",
                            "backend": "local",
                            "config.%": "1",
                            "config.path": "../.terraform/terraform.tfstate",
                            "domain_name": "imma.io",
                            "env_cidr.%": "8",
                            "env_cidr._reserved_docker": "172.17.0.0/16",
                            "env_cidr.admin": "172.19.0.0/16",
                            "env_cidr.dev": "172.20.0.0/16",
                            "env_cidr.ireland": "172.21.0.0/16",
                            "env_cidr.network": "172.23.0.0/16",
                            "env_cidr.prod": "172.18.0.0/16",
                            "env_cidr.sandbox": "172.16.0.0/16",
                            "env_cidr.stage": "172.22.0.0/16",
                            "env_region.%": "7",
                            "env_region.admin": "us-east-1",
                            "env_region.dev": "us-west-2",
                            "env_region.ireland": "eu-west-1",
                            "env_region.network": "us-east-1",
                            "env_region.prod": "us-east-2",
                            "env_region.sandbox": "us-west-1",
                            "env_region.stage": "us-west-2",
                            "id": "2016-10-28 03:39:23.139176471 +0000 UTC",
                            "s3_remote_state": "b-32471e35-global-tf-remote-state",
                            "service_nets.%": "10",
                            "service_nets._reserved_services.#": "3",
                            "service_nets._reserved_services.0": "96",
                            "service_nets._reserved_services.1": "97",
                            "service_nets._reserved_services.2": "98",
                            "service_nets.aptly.#": "4",
                            "service_nets.aptly.0": "111",
                            "service_nets.aptly.1": "112",
                            "service_nets.aptly.2": "113",
                            "service_nets.aptly.3": "1002",
                            "service_nets.bastion.#": "4",
                            "service_nets.bastion.0": "102",
                            "service_nets.bastion.1": "103",
                            "service_nets.bastion.2": "104",
                            "service_nets.bastion.3": "1001",
                            "service_nets.blocks.#": "4",
                            "service_nets.blocks.0": "123",
                            "service_nets.blocks.1": "124",
                            "service_nets.blocks.2": "125",
                            "service_nets.blocks.3": "1008",
                            "service_nets.dns.#": "4",
                            "service_nets.dns.0": "117",
                            "service_nets.dns.1": "118",
                            "service_nets.dns.2": "119",
                            "service_nets.dns.3": "1004",
                            "service_nets.irssi.#": "4",
                            "service_nets.irssi.0": "105",
                            "service_nets.irssi.1": "106",
                            "service_nets.irssi.2": "107",
                            "service_nets.irssi.3": "1006",
                            "service_nets.nexus.#": "4",
                            "service_nets.nexus.0": "114",
                            "service_nets.nexus.1": "115",
                            "service_nets.nexus.2": "116",
                            "service_nets.nexus.3": "1003",
                            "service_nets.ntp.#": "4",
                            "service_nets.ntp.0": "120",
                            "service_nets.ntp.1": "121",
                            "service_nets.ntp.2": "122",
                            "service_nets.ntp.3": "1005",
                            "service_nets.openvpn.#": "4",
                            "service_nets.openvpn.0": "99",
                            "service_nets.openvpn.1": "100",
                            "service_nets.openvpn.2": "101",
                            "service_nets.openvpn.3": "1000",
                            "service_nets.packer.#": "4",
                            "service_nets.packer.0": "108",
                            "service_nets.packer.1": "109",
                            "service_nets.packer.2": "110",
                            "service_nets.packer.3": "1007",
                            "sys_nets.%": "4",
                            "sys_nets._reserved_24.#": "3",
                            "sys_nets._reserved_24.0": "0",
                            "sys_nets._reserved_24.1": "1",
                            "sys_nets._reserved_24.2": "6",
                            "sys_nets._reserved_28.#": "10",
                            "sys_nets._reserved_28.0": "0",
                            "sys_nets._reserved_28.1": "1",
                            "sys_nets._reserved_28.2": "2",
                            "sys_nets._reserved_28.3": "3",
                            "sys_nets._reserved_28.4": "4",
                            "sys_nets._reserved_28.5": "5",
                            "sys_nets._reserved_28.6": "6",
                            "sys_nets._reserved_28.7": "7",
                            "sys_nets._reserved_28.8": "8",
                            "sys_nets._reserved_28.9": "9",
                            "sys_nets.common.#": "4",
                            "sys_nets.common.0": "2",
                            "sys_nets.common.1": "3",
                            "sys_nets.common.2": "4",
                            "sys_nets.common.3": "5",
                            "sys_nets.nat.#": "4",
                            "sys_nets.nat.0": "10",
                            "sys_nets.nat.1": "11",
                            "sys_nets.nat.2": "12",
                            "sys_nets.nat.3": "13"
                        },
                        "meta": {},
                        "tainted": false
                    },
                    "deposed": [],
                    "provider": ""
                }
            },
            "depends_on": []
        },
        {
            "path": [
                "root",
                "env",
                "fs"
            ],
            "outputs": {
                "efs_dns_names": {
                    "sensitive": false,
                    "type": "list",
                    "value": []
                }
            },
            "resources": {
                "data.aws_vpc.current": {
                    "type": "aws_vpc",
                    "depends_on": [],
                    "primary": {
                        "id": "vpc-1cb1be7b",
                        "attributes": {
                            "cidr_block": "172.23.0.0/16",
                            "default": "false",
                            "dhcp_options_id": "dopt-3b4d775e",
                            "id": "vpc-1cb1be7b",
                            "instance_tenancy": "default",
                            "state": "available",
                            "tags.%": "3",
                            "tags.Env": "network",
                            "tags.ManagedBy": "terraform",
                            "tags.Name": "network"
                        },
                        "meta": {},
                        "tainted": false
                    },
                    "deposed": [],
                    "provider": ""
                }
            },
            "depends_on": []
        }
    ]
}
