{
    "version": 3,
    "terraform_version": "0.7.7",
    "serial": 29,
    "lineage": "c46b2ced-8bd0-4004-a652-d549f1ae0bf8",
    "remote": {
        "type": "s3",
        "config": {
            "bucket": "imma-io-remote-state",
            "key": "app-build-dev/terraform.tfstate",
            "region": "us-west-1"
        }
    },
    "modules": [
        {
            "path": [
                "root"
            ],
            "outputs": {},
            "resources": {
                "data.terraform_remote_state.app": {
                    "type": "terraform_remote_state",
                    "depends_on": [],
                    "primary": {
                        "id": "2016-10-29 06:52:09.052916539 +0000 UTC",
                        "attributes": {
                            "app_name": "build",
                            "app_sg": "sg-53ff752a",
                            "backend": "local",
                            "config.%": "1",
                            "config.path": "../.terraform/terraform.tfstate",
                            "env_region.%": "7",
                            "env_region.admin": "us-east-1",
                            "env_region.dev": "us-west-2",
                            "env_region.ireland": "eu-west-1",
                            "env_region.network": "us-east-1",
                            "env_region.prod": "us-east-2",
                            "env_region.sandbox": "us-west-1",
                            "env_region.stage": "us-west-2",
                            "id": "2016-10-29 06:52:09.052916539 +0000 UTC"
                        },
                        "meta": {},
                        "tainted": false
                    },
                    "deposed": [],
                    "provider": ""
                },
                "data.terraform_remote_state.env": {
                    "type": "terraform_remote_state",
                    "depends_on": [],
                    "primary": {
                        "id": "2016-10-29 06:52:09.058379395 +0000 UTC",
                        "attributes": {
                            "aws_region": "us-west-2",
                            "backend": "local",
                            "config.%": "1",
                            "config.path": "../../.terraform/terraform.tfstate",
                            "env_name": "dev",
                            "env_region.%": "7",
                            "env_region.admin": "us-east-1",
                            "env_region.dev": "us-west-2",
                            "env_region.ireland": "eu-west-1",
                            "env_region.network": "us-east-1",
                            "env_region.prod": "us-east-2",
                            "env_region.sandbox": "us-west-1",
                            "env_region.stage": "us-west-2",
                            "id": "2016-10-29 06:52:09.058379395 +0000 UTC",
                            "igw_id": "igw-c953ebad",
                            "nat_gateways.#": "1",
                            "nat_gateways.0": "nat-04992636e0d9eda65",
                            "private_zone_id": "Z1ELCJY9OQR4WH",
                            "private_zone_name": "dev.imma.io",
                            "private_zone_servers.#": "4",
                            "private_zone_servers.0": "ns-0.awsdns-00.com.",
                            "private_zone_servers.1": "ns-1024.awsdns-00.org.",
                            "private_zone_servers.2": "ns-1536.awsdns-00.co.uk.",
                            "private_zone_servers.3": "ns-512.awsdns-00.net.",
                            "sg_efs": "sg-3271fb4b",
                            "sg_env": "sg-9d1d95e4",
                            "sg_env_lb": "sg-9a1d95e3",
                            "sg_env_lb_private": "sg-9c1d95e5",
                            "sg_env_lb_public": "sg-901d95e9",
                            "sg_env_private": "sg-9e1d95e7",
                            "sg_env_public": "sg-9f1d95e6",
                            "vpc_id": "vpc-897593ee"
                        },
                        "meta": {},
                        "tainted": false
                    },
                    "deposed": [],
                    "provider": ""
                },
                "data.terraform_remote_state.global": {
                    "type": "terraform_remote_state",
                    "depends_on": [],
                    "primary": {
                        "id": "2016-10-29 06:52:09.052961532 +0000 UTC",
                        "attributes": {
                            "aws_account_id": "548373030883",
                            "backend": "local",
                            "config.%": "1",
                            "config.path": "../../../.terraform/terraform.tfstate",
                            "domain_name": "imma.io",
                            "env_cidr.%": "8",
                            "env_cidr._reserved_docker": "172.17.0.0/16",
                            "env_cidr.admin": "172.19.0.0/16",
                            "env_cidr.dev": "172.20.0.0/16",
                            "env_cidr.ireland": "172.21.0.0/16",
                            "env_cidr.network": "172.23.0.0/16",
                            "env_cidr.prod": "172.18.0.0/16",
                            "env_cidr.sandbox": "172.16.0.0/16",
                            "env_cidr.stage": "172.22.0.0/16",
                            "env_region.%": "7",
                            "env_region.admin": "us-east-1",
                            "env_region.dev": "us-west-2",
                            "env_region.ireland": "eu-west-1",
                            "env_region.network": "us-east-1",
                            "env_region.prod": "us-east-2",
                            "env_region.sandbox": "us-west-1",
                            "env_region.stage": "us-west-2",
                            "id": "2016-10-29 06:52:09.052961532 +0000 UTC",
                            "s3_remote_state": "b-32471e35-global-tf-remote-state",
                            "service_nets.%": "10",
                            "service_nets._reserved_services.#": "3",
                            "service_nets._reserved_services.0": "96",
                            "service_nets._reserved_services.1": "97",
                            "service_nets._reserved_services.2": "98",
                            "service_nets.aptly.#": "4",
                            "service_nets.aptly.0": "111",
                            "service_nets.aptly.1": "112",
                            "service_nets.aptly.2": "113",
                            "service_nets.aptly.3": "1002",
                            "service_nets.bastion.#": "4",
                            "service_nets.bastion.0": "102",
                            "service_nets.bastion.1": "103",
                            "service_nets.bastion.2": "104",
                            "service_nets.bastion.3": "1001",
                            "service_nets.blocks.#": "4",
                            "service_nets.blocks.0": "123",
                            "service_nets.blocks.1": "124",
                            "service_nets.blocks.2": "125",
                            "service_nets.blocks.3": "1008",
                            "service_nets.dns.#": "4",
                            "service_nets.dns.0": "117",
                            "service_nets.dns.1": "118",
                            "service_nets.dns.2": "119",
                            "service_nets.dns.3": "1004",
                            "service_nets.irssi.#": "4",
                            "service_nets.irssi.0": "105",
                            "service_nets.irssi.1": "106",
                            "service_nets.irssi.2": "107",
                            "service_nets.irssi.3": "1006",
                            "service_nets.nexus.#": "4",
                            "service_nets.nexus.0": "114",
                            "service_nets.nexus.1": "115",
                            "service_nets.nexus.2": "116",
                            "service_nets.nexus.3": "1003",
                            "service_nets.ntp.#": "4",
                            "service_nets.ntp.0": "120",
                            "service_nets.ntp.1": "121",
                            "service_nets.ntp.2": "122",
                            "service_nets.ntp.3": "1005",
                            "service_nets.openvpn.#": "4",
                            "service_nets.openvpn.0": "99",
                            "service_nets.openvpn.1": "100",
                            "service_nets.openvpn.2": "101",
                            "service_nets.openvpn.3": "1000",
                            "service_nets.packer.#": "4",
                            "service_nets.packer.0": "108",
                            "service_nets.packer.1": "109",
                            "service_nets.packer.2": "110",
                            "service_nets.packer.3": "1007",
                            "sys_nets.%": "4",
                            "sys_nets._reserved_24.#": "3",
                            "sys_nets._reserved_24.0": "0",
                            "sys_nets._reserved_24.1": "1",
                            "sys_nets._reserved_24.2": "6",
                            "sys_nets._reserved_28.#": "10",
                            "sys_nets._reserved_28.0": "0",
                            "sys_nets._reserved_28.1": "1",
                            "sys_nets._reserved_28.2": "2",
                            "sys_nets._reserved_28.3": "3",
                            "sys_nets._reserved_28.4": "4",
                            "sys_nets._reserved_28.5": "5",
                            "sys_nets._reserved_28.6": "6",
                            "sys_nets._reserved_28.7": "7",
                            "sys_nets._reserved_28.8": "8",
                            "sys_nets._reserved_28.9": "9",
                            "sys_nets.common.#": "4",
                            "sys_nets.common.0": "2",
                            "sys_nets.common.1": "3",
                            "sys_nets.common.2": "4",
                            "sys_nets.common.3": "5",
                            "sys_nets.nat.#": "4",
                            "sys_nets.nat.0": "10",
                            "sys_nets.nat.1": "11",
                            "sys_nets.nat.2": "12",
                            "sys_nets.nat.3": "13"
                        },
                        "meta": {},
                        "tainted": false
                    },
                    "deposed": [],
                    "provider": ""
                }
            },
            "depends_on": []
        },
        {
            "path": [
                "root",
                "build"
            ],
            "outputs": {},
            "resources": {},
            "depends_on": []
        },
        {
            "path": [
                "root",
                "service"
            ],
            "outputs": {
                "service_sg": {
                    "sensitive": false,
                    "type": "string",
                    "value": "sg-3b820842"
                }
            },
            "resources": {
                "aws_autoscaling_group.service.0": {
                    "type": "aws_autoscaling_group",
                    "depends_on": [
                        "aws_launch_configuration.service",
                        "aws_subnet.service",
                        "data.terraform_remote_state.app",
                        "data.terraform_remote_state.env"
                    ],
                    "primary": {
                        "id": "dev-build-packer-blue",
                        "attributes": {
                            "arn": "arn:aws:autoscaling:us-west-2:548373030883:autoScalingGroup:b8e75317-3ddf-4bbf-9912-b060e8a2c3ea:autoScalingGroupName/dev-build-packer-blue",
                            "availability_zones.#": "3",
                            "availability_zones.2050015877": "us-west-2c",
                            "availability_zones.221770259": "us-west-2b",
                            "availability_zones.2487133097": "us-west-2a",
                            "default_cooldown": "300",
                            "desired_capacity": "0",
                            "force_delete": "false",
                            "health_check_grace_period": "300",
                            "health_check_type": "EC2",
                            "id": "dev-build-packer-blue",
                            "launch_configuration": "dev-build-packer-blue-20161029065232548354464o5b",
                            "load_balancers.#": "0",
                            "max_size": "5",
                            "metrics_granularity": "1Minute",
                            "min_size": "0",
                            "name": "dev-build-packer-blue",
                            "placement_group": "",
                            "protect_from_scale_in": "false",
                            "tag.#": "4",
                            "tag.2911109446.key": "Env",
                            "tag.2911109446.propagate_at_launch": "true",
                            "tag.2911109446.value": "dev",
                            "tag.3372833175.key": "ManagedBy",
                            "tag.3372833175.propagate_at_launch": "true",
                            "tag.3372833175.value": "asg build-packer-blue",
                            "tag.4241162464.key": "Name",
                            "tag.4241162464.propagate_at_launch": "true",
                            "tag.4241162464.value": "dev-build-packer-blue",
                            "tag.457862305.key": "App",
                            "tag.457862305.propagate_at_launch": "true",
                            "tag.457862305.value": "build",
                            "target_group_arns.#": "0",
                            "termination_policies.#": "1",
                            "termination_policies.0": "OldestInstance",
                            "vpc_zone_identifier.#": "3",
                            "vpc_zone_identifier.2606452959": "subnet-759f062d",
                            "vpc_zone_identifier.262231102": "subnet-77240501",
                            "vpc_zone_identifier.491408642": "subnet-e7393683",
                            "wait_for_capacity_timeout": "10m"
                        },
                        "meta": {},
                        "tainted": false
                    },
                    "deposed": [],
                    "provider": ""
                },
                "aws_autoscaling_group.service.1": {
                    "type": "aws_autoscaling_group",
                    "depends_on": [
                        "aws_launch_configuration.service",
                        "aws_subnet.service",
                        "data.terraform_remote_state.app",
                        "data.terraform_remote_state.env"
                    ],
                    "primary": {
                        "id": "dev-build-packer-green",
                        "attributes": {
                            "arn": "arn:aws:autoscaling:us-west-2:548373030883:autoScalingGroup:bc7f0263-9f17-4e58-be8a-235af0ce392b:autoScalingGroupName/dev-build-packer-green",
                            "availability_zones.#": "3",
                            "availability_zones.2050015877": "us-west-2c",
                            "availability_zones.221770259": "us-west-2b",
                            "availability_zones.2487133097": "us-west-2a",
                            "default_cooldown": "300",
                            "desired_capacity": "0",
                            "force_delete": "false",
                            "health_check_grace_period": "300",
                            "health_check_type": "EC2",
                            "id": "dev-build-packer-green",
                            "launch_configuration": "dev-build-packer-green-201610290652325884628275t4",
                            "load_balancers.#": "0",
                            "max_size": "5",
                            "metrics_granularity": "1Minute",
                            "min_size": "0",
                            "name": "dev-build-packer-green",
                            "placement_group": "",
                            "protect_from_scale_in": "false",
                            "tag.#": "4",
                            "tag.1979481745.key": "ManagedBy",
                            "tag.1979481745.propagate_at_launch": "true",
                            "tag.1979481745.value": "asg build-packer-green",
                            "tag.2911109446.key": "Env",
                            "tag.2911109446.propagate_at_launch": "true",
                            "tag.2911109446.value": "dev",
                            "tag.3148372055.key": "Name",
                            "tag.3148372055.propagate_at_launch": "true",
                            "tag.3148372055.value": "dev-build-packer-green",
                            "tag.457862305.key": "App",
                            "tag.457862305.propagate_at_launch": "true",
                            "tag.457862305.value": "build",
                            "target_group_arns.#": "0",
                            "termination_policies.#": "1",
                            "termination_policies.0": "OldestInstance",
                            "vpc_zone_identifier.#": "3",
                            "vpc_zone_identifier.2606452959": "subnet-759f062d",
                            "vpc_zone_identifier.262231102": "subnet-77240501",
                            "vpc_zone_identifier.491408642": "subnet-e7393683",
                            "wait_for_capacity_timeout": "10m"
                        },
                        "meta": {},
                        "tainted": false
                    },
                    "deposed": [],
                    "provider": ""
                },
                "aws_iam_group.service": {
                    "type": "aws_iam_group",
                    "depends_on": [
                        "data.terraform_remote_state.app",
                        "data.terraform_remote_state.env"
                    ],
                    "primary": {
                        "id": "dev-build-packer",
                        "attributes": {
                            "arn": "arn:aws:iam::548373030883:group/dev-build-packer",
                            "id": "dev-build-packer",
                            "name": "dev-build-packer",
                            "path": "/",
                            "unique_id": "AGPAJTWRZTXCK67F4KXRG"
                        },
                        "meta": {},
                        "tainted": false
                    },
                    "deposed": [],
                    "provider": ""
                },
                "aws_iam_instance_profile.service": {
                    "type": "aws_iam_instance_profile",
                    "depends_on": [
                        "aws_iam_role.service",
                        "data.terraform_remote_state.app",
                        "data.terraform_remote_state.env"
                    ],
                    "primary": {
                        "id": "dev-build-packer",
                        "attributes": {
                            "arn": "arn:aws:iam::548373030883:instance-profile/dev-build-packer",
                            "id": "dev-build-packer",
                            "name": "dev-build-packer",
                            "path": "/",
                            "roles.#": "1",
                            "roles.3558843798": "dev-build-packer"
                        },
                        "meta": {},
                        "tainted": false
                    },
                    "deposed": [],
                    "provider": ""
                },
                "aws_iam_role.service": {
                    "type": "aws_iam_role",
                    "depends_on": [
                        "data.aws_iam_policy_document.service",
                        "data.terraform_remote_state.app",
                        "data.terraform_remote_state.env"
                    ],
                    "primary": {
                        "id": "dev-build-packer",
                        "attributes": {
                            "arn": "arn:aws:iam::548373030883:role/dev-build-packer",
                            "assume_role_policy": "{\n  \"Version\": \"2012-10-17\",\n  \"Statement\": [\n    {\n      \"Sid\": \"\",\n      \"Effect\": \"Allow\",\n      \"Action\": \"sts:AssumeRole\",\n      \"Principal\": {\n        \"Service\": \"ec2.amazonaws.com\"\n      }\n    }\n  ]\n}",
                            "id": "dev-build-packer",
                            "name": "dev-build-packer",
                            "path": "/",
                            "unique_id": "AROAJ2IYQXZEB5JCDO6QY"
                        },
                        "meta": {},
                        "tainted": false
                    },
                    "deposed": [],
                    "provider": ""
                },
                "aws_key_pair.service": {
                    "type": "aws_key_pair",
                    "depends_on": [
                        "data.template_file.key_pair_service"
                    ],
                    "primary": {
                        "id": "terraform-20161029065025471605887yv6",
                        "attributes": {
                            "fingerprint": "20:aa:91:c5:7c:ba:83:c2:b0:ed:ad:6e:01:11:01:5f",
                            "id": "terraform-20161029065025471605887yv6",
                            "key_name": "terraform-20161029065025471605887yv6",
                            "public_key": "ssh-rsa AAAAB3NzaC1yc2EAAAADAQABAAABAQCa58hGFG5RYR3eDrJLX8SSQtLtM9ofOzQx3yxDMkFlfg1jsKkIWpZ5jv+Zga3k08Xuaqpm21LPVtlC+N8LPXSPEbwymxNgbkbO+LJF9TL4l/ZhzBXSiooXCZ7XJUtSc6OrjpXHpsMvCN7ghFugryt7YgFmjXxnAN9kqNxYs5KVYgWPyzSWIHCDWvfrXrlTOArb+8+72XbdkUxd1DPG4sfreQsdyajAkIKEd/fJLAkOIgZqcmxoxUIV1ElX3dceI3grxZLPDs88Joncu4ycYObIjXI/qeat2gu5EeSOgEwsY3MrgAtTLc9oSptArZcS5HSIb6rc6wAXDzVa95k0Hskf defn0"
                        },
                        "meta": {
                            "schema_version": "1"
                        },
                        "tainted": false
                    },
                    "deposed": [
                        {
                            "id": "dev-build-packer",
                            "attributes": {
                                "fingerprint": "7e:31:77:1b:39:9d:7e:9d:2e:cc:02:90:56:d3:25:19",
                                "id": "dev-build-packer",
                                "key_name": "dev-build-packer",
                                "public_key": "ssh-rsa AAAAB3NzaC1yc2EAAAADAQABAAABAQCRskgy/FrRS6fWYRKPSXqYdaXUUoLwi+bdUFPTK0L99WAP438yWQtVE4EpSBkTWrWfK0xftFR4zC/xdC+84qzfVtkqEXtAw9sbC9RdMKEZX7PcMZx+Bl3J2bwbowg8+LmI0NFCNITB1jvMdKcK4HffEhT9QPlM06U0sIayHBR1cdiiMhocv0nkmLuaULNo+S/FRNR7pgYamtCkjol3yxbEDo54536+eA0BWjXbEiqEPiti/Q6QI+rBMdbz3oglphd1wi8bM2KN486lQaU/pTENZiFYRhk2kSt11zxYzJ9Wsj80lrcw1HxSj5q27wzo4y4UBaTl0Qq9+kxUSsoH70Fz app-demo/sandbox"
                            },
                            "meta": {
                                "schema_version": "1"
                            },
                            "tainted": false
                        }
                    ],
                    "provider": ""
                },
                "aws_launch_configuration.service.0": {
                    "type": "aws_launch_configuration",
                    "depends_on": [],
                    "primary": {
                        "id": "dev-build-packer-blue-20161029065232548354464o5b",
                        "attributes": {
                            "associate_public_ip_address": "false",
                            "ebs_block_device.#": "0",
                            "ebs_optimized": "false",
                            "enable_monitoring": "true",
                            "ephemeral_block_device.#": "4",
                            "ephemeral_block_device.1341606603.device_name": "/dev/sde",
                            "ephemeral_block_device.1341606603.virtual_name": "ephemeral3",
                            "ephemeral_block_device.2340069903.device_name": "/dev/sdd",
                            "ephemeral_block_device.2340069903.virtual_name": "ephemeral2",
                            "ephemeral_block_device.3710187412.device_name": "/dev/sdc",
                            "ephemeral_block_device.3710187412.virtual_name": "ephemeral1",
                            "ephemeral_block_device.430514000.device_name": "/dev/sdb",
                            "ephemeral_block_device.430514000.virtual_name": "ephemeral0",
                            "iam_instance_profile": "dev-build-packer",
                            "id": "dev-build-packer-blue-20161029065232548354464o5b",
                            "image_id": "ami-a9d276c9",
                            "instance_type": "t2.nano",
                            "key_name": "terraform-20161029065025471605887yv6",
                            "name": "dev-build-packer-blue-20161029065232548354464o5b",
                            "name_prefix": "dev-build-packer-blue-",
                            "root_block_device.#": "1",
                            "root_block_device.0.delete_on_termination": "true",
                            "root_block_device.0.iops": "0",
                            "root_block_device.0.volume_size": "20",
                            "root_block_device.0.volume_type": "gp2",
                            "security_groups.#": "4",
                            "security_groups.1210224963": "sg-53ff752a",
                            "security_groups.2626691521": "sg-9d1d95e4",
                            "security_groups.2750315471": "sg-9e1d95e7",
                            "security_groups.3251598953": "sg-3b820842",
                            "spot_price": "",
                            "user_data": "cf1ec689d6c86325ef7a3cf8d87979c87c102321",
                            "vpc_classic_link_id": "",
                            "vpc_classic_link_security_groups.#": "0"
                        },
                        "meta": {},
                        "tainted": false
                    },
                    "deposed": [],
                    "provider": ""
                },
                "aws_launch_configuration.service.1": {
                    "type": "aws_launch_configuration",
                    "depends_on": [],
                    "primary": {
                        "id": "dev-build-packer-green-201610290652325884628275t4",
                        "attributes": {
                            "associate_public_ip_address": "false",
                            "ebs_block_device.#": "0",
                            "ebs_optimized": "false",
                            "enable_monitoring": "true",
                            "ephemeral_block_device.#": "4",
                            "ephemeral_block_device.1341606603.device_name": "/dev/sde",
                            "ephemeral_block_device.1341606603.virtual_name": "ephemeral3",
                            "ephemeral_block_device.2340069903.device_name": "/dev/sdd",
                            "ephemeral_block_device.2340069903.virtual_name": "ephemeral2",
                            "ephemeral_block_device.3710187412.device_name": "/dev/sdc",
                            "ephemeral_block_device.3710187412.virtual_name": "ephemeral1",
                            "ephemeral_block_device.430514000.device_name": "/dev/sdb",
                            "ephemeral_block_device.430514000.virtual_name": "ephemeral0",
                            "iam_instance_profile": "dev-build-packer",
                            "id": "dev-build-packer-green-201610290652325884628275t4",
                            "image_id": "ami-a9d276c9",
                            "instance_type": "t2.nano",
                            "key_name": "terraform-20161029065025471605887yv6",
                            "name": "dev-build-packer-green-201610290652325884628275t4",
                            "name_prefix": "dev-build-packer-green-",
                            "root_block_device.#": "1",
                            "root_block_device.0.delete_on_termination": "true",
                            "root_block_device.0.iops": "0",
                            "root_block_device.0.volume_size": "20",
                            "root_block_device.0.volume_type": "gp2",
                            "security_groups.#": "4",
                            "security_groups.1210224963": "sg-53ff752a",
                            "security_groups.2626691521": "sg-9d1d95e4",
                            "security_groups.2750315471": "sg-9e1d95e7",
                            "security_groups.3251598953": "sg-3b820842",
                            "spot_price": "",
                            "user_data": "cf1ec689d6c86325ef7a3cf8d87979c87c102321",
                            "vpc_classic_link_id": "",
                            "vpc_classic_link_security_groups.#": "0"
                        },
                        "meta": {},
                        "tainted": false
                    },
                    "deposed": [],
                    "provider": ""
                },
                "aws_route.service.0": {
                    "type": "aws_route",
                    "depends_on": [
                        "aws_route_table.service",
                        "data.terraform_remote_state.env"
                    ],
                    "primary": {
                        "id": "r-rtb-dc64c6bb1080289494",
                        "attributes": {
                            "destination_cidr_block": "0.0.0.0/0",
                            "destination_prefix_list_id": "",
                            "gateway_id": "",
                            "id": "r-rtb-dc64c6bb1080289494",
                            "instance_id": "",
                            "instance_owner_id": "",
                            "nat_gateway_id": "nat-04992636e0d9eda65",
                            "network_interface_id": "",
                            "origin": "CreateRoute",
                            "route_table_id": "rtb-dc64c6bb",
                            "state": "active",
                            "vpc_peering_connection_id": ""
                        },
                        "meta": {},
                        "tainted": false
                    },
                    "deposed": [],
                    "provider": ""
                },
                "aws_route.service.1": {
                    "type": "aws_route",
                    "depends_on": [
                        "aws_route_table.service",
                        "data.terraform_remote_state.env"
                    ],
                    "primary": {
                        "id": "r-rtb-db64c6bc1080289494",
                        "attributes": {
                            "destination_cidr_block": "0.0.0.0/0",
                            "destination_prefix_list_id": "",
                            "gateway_id": "",
                            "id": "r-rtb-db64c6bc1080289494",
                            "instance_id": "",
                            "instance_owner_id": "",
                            "nat_gateway_id": "nat-04992636e0d9eda65",
                            "network_interface_id": "",
                            "origin": "CreateRoute",
                            "route_table_id": "rtb-db64c6bc",
                            "state": "active",
                            "vpc_peering_connection_id": ""
                        },
                        "meta": {},
                        "tainted": false
                    },
                    "deposed": [],
                    "provider": ""
                },
                "aws_route.service.2": {
                    "type": "aws_route",
                    "depends_on": [
                        "aws_route_table.service",
                        "data.terraform_remote_state.env"
                    ],
                    "primary": {
                        "id": "r-rtb-da64c6bd1080289494",
                        "attributes": {
                            "destination_cidr_block": "0.0.0.0/0",
                            "destination_prefix_list_id": "",
                            "gateway_id": "",
                            "id": "r-rtb-da64c6bd1080289494",
                            "instance_id": "",
                            "instance_owner_id": "",
                            "nat_gateway_id": "nat-04992636e0d9eda65",
                            "network_interface_id": "",
                            "origin": "CreateRoute",
                            "route_table_id": "rtb-da64c6bd",
                            "state": "active",
                            "vpc_peering_connection_id": ""
                        },
                        "meta": {},
                        "tainted": false
                    },
                    "deposed": [],
                    "provider": ""
                },
                "aws_route_table.service.0": {
                    "type": "aws_route_table",
                    "depends_on": [
                        "data.aws_vpc.current",
                        "data.terraform_remote_state.app",
                        "data.terraform_remote_state.env"
                    ],
                    "primary": {
                        "id": "rtb-dc64c6bb",
                        "attributes": {
                            "id": "rtb-dc64c6bb",
                            "propagating_vgws.#": "0",
                            "route.#": "1",
                            "route.2672724190.cidr_block": "0.0.0.0/0",
                            "route.2672724190.gateway_id": "",
                            "route.2672724190.instance_id": "",
                            "route.2672724190.nat_gateway_id": "nat-04992636e0d9eda65",
                            "route.2672724190.network_interface_id": "",
                            "route.2672724190.vpc_peering_connection_id": "",
                            "tags.%": "5",
                            "tags.App": "build",
                            "tags.Env": "dev",
                            "tags.ManagedBy": "terraform",
                            "tags.Name": "dev-build-packer",
                            "tags.Service": "packer",
                            "vpc_id": "vpc-897593ee"
                        },
                        "meta": {},
                        "tainted": false
                    },
                    "deposed": [],
                    "provider": ""
                },
                "aws_route_table.service.1": {
                    "type": "aws_route_table",
                    "depends_on": [
                        "data.aws_vpc.current",
                        "data.terraform_remote_state.app",
                        "data.terraform_remote_state.env"
                    ],
                    "primary": {
                        "id": "rtb-db64c6bc",
                        "attributes": {
                            "id": "rtb-db64c6bc",
                            "propagating_vgws.#": "0",
                            "route.#": "1",
                            "route.2672724190.cidr_block": "0.0.0.0/0",
                            "route.2672724190.gateway_id": "",
                            "route.2672724190.instance_id": "",
                            "route.2672724190.nat_gateway_id": "nat-04992636e0d9eda65",
                            "route.2672724190.network_interface_id": "",
                            "route.2672724190.vpc_peering_connection_id": "",
                            "tags.%": "5",
                            "tags.App": "build",
                            "tags.Env": "dev",
                            "tags.ManagedBy": "terraform",
                            "tags.Name": "dev-build-packer",
                            "tags.Service": "packer",
                            "vpc_id": "vpc-897593ee"
                        },
                        "meta": {},
                        "tainted": false
                    },
                    "deposed": [],
                    "provider": ""
                },
                "aws_route_table.service.2": {
                    "type": "aws_route_table",
                    "depends_on": [
                        "data.aws_vpc.current",
                        "data.terraform_remote_state.app",
                        "data.terraform_remote_state.env"
                    ],
                    "primary": {
                        "id": "rtb-da64c6bd",
                        "attributes": {
                            "id": "rtb-da64c6bd",
                            "propagating_vgws.#": "0",
                            "route.#": "1",
                            "route.2672724190.cidr_block": "0.0.0.0/0",
                            "route.2672724190.gateway_id": "",
                            "route.2672724190.instance_id": "",
                            "route.2672724190.nat_gateway_id": "nat-04992636e0d9eda65",
                            "route.2672724190.network_interface_id": "",
                            "route.2672724190.vpc_peering_connection_id": "",
                            "tags.%": "5",
                            "tags.App": "build",
                            "tags.Env": "dev",
                            "tags.ManagedBy": "terraform",
                            "tags.Name": "dev-build-packer",
                            "tags.Service": "packer",
                            "vpc_id": "vpc-897593ee"
                        },
                        "meta": {},
                        "tainted": false
                    },
                    "deposed": [],
                    "provider": ""
                },
                "aws_route_table_association.service.0": {
                    "type": "aws_route_table_association",
                    "depends_on": [
                        "aws_route_table.service",
                        "aws_subnet.service"
                    ],
                    "primary": {
                        "id": "rtbassoc-401e0827",
                        "attributes": {
                            "id": "rtbassoc-401e0827",
                            "route_table_id": "rtb-dc64c6bb",
                            "subnet_id": "subnet-e7393683"
                        },
                        "meta": {},
                        "tainted": false
                    },
                    "deposed": [],
                    "provider": ""
                },
                "aws_route_table_association.service.1": {
                    "type": "aws_route_table_association",
                    "depends_on": [
                        "aws_route_table.service",
                        "aws_subnet.service"
                    ],
                    "primary": {
                        "id": "rtbassoc-411e0826",
                        "attributes": {
                            "id": "rtbassoc-411e0826",
                            "route_table_id": "rtb-db64c6bc",
                            "subnet_id": "subnet-77240501"
                        },
                        "meta": {},
                        "tainted": false
                    },
                    "deposed": [],
                    "provider": ""
                },
                "aws_route_table_association.service.2": {
                    "type": "aws_route_table_association",
                    "depends_on": [
                        "aws_route_table.service",
                        "aws_subnet.service"
                    ],
                    "primary": {
                        "id": "rtbassoc-421e0825",
                        "attributes": {
                            "id": "rtbassoc-421e0825",
                            "route_table_id": "rtb-da64c6bd",
                            "subnet_id": "subnet-759f062d"
                        },
                        "meta": {},
                        "tainted": false
                    },
                    "deposed": [],
                    "provider": ""
                },
                "aws_security_group.service": {
                    "type": "aws_security_group",
                    "depends_on": [
                        "data.aws_vpc.current",
                        "data.terraform_remote_state.app",
                        "data.terraform_remote_state.env"
                    ],
                    "primary": {
                        "id": "sg-3b820842",
                        "attributes": {
                            "description": "Service build-packer",
                            "egress.#": "0",
                            "id": "sg-3b820842",
                            "ingress.#": "0",
                            "name": "dev-build-packer",
                            "owner_id": "548373030883",
                            "tags.%": "5",
                            "tags.App": "build",
                            "tags.Env": "dev",
                            "tags.ManagedBy": "terraform",
                            "tags.Name": "dev-build-packer",
                            "tags.Service": "packer",
                            "vpc_id": "vpc-897593ee"
                        },
                        "meta": {},
                        "tainted": false
                    },
                    "deposed": [],
                    "provider": ""
                },
                "aws_subnet.service.0": {
                    "type": "aws_subnet",
                    "depends_on": [
                        "data.aws_availability_zones.azs",
                        "data.aws_vpc.current",
                        "data.aws_vpc.current",
                        "data.terraform_remote_state.app",
                        "data.terraform_remote_state.env",
                        "data.terraform_remote_state.global"
                    ],
                    "primary": {
                        "id": "subnet-e7393683",
                        "attributes": {
                            "availability_zone": "us-west-2a",
                            "cidr_block": "172.20.6.192/28",
                            "id": "subnet-e7393683",
                            "map_public_ip_on_launch": "false",
                            "tags.%": "5",
                            "tags.App": "build",
                            "tags.Env": "dev",
                            "tags.ManagedBy": "terraform",
                            "tags.Name": "dev-build-packer",
                            "tags.Service": "packer",
                            "vpc_id": "vpc-897593ee"
                        },
                        "meta": {},
                        "tainted": false
                    },
                    "deposed": [],
                    "provider": ""
                },
                "aws_subnet.service.1": {
                    "type": "aws_subnet",
                    "depends_on": [
                        "data.aws_availability_zones.azs",
                        "data.aws_vpc.current",
                        "data.aws_vpc.current",
                        "data.terraform_remote_state.app",
                        "data.terraform_remote_state.env",
                        "data.terraform_remote_state.global"
                    ],
                    "primary": {
                        "id": "subnet-77240501",
                        "attributes": {
                            "availability_zone": "us-west-2b",
                            "cidr_block": "172.20.6.208/28",
                            "id": "subnet-77240501",
                            "map_public_ip_on_launch": "false",
                            "tags.%": "5",
                            "tags.App": "build",
                            "tags.Env": "dev",
                            "tags.ManagedBy": "terraform",
                            "tags.Name": "dev-build-packer",
                            "tags.Service": "packer",
                            "vpc_id": "vpc-897593ee"
                        },
                        "meta": {},
                        "tainted": false
                    },
                    "deposed": [],
                    "provider": ""
                },
                "aws_subnet.service.2": {
                    "type": "aws_subnet",
                    "depends_on": [
                        "data.aws_availability_zones.azs",
                        "data.aws_vpc.current",
                        "data.aws_vpc.current",
                        "data.terraform_remote_state.app",
                        "data.terraform_remote_state.env",
                        "data.terraform_remote_state.global"
                    ],
                    "primary": {
                        "id": "subnet-759f062d",
                        "attributes": {
                            "availability_zone": "us-west-2c",
                            "cidr_block": "172.20.6.224/28",
                            "id": "subnet-759f062d",
                            "map_public_ip_on_launch": "false",
                            "tags.%": "5",
                            "tags.App": "build",
                            "tags.Env": "dev",
                            "tags.ManagedBy": "terraform",
                            "tags.Name": "dev-build-packer",
                            "tags.Service": "packer",
                            "vpc_id": "vpc-897593ee"
                        },
                        "meta": {},
                        "tainted": false
                    },
                    "deposed": [],
                    "provider": ""
                },
                "data.aws_ami.service": {
                    "type": "aws_ami",
                    "depends_on": [],
                    "primary": {
                        "id": "ami-a9d276c9",
                        "attributes": {
                            "architecture": "x86_64",
                            "block_device_mappings.#": "3",
                            "block_device_mappings.1634610537.device_name": "/dev/sdb",
                            "block_device_mappings.1634610537.ebs.%": "0",
                            "block_device_mappings.1634610537.no_device": "",
                            "block_device_mappings.1634610537.virtual_name": "ephemeral0",
                            "block_device_mappings.2547816212.device_name": "/dev/sda1",
                            "block_device_mappings.2547816212.ebs.%": "6",
                            "block_device_mappings.2547816212.ebs.delete_on_termination": "true",
                            "block_device_mappings.2547816212.ebs.encrypted": "false",
                            "block_device_mappings.2547816212.ebs.iops": "0",
                            "block_device_mappings.2547816212.ebs.snapshot_id": "snap-826344d5",
                            "block_device_mappings.2547816212.ebs.volume_size": "8",
                            "block_device_mappings.2547816212.ebs.volume_type": "gp2",
                            "block_device_mappings.2547816212.no_device": "",
                            "block_device_mappings.2547816212.virtual_name": "",
                            "block_device_mappings.3850042718.device_name": "/dev/sdc",
                            "block_device_mappings.3850042718.ebs.%": "0",
                            "block_device_mappings.3850042718.no_device": "",
                            "block_device_mappings.3850042718.virtual_name": "ephemeral1",
                            "creation_date": "2016-10-21T09:20:11.000Z",
                            "filter.#": "3",
                            "filter.1585153008.name": "name",
                            "filter.1585153008.values.#": "1",
                            "filter.1585153008.values.0": "ubuntu/images/hvm-ssd/ubuntu-xenial-16.04-amd64-server-*",
                            "filter.1609839683.name": "block-device-mapping.volume-type",
                            "filter.1609839683.values.#": "1",
                            "filter.1609839683.values.0": "gp2",
                            "filter.490168357.name": "virtualization-type",
                            "filter.490168357.values.#": "1",
                            "filter.490168357.values.0": "hvm",
                            "hypervisor": "xen",
                            "id": "ami-a9d276c9",
                            "image_id": "ami-a9d276c9",
                            "image_location": "099720109477/ubuntu/images/hvm-ssd/ubuntu-xenial-16.04-amd64-server-20161020",
                            "image_type": "machine",
                            "most_recent": "true",
                            "name": "ubuntu/images/hvm-ssd/ubuntu-xenial-16.04-amd64-server-20161020",
                            "owner_id": "099720109477",
                            "owners.#": "1",
                            "owners.0": "099720109477",
                            "product_codes.#": "0",
                            "public": "true",
                            "root_device_name": "/dev/sda1",
                            "root_device_type": "ebs",
                            "sriov_net_support": "simple",
                            "state": "available",
                            "state_reason.%": "2",
                            "state_reason.code": "UNSET",
                            "state_reason.message": "UNSET",
                            "tags.#": "0",
                            "virtualization_type": "hvm"
                        },
                        "meta": {},
                        "tainted": false
                    },
                    "deposed": [],
                    "provider": ""
                },
                "data.aws_availability_zones.azs": {
                    "type": "aws_availability_zones",
                    "depends_on": [],
                    "primary": {
                        "id": "2016-10-29 06:52:10.513322391 +0000 UTC",
                        "attributes": {
                            "id": "2016-10-29 06:52:10.513322391 +0000 UTC",
                            "names.#": "3",
                            "names.0": "us-west-2a",
                            "names.1": "us-west-2b",
                            "names.2": "us-west-2c"
                        },
                        "meta": {},
                        "tainted": false
                    },
                    "deposed": [],
                    "provider": ""
                },
                "data.aws_iam_policy_document.service": {
                    "type": "aws_iam_policy_document",
                    "depends_on": [],
                    "primary": {
                        "id": "1903849331",
                        "attributes": {
                            "id": "1903849331",
                            "json": "{\n  \"Version\": \"2012-10-17\",\n  \"Statement\": [\n    {\n      \"Sid\": \"\",\n      \"Effect\": \"Allow\",\n      \"Action\": \"sts:AssumeRole\",\n      \"Principal\": {\n        \"Service\": \"ec2.amazonaws.com\"\n      }\n    }\n  ]\n}",
                            "statement.#": "1",
                            "statement.0.actions.#": "1",
                            "statement.0.actions.2528466339": "sts:AssumeRole",
                            "statement.0.condition.#": "0",
                            "statement.0.effect": "Allow",
                            "statement.0.not_actions.#": "0",
                            "statement.0.not_principals.#": "0",
                            "statement.0.not_resources.#": "0",
                            "statement.0.principals.#": "1",
                            "statement.0.principals.1134724139.identifiers.#": "1",
                            "statement.0.principals.1134724139.identifiers.3655884555": "ec2.amazonaws.com",
                            "statement.0.principals.1134724139.type": "Service",
                            "statement.0.resources.#": "0",
                            "statement.0.sid": ""
                        },
                        "meta": {},
                        "tainted": false
                    },
                    "deposed": [],
                    "provider": ""
                },
                "data.aws_vpc.current": {
                    "type": "aws_vpc",
                    "depends_on": [
                        "data.terraform_remote_state.env"
                    ],
                    "primary": {
                        "id": "vpc-897593ee",
                        "attributes": {
                            "cidr_block": "172.20.0.0/16",
                            "default": "false",
                            "dhcp_options_id": "dopt-52a9e637",
                            "id": "vpc-897593ee",
                            "instance_tenancy": "default",
                            "state": "available",
                            "tags.%": "3",
                            "tags.Env": "dev",
                            "tags.ManagedBy": "terraform",
                            "tags.Name": "dev"
                        },
                        "meta": {},
                        "tainted": false
                    },
                    "deposed": [],
                    "provider": ""
                },
                "data.template_file.key_pair_service": {
                    "type": "template_file",
                    "depends_on": [],
                    "primary": {
                        "id": "e11311144a3a98752eef08faa7c8a5abb8b2ab9be4f691d7ce18b53bb37c7377",
                        "attributes": {
                            "id": "e11311144a3a98752eef08faa7c8a5abb8b2ab9be4f691d7ce18b53bb37c7377",
                            "rendered": "ssh-rsa AAAAB3NzaC1yc2EAAAADAQABAAABAQCa58hGFG5RYR3eDrJLX8SSQtLtM9ofOzQx3yxDMkFlfg1jsKkIWpZ5jv+Zga3k08Xuaqpm21LPVtlC+N8LPXSPEbwymxNgbkbO+LJF9TL4l/ZhzBXSiooXCZ7XJUtSc6OrjpXHpsMvCN7ghFugryt7YgFmjXxnAN9kqNxYs5KVYgWPyzSWIHCDWvfrXrlTOArb+8+72XbdkUxd1DPG4sfreQsdyajAkIKEd/fJLAkOIgZqcmxoxUIV1ElX3dceI3grxZLPDs88Joncu4ycYObIjXI/qeat2gu5EeSOgEwsY3MrgAtTLc9oSptArZcS5HSIb6rc6wAXDzVa95k0Hskf defn0\n",
                            "template": "ssh-rsa AAAAB3NzaC1yc2EAAAADAQABAAABAQCa58hGFG5RYR3eDrJLX8SSQtLtM9ofOzQx3yxDMkFlfg1jsKkIWpZ5jv+Zga3k08Xuaqpm21LPVtlC+N8LPXSPEbwymxNgbkbO+LJF9TL4l/ZhzBXSiooXCZ7XJUtSc6OrjpXHpsMvCN7ghFugryt7YgFmjXxnAN9kqNxYs5KVYgWPyzSWIHCDWvfrXrlTOArb+8+72XbdkUxd1DPG4sfreQsdyajAkIKEd/fJLAkOIgZqcmxoxUIV1ElX3dceI3grxZLPDs88Joncu4ycYObIjXI/qeat2gu5EeSOgEwsY3MrgAtTLc9oSptArZcS5HSIb6rc6wAXDzVa95k0Hskf defn0\n"
                        },
                        "meta": {},
                        "tainted": false
                    },
                    "deposed": [],
                    "provider": ""
                },
                "data.template_file.user_data_service": {
                    "type": "template_file",
                    "depends_on": [
                        "data.aws_vpc.current",
                        "data.template_file.key_pair_service"
                    ],
                    "primary": {
                        "id": "b0de4de8f8c5ea0c80bb9a57cf1847a24a9c06df077803bd8956cd1673601434",
                        "attributes": {
                            "id": "b0de4de8f8c5ea0c80bb9a57cf1847a24a9c06df077803bd8956cd1673601434",
                            "rendered": "From nobody Wed Aug 10 18:58:26 2016\nContent-Type: multipart/mixed; boundary=\"===============88888888888888888888888888==\"\nMIME-Version: 1.0\nNumber-Attachments: 1\n\n--===============88888888888888888888888888==\nMIME-Version: 1.0\nContent-Type: text/cloud-config\nContent-Disposition: attachment; filename=\"part-001\"\n\nusers:\n - name: ubuntu\n   shell: /bin/bash\n   sudo: \"ALL=(ALL) NOPASSWD: ALL\"\n   ssh-authorized-keys:\n    - ssh-rsa AAAAB3NzaC1yc2EAAAADAQABAAABAQCa58hGFG5RYR3eDrJLX8SSQtLtM9ofOzQx3yxDMkFlfg1jsKkIWpZ5jv+Zga3k08Xuaqpm21LPVtlC+N8LPXSPEbwymxNgbkbO+LJF9TL4l/ZhzBXSiooXCZ7XJUtSc6OrjpXHpsMvCN7ghFugryt7YgFmjXxnAN9kqNxYs5KVYgWPyzSWIHCDWvfrXrlTOArb+8+72XbdkUxd1DPG4sfreQsdyajAkIKEd/fJLAkOIgZqcmxoxUIV1ElX3dceI3grxZLPDs88Joncu4ycYObIjXI/qeat2gu5EeSOgEwsY3MrgAtTLc9oSptArZcS5HSIb6rc6wAXDzVa95k0Hskf defn0\n\n\nmanage_etc_hosts: true\n\nwrite_files:\n - owner: root:root\n   path: /etc/network/fan\n   permissions: '0644'\n   content: |\n      172.20.0.0/16/16 250.0.0.0/8 --enable --dhcp\n - owner: root:root\n   path: /etc/sysctl.d/99-lxd.conf\n   permissions: '0644'\n   content: |\n      fs.inotify.max_queued_events = 1048576\n      fs.inotify.max_user_instances = 1048576\n      fs.inotify.max_user_watches = 1048576\n      vm.max_map_count = 262144\n      net.core.netdev_max_backlog = 182757\n - owner: root:root\n   path: /etc/security/limits.d/99-lxd.conf\n   permissions: '0644'\n   content: |\n      * soft nofile 1048576\n      * hard nofile 1048576\n      root soft nofile 1048576\n      root hard nofile 1048576\n      * soft memlock unlimited\n      * hard memlock unlimited\n - owner: root:root\n   path: /etc/cloud/cloud.cfg.d/99-disable-network-config.cfg\n   permissions: '0644'\n   content: |\n      network: {config: disabled}\n - owner: root:root\n   path: /etc/network/interfaces.d/50-cloud-init.cfg\n   permissions: '0644'\n   content: |\n      # This file is generated from information provided by\n      # the datasource.  Changes to it will not persist across an instance.\n      # To disable cloud-init's network configuration capabilities, write a file\n      # /etc/cloud/cloud.cfg.d/99-disable-network-config.cfg with the following:\n      # network: {config: disabled}\n      auto lo\n      iface lo inet loopback\n\n      auto eth0\n      iface eth0 inet manual\n          txqueuelen 10000\n\n      auto br0\n      iface br0 inet dhcp\n          txqueuelen 10000\n          bridge-ifaces eth0\n          bridge-ports eth0\n\nlxd:\n  init:\n    network_address: 0.0.0.0\n    network_port: 8443\n    trust_password: ubuntu\n  bridge:\n    mode: existing\n    name: br0\n\npackages:\n - openssh-server\n - aptitude\n - ntp\n - curl\n - unzip\n - git\n - perl\n - ruby\n - language-pack-en\n - nfs-common\n - build-essential\n - dkms\n - lvm2\n - xfsprogs\n - xfsdump\n - bridge-utils\n - thin-provisioning-tools\n - software-properties-common\n - btrfs-tools\n - ubuntu-fan\n - linux-generic\n - ifmetric\n\nruncmd:\n  - \"aptitude purge -y open-iscsi nano mlocate ubuntu-release-upgrader-core update-manager-core\"\n  - \"add-apt-repository -y ppa:ubuntu-lxc/lxd-stable\"\n  - \"aptitude update\"\n  - \"env DEBIAN_FRONTEND=noninteractive aptitude -o Dpkg::Options::=--force-confdef -o Dpkg::Options::=--force-confold install -y lxd lxd-tools criu docker.io\"\n  - \"env DEBIAN_FRONTEND=noninteractive aptitude -o Dpkg::Options::=--force-confdef -o Dpkg::Options::=--force-confold upgrade -y\"\n  - \"usermod -aG lxd ubuntu\"\n  - \"usermod -aG docker ubuntu\"\n  - \"systemctl disable apt-daily.service\"\n  - \"systemctl disable apt-daily.timer\"\n  - \"sleep 30\"\n  - \"reboot\"\n",
                            "template": "From nobody Wed Aug 10 18:58:26 2016\nContent-Type: multipart/mixed; boundary=\"===============88888888888888888888888888==\"\nMIME-Version: 1.0\nNumber-Attachments: 1\n\n--===============88888888888888888888888888==\nMIME-Version: 1.0\nContent-Type: text/cloud-config\nContent-Disposition: attachment; filename=\"part-001\"\n\nusers:\n - name: ubuntu\n   shell: /bin/bash\n   sudo: \"ALL=(ALL) NOPASSWD: ALL\"\n   ssh-authorized-keys:\n    - ${public_key}\n\nmanage_etc_hosts: true\n\nwrite_files:\n - owner: root:root\n   path: /etc/network/fan\n   permissions: '0644'\n   content: |\n      ${vpc_cidr}/16 250.0.0.0/8 --enable --dhcp\n - owner: root:root\n   path: /etc/sysctl.d/99-lxd.conf\n   permissions: '0644'\n   content: |\n      fs.inotify.max_queued_events = 1048576\n      fs.inotify.max_user_instances = 1048576\n      fs.inotify.max_user_watches = 1048576\n      vm.max_map_count = 262144\n      net.core.netdev_max_backlog = 182757\n - owner: root:root\n   path: /etc/security/limits.d/99-lxd.conf\n   permissions: '0644'\n   content: |\n      * soft nofile 1048576\n      * hard nofile 1048576\n      root soft nofile 1048576\n      root hard nofile 1048576\n      * soft memlock unlimited\n      * hard memlock unlimited\n - owner: root:root\n   path: /etc/cloud/cloud.cfg.d/99-disable-network-config.cfg\n   permissions: '0644'\n   content: |\n      network: {config: disabled}\n - owner: root:root\n   path: /etc/network/interfaces.d/50-cloud-init.cfg\n   permissions: '0644'\n   content: |\n      # This file is generated from information provided by\n      # the datasource.  Changes to it will not persist across an instance.\n      # To disable cloud-init's network configuration capabilities, write a file\n      # /etc/cloud/cloud.cfg.d/99-disable-network-config.cfg with the following:\n      # network: {config: disabled}\n      auto lo\n      iface lo inet loopback\n\n      auto eth0\n      iface eth0 inet manual\n          txqueuelen 10000\n\n      auto br0\n      iface br0 inet dhcp\n          txqueuelen 10000\n          bridge-ifaces eth0\n          bridge-ports eth0\n\nlxd:\n  init:\n    network_address: 0.0.0.0\n    network_port: 8443\n    trust_password: ubuntu\n  bridge:\n    mode: existing\n    name: br0\n\npackages:\n - openssh-server\n - aptitude\n - ntp\n - curl\n - unzip\n - git\n - perl\n - ruby\n - language-pack-en\n - nfs-common\n - build-essential\n - dkms\n - lvm2\n - xfsprogs\n - xfsdump\n - bridge-utils\n - thin-provisioning-tools\n - software-properties-common\n - btrfs-tools\n - ubuntu-fan\n - linux-generic\n - ifmetric\n\nruncmd:\n  - \"aptitude purge -y open-iscsi nano mlocate ubuntu-release-upgrader-core update-manager-core\"\n  - \"add-apt-repository -y ppa:ubuntu-lxc/lxd-stable\"\n  - \"aptitude update\"\n  - \"env DEBIAN_FRONTEND=noninteractive aptitude -o Dpkg::Options::=--force-confdef -o Dpkg::Options::=--force-confold install -y lxd lxd-tools criu docker.io\"\n  - \"env DEBIAN_FRONTEND=noninteractive aptitude -o Dpkg::Options::=--force-confdef -o Dpkg::Options::=--force-confold upgrade -y\"\n  - \"usermod -aG lxd ubuntu\"\n  - \"usermod -aG docker ubuntu\"\n  - \"systemctl disable apt-daily.service\"\n  - \"systemctl disable apt-daily.timer\"\n  - \"sleep 30\"\n  - \"reboot\"\n",
                            "vars.%": "2",
                            "vars.public_key": "ssh-rsa AAAAB3NzaC1yc2EAAAADAQABAAABAQCa58hGFG5RYR3eDrJLX8SSQtLtM9ofOzQx3yxDMkFlfg1jsKkIWpZ5jv+Zga3k08Xuaqpm21LPVtlC+N8LPXSPEbwymxNgbkbO+LJF9TL4l/ZhzBXSiooXCZ7XJUtSc6OrjpXHpsMvCN7ghFugryt7YgFmjXxnAN9kqNxYs5KVYgWPyzSWIHCDWvfrXrlTOArb+8+72XbdkUxd1DPG4sfreQsdyajAkIKEd/fJLAkOIgZqcmxoxUIV1ElX3dceI3grxZLPDs88Joncu4ycYObIjXI/qeat2gu5EeSOgEwsY3MrgAtTLc9oSptArZcS5HSIb6rc6wAXDzVa95k0Hskf defn0\n",
                            "vars.vpc_cidr": "172.20.0.0/16"
                        },
                        "meta": {},
                        "tainted": false
                    },
                    "deposed": [],
                    "provider": ""
                },
                "data.terraform_remote_state.app": {
                    "type": "terraform_remote_state",
                    "depends_on": [],
                    "primary": {
                        "id": "2016-10-29 06:52:09.059076105 +0000 UTC",
                        "attributes": {
                            "app_name": "build",
                            "app_sg": "sg-53ff752a",
                            "backend": "local",
                            "config.%": "1",
                            "config.path": "../.terraform/terraform.tfstate",
                            "env_region.%": "7",
                            "env_region.admin": "us-east-1",
                            "env_region.dev": "us-west-2",
                            "env_region.ireland": "eu-west-1",
                            "env_region.network": "us-east-1",
                            "env_region.prod": "us-east-2",
                            "env_region.sandbox": "us-west-1",
                            "env_region.stage": "us-west-2",
                            "id": "2016-10-29 06:52:09.059076105 +0000 UTC"
                        },
                        "meta": {},
                        "tainted": false
                    },
                    "deposed": [],
                    "provider": ""
                },
                "data.terraform_remote_state.env": {
                    "type": "terraform_remote_state",
                    "depends_on": [],
                    "primary": {
                        "id": "2016-10-29 06:52:09.070824579 +0000 UTC",
                        "attributes": {
                            "aws_region": "us-west-2",
                            "backend": "local",
                            "config.%": "1",
                            "config.path": "../../.terraform/terraform.tfstate",
                            "env_name": "dev",
                            "env_region.%": "7",
                            "env_region.admin": "us-east-1",
                            "env_region.dev": "us-west-2",
                            "env_region.ireland": "eu-west-1",
                            "env_region.network": "us-east-1",
                            "env_region.prod": "us-east-2",
                            "env_region.sandbox": "us-west-1",
                            "env_region.stage": "us-west-2",
                            "id": "2016-10-29 06:52:09.070824579 +0000 UTC",
                            "igw_id": "igw-c953ebad",
                            "nat_gateways.#": "1",
                            "nat_gateways.0": "nat-04992636e0d9eda65",
                            "private_zone_id": "Z1ELCJY9OQR4WH",
                            "private_zone_name": "dev.imma.io",
                            "private_zone_servers.#": "4",
                            "private_zone_servers.0": "ns-0.awsdns-00.com.",
                            "private_zone_servers.1": "ns-1024.awsdns-00.org.",
                            "private_zone_servers.2": "ns-1536.awsdns-00.co.uk.",
                            "private_zone_servers.3": "ns-512.awsdns-00.net.",
                            "sg_efs": "sg-3271fb4b",
                            "sg_env": "sg-9d1d95e4",
                            "sg_env_lb": "sg-9a1d95e3",
                            "sg_env_lb_private": "sg-9c1d95e5",
                            "sg_env_lb_public": "sg-901d95e9",
                            "sg_env_private": "sg-9e1d95e7",
                            "sg_env_public": "sg-9f1d95e6",
                            "vpc_id": "vpc-897593ee"
                        },
                        "meta": {},
                        "tainted": false
                    },
                    "deposed": [],
                    "provider": ""
                },
                "data.terraform_remote_state.global": {
                    "type": "terraform_remote_state",
                    "depends_on": [],
                    "primary": {
                        "id": "2016-10-29 06:52:09.059319978 +0000 UTC",
                        "attributes": {
                            "aws_account_id": "548373030883",
                            "backend": "local",
                            "config.%": "1",
                            "config.path": "../../../.terraform/terraform.tfstate",
                            "domain_name": "imma.io",
                            "env_cidr.%": "8",
                            "env_cidr._reserved_docker": "172.17.0.0/16",
                            "env_cidr.admin": "172.19.0.0/16",
                            "env_cidr.dev": "172.20.0.0/16",
                            "env_cidr.ireland": "172.21.0.0/16",
                            "env_cidr.network": "172.23.0.0/16",
                            "env_cidr.prod": "172.18.0.0/16",
                            "env_cidr.sandbox": "172.16.0.0/16",
                            "env_cidr.stage": "172.22.0.0/16",
                            "env_region.%": "7",
                            "env_region.admin": "us-east-1",
                            "env_region.dev": "us-west-2",
                            "env_region.ireland": "eu-west-1",
                            "env_region.network": "us-east-1",
                            "env_region.prod": "us-east-2",
                            "env_region.sandbox": "us-west-1",
                            "env_region.stage": "us-west-2",
                            "id": "2016-10-29 06:52:09.059319978 +0000 UTC",
                            "s3_remote_state": "b-32471e35-global-tf-remote-state",
                            "service_nets.%": "10",
                            "service_nets._reserved_services.#": "3",
                            "service_nets._reserved_services.0": "96",
                            "service_nets._reserved_services.1": "97",
                            "service_nets._reserved_services.2": "98",
                            "service_nets.aptly.#": "4",
                            "service_nets.aptly.0": "111",
                            "service_nets.aptly.1": "112",
                            "service_nets.aptly.2": "113",
                            "service_nets.aptly.3": "1002",
                            "service_nets.bastion.#": "4",
                            "service_nets.bastion.0": "102",
                            "service_nets.bastion.1": "103",
                            "service_nets.bastion.2": "104",
                            "service_nets.bastion.3": "1001",
                            "service_nets.blocks.#": "4",
                            "service_nets.blocks.0": "123",
                            "service_nets.blocks.1": "124",
                            "service_nets.blocks.2": "125",
                            "service_nets.blocks.3": "1008",
                            "service_nets.dns.#": "4",
                            "service_nets.dns.0": "117",
                            "service_nets.dns.1": "118",
                            "service_nets.dns.2": "119",
                            "service_nets.dns.3": "1004",
                            "service_nets.irssi.#": "4",
                            "service_nets.irssi.0": "105",
                            "service_nets.irssi.1": "106",
                            "service_nets.irssi.2": "107",
                            "service_nets.irssi.3": "1006",
                            "service_nets.nexus.#": "4",
                            "service_nets.nexus.0": "114",
                            "service_nets.nexus.1": "115",
                            "service_nets.nexus.2": "116",
                            "service_nets.nexus.3": "1003",
                            "service_nets.ntp.#": "4",
                            "service_nets.ntp.0": "120",
                            "service_nets.ntp.1": "121",
                            "service_nets.ntp.2": "122",
                            "service_nets.ntp.3": "1005",
                            "service_nets.openvpn.#": "4",
                            "service_nets.openvpn.0": "99",
                            "service_nets.openvpn.1": "100",
                            "service_nets.openvpn.2": "101",
                            "service_nets.openvpn.3": "1000",
                            "service_nets.packer.#": "4",
                            "service_nets.packer.0": "108",
                            "service_nets.packer.1": "109",
                            "service_nets.packer.2": "110",
                            "service_nets.packer.3": "1007",
                            "sys_nets.%": "4",
                            "sys_nets._reserved_24.#": "3",
                            "sys_nets._reserved_24.0": "0",
                            "sys_nets._reserved_24.1": "1",
                            "sys_nets._reserved_24.2": "6",
                            "sys_nets._reserved_28.#": "10",
                            "sys_nets._reserved_28.0": "0",
                            "sys_nets._reserved_28.1": "1",
                            "sys_nets._reserved_28.2": "2",
                            "sys_nets._reserved_28.3": "3",
                            "sys_nets._reserved_28.4": "4",
                            "sys_nets._reserved_28.5": "5",
                            "sys_nets._reserved_28.6": "6",
                            "sys_nets._reserved_28.7": "7",
                            "sys_nets._reserved_28.8": "8",
                            "sys_nets._reserved_28.9": "9",
                            "sys_nets.common.#": "4",
                            "sys_nets.common.0": "2",
                            "sys_nets.common.1": "3",
                            "sys_nets.common.2": "4",
                            "sys_nets.common.3": "5",
                            "sys_nets.nat.#": "4",
                            "sys_nets.nat.0": "10",
                            "sys_nets.nat.1": "11",
                            "sys_nets.nat.2": "12",
                            "sys_nets.nat.3": "13"
                        },
                        "meta": {},
                        "tainted": false
                    },
                    "deposed": [],
                    "provider": ""
                }
            },
            "depends_on": []
        },
        {
            "path": [
                "root",
                "build",
                "fs"
            ],
            "outputs": {},
            "resources": {},
            "depends_on": []
        },
        {
            "path": [
                "root",
                "service",
                "fs"
            ],
            "outputs": {
                "efs_dns_names": {
                    "sensitive": false,
                    "type": "list",
                    "value": []
                }
            },
            "resources": {
                "data.aws_vpc.current": {
                    "type": "aws_vpc",
                    "depends_on": [],
                    "primary": {
                        "id": "vpc-897593ee",
                        "attributes": {
                            "cidr_block": "172.20.0.0/16",
                            "default": "false",
                            "dhcp_options_id": "dopt-52a9e637",
                            "id": "vpc-897593ee",
                            "instance_tenancy": "default",
                            "state": "available",
                            "tags.%": "3",
                            "tags.Env": "dev",
                            "tags.ManagedBy": "terraform",
                            "tags.Name": "dev"
                        },
                        "meta": {},
                        "tainted": false
                    },
                    "deposed": [],
                    "provider": ""
                }
            },
            "depends_on": []
        }
    ]
}
