{
    "version": 3,
    "terraform_version": "0.7.6",
    "serial": 6,
    "lineage": "e3e78a3b-22a6-4907-97ba-12e7e3baa6fc",
    "remote": {
        "type": "s3",
        "config": {
            "bucket": "imma-io-remote-state",
            "key": "app-cache-admin/terraform.tfstate",
            "region": "us-west-1"
        }
    },
    "modules": [
        {
            "path": [
                "root"
            ],
            "outputs": {
                "app_sg": {
                    "sensitive": false,
                    "type": "string",
                    "value": "sg-f5878b8f"
                },
                "s3_remote_state": {
                    "sensitive": false,
                    "type": "string",
                    "value": "imma-io-remote-state"
                }
            },
            "resources": {
                "data.aws_region.current": {
                    "type": "aws_region",
                    "depends_on": [],
                    "primary": {
                        "id": "us-east-1",
                        "attributes": {
                            "current": "true",
                            "endpoint": "ec2.us-east-1.amazonaws.com",
                            "id": "us-east-1",
                            "name": "us-east-1"
                        },
                        "meta": {},
                        "tainted": false
                    },
                    "deposed": [],
                    "provider": ""
                },
                "data.terraform_remote_state.env": {
                    "type": "terraform_remote_state",
                    "depends_on": [],
                    "primary": {
                        "id": "2016-10-21 05:30:42.633073057 +0000 UTC",
                        "attributes": {
                            "aws_region": "us-east-1",
                            "backend": "local",
                            "config.%": "1",
                            "config.path": "../../env/admin/.terraform/terraform.tfstate",
                            "env_name": "admin",
                            "id": "2016-10-21 05:30:42.633073057 +0000 UTC",
                            "igw_id": "igw-88c50fef",
                            "nat_gateways.#": "1",
                            "nat_gateways.0": "nat-01e5dd3b88d455637",
                            "private_zone_id": "Z27QSZW6JM3M7B",
                            "private_zone_name": "admin.imma.io",
                            "private_zone_servers.#": "4",
                            "private_zone_servers.0": "ns-0.awsdns-00.com.",
                            "private_zone_servers.1": "ns-1024.awsdns-00.org.",
                            "private_zone_servers.2": "ns-1536.awsdns-00.co.uk.",
                            "private_zone_servers.3": "ns-512.awsdns-00.net.",
                            "s3_remote_state": "imma-io-remote-state",
                            "sg_efs": "sg-bd8f83c7",
                            "sg_env": "sg-c38f83b9",
                            "sg_env_lb": "sg-c18f83bb",
                            "sg_env_lb_private": "sg-bf8f83c5",
                            "sg_env_lb_public": "sg-c28f83b8",
                            "sg_env_private": "sg-c08f83ba",
                            "sg_env_public": "sg-c68f83bc",
                            "vpc_id": "vpc-51727436"
                        },
                        "meta": {},
                        "tainted": false
                    },
                    "deposed": [],
                    "provider": ""
                },
                "data.terraform_remote_state.global": {
                    "type": "terraform_remote_state",
                    "depends_on": [],
                    "primary": {
                        "id": "2016-10-21 05:30:42.62102941 +0000 UTC",
                        "attributes": {
                            "aws_account_id": "548373030883",
                            "backend": "local",
                            "config.%": "1",
                            "config.path": "../../env/global/.terraform/terraform.tfstate",
                            "domain_name": "imma.io",
                            "env_cidr.%": "4",
                            "env_cidr._docker": "172.17.0.0/16",
                            "env_cidr.admin": "172.19.0.0/16",
                            "env_cidr.dev": "172.20.0.0/16",
                            "env_cidr.sandbox": "172.16.0.0/16",
                            "id": "2016-10-21 05:30:42.62102941 +0000 UTC",
                            "public_network.%": "9",
                            "public_network.aptly": "0",
                            "public_network.bastion": "0",
                            "public_network.blocks": "0",
                            "public_network.dns": "0",
                            "public_network.irssi": "0",
                            "public_network.nexus": "0",
                            "public_network.ntp": "0",
                            "public_network.openvpn": "0",
                            "public_network.packer": "0",
                            "s3_remote_state": "imma-io-remote-state",
                            "service_nets.%": "10",
                            "service_nets.aptly.#": "4",
                            "service_nets.aptly.0": "111",
                            "service_nets.aptly.1": "112",
                            "service_nets.aptly.2": "113",
                            "service_nets.aptly.3": "1002",
                            "service_nets.bastion.#": "4",
                            "service_nets.bastion.0": "102",
                            "service_nets.bastion.1": "103",
                            "service_nets.bastion.2": "104",
                            "service_nets.bastion.3": "1001",
                            "service_nets.blocks.#": "4",
                            "service_nets.blocks.0": "123",
                            "service_nets.blocks.1": "124",
                            "service_nets.blocks.2": "125",
                            "service_nets.blocks.3": "1008",
                            "service_nets.dns.#": "4",
                            "service_nets.dns.0": "117",
                            "service_nets.dns.1": "118",
                            "service_nets.dns.2": "119",
                            "service_nets.dns.3": "1004",
                            "service_nets.irssi.#": "4",
                            "service_nets.irssi.0": "105",
                            "service_nets.irssi.1": "106",
                            "service_nets.irssi.2": "107",
                            "service_nets.irssi.3": "1006",
                            "service_nets.meh.#": "3",
                            "service_nets.meh.0": "96",
                            "service_nets.meh.1": "97",
                            "service_nets.meh.2": "98",
                            "service_nets.nexus.#": "4",
                            "service_nets.nexus.0": "114",
                            "service_nets.nexus.1": "115",
                            "service_nets.nexus.2": "116",
                            "service_nets.nexus.3": "1003",
                            "service_nets.ntp.#": "4",
                            "service_nets.ntp.0": "120",
                            "service_nets.ntp.1": "121",
                            "service_nets.ntp.2": "122",
                            "service_nets.ntp.3": "1005",
                            "service_nets.openvpn.#": "4",
                            "service_nets.openvpn.0": "99",
                            "service_nets.openvpn.1": "100",
                            "service_nets.openvpn.2": "101",
                            "service_nets.openvpn.3": "1000",
                            "service_nets.packer.#": "4",
                            "service_nets.packer.0": "108",
                            "service_nets.packer.1": "109",
                            "service_nets.packer.2": "110",
                            "service_nets.packer.3": "1007",
                            "sys_nets.%": "4",
                            "sys_nets.common.#": "4",
                            "sys_nets.common.0": "2",
                            "sys_nets.common.1": "3",
                            "sys_nets.common.2": "4",
                            "sys_nets.common.3": "5",
                            "sys_nets.feh.#": "10",
                            "sys_nets.feh.0": "0",
                            "sys_nets.feh.1": "1",
                            "sys_nets.feh.2": "2",
                            "sys_nets.feh.3": "3",
                            "sys_nets.feh.4": "4",
                            "sys_nets.feh.5": "5",
                            "sys_nets.feh.6": "6",
                            "sys_nets.feh.7": "7",
                            "sys_nets.feh.8": "8",
                            "sys_nets.feh.9": "9",
                            "sys_nets.meh.#": "3",
                            "sys_nets.meh.0": "0",
                            "sys_nets.meh.1": "1",
                            "sys_nets.meh.2": "6",
                            "sys_nets.nat.#": "4",
                            "sys_nets.nat.0": "10",
                            "sys_nets.nat.1": "11",
                            "sys_nets.nat.2": "12",
                            "sys_nets.nat.3": "13"
                        },
                        "meta": {},
                        "tainted": false
                    },
                    "deposed": [],
                    "provider": ""
                }
            },
            "depends_on": []
        },
        {
            "path": [
                "root",
                "app"
            ],
            "outputs": {
                "app_sg": {
                    "sensitive": false,
                    "type": "string",
                    "value": "sg-f5878b8f"
                },
                "s3_remote_state": {
                    "sensitive": false,
                    "type": "string",
                    "value": "imma-io-remote-state"
                }
            },
            "resources": {
                "aws_iam_group.app": {
                    "type": "aws_iam_group",
                    "depends_on": [
                        "data.terraform_remote_state.env"
                    ],
                    "primary": {
                        "id": "admin-cache",
                        "attributes": {
                            "arn": "arn:aws:iam::548373030883:group/admin-cache",
                            "id": "admin-cache",
                            "name": "admin-cache",
                            "path": "/",
                            "unique_id": "AGPAJBWKVM2X5DYEPN35O"
                        },
                        "meta": {},
                        "tainted": false
                    },
                    "deposed": [],
                    "provider": ""
                },
                "aws_iam_role.app": {
                    "type": "aws_iam_role",
                    "depends_on": [
                        "data.terraform_remote_state.env"
                    ],
                    "primary": {
                        "id": "admin-cache",
                        "attributes": {
                            "arn": "arn:aws:iam::548373030883:role/admin-cache",
                            "assume_role_policy": "{\n  \"Version\": \"2012-10-17\",\n  \"Statement\": [\n    {\n      \"Action\": \"sts:AssumeRole\",\n      \"Principal\": {\n        \"Service\": \"ec2.amazonaws.com\"\n      },\n      \"Effect\": \"Allow\"\n    }\n  ]\n}\n",
                            "id": "admin-cache",
                            "name": "admin-cache",
                            "path": "/",
                            "unique_id": "AROAJD3U6Q5D6LSG2MMDI"
                        },
                        "meta": {},
                        "tainted": false
                    },
                    "deposed": [],
                    "provider": ""
                },
                "aws_security_group.app": {
                    "type": "aws_security_group",
                    "depends_on": [
                        "data.terraform_remote_state.env",
                        "data.terraform_remote_state.env"
                    ],
                    "primary": {
                        "id": "sg-f5878b8f",
                        "attributes": {
                            "description": "Application cache",
                            "egress.#": "0",
                            "id": "sg-f5878b8f",
                            "ingress.#": "0",
                            "name": "admin-cache",
                            "owner_id": "548373030883",
                            "tags.%": "3",
                            "tags.Env": "admin",
                            "tags.ManagedBy": "terraform",
                            "tags.Name": "admin-cache",
                            "vpc_id": "vpc-51727436"
                        },
                        "meta": {},
                        "tainted": false
                    },
                    "deposed": [],
                    "provider": ""
                },
                "data.terraform_remote_state.env": {
                    "type": "terraform_remote_state",
                    "depends_on": [],
                    "primary": {
                        "id": "2016-10-21 05:30:42.645786357 +0000 UTC",
                        "attributes": {
                            "aws_region": "us-east-1",
                            "backend": "local",
                            "config.%": "1",
                            "config.path": "../../env/admin/.terraform/terraform.tfstate",
                            "env_name": "admin",
                            "id": "2016-10-21 05:30:42.645786357 +0000 UTC",
                            "igw_id": "igw-88c50fef",
                            "nat_gateways.#": "1",
                            "nat_gateways.0": "nat-01e5dd3b88d455637",
                            "private_zone_id": "Z27QSZW6JM3M7B",
                            "private_zone_name": "admin.imma.io",
                            "private_zone_servers.#": "4",
                            "private_zone_servers.0": "ns-0.awsdns-00.com.",
                            "private_zone_servers.1": "ns-1024.awsdns-00.org.",
                            "private_zone_servers.2": "ns-1536.awsdns-00.co.uk.",
                            "private_zone_servers.3": "ns-512.awsdns-00.net.",
                            "s3_remote_state": "imma-io-remote-state",
                            "sg_efs": "sg-bd8f83c7",
                            "sg_env": "sg-c38f83b9",
                            "sg_env_lb": "sg-c18f83bb",
                            "sg_env_lb_private": "sg-bf8f83c5",
                            "sg_env_lb_public": "sg-c28f83b8",
                            "sg_env_private": "sg-c08f83ba",
                            "sg_env_public": "sg-c68f83bc",
                            "vpc_id": "vpc-51727436"
                        },
                        "meta": {},
                        "tainted": false
                    },
                    "deposed": [],
                    "provider": ""
                },
                "data.terraform_remote_state.global": {
                    "type": "terraform_remote_state",
                    "depends_on": [],
                    "primary": {
                        "id": "2016-10-21 05:30:42.625734214 +0000 UTC",
                        "attributes": {
                            "aws_account_id": "548373030883",
                            "backend": "local",
                            "config.%": "1",
                            "config.path": "../../env/global/.terraform/terraform.tfstate",
                            "domain_name": "imma.io",
                            "env_cidr.%": "4",
                            "env_cidr._docker": "172.17.0.0/16",
                            "env_cidr.admin": "172.19.0.0/16",
                            "env_cidr.dev": "172.20.0.0/16",
                            "env_cidr.sandbox": "172.16.0.0/16",
                            "id": "2016-10-21 05:30:42.625734214 +0000 UTC",
                            "public_network.%": "9",
                            "public_network.aptly": "0",
                            "public_network.bastion": "0",
                            "public_network.blocks": "0",
                            "public_network.dns": "0",
                            "public_network.irssi": "0",
                            "public_network.nexus": "0",
                            "public_network.ntp": "0",
                            "public_network.openvpn": "0",
                            "public_network.packer": "0",
                            "s3_remote_state": "imma-io-remote-state",
                            "service_nets.%": "10",
                            "service_nets.aptly.#": "4",
                            "service_nets.aptly.0": "111",
                            "service_nets.aptly.1": "112",
                            "service_nets.aptly.2": "113",
                            "service_nets.aptly.3": "1002",
                            "service_nets.bastion.#": "4",
                            "service_nets.bastion.0": "102",
                            "service_nets.bastion.1": "103",
                            "service_nets.bastion.2": "104",
                            "service_nets.bastion.3": "1001",
                            "service_nets.blocks.#": "4",
                            "service_nets.blocks.0": "123",
                            "service_nets.blocks.1": "124",
                            "service_nets.blocks.2": "125",
                            "service_nets.blocks.3": "1008",
                            "service_nets.dns.#": "4",
                            "service_nets.dns.0": "117",
                            "service_nets.dns.1": "118",
                            "service_nets.dns.2": "119",
                            "service_nets.dns.3": "1004",
                            "service_nets.irssi.#": "4",
                            "service_nets.irssi.0": "105",
                            "service_nets.irssi.1": "106",
                            "service_nets.irssi.2": "107",
                            "service_nets.irssi.3": "1006",
                            "service_nets.meh.#": "3",
                            "service_nets.meh.0": "96",
                            "service_nets.meh.1": "97",
                            "service_nets.meh.2": "98",
                            "service_nets.nexus.#": "4",
                            "service_nets.nexus.0": "114",
                            "service_nets.nexus.1": "115",
                            "service_nets.nexus.2": "116",
                            "service_nets.nexus.3": "1003",
                            "service_nets.ntp.#": "4",
                            "service_nets.ntp.0": "120",
                            "service_nets.ntp.1": "121",
                            "service_nets.ntp.2": "122",
                            "service_nets.ntp.3": "1005",
                            "service_nets.openvpn.#": "4",
                            "service_nets.openvpn.0": "99",
                            "service_nets.openvpn.1": "100",
                            "service_nets.openvpn.2": "101",
                            "service_nets.openvpn.3": "1000",
                            "service_nets.packer.#": "4",
                            "service_nets.packer.0": "108",
                            "service_nets.packer.1": "109",
                            "service_nets.packer.2": "110",
                            "service_nets.packer.3": "1007",
                            "sys_nets.%": "4",
                            "sys_nets.common.#": "4",
                            "sys_nets.common.0": "2",
                            "sys_nets.common.1": "3",
                            "sys_nets.common.2": "4",
                            "sys_nets.common.3": "5",
                            "sys_nets.feh.#": "10",
                            "sys_nets.feh.0": "0",
                            "sys_nets.feh.1": "1",
                            "sys_nets.feh.2": "2",
                            "sys_nets.feh.3": "3",
                            "sys_nets.feh.4": "4",
                            "sys_nets.feh.5": "5",
                            "sys_nets.feh.6": "6",
                            "sys_nets.feh.7": "7",
                            "sys_nets.feh.8": "8",
                            "sys_nets.feh.9": "9",
                            "sys_nets.meh.#": "3",
                            "sys_nets.meh.0": "0",
                            "sys_nets.meh.1": "1",
                            "sys_nets.meh.2": "6",
                            "sys_nets.nat.#": "4",
                            "sys_nets.nat.0": "10",
                            "sys_nets.nat.1": "11",
                            "sys_nets.nat.2": "12",
                            "sys_nets.nat.3": "13"
                        },
                        "meta": {},
                        "tainted": false
                    },
                    "deposed": [],
                    "provider": ""
                }
            },
            "depends_on": []
        },
        {
            "path": [
                "root",
                "aptly"
            ],
            "outputs": {
                "service_sg": {
                    "sensitive": false,
                    "type": "string",
                    "value": "sg-f6878b8c"
                }
            },
            "resources": {
                "aws_autoscaling_group.service.0": {
                    "type": "aws_autoscaling_group",
                    "depends_on": [
                        "aws_launch_configuration.service",
                        "aws_subnet.service",
                        "data.terraform_remote_state.env"
                    ],
                    "primary": {
                        "id": "admin-cache-aptly-blue",
                        "attributes": {
                            "arn": "arn:aws:autoscaling:us-east-1:548373030883:autoScalingGroup:fa35a0b9-ef14-41fb-bd6a-b850b373282b:autoScalingGroupName/admin-cache-aptly-blue",
                            "availability_zones.#": "4",
                            "availability_zones.1305112097": "us-east-1b",
                            "availability_zones.3551460226": "us-east-1e",
                            "availability_zones.3569565595": "us-east-1a",
                            "availability_zones.986537655": "us-east-1c",
                            "default_cooldown": "300",
                            "desired_capacity": "0",
                            "force_delete": "false",
                            "health_check_grace_period": "300",
                            "health_check_type": "EC2",
                            "id": "admin-cache-aptly-blue",
                            "launch_configuration": "admin-cache-aptly-blue-20161016101928490575687m22",
                            "load_balancers.#": "0",
                            "max_size": "5",
                            "metrics_granularity": "1Minute",
                            "min_size": "0",
                            "name": "admin-cache-aptly-blue",
                            "placement_group": "",
                            "protect_from_scale_in": "false",
                            "tag.#": "4",
                            "tag.1133649187.key": "App",
                            "tag.1133649187.propagate_at_launch": "true",
                            "tag.1133649187.value": "cache",
                            "tag.1530362993.key": "ManagedBy",
                            "tag.1530362993.propagate_at_launch": "true",
                            "tag.1530362993.value": "asg cache-aptly-blue",
                            "tag.2080912130.key": "Env",
                            "tag.2080912130.propagate_at_launch": "true",
                            "tag.2080912130.value": "admin",
                            "tag.3652383146.key": "Name",
                            "tag.3652383146.propagate_at_launch": "true",
                            "tag.3652383146.value": "admin-cache-aptly-blue",
                            "target_group_arns.#": "0",
                            "termination_policies.#": "1",
                            "termination_policies.0": "OldestInstance",
                            "vpc_zone_identifier.#": "4",
                            "vpc_zone_identifier.1356052319": "subnet-e528e6be",
                            "vpc_zone_identifier.4288076392": "subnet-0565df4c",
                            "vpc_zone_identifier.437503087": "subnet-6f679f53",
                            "vpc_zone_identifier.548549749": "subnet-c763a8ea",
                            "wait_for_capacity_timeout": "10m"
                        },
                        "meta": {},
                        "tainted": false
                    },
                    "deposed": [],
                    "provider": ""
                },
                "aws_autoscaling_group.service.1": {
                    "type": "aws_autoscaling_group",
                    "depends_on": [
                        "aws_launch_configuration.service",
                        "aws_subnet.service",
                        "data.terraform_remote_state.env"
                    ],
                    "primary": {
                        "id": "admin-cache-aptly-green",
                        "attributes": {
                            "arn": "arn:aws:autoscaling:us-east-1:548373030883:autoScalingGroup:b6b31fa9-e7e4-4906-9e86-c762e4fd6b27:autoScalingGroupName/admin-cache-aptly-green",
                            "availability_zones.#": "4",
                            "availability_zones.1305112097": "us-east-1b",
                            "availability_zones.3551460226": "us-east-1e",
                            "availability_zones.3569565595": "us-east-1a",
                            "availability_zones.986537655": "us-east-1c",
                            "default_cooldown": "300",
                            "desired_capacity": "0",
                            "force_delete": "false",
                            "health_check_grace_period": "300",
                            "health_check_type": "EC2",
                            "id": "admin-cache-aptly-green",
                            "launch_configuration": "admin-cache-aptly-green-20161016101928825290662mvf",
                            "load_balancers.#": "0",
                            "max_size": "5",
                            "metrics_granularity": "1Minute",
                            "min_size": "0",
                            "name": "admin-cache-aptly-green",
                            "placement_group": "",
                            "protect_from_scale_in": "false",
                            "tag.#": "4",
                            "tag.1007093753.key": "ManagedBy",
                            "tag.1007093753.propagate_at_launch": "true",
                            "tag.1007093753.value": "asg cache-aptly-green",
                            "tag.1133649187.key": "App",
                            "tag.1133649187.propagate_at_launch": "true",
                            "tag.1133649187.value": "cache",
                            "tag.2080912130.key": "Env",
                            "tag.2080912130.propagate_at_launch": "true",
                            "tag.2080912130.value": "admin",
                            "tag.763660584.key": "Name",
                            "tag.763660584.propagate_at_launch": "true",
                            "tag.763660584.value": "admin-cache-aptly-green",
                            "target_group_arns.#": "0",
                            "termination_policies.#": "1",
                            "termination_policies.0": "OldestInstance",
                            "vpc_zone_identifier.#": "4",
                            "vpc_zone_identifier.1356052319": "subnet-e528e6be",
                            "vpc_zone_identifier.4288076392": "subnet-0565df4c",
                            "vpc_zone_identifier.437503087": "subnet-6f679f53",
                            "vpc_zone_identifier.548549749": "subnet-c763a8ea",
                            "wait_for_capacity_timeout": "10m"
                        },
                        "meta": {},
                        "tainted": false
                    },
                    "deposed": [],
                    "provider": ""
                },
                "aws_iam_group.service": {
                    "type": "aws_iam_group",
                    "depends_on": [
                        "data.terraform_remote_state.env"
                    ],
                    "primary": {
                        "id": "admin-cache-aptly",
                        "attributes": {
                            "arn": "arn:aws:iam::548373030883:group/admin-cache-aptly",
                            "id": "admin-cache-aptly",
                            "name": "admin-cache-aptly",
                            "path": "/",
                            "unique_id": "AGPAJLFMPJ5WXTG7WX63S"
                        },
                        "meta": {},
                        "tainted": false
                    },
                    "deposed": [],
                    "provider": ""
                },
                "aws_iam_instance_profile.service": {
                    "type": "aws_iam_instance_profile",
                    "depends_on": [
                        "aws_iam_role.service",
                        "data.terraform_remote_state.env"
                    ],
                    "primary": {
                        "id": "admin-cache-aptly",
                        "attributes": {
                            "arn": "arn:aws:iam::548373030883:instance-profile/admin-cache-aptly",
                            "id": "admin-cache-aptly",
                            "name": "admin-cache-aptly",
                            "path": "/",
                            "roles.#": "1",
                            "roles.2980567266": "admin-cache-aptly"
                        },
                        "meta": {},
                        "tainted": false
                    },
                    "deposed": [],
                    "provider": ""
                },
                "aws_iam_role.service": {
                    "type": "aws_iam_role",
                    "depends_on": [
                        "data.terraform_remote_state.env"
                    ],
                    "primary": {
                        "id": "admin-cache-aptly",
                        "attributes": {
                            "arn": "arn:aws:iam::548373030883:role/admin-cache-aptly",
                            "assume_role_policy": "{\n  \"Version\": \"2012-10-17\",\n  \"Statement\": [\n    {\n      \"Action\": \"sts:AssumeRole\",\n      \"Principal\": { \n        \"Service\": \"ec2.amazonaws.com\"\n      },\n      \"Effect\": \"Allow\"\n    }\n  ]\n}\n",
                            "id": "admin-cache-aptly",
                            "name": "admin-cache-aptly",
                            "path": "/",
                            "unique_id": "AROAJ3VQ6SAFYDUKW23NO"
                        },
                        "meta": {},
                        "tainted": false
                    },
                    "deposed": [],
                    "provider": ""
                },
                "aws_key_pair.service": {
                    "type": "aws_key_pair",
                    "depends_on": [
                        "data.template_file.key_pair_service"
                    ],
                    "primary": {
                        "id": "admin-cache-aptly",
                        "attributes": {
                            "fingerprint": "7e:31:77:1b:39:9d:7e:9d:2e:cc:02:90:56:d3:25:19",
                            "id": "admin-cache-aptly",
                            "key_name": "admin-cache-aptly",
                            "public_key": "ssh-rsa AAAAB3NzaC1yc2EAAAADAQABAAABAQCRskgy/FrRS6fWYRKPSXqYdaXUUoLwi+bdUFPTK0L99WAP438yWQtVE4EpSBkTWrWfK0xftFR4zC/xdC+84qzfVtkqEXtAw9sbC9RdMKEZX7PcMZx+Bl3J2bwbowg8+LmI0NFCNITB1jvMdKcK4HffEhT9QPlM06U0sIayHBR1cdiiMhocv0nkmLuaULNo+S/FRNR7pgYamtCkjol3yxbEDo54536+eA0BWjXbEiqEPiti/Q6QI+rBMdbz3oglphd1wi8bM2KN486lQaU/pTENZiFYRhk2kSt11zxYzJ9Wsj80lrcw1HxSj5q27wzo4y4UBaTl0Qq9+kxUSsoH70Fz app-demo/sandbox"
                        },
                        "meta": {
                            "schema_version": "1"
                        },
                        "tainted": false
                    },
                    "deposed": [],
                    "provider": ""
                },
                "aws_launch_configuration.service.0": {
                    "type": "aws_launch_configuration",
                    "depends_on": [
                        "aws_key_pair.service",
                        "aws_security_group.service",
                        "data.aws_ami.service",
                        "data.template_file.user_data_service",
                        "data.terraform_remote_state.env",
                        "data.terraform_remote_state.env",
                        "data.terraform_remote_state.env",
                        "data.terraform_remote_state.env"
                    ],
                    "primary": {
                        "id": "admin-cache-aptly-blue-20161016101928490575687m22",
                        "attributes": {
                            "associate_public_ip_address": "false",
                            "ebs_block_device.#": "0",
                            "ebs_optimized": "false",
                            "enable_monitoring": "true",
                            "ephemeral_block_device.#": "4",
                            "ephemeral_block_device.1341606603.device_name": "/dev/sde",
                            "ephemeral_block_device.1341606603.virtual_name": "ephemeral3",
                            "ephemeral_block_device.2340069903.device_name": "/dev/sdd",
                            "ephemeral_block_device.2340069903.virtual_name": "ephemeral2",
                            "ephemeral_block_device.3710187412.device_name": "/dev/sdc",
                            "ephemeral_block_device.3710187412.virtual_name": "ephemeral1",
                            "ephemeral_block_device.430514000.device_name": "/dev/sdb",
                            "ephemeral_block_device.430514000.virtual_name": "ephemeral0",
                            "iam_instance_profile": "admin-cache-aptly",
                            "id": "admin-cache-aptly-blue-20161016101928490575687m22",
                            "image_id": "ami-fd6e3bea",
                            "instance_type": "t2.nano",
                            "key_name": "admin-cache-aptly",
                            "name": "admin-cache-aptly-blue-20161016101928490575687m22",
                            "name_prefix": "admin-cache-aptly-blue-",
                            "root_block_device.#": "1",
                            "root_block_device.0.delete_on_termination": "true",
                            "root_block_device.0.iops": "0",
                            "root_block_device.0.volume_size": "20",
                            "root_block_device.0.volume_type": "gp2",
                            "security_groups.#": "4",
                            "security_groups.1846209267": "sg-c38f83b9",
                            "security_groups.2528611050": "sg-f5878b8f",
                            "security_groups.3610600696": "sg-f6878b8c",
                            "security_groups.978463144": "sg-c08f83ba",
                            "spot_price": "",
                            "user_data": "5f5185f50888a34fff1bacb9d06d83b912718d76",
                            "vpc_classic_link_id": "",
                            "vpc_classic_link_security_groups.#": "0"
                        },
                        "meta": {},
                        "tainted": false
                    },
                    "deposed": [],
                    "provider": ""
                },
                "aws_launch_configuration.service.1": {
                    "type": "aws_launch_configuration",
                    "depends_on": [
                        "aws_key_pair.service",
                        "aws_security_group.service",
                        "data.aws_ami.service",
                        "data.template_file.user_data_service",
                        "data.terraform_remote_state.env",
                        "data.terraform_remote_state.env",
                        "data.terraform_remote_state.env",
                        "data.terraform_remote_state.env"
                    ],
                    "primary": {
                        "id": "admin-cache-aptly-green-20161016101928825290662mvf",
                        "attributes": {
                            "associate_public_ip_address": "false",
                            "ebs_block_device.#": "0",
                            "ebs_optimized": "false",
                            "enable_monitoring": "true",
                            "ephemeral_block_device.#": "4",
                            "ephemeral_block_device.1341606603.device_name": "/dev/sde",
                            "ephemeral_block_device.1341606603.virtual_name": "ephemeral3",
                            "ephemeral_block_device.2340069903.device_name": "/dev/sdd",
                            "ephemeral_block_device.2340069903.virtual_name": "ephemeral2",
                            "ephemeral_block_device.3710187412.device_name": "/dev/sdc",
                            "ephemeral_block_device.3710187412.virtual_name": "ephemeral1",
                            "ephemeral_block_device.430514000.device_name": "/dev/sdb",
                            "ephemeral_block_device.430514000.virtual_name": "ephemeral0",
                            "iam_instance_profile": "admin-cache-aptly",
                            "id": "admin-cache-aptly-green-20161016101928825290662mvf",
                            "image_id": "ami-fd6e3bea",
                            "instance_type": "t2.nano",
                            "key_name": "admin-cache-aptly",
                            "name": "admin-cache-aptly-green-20161016101928825290662mvf",
                            "name_prefix": "admin-cache-aptly-green-",
                            "root_block_device.#": "1",
                            "root_block_device.0.delete_on_termination": "true",
                            "root_block_device.0.iops": "0",
                            "root_block_device.0.volume_size": "20",
                            "root_block_device.0.volume_type": "gp2",
                            "security_groups.#": "4",
                            "security_groups.1846209267": "sg-c38f83b9",
                            "security_groups.2528611050": "sg-f5878b8f",
                            "security_groups.3610600696": "sg-f6878b8c",
                            "security_groups.978463144": "sg-c08f83ba",
                            "spot_price": "",
                            "user_data": "5f5185f50888a34fff1bacb9d06d83b912718d76",
                            "vpc_classic_link_id": "",
                            "vpc_classic_link_security_groups.#": "0"
                        },
                        "meta": {},
                        "tainted": false
                    },
                    "deposed": [],
                    "provider": ""
                },
                "aws_route.service.0": {
                    "type": "aws_route",
                    "depends_on": [
                        "aws_route_table.service",
                        "data.terraform_remote_state.env"
                    ],
                    "primary": {
                        "id": "r-rtb-8cf391ea1080289494",
                        "attributes": {
                            "destination_cidr_block": "0.0.0.0/0",
                            "destination_prefix_list_id": "",
                            "gateway_id": "",
                            "id": "r-rtb-8cf391ea1080289494",
                            "instance_id": "",
                            "instance_owner_id": "",
                            "nat_gateway_id": "nat-01e5dd3b88d455637",
                            "network_interface_id": "",
                            "origin": "CreateRoute",
                            "route_table_id": "rtb-8cf391ea",
                            "state": "active",
                            "vpc_peering_connection_id": ""
                        },
                        "meta": {},
                        "tainted": false
                    },
                    "deposed": [],
                    "provider": ""
                },
                "aws_route.service.1": {
                    "type": "aws_route",
                    "depends_on": [
                        "aws_route_table.service",
                        "data.terraform_remote_state.env"
                    ],
                    "primary": {
                        "id": "r-rtb-8df391eb1080289494",
                        "attributes": {
                            "destination_cidr_block": "0.0.0.0/0",
                            "destination_prefix_list_id": "",
                            "gateway_id": "",
                            "id": "r-rtb-8df391eb1080289494",
                            "instance_id": "",
                            "instance_owner_id": "",
                            "nat_gateway_id": "nat-01e5dd3b88d455637",
                            "network_interface_id": "",
                            "origin": "CreateRoute",
                            "route_table_id": "rtb-8df391eb",
                            "state": "blackhole",
                            "vpc_peering_connection_id": ""
                        },
                        "meta": {},
                        "tainted": false
                    },
                    "deposed": [],
                    "provider": ""
                },
                "aws_route.service.2": {
                    "type": "aws_route",
                    "depends_on": [
                        "aws_route_table.service",
                        "data.terraform_remote_state.env"
                    ],
                    "primary": {
                        "id": "r-rtb-96f391f01080289494",
                        "attributes": {
                            "destination_cidr_block": "0.0.0.0/0",
                            "destination_prefix_list_id": "",
                            "gateway_id": "",
                            "id": "r-rtb-96f391f01080289494",
                            "instance_id": "",
                            "instance_owner_id": "",
                            "nat_gateway_id": "nat-01e5dd3b88d455637",
                            "network_interface_id": "",
                            "origin": "CreateRoute",
                            "route_table_id": "rtb-96f391f0",
                            "state": "blackhole",
                            "vpc_peering_connection_id": ""
                        },
                        "meta": {},
                        "tainted": false
                    },
                    "deposed": [],
                    "provider": ""
                },
                "aws_route.service.3": {
                    "type": "aws_route",
                    "depends_on": [
                        "aws_route_table.service",
                        "data.terraform_remote_state.env"
                    ],
                    "primary": {
                        "id": "r-rtb-94f391f21080289494",
                        "attributes": {
                            "destination_cidr_block": "0.0.0.0/0",
                            "destination_prefix_list_id": "",
                            "gateway_id": "",
                            "id": "r-rtb-94f391f21080289494",
                            "instance_id": "",
                            "instance_owner_id": "",
                            "nat_gateway_id": "nat-01e5dd3b88d455637",
                            "network_interface_id": "",
                            "origin": "CreateRoute",
                            "route_table_id": "rtb-94f391f2",
                            "state": "blackhole",
                            "vpc_peering_connection_id": ""
                        },
                        "meta": {},
                        "tainted": false
                    },
                    "deposed": [],
                    "provider": ""
                },
                "aws_route_table.service.0": {
                    "type": "aws_route_table",
                    "depends_on": [
                        "data.aws_vpc.current",
                        "data.terraform_remote_state.env"
                    ],
                    "primary": {
                        "id": "rtb-8cf391ea",
                        "attributes": {
                            "id": "rtb-8cf391ea",
                            "propagating_vgws.#": "0",
                            "route.#": "1",
                            "route.2186387970.cidr_block": "0.0.0.0/0",
                            "route.2186387970.gateway_id": "",
                            "route.2186387970.instance_id": "",
                            "route.2186387970.nat_gateway_id": "nat-01e5dd3b88d455637",
                            "route.2186387970.network_interface_id": "",
                            "route.2186387970.vpc_peering_connection_id": "",
                            "tags.%": "5",
                            "tags.App": "cache",
                            "tags.Env": "admin",
                            "tags.ManagedBy": "terraform",
                            "tags.Name": "admin-cache-aptly",
                            "tags.Service": "aptly",
                            "vpc_id": "vpc-51727436"
                        },
                        "meta": {},
                        "tainted": false
                    },
                    "deposed": [],
                    "provider": ""
                },
                "aws_route_table.service.1": {
                    "type": "aws_route_table",
                    "depends_on": [
                        "data.aws_vpc.current",
                        "data.terraform_remote_state.env"
                    ],
                    "primary": {
                        "id": "rtb-8df391eb",
                        "attributes": {
                            "id": "rtb-8df391eb",
                            "propagating_vgws.#": "0",
                            "route.#": "1",
                            "route.3661739184.cidr_block": "0.0.0.0/0",
                            "route.3661739184.gateway_id": "",
                            "route.3661739184.instance_id": "",
                            "route.3661739184.nat_gateway_id": "nat-0ccf81567adbe8ef6",
                            "route.3661739184.network_interface_id": "",
                            "route.3661739184.vpc_peering_connection_id": "",
                            "tags.%": "5",
                            "tags.App": "cache",
                            "tags.Env": "admin",
                            "tags.ManagedBy": "terraform",
                            "tags.Name": "admin-cache-aptly",
                            "tags.Service": "aptly",
                            "vpc_id": "vpc-51727436"
                        },
                        "meta": {},
                        "tainted": false
                    },
                    "deposed": [],
                    "provider": ""
                },
                "aws_route_table.service.2": {
                    "type": "aws_route_table",
                    "depends_on": [
                        "data.aws_vpc.current",
                        "data.terraform_remote_state.env"
                    ],
                    "primary": {
                        "id": "rtb-96f391f0",
                        "attributes": {
                            "id": "rtb-96f391f0",
                            "propagating_vgws.#": "0",
                            "route.#": "1",
                            "route.2282860795.cidr_block": "0.0.0.0/0",
                            "route.2282860795.gateway_id": "",
                            "route.2282860795.instance_id": "",
                            "route.2282860795.nat_gateway_id": "nat-03e762779c62521e1",
                            "route.2282860795.network_interface_id": "",
                            "route.2282860795.vpc_peering_connection_id": "",
                            "tags.%": "5",
                            "tags.App": "cache",
                            "tags.Env": "admin",
                            "tags.ManagedBy": "terraform",
                            "tags.Name": "admin-cache-aptly",
                            "tags.Service": "aptly",
                            "vpc_id": "vpc-51727436"
                        },
                        "meta": {},
                        "tainted": false
                    },
                    "deposed": [],
                    "provider": ""
                },
                "aws_route_table.service.3": {
                    "type": "aws_route_table",
                    "depends_on": [
                        "data.aws_vpc.current",
                        "data.terraform_remote_state.env"
                    ],
                    "primary": {
                        "id": "rtb-94f391f2",
                        "attributes": {
                            "id": "rtb-94f391f2",
                            "propagating_vgws.#": "0",
                            "route.#": "1",
                            "route.1111464476.cidr_block": "0.0.0.0/0",
                            "route.1111464476.gateway_id": "",
                            "route.1111464476.instance_id": "",
                            "route.1111464476.nat_gateway_id": "nat-004a09a41b9bed204",
                            "route.1111464476.network_interface_id": "",
                            "route.1111464476.vpc_peering_connection_id": "",
                            "tags.%": "5",
                            "tags.App": "cache",
                            "tags.Env": "admin",
                            "tags.ManagedBy": "terraform",
                            "tags.Name": "admin-cache-aptly",
                            "tags.Service": "aptly",
                            "vpc_id": "vpc-51727436"
                        },
                        "meta": {},
                        "tainted": false
                    },
                    "deposed": [],
                    "provider": ""
                },
                "aws_route_table_association.service.0": {
                    "type": "aws_route_table_association",
                    "depends_on": [
                        "aws_route_table.service",
                        "aws_subnet.service"
                    ],
                    "primary": {
                        "id": "rtbassoc-e6d2b69f",
                        "attributes": {
                            "id": "rtbassoc-e6d2b69f",
                            "route_table_id": "rtb-8cf391ea",
                            "subnet_id": "subnet-c763a8ea"
                        },
                        "meta": {},
                        "tainted": false
                    },
                    "deposed": [],
                    "provider": ""
                },
                "aws_route_table_association.service.1": {
                    "type": "aws_route_table_association",
                    "depends_on": [
                        "aws_route_table.service",
                        "aws_subnet.service"
                    ],
                    "primary": {
                        "id": "rtbassoc-e7d2b69e",
                        "attributes": {
                            "id": "rtbassoc-e7d2b69e",
                            "route_table_id": "rtb-8df391eb",
                            "subnet_id": "subnet-0565df4c"
                        },
                        "meta": {},
                        "tainted": false
                    },
                    "deposed": [],
                    "provider": ""
                },
                "aws_route_table_association.service.2": {
                    "type": "aws_route_table_association",
                    "depends_on": [
                        "aws_route_table.service",
                        "aws_subnet.service"
                    ],
                    "primary": {
                        "id": "rtbassoc-d9d2b6a0",
                        "attributes": {
                            "id": "rtbassoc-d9d2b6a0",
                            "route_table_id": "rtb-96f391f0",
                            "subnet_id": "subnet-e528e6be"
                        },
                        "meta": {},
                        "tainted": false
                    },
                    "deposed": [],
                    "provider": ""
                },
                "aws_route_table_association.service.3": {
                    "type": "aws_route_table_association",
                    "depends_on": [
                        "aws_route_table.service",
                        "aws_subnet.service"
                    ],
                    "primary": {
                        "id": "rtbassoc-e4d2b69d",
                        "attributes": {
                            "id": "rtbassoc-e4d2b69d",
                            "route_table_id": "rtb-94f391f2",
                            "subnet_id": "subnet-6f679f53"
                        },
                        "meta": {},
                        "tainted": false
                    },
                    "deposed": [],
                    "provider": ""
                },
                "aws_security_group.service": {
                    "type": "aws_security_group",
                    "depends_on": [
                        "data.aws_vpc.current",
                        "data.terraform_remote_state.env"
                    ],
                    "primary": {
                        "id": "sg-f6878b8c",
                        "attributes": {
                            "description": "Service cache-aptly",
                            "egress.#": "0",
                            "id": "sg-f6878b8c",
                            "ingress.#": "0",
                            "name": "admin-cache-aptly",
                            "owner_id": "548373030883",
                            "tags.%": "5",
                            "tags.App": "cache",
                            "tags.Env": "admin",
                            "tags.ManagedBy": "terraform",
                            "tags.Name": "admin-cache-aptly",
                            "tags.Service": "aptly",
                            "vpc_id": "vpc-51727436"
                        },
                        "meta": {},
                        "tainted": false
                    },
                    "deposed": [],
                    "provider": ""
                },
                "aws_subnet.service.0": {
                    "type": "aws_subnet",
                    "depends_on": [
                        "data.aws_availability_zones.azs",
                        "data.aws_vpc.current",
                        "data.aws_vpc.current",
                        "data.terraform_remote_state.env"
                    ],
                    "primary": {
                        "id": "subnet-c763a8ea",
                        "attributes": {
                            "availability_zone": "us-east-1a",
                            "cidr_block": "172.19.6.240/28",
                            "id": "subnet-c763a8ea",
                            "map_public_ip_on_launch": "false",
                            "tags.%": "5",
                            "tags.App": "cache",
                            "tags.Env": "admin",
                            "tags.ManagedBy": "terraform",
                            "tags.Name": "admin-cache-aptly",
                            "tags.Service": "aptly",
                            "vpc_id": "vpc-51727436"
                        },
                        "meta": {},
                        "tainted": false
                    },
                    "deposed": [],
                    "provider": ""
                },
                "aws_subnet.service.1": {
                    "type": "aws_subnet",
                    "depends_on": [
                        "data.aws_availability_zones.azs",
                        "data.aws_vpc.current",
                        "data.aws_vpc.current",
                        "data.terraform_remote_state.env"
                    ],
                    "primary": {
                        "id": "subnet-0565df4c",
                        "attributes": {
                            "availability_zone": "us-east-1b",
                            "cidr_block": "172.19.7.0/28",
                            "id": "subnet-0565df4c",
                            "map_public_ip_on_launch": "false",
                            "tags.%": "5",
                            "tags.App": "cache",
                            "tags.Env": "admin",
                            "tags.ManagedBy": "terraform",
                            "tags.Name": "admin-cache-aptly",
                            "tags.Service": "aptly",
                            "vpc_id": "vpc-51727436"
                        },
                        "meta": {},
                        "tainted": false
                    },
                    "deposed": [],
                    "provider": ""
                },
                "aws_subnet.service.2": {
                    "type": "aws_subnet",
                    "depends_on": [
                        "data.aws_availability_zones.azs",
                        "data.aws_vpc.current",
                        "data.aws_vpc.current",
                        "data.terraform_remote_state.env"
                    ],
                    "primary": {
                        "id": "subnet-e528e6be",
                        "attributes": {
                            "availability_zone": "us-east-1c",
                            "cidr_block": "172.19.7.16/28",
                            "id": "subnet-e528e6be",
                            "map_public_ip_on_launch": "false",
                            "tags.%": "5",
                            "tags.App": "cache",
                            "tags.Env": "admin",
                            "tags.ManagedBy": "terraform",
                            "tags.Name": "admin-cache-aptly",
                            "tags.Service": "aptly",
                            "vpc_id": "vpc-51727436"
                        },
                        "meta": {},
                        "tainted": false
                    },
                    "deposed": [],
                    "provider": ""
                },
                "aws_subnet.service.3": {
                    "type": "aws_subnet",
                    "depends_on": [
                        "data.aws_availability_zones.azs",
                        "data.aws_vpc.current",
                        "data.aws_vpc.current",
                        "data.terraform_remote_state.env"
                    ],
                    "primary": {
                        "id": "subnet-6f679f53",
                        "attributes": {
                            "availability_zone": "us-east-1e",
                            "cidr_block": "172.19.62.160/28",
                            "id": "subnet-6f679f53",
                            "map_public_ip_on_launch": "false",
                            "tags.%": "5",
                            "tags.App": "cache",
                            "tags.Env": "admin",
                            "tags.ManagedBy": "terraform",
                            "tags.Name": "admin-cache-aptly",
                            "tags.Service": "aptly",
                            "vpc_id": "vpc-51727436"
                        },
                        "meta": {},
                        "tainted": false
                    },
                    "deposed": [],
                    "provider": ""
                },
                "data.aws_ami.service": {
                    "type": "aws_ami",
                    "depends_on": [],
                    "primary": {
                        "id": "ami-fd6e3bea",
                        "attributes": {
                            "architecture": "x86_64",
                            "block_device_mappings.#": "3",
                            "block_device_mappings.1634610537.device_name": "/dev/sdb",
                            "block_device_mappings.1634610537.ebs.%": "0",
                            "block_device_mappings.1634610537.no_device": "",
                            "block_device_mappings.1634610537.virtual_name": "ephemeral0",
                            "block_device_mappings.2547816212.device_name": "/dev/sda1",
                            "block_device_mappings.2547816212.ebs.%": "6",
                            "block_device_mappings.2547816212.ebs.delete_on_termination": "true",
                            "block_device_mappings.2547816212.ebs.encrypted": "false",
                            "block_device_mappings.2547816212.ebs.iops": "0",
                            "block_device_mappings.2547816212.ebs.snapshot_id": "snap-248695bf",
                            "block_device_mappings.2547816212.ebs.volume_size": "8",
                            "block_device_mappings.2547816212.ebs.volume_type": "gp2",
                            "block_device_mappings.2547816212.no_device": "",
                            "block_device_mappings.2547816212.virtual_name": "",
                            "block_device_mappings.3850042718.device_name": "/dev/sdc",
                            "block_device_mappings.3850042718.ebs.%": "0",
                            "block_device_mappings.3850042718.no_device": "",
                            "block_device_mappings.3850042718.virtual_name": "ephemeral1",
                            "creation_date": "2016-10-14T01:33:07.000Z",
                            "filter.#": "3",
                            "filter.1585153008.name": "name",
                            "filter.1585153008.values.#": "1",
                            "filter.1585153008.values.0": "ubuntu/images/hvm-ssd/ubuntu-xenial-16.04-amd64-server-*",
                            "filter.1609839683.name": "block-device-mapping.volume-type",
                            "filter.1609839683.values.#": "1",
                            "filter.1609839683.values.0": "gp2",
                            "filter.490168357.name": "virtualization-type",
                            "filter.490168357.values.#": "1",
                            "filter.490168357.values.0": "hvm",
                            "hypervisor": "xen",
                            "id": "ami-fd6e3bea",
                            "image_id": "ami-fd6e3bea",
                            "image_location": "099720109477/ubuntu/images/hvm-ssd/ubuntu-xenial-16.04-amd64-server-20161013",
                            "image_type": "machine",
                            "most_recent": "true",
                            "name": "ubuntu/images/hvm-ssd/ubuntu-xenial-16.04-amd64-server-20161013",
                            "owner_id": "099720109477",
                            "owners.#": "1",
                            "owners.0": "099720109477",
                            "product_codes.#": "0",
                            "public": "true",
                            "root_device_name": "/dev/sda1",
                            "root_device_type": "ebs",
                            "sriov_net_support": "simple",
                            "state": "available",
                            "state_reason.%": "2",
                            "state_reason.code": "UNSET",
                            "state_reason.message": "UNSET",
                            "tags.#": "0",
                            "virtualization_type": "hvm"
                        },
                        "meta": {},
                        "tainted": false
                    },
                    "deposed": [],
                    "provider": ""
                },
                "data.aws_availability_zones.azs": {
                    "type": "aws_availability_zones",
                    "depends_on": [],
                    "primary": {
                        "id": "2016-10-21 05:30:46.141036551 +0000 UTC",
                        "attributes": {
                            "id": "2016-10-21 05:30:46.141036551 +0000 UTC",
                            "names.#": "4",
                            "names.0": "us-east-1a",
                            "names.1": "us-east-1b",
                            "names.2": "us-east-1c",
                            "names.3": "us-east-1e"
                        },
                        "meta": {},
                        "tainted": false
                    },
                    "deposed": [],
                    "provider": ""
                },
                "data.aws_vpc.current": {
                    "type": "aws_vpc",
                    "depends_on": [
                        "data.terraform_remote_state.env"
                    ],
                    "primary": {
                        "id": "vpc-51727436",
                        "attributes": {
                            "cidr_block": "172.19.0.0/16",
                            "default": "false",
                            "dhcp_options_id": "dopt-3b4d775e",
                            "id": "vpc-51727436",
                            "instance_tenancy": "default",
                            "state": "available",
                            "tags.%": "3",
                            "tags.Env": "admin",
                            "tags.ManagedBy": "terraform",
                            "tags.Name": "admin"
                        },
                        "meta": {},
                        "tainted": false
                    },
                    "deposed": [],
                    "provider": ""
                },
                "data.template_file.key_pair_service": {
                    "type": "template_file",
                    "depends_on": [],
                    "primary": {
                        "id": "5035aaff317efe1209b2dede10a40005851c8565fcde8c12512d44c871e78263",
                        "attributes": {
                            "id": "5035aaff317efe1209b2dede10a40005851c8565fcde8c12512d44c871e78263",
                            "rendered": "ssh-rsa AAAAB3NzaC1yc2EAAAADAQABAAABAQCRskgy/FrRS6fWYRKPSXqYdaXUUoLwi+bdUFPTK0L99WAP438yWQtVE4EpSBkTWrWfK0xftFR4zC/xdC+84qzfVtkqEXtAw9sbC9RdMKEZX7PcMZx+Bl3J2bwbowg8+LmI0NFCNITB1jvMdKcK4HffEhT9QPlM06U0sIayHBR1cdiiMhocv0nkmLuaULNo+S/FRNR7pgYamtCkjol3yxbEDo54536+eA0BWjXbEiqEPiti/Q6QI+rBMdbz3oglphd1wi8bM2KN486lQaU/pTENZiFYRhk2kSt11zxYzJ9Wsj80lrcw1HxSj5q27wzo4y4UBaTl0Qq9+kxUSsoH70Fz app-demo/sandbox\n",
                            "template": "ssh-rsa AAAAB3NzaC1yc2EAAAADAQABAAABAQCRskgy/FrRS6fWYRKPSXqYdaXUUoLwi+bdUFPTK0L99WAP438yWQtVE4EpSBkTWrWfK0xftFR4zC/xdC+84qzfVtkqEXtAw9sbC9RdMKEZX7PcMZx+Bl3J2bwbowg8+LmI0NFCNITB1jvMdKcK4HffEhT9QPlM06U0sIayHBR1cdiiMhocv0nkmLuaULNo+S/FRNR7pgYamtCkjol3yxbEDo54536+eA0BWjXbEiqEPiti/Q6QI+rBMdbz3oglphd1wi8bM2KN486lQaU/pTENZiFYRhk2kSt11zxYzJ9Wsj80lrcw1HxSj5q27wzo4y4UBaTl0Qq9+kxUSsoH70Fz app-demo/sandbox\n"
                        },
                        "meta": {},
                        "tainted": false
                    },
                    "deposed": [],
                    "provider": ""
                },
                "data.template_file.user_data_service": {
                    "type": "template_file",
                    "depends_on": [
                        "data.aws_vpc.current",
                        "data.template_file.key_pair_service"
                    ],
                    "primary": {
                        "id": "b5cd76e505c64fa73a83c498dc8d654af0bd2f7a835b4831c56bcbb220901779",
                        "attributes": {
                            "id": "b5cd76e505c64fa73a83c498dc8d654af0bd2f7a835b4831c56bcbb220901779",
                            "rendered": "From nobody Wed Aug 10 18:58:26 2016\nContent-Type: multipart/mixed; boundary=\"===============88888888888888888888888888==\"\nMIME-Version: 1.0\nNumber-Attachments: 1\n\n--===============88888888888888888888888888==\nMIME-Version: 1.0\nContent-Type: text/cloud-config\nContent-Disposition: attachment; filename=\"part-001\"\n\nusers:\n - name: ubuntu\n   shell: /bin/bash\n   sudo: \"ALL=(ALL) NOPASSWD: ALL\"\n   ssh-authorized-keys:\n    - ssh-rsa AAAAB3NzaC1yc2EAAAADAQABAAABAQCRskgy/FrRS6fWYRKPSXqYdaXUUoLwi+bdUFPTK0L99WAP438yWQtVE4EpSBkTWrWfK0xftFR4zC/xdC+84qzfVtkqEXtAw9sbC9RdMKEZX7PcMZx+Bl3J2bwbowg8+LmI0NFCNITB1jvMdKcK4HffEhT9QPlM06U0sIayHBR1cdiiMhocv0nkmLuaULNo+S/FRNR7pgYamtCkjol3yxbEDo54536+eA0BWjXbEiqEPiti/Q6QI+rBMdbz3oglphd1wi8bM2KN486lQaU/pTENZiFYRhk2kSt11zxYzJ9Wsj80lrcw1HxSj5q27wzo4y4UBaTl0Qq9+kxUSsoH70Fz app-demo/sandbox\n\n\nmanage_etc_hosts: true\n\nwrite_files:\n - owner: root:root\n   path: /etc/network/fan\n   permissions: '0644'\n   content: |\n      172.19.0.0/16/16 250.0.0.0/8 --enable --dhcp\n - owner: root:root\n   path: /etc/sysctl.d/99-lxd.conf\n   permissions: '0644'\n   content: |\n      fs.inotify.max_queued_events = 1048576\n      fs.inotify.max_user_instances = 1048576\n      fs.inotify.max_user_watches = 1048576\n      vm.max_map_count = 262144\n      net.core.netdev_max_backlog = 182757\n - owner: root:root\n   path: /etc/security/limits.d/99-lxd.conf\n   permissions: '0644'\n   content: |\n      * soft nofile 1048576\n      * hard nofile 1048576\n      root soft nofile 1048576\n      root hard nofile 1048576\n      * soft memlock unlimited\n      * hard memlock unlimited\n - owner: root:root\n   path: /etc/cloud/cloud.cfg.d/99-disable-network-config.cfg\n   permissions: '0644'\n   content: |\n      network: {config: disabled}\n - owner: root:root\n   path: /etc/network/interfaces.d/50-cloud-init.cfg\n   permissions: '0644'\n   content: |\n      # This file is generated from information provided by\n      # the datasource.  Changes to it will not persist across an instance.\n      # To disable cloud-init's network configuration capabilities, write a file\n      # /etc/cloud/cloud.cfg.d/99-disable-network-config.cfg with the following:\n      # network: {config: disabled}\n      auto lo\n      iface lo inet loopback\n\n      auto eth0\n      iface eth0 inet manual\n          txqueuelen 10000\n\n      auto br0\n      iface br0 inet dhcp\n          txqueuelen 10000\n          bridge-ifaces eth0\n          bridge-ports eth0\n\nlxd:\n  init:\n    network_address: 0.0.0.0\n    network_port: 8443\n    trust_password: ubuntu\n  bridge:\n    mode: existing\n    name: br0\n\npackages:\n - openssh-server\n - aptitude\n - ntp\n - curl\n - unzip\n - git\n - perl\n - ruby\n - language-pack-en\n - nfs-common\n - build-essential\n - dkms\n - lvm2\n - xfsprogs\n - xfsdump\n - bridge-utils\n - thin-provisioning-tools\n - software-properties-common\n - btrfs-tools\n - ubuntu-fan\n - linux-generic\n - ifmetric\n\nruncmd:\n  - \"aptitude purge -y open-iscsi nano mlocate ubuntu-release-upgrader-core update-manager-core\"\n  - \"add-apt-repository -y ppa:ubuntu-lxc/lxd-stable\"\n  - \"aptitude update\"\n  - \"env DEBIAN_FRONTEND=noninteractive aptitude -o Dpkg::Options::=--force-confdef -o Dpkg::Options::=--force-confold install -y lxd lxd-tools criu docker.io\"\n  - \"env DEBIAN_FRONTEND=noninteractive aptitude -o Dpkg::Options::=--force-confdef -o Dpkg::Options::=--force-confold upgrade -y\"\n  - \"usermod -aG lxd ubuntu\"\n  - \"usermod -aG docker ubuntu\"\n  - \"systemctl disable apt-daily.service\"\n  - \"systemctl disable apt-daily.timer\"\n  - \"sleep 30\"\n  - \"reboot\"\n",
                            "template": "From nobody Wed Aug 10 18:58:26 2016\nContent-Type: multipart/mixed; boundary=\"===============88888888888888888888888888==\"\nMIME-Version: 1.0\nNumber-Attachments: 1\n\n--===============88888888888888888888888888==\nMIME-Version: 1.0\nContent-Type: text/cloud-config\nContent-Disposition: attachment; filename=\"part-001\"\n\nusers:\n - name: ubuntu\n   shell: /bin/bash\n   sudo: \"ALL=(ALL) NOPASSWD: ALL\"\n   ssh-authorized-keys:\n    - ${public_key}\n\nmanage_etc_hosts: true\n\nwrite_files:\n - owner: root:root\n   path: /etc/network/fan\n   permissions: '0644'\n   content: |\n      ${vpc_cidr}/16 250.0.0.0/8 --enable --dhcp\n - owner: root:root\n   path: /etc/sysctl.d/99-lxd.conf\n   permissions: '0644'\n   content: |\n      fs.inotify.max_queued_events = 1048576\n      fs.inotify.max_user_instances = 1048576\n      fs.inotify.max_user_watches = 1048576\n      vm.max_map_count = 262144\n      net.core.netdev_max_backlog = 182757\n - owner: root:root\n   path: /etc/security/limits.d/99-lxd.conf\n   permissions: '0644'\n   content: |\n      * soft nofile 1048576\n      * hard nofile 1048576\n      root soft nofile 1048576\n      root hard nofile 1048576\n      * soft memlock unlimited\n      * hard memlock unlimited\n - owner: root:root\n   path: /etc/cloud/cloud.cfg.d/99-disable-network-config.cfg\n   permissions: '0644'\n   content: |\n      network: {config: disabled}\n - owner: root:root\n   path: /etc/network/interfaces.d/50-cloud-init.cfg\n   permissions: '0644'\n   content: |\n      # This file is generated from information provided by\n      # the datasource.  Changes to it will not persist across an instance.\n      # To disable cloud-init's network configuration capabilities, write a file\n      # /etc/cloud/cloud.cfg.d/99-disable-network-config.cfg with the following:\n      # network: {config: disabled}\n      auto lo\n      iface lo inet loopback\n\n      auto eth0\n      iface eth0 inet manual\n          txqueuelen 10000\n\n      auto br0\n      iface br0 inet dhcp\n          txqueuelen 10000\n          bridge-ifaces eth0\n          bridge-ports eth0\n\nlxd:\n  init:\n    network_address: 0.0.0.0\n    network_port: 8443\n    trust_password: ubuntu\n  bridge:\n    mode: existing\n    name: br0\n\npackages:\n - openssh-server\n - aptitude\n - ntp\n - curl\n - unzip\n - git\n - perl\n - ruby\n - language-pack-en\n - nfs-common\n - build-essential\n - dkms\n - lvm2\n - xfsprogs\n - xfsdump\n - bridge-utils\n - thin-provisioning-tools\n - software-properties-common\n - btrfs-tools\n - ubuntu-fan\n - linux-generic\n - ifmetric\n\nruncmd:\n  - \"aptitude purge -y open-iscsi nano mlocate ubuntu-release-upgrader-core update-manager-core\"\n  - \"add-apt-repository -y ppa:ubuntu-lxc/lxd-stable\"\n  - \"aptitude update\"\n  - \"env DEBIAN_FRONTEND=noninteractive aptitude -o Dpkg::Options::=--force-confdef -o Dpkg::Options::=--force-confold install -y lxd lxd-tools criu docker.io\"\n  - \"env DEBIAN_FRONTEND=noninteractive aptitude -o Dpkg::Options::=--force-confdef -o Dpkg::Options::=--force-confold upgrade -y\"\n  - \"usermod -aG lxd ubuntu\"\n  - \"usermod -aG docker ubuntu\"\n  - \"systemctl disable apt-daily.service\"\n  - \"systemctl disable apt-daily.timer\"\n  - \"sleep 30\"\n  - \"reboot\"\n",
                            "vars.%": "2",
                            "vars.public_key": "ssh-rsa AAAAB3NzaC1yc2EAAAADAQABAAABAQCRskgy/FrRS6fWYRKPSXqYdaXUUoLwi+bdUFPTK0L99WAP438yWQtVE4EpSBkTWrWfK0xftFR4zC/xdC+84qzfVtkqEXtAw9sbC9RdMKEZX7PcMZx+Bl3J2bwbowg8+LmI0NFCNITB1jvMdKcK4HffEhT9QPlM06U0sIayHBR1cdiiMhocv0nkmLuaULNo+S/FRNR7pgYamtCkjol3yxbEDo54536+eA0BWjXbEiqEPiti/Q6QI+rBMdbz3oglphd1wi8bM2KN486lQaU/pTENZiFYRhk2kSt11zxYzJ9Wsj80lrcw1HxSj5q27wzo4y4UBaTl0Qq9+kxUSsoH70Fz app-demo/sandbox\n",
                            "vars.vpc_cidr": "172.19.0.0/16"
                        },
                        "meta": {},
                        "tainted": false
                    },
                    "deposed": [],
                    "provider": ""
                },
                "data.terraform_remote_state.env": {
                    "type": "terraform_remote_state",
                    "depends_on": [],
                    "primary": {
                        "id": "2016-10-21 05:30:42.653274256 +0000 UTC",
                        "attributes": {
                            "aws_region": "us-east-1",
                            "backend": "local",
                            "config.%": "1",
                            "config.path": "../../env/admin/.terraform/terraform.tfstate",
                            "env_name": "admin",
                            "id": "2016-10-21 05:30:42.653274256 +0000 UTC",
                            "igw_id": "igw-88c50fef",
                            "nat_gateways.#": "1",
                            "nat_gateways.0": "nat-01e5dd3b88d455637",
                            "private_zone_id": "Z27QSZW6JM3M7B",
                            "private_zone_name": "admin.imma.io",
                            "private_zone_servers.#": "4",
                            "private_zone_servers.0": "ns-0.awsdns-00.com.",
                            "private_zone_servers.1": "ns-1024.awsdns-00.org.",
                            "private_zone_servers.2": "ns-1536.awsdns-00.co.uk.",
                            "private_zone_servers.3": "ns-512.awsdns-00.net.",
                            "s3_remote_state": "imma-io-remote-state",
                            "sg_efs": "sg-bd8f83c7",
                            "sg_env": "sg-c38f83b9",
                            "sg_env_lb": "sg-c18f83bb",
                            "sg_env_lb_private": "sg-bf8f83c5",
                            "sg_env_lb_public": "sg-c28f83b8",
                            "sg_env_private": "sg-c08f83ba",
                            "sg_env_public": "sg-c68f83bc",
                            "vpc_id": "vpc-51727436"
                        },
                        "meta": {},
                        "tainted": false
                    },
                    "deposed": [],
                    "provider": ""
                },
                "data.terraform_remote_state.global": {
                    "type": "terraform_remote_state",
                    "depends_on": [],
                    "primary": {
                        "id": "2016-10-21 05:30:42.62947666 +0000 UTC",
                        "attributes": {
                            "aws_account_id": "548373030883",
                            "backend": "local",
                            "config.%": "1",
                            "config.path": "../../env/global/.terraform/terraform.tfstate",
                            "domain_name": "imma.io",
                            "env_cidr.%": "4",
                            "env_cidr._docker": "172.17.0.0/16",
                            "env_cidr.admin": "172.19.0.0/16",
                            "env_cidr.dev": "172.20.0.0/16",
                            "env_cidr.sandbox": "172.16.0.0/16",
                            "id": "2016-10-21 05:30:42.62947666 +0000 UTC",
                            "public_network.%": "9",
                            "public_network.aptly": "0",
                            "public_network.bastion": "0",
                            "public_network.blocks": "0",
                            "public_network.dns": "0",
                            "public_network.irssi": "0",
                            "public_network.nexus": "0",
                            "public_network.ntp": "0",
                            "public_network.openvpn": "0",
                            "public_network.packer": "0",
                            "s3_remote_state": "imma-io-remote-state",
                            "service_nets.%": "10",
                            "service_nets.aptly.#": "4",
                            "service_nets.aptly.0": "111",
                            "service_nets.aptly.1": "112",
                            "service_nets.aptly.2": "113",
                            "service_nets.aptly.3": "1002",
                            "service_nets.bastion.#": "4",
                            "service_nets.bastion.0": "102",
                            "service_nets.bastion.1": "103",
                            "service_nets.bastion.2": "104",
                            "service_nets.bastion.3": "1001",
                            "service_nets.blocks.#": "4",
                            "service_nets.blocks.0": "123",
                            "service_nets.blocks.1": "124",
                            "service_nets.blocks.2": "125",
                            "service_nets.blocks.3": "1008",
                            "service_nets.dns.#": "4",
                            "service_nets.dns.0": "117",
                            "service_nets.dns.1": "118",
                            "service_nets.dns.2": "119",
                            "service_nets.dns.3": "1004",
                            "service_nets.irssi.#": "4",
                            "service_nets.irssi.0": "105",
                            "service_nets.irssi.1": "106",
                            "service_nets.irssi.2": "107",
                            "service_nets.irssi.3": "1006",
                            "service_nets.meh.#": "3",
                            "service_nets.meh.0": "96",
                            "service_nets.meh.1": "97",
                            "service_nets.meh.2": "98",
                            "service_nets.nexus.#": "4",
                            "service_nets.nexus.0": "114",
                            "service_nets.nexus.1": "115",
                            "service_nets.nexus.2": "116",
                            "service_nets.nexus.3": "1003",
                            "service_nets.ntp.#": "4",
                            "service_nets.ntp.0": "120",
                            "service_nets.ntp.1": "121",
                            "service_nets.ntp.2": "122",
                            "service_nets.ntp.3": "1005",
                            "service_nets.openvpn.#": "4",
                            "service_nets.openvpn.0": "99",
                            "service_nets.openvpn.1": "100",
                            "service_nets.openvpn.2": "101",
                            "service_nets.openvpn.3": "1000",
                            "service_nets.packer.#": "4",
                            "service_nets.packer.0": "108",
                            "service_nets.packer.1": "109",
                            "service_nets.packer.2": "110",
                            "service_nets.packer.3": "1007",
                            "sys_nets.%": "4",
                            "sys_nets.common.#": "4",
                            "sys_nets.common.0": "2",
                            "sys_nets.common.1": "3",
                            "sys_nets.common.2": "4",
                            "sys_nets.common.3": "5",
                            "sys_nets.feh.#": "10",
                            "sys_nets.feh.0": "0",
                            "sys_nets.feh.1": "1",
                            "sys_nets.feh.2": "2",
                            "sys_nets.feh.3": "3",
                            "sys_nets.feh.4": "4",
                            "sys_nets.feh.5": "5",
                            "sys_nets.feh.6": "6",
                            "sys_nets.feh.7": "7",
                            "sys_nets.feh.8": "8",
                            "sys_nets.feh.9": "9",
                            "sys_nets.meh.#": "3",
                            "sys_nets.meh.0": "0",
                            "sys_nets.meh.1": "1",
                            "sys_nets.meh.2": "6",
                            "sys_nets.nat.#": "4",
                            "sys_nets.nat.0": "10",
                            "sys_nets.nat.1": "11",
                            "sys_nets.nat.2": "12",
                            "sys_nets.nat.3": "13"
                        },
                        "meta": {},
                        "tainted": false
                    },
                    "deposed": [],
                    "provider": ""
                }
            },
            "depends_on": []
        },
        {
            "path": [
                "root",
                "dns"
            ],
            "outputs": {
                "service_sg": {
                    "sensitive": false,
                    "type": "string",
                    "value": "sg-e65a509c"
                }
            },
            "resources": {
                "aws_autoscaling_group.service.0": {
                    "type": "aws_autoscaling_group",
                    "depends_on": [
                        "aws_launch_configuration.service",
                        "aws_subnet.service",
                        "data.terraform_remote_state.env"
                    ],
                    "primary": {
                        "id": "admin-cache-dns-blue",
                        "attributes": {
                            "arn": "arn:aws:autoscaling:us-east-1:548373030883:autoScalingGroup:ca46a9d2-1051-4efe-941b-d974dfd58a29:autoScalingGroupName/admin-cache-dns-blue",
                            "availability_zones.#": "4",
                            "availability_zones.1305112097": "us-east-1b",
                            "availability_zones.3551460226": "us-east-1e",
                            "availability_zones.3569565595": "us-east-1a",
                            "availability_zones.986537655": "us-east-1c",
                            "default_cooldown": "300",
                            "desired_capacity": "0",
                            "force_delete": "false",
                            "health_check_grace_period": "300",
                            "health_check_type": "EC2",
                            "id": "admin-cache-dns-blue",
                            "launch_configuration": "admin-cache-dns-blue-20161018023204724063493aew",
                            "load_balancers.#": "0",
                            "max_size": "5",
                            "metrics_granularity": "1Minute",
                            "min_size": "0",
                            "name": "admin-cache-dns-blue",
                            "placement_group": "",
                            "protect_from_scale_in": "false",
                            "tag.#": "4",
                            "tag.1133649187.key": "App",
                            "tag.1133649187.propagate_at_launch": "true",
                            "tag.1133649187.value": "cache",
                            "tag.2080912130.key": "Env",
                            "tag.2080912130.propagate_at_launch": "true",
                            "tag.2080912130.value": "admin",
                            "tag.3064103221.key": "Name",
                            "tag.3064103221.propagate_at_launch": "true",
                            "tag.3064103221.value": "admin-cache-dns-blue",
                            "tag.3350536746.key": "ManagedBy",
                            "tag.3350536746.propagate_at_launch": "true",
                            "tag.3350536746.value": "asg cache-dns-blue",
                            "target_group_arns.#": "0",
                            "termination_policies.#": "1",
                            "termination_policies.0": "OldestInstance",
                            "vpc_zone_identifier.#": "4",
                            "vpc_zone_identifier.1431461005": "subnet-aade16f1",
                            "vpc_zone_identifier.2557955833": "subnet-dc40bbe0",
                            "vpc_zone_identifier.3237208322": "subnet-eea420a7",
                            "vpc_zone_identifier.4098015018": "subnet-a23de88f",
                            "wait_for_capacity_timeout": "10m"
                        },
                        "meta": {},
                        "tainted": false
                    },
                    "deposed": [],
                    "provider": ""
                },
                "aws_autoscaling_group.service.1": {
                    "type": "aws_autoscaling_group",
                    "depends_on": [
                        "aws_launch_configuration.service",
                        "aws_subnet.service",
                        "data.terraform_remote_state.env"
                    ],
                    "primary": {
                        "id": "admin-cache-dns-green",
                        "attributes": {
                            "arn": "arn:aws:autoscaling:us-east-1:548373030883:autoScalingGroup:3569d6bc-2ff2-4952-bc6c-ce2b02bc9093:autoScalingGroupName/admin-cache-dns-green",
                            "availability_zones.#": "4",
                            "availability_zones.1305112097": "us-east-1b",
                            "availability_zones.3551460226": "us-east-1e",
                            "availability_zones.3569565595": "us-east-1a",
                            "availability_zones.986537655": "us-east-1c",
                            "default_cooldown": "300",
                            "desired_capacity": "0",
                            "force_delete": "false",
                            "health_check_grace_period": "300",
                            "health_check_type": "EC2",
                            "id": "admin-cache-dns-green",
                            "launch_configuration": "admin-cache-dns-green-20161018023204732803483wng",
                            "load_balancers.#": "0",
                            "max_size": "5",
                            "metrics_granularity": "1Minute",
                            "min_size": "0",
                            "name": "admin-cache-dns-green",
                            "placement_group": "",
                            "protect_from_scale_in": "false",
                            "tag.#": "4",
                            "tag.1133649187.key": "App",
                            "tag.1133649187.propagate_at_launch": "true",
                            "tag.1133649187.value": "cache",
                            "tag.1297815437.key": "Name",
                            "tag.1297815437.propagate_at_launch": "true",
                            "tag.1297815437.value": "admin-cache-dns-green",
                            "tag.2080912130.key": "Env",
                            "tag.2080912130.propagate_at_launch": "true",
                            "tag.2080912130.value": "admin",
                            "tag.3223457243.key": "ManagedBy",
                            "tag.3223457243.propagate_at_launch": "true",
                            "tag.3223457243.value": "asg cache-dns-green",
                            "target_group_arns.#": "0",
                            "termination_policies.#": "1",
                            "termination_policies.0": "OldestInstance",
                            "vpc_zone_identifier.#": "4",
                            "vpc_zone_identifier.1431461005": "subnet-aade16f1",
                            "vpc_zone_identifier.2557955833": "subnet-dc40bbe0",
                            "vpc_zone_identifier.3237208322": "subnet-eea420a7",
                            "vpc_zone_identifier.4098015018": "subnet-a23de88f",
                            "wait_for_capacity_timeout": "10m"
                        },
                        "meta": {},
                        "tainted": false
                    },
                    "deposed": [],
                    "provider": ""
                },
                "aws_iam_group.service": {
                    "type": "aws_iam_group",
                    "depends_on": [
                        "data.terraform_remote_state.env"
                    ],
                    "primary": {
                        "id": "admin-cache-dns",
                        "attributes": {
                            "arn": "arn:aws:iam::548373030883:group/admin-cache-dns",
                            "id": "admin-cache-dns",
                            "name": "admin-cache-dns",
                            "path": "/",
                            "unique_id": "AGPAJVBMTRCZ2223WVDOG"
                        },
                        "meta": {},
                        "tainted": false
                    },
                    "deposed": [],
                    "provider": ""
                },
                "aws_iam_instance_profile.service": {
                    "type": "aws_iam_instance_profile",
                    "depends_on": [
                        "aws_iam_role.service",
                        "data.terraform_remote_state.env"
                    ],
                    "primary": {
                        "id": "admin-cache-dns",
                        "attributes": {
                            "arn": "arn:aws:iam::548373030883:instance-profile/admin-cache-dns",
                            "id": "admin-cache-dns",
                            "name": "admin-cache-dns",
                            "path": "/",
                            "roles.#": "1",
                            "roles.2754742463": "admin-cache-dns"
                        },
                        "meta": {},
                        "tainted": false
                    },
                    "deposed": [],
                    "provider": ""
                },
                "aws_iam_role.service": {
                    "type": "aws_iam_role",
                    "depends_on": [
                        "data.terraform_remote_state.env"
                    ],
                    "primary": {
                        "id": "admin-cache-dns",
                        "attributes": {
                            "arn": "arn:aws:iam::548373030883:role/admin-cache-dns",
                            "assume_role_policy": "{\n  \"Version\": \"2012-10-17\",\n  \"Statement\": [\n    {\n      \"Action\": \"sts:AssumeRole\",\n      \"Principal\": { \n        \"Service\": \"ec2.amazonaws.com\"\n      },\n      \"Effect\": \"Allow\"\n    }\n  ]\n}\n",
                            "id": "admin-cache-dns",
                            "name": "admin-cache-dns",
                            "path": "/",
                            "unique_id": "AROAIMURVXILCOMRRTKYC"
                        },
                        "meta": {},
                        "tainted": false
                    },
                    "deposed": [],
                    "provider": ""
                },
                "aws_key_pair.service": {
                    "type": "aws_key_pair",
                    "depends_on": [
                        "data.template_file.key_pair_service"
                    ],
                    "primary": {
                        "id": "admin-cache-dns",
                        "attributes": {
                            "fingerprint": "7e:31:77:1b:39:9d:7e:9d:2e:cc:02:90:56:d3:25:19",
                            "id": "admin-cache-dns",
                            "key_name": "admin-cache-dns",
                            "public_key": "ssh-rsa AAAAB3NzaC1yc2EAAAADAQABAAABAQCRskgy/FrRS6fWYRKPSXqYdaXUUoLwi+bdUFPTK0L99WAP438yWQtVE4EpSBkTWrWfK0xftFR4zC/xdC+84qzfVtkqEXtAw9sbC9RdMKEZX7PcMZx+Bl3J2bwbowg8+LmI0NFCNITB1jvMdKcK4HffEhT9QPlM06U0sIayHBR1cdiiMhocv0nkmLuaULNo+S/FRNR7pgYamtCkjol3yxbEDo54536+eA0BWjXbEiqEPiti/Q6QI+rBMdbz3oglphd1wi8bM2KN486lQaU/pTENZiFYRhk2kSt11zxYzJ9Wsj80lrcw1HxSj5q27wzo4y4UBaTl0Qq9+kxUSsoH70Fz app-demo/sandbox"
                        },
                        "meta": {
                            "schema_version": "1"
                        },
                        "tainted": false
                    },
                    "deposed": [],
                    "provider": ""
                },
                "aws_launch_configuration.service.0": {
                    "type": "aws_launch_configuration",
                    "depends_on": [
                        "aws_key_pair.service",
                        "aws_security_group.service",
                        "data.aws_ami.service",
                        "data.template_file.user_data_service",
                        "data.terraform_remote_state.env",
                        "data.terraform_remote_state.env",
                        "data.terraform_remote_state.env",
                        "data.terraform_remote_state.env"
                    ],
                    "primary": {
                        "id": "admin-cache-dns-blue-20161018023204724063493aew",
                        "attributes": {
                            "associate_public_ip_address": "false",
                            "ebs_block_device.#": "0",
                            "ebs_optimized": "false",
                            "enable_monitoring": "true",
                            "ephemeral_block_device.#": "4",
                            "ephemeral_block_device.1341606603.device_name": "/dev/sde",
                            "ephemeral_block_device.1341606603.virtual_name": "ephemeral3",
                            "ephemeral_block_device.2340069903.device_name": "/dev/sdd",
                            "ephemeral_block_device.2340069903.virtual_name": "ephemeral2",
                            "ephemeral_block_device.3710187412.device_name": "/dev/sdc",
                            "ephemeral_block_device.3710187412.virtual_name": "ephemeral1",
                            "ephemeral_block_device.430514000.device_name": "/dev/sdb",
                            "ephemeral_block_device.430514000.virtual_name": "ephemeral0",
                            "iam_instance_profile": "admin-cache-dns",
                            "id": "admin-cache-dns-blue-20161018023204724063493aew",
                            "image_id": "ami-fd6e3bea",
                            "instance_type": "t2.nano",
                            "key_name": "admin-cache-dns",
                            "name": "admin-cache-dns-blue-20161018023204724063493aew",
                            "name_prefix": "admin-cache-dns-blue-",
                            "root_block_device.#": "1",
                            "root_block_device.0.delete_on_termination": "true",
                            "root_block_device.0.iops": "0",
                            "root_block_device.0.volume_size": "20",
                            "root_block_device.0.volume_type": "gp2",
                            "security_groups.#": "4",
                            "security_groups.1846209267": "sg-c38f83b9",
                            "security_groups.2528611050": "sg-f5878b8f",
                            "security_groups.3594410476": "sg-e65a509c",
                            "security_groups.978463144": "sg-c08f83ba",
                            "spot_price": "",
                            "user_data": "5f5185f50888a34fff1bacb9d06d83b912718d76",
                            "vpc_classic_link_id": "",
                            "vpc_classic_link_security_groups.#": "0"
                        },
                        "meta": {},
                        "tainted": false
                    },
                    "deposed": [],
                    "provider": ""
                },
                "aws_launch_configuration.service.1": {
                    "type": "aws_launch_configuration",
                    "depends_on": [
                        "aws_key_pair.service",
                        "aws_security_group.service",
                        "data.aws_ami.service",
                        "data.template_file.user_data_service",
                        "data.terraform_remote_state.env",
                        "data.terraform_remote_state.env",
                        "data.terraform_remote_state.env",
                        "data.terraform_remote_state.env"
                    ],
                    "primary": {
                        "id": "admin-cache-dns-green-20161018023204732803483wng",
                        "attributes": {
                            "associate_public_ip_address": "false",
                            "ebs_block_device.#": "0",
                            "ebs_optimized": "false",
                            "enable_monitoring": "true",
                            "ephemeral_block_device.#": "4",
                            "ephemeral_block_device.1341606603.device_name": "/dev/sde",
                            "ephemeral_block_device.1341606603.virtual_name": "ephemeral3",
                            "ephemeral_block_device.2340069903.device_name": "/dev/sdd",
                            "ephemeral_block_device.2340069903.virtual_name": "ephemeral2",
                            "ephemeral_block_device.3710187412.device_name": "/dev/sdc",
                            "ephemeral_block_device.3710187412.virtual_name": "ephemeral1",
                            "ephemeral_block_device.430514000.device_name": "/dev/sdb",
                            "ephemeral_block_device.430514000.virtual_name": "ephemeral0",
                            "iam_instance_profile": "admin-cache-dns",
                            "id": "admin-cache-dns-green-20161018023204732803483wng",
                            "image_id": "ami-fd6e3bea",
                            "instance_type": "t2.nano",
                            "key_name": "admin-cache-dns",
                            "name": "admin-cache-dns-green-20161018023204732803483wng",
                            "name_prefix": "admin-cache-dns-green-",
                            "root_block_device.#": "1",
                            "root_block_device.0.delete_on_termination": "true",
                            "root_block_device.0.iops": "0",
                            "root_block_device.0.volume_size": "20",
                            "root_block_device.0.volume_type": "gp2",
                            "security_groups.#": "4",
                            "security_groups.1846209267": "sg-c38f83b9",
                            "security_groups.2528611050": "sg-f5878b8f",
                            "security_groups.3594410476": "sg-e65a509c",
                            "security_groups.978463144": "sg-c08f83ba",
                            "spot_price": "",
                            "user_data": "5f5185f50888a34fff1bacb9d06d83b912718d76",
                            "vpc_classic_link_id": "",
                            "vpc_classic_link_security_groups.#": "0"
                        },
                        "meta": {},
                        "tainted": false
                    },
                    "deposed": [],
                    "provider": ""
                },
                "aws_route.service.0": {
                    "type": "aws_route",
                    "depends_on": [
                        "aws_route_table.service",
                        "data.terraform_remote_state.env"
                    ],
                    "primary": {
                        "id": "r-rtb-c04a25a61080289494",
                        "attributes": {
                            "destination_cidr_block": "0.0.0.0/0",
                            "destination_prefix_list_id": "",
                            "gateway_id": "",
                            "id": "r-rtb-c04a25a61080289494",
                            "instance_id": "",
                            "instance_owner_id": "",
                            "nat_gateway_id": "nat-01e5dd3b88d455637",
                            "network_interface_id": "",
                            "origin": "CreateRoute",
                            "route_table_id": "rtb-c04a25a6",
                            "state": "active",
                            "vpc_peering_connection_id": ""
                        },
                        "meta": {},
                        "tainted": false
                    },
                    "deposed": [],
                    "provider": ""
                },
                "aws_route.service.1": {
                    "type": "aws_route",
                    "depends_on": [
                        "aws_route_table.service",
                        "data.terraform_remote_state.env"
                    ],
                    "primary": {
                        "id": "r-rtb-c34a25a51080289494",
                        "attributes": {
                            "destination_cidr_block": "0.0.0.0/0",
                            "destination_prefix_list_id": "",
                            "gateway_id": "",
                            "id": "r-rtb-c34a25a51080289494",
                            "instance_id": "",
                            "instance_owner_id": "",
                            "nat_gateway_id": "nat-01e5dd3b88d455637",
                            "network_interface_id": "",
                            "origin": "CreateRoute",
                            "route_table_id": "rtb-c34a25a5",
                            "state": "blackhole",
                            "vpc_peering_connection_id": ""
                        },
                        "meta": {},
                        "tainted": false
                    },
                    "deposed": [],
                    "provider": ""
                },
                "aws_route.service.2": {
                    "type": "aws_route",
                    "depends_on": [
                        "aws_route_table.service",
                        "data.terraform_remote_state.env"
                    ],
                    "primary": {
                        "id": "r-rtb-c24a25a41080289494",
                        "attributes": {
                            "destination_cidr_block": "0.0.0.0/0",
                            "destination_prefix_list_id": "",
                            "gateway_id": "",
                            "id": "r-rtb-c24a25a41080289494",
                            "instance_id": "",
                            "instance_owner_id": "",
                            "nat_gateway_id": "nat-01e5dd3b88d455637",
                            "network_interface_id": "",
                            "origin": "CreateRoute",
                            "route_table_id": "rtb-c24a25a4",
                            "state": "blackhole",
                            "vpc_peering_connection_id": ""
                        },
                        "meta": {},
                        "tainted": false
                    },
                    "deposed": [],
                    "provider": ""
                },
                "aws_route.service.3": {
                    "type": "aws_route",
                    "depends_on": [
                        "aws_route_table.service",
                        "data.terraform_remote_state.env"
                    ],
                    "primary": {
                        "id": "r-rtb-ce4a25a81080289494",
                        "attributes": {
                            "destination_cidr_block": "0.0.0.0/0",
                            "destination_prefix_list_id": "",
                            "gateway_id": "",
                            "id": "r-rtb-ce4a25a81080289494",
                            "instance_id": "",
                            "instance_owner_id": "",
                            "nat_gateway_id": "nat-01e5dd3b88d455637",
                            "network_interface_id": "",
                            "origin": "CreateRoute",
                            "route_table_id": "rtb-ce4a25a8",
                            "state": "blackhole",
                            "vpc_peering_connection_id": ""
                        },
                        "meta": {},
                        "tainted": false
                    },
                    "deposed": [],
                    "provider": ""
                },
                "aws_route_table.service.0": {
                    "type": "aws_route_table",
                    "depends_on": [
                        "data.aws_vpc.current",
                        "data.terraform_remote_state.env"
                    ],
                    "primary": {
                        "id": "rtb-c04a25a6",
                        "attributes": {
                            "id": "rtb-c04a25a6",
                            "propagating_vgws.#": "0",
                            "route.#": "1",
                            "route.2186387970.cidr_block": "0.0.0.0/0",
                            "route.2186387970.gateway_id": "",
                            "route.2186387970.instance_id": "",
                            "route.2186387970.nat_gateway_id": "nat-01e5dd3b88d455637",
                            "route.2186387970.network_interface_id": "",
                            "route.2186387970.vpc_peering_connection_id": "",
                            "tags.%": "5",
                            "tags.App": "cache",
                            "tags.Env": "admin",
                            "tags.ManagedBy": "terraform",
                            "tags.Name": "admin-cache-dns",
                            "tags.Service": "dns",
                            "vpc_id": "vpc-51727436"
                        },
                        "meta": {},
                        "tainted": false
                    },
                    "deposed": [],
                    "provider": ""
                },
                "aws_route_table.service.1": {
                    "type": "aws_route_table",
                    "depends_on": [
                        "data.aws_vpc.current",
                        "data.terraform_remote_state.env"
                    ],
                    "primary": {
                        "id": "rtb-c34a25a5",
                        "attributes": {
                            "id": "rtb-c34a25a5",
                            "propagating_vgws.#": "0",
                            "route.#": "1",
                            "route.3661739184.cidr_block": "0.0.0.0/0",
                            "route.3661739184.gateway_id": "",
                            "route.3661739184.instance_id": "",
                            "route.3661739184.nat_gateway_id": "nat-0ccf81567adbe8ef6",
                            "route.3661739184.network_interface_id": "",
                            "route.3661739184.vpc_peering_connection_id": "",
                            "tags.%": "5",
                            "tags.App": "cache",
                            "tags.Env": "admin",
                            "tags.ManagedBy": "terraform",
                            "tags.Name": "admin-cache-dns",
                            "tags.Service": "dns",
                            "vpc_id": "vpc-51727436"
                        },
                        "meta": {},
                        "tainted": false
                    },
                    "deposed": [],
                    "provider": ""
                },
                "aws_route_table.service.2": {
                    "type": "aws_route_table",
                    "depends_on": [
                        "data.aws_vpc.current",
                        "data.terraform_remote_state.env"
                    ],
                    "primary": {
                        "id": "rtb-c24a25a4",
                        "attributes": {
                            "id": "rtb-c24a25a4",
                            "propagating_vgws.#": "0",
                            "route.#": "1",
                            "route.2282860795.cidr_block": "0.0.0.0/0",
                            "route.2282860795.gateway_id": "",
                            "route.2282860795.instance_id": "",
                            "route.2282860795.nat_gateway_id": "nat-03e762779c62521e1",
                            "route.2282860795.network_interface_id": "",
                            "route.2282860795.vpc_peering_connection_id": "",
                            "tags.%": "5",
                            "tags.App": "cache",
                            "tags.Env": "admin",
                            "tags.ManagedBy": "terraform",
                            "tags.Name": "admin-cache-dns",
                            "tags.Service": "dns",
                            "vpc_id": "vpc-51727436"
                        },
                        "meta": {},
                        "tainted": false
                    },
                    "deposed": [],
                    "provider": ""
                },
                "aws_route_table.service.3": {
                    "type": "aws_route_table",
                    "depends_on": [
                        "data.aws_vpc.current",
                        "data.terraform_remote_state.env"
                    ],
                    "primary": {
                        "id": "rtb-ce4a25a8",
                        "attributes": {
                            "id": "rtb-ce4a25a8",
                            "propagating_vgws.#": "0",
                            "route.#": "1",
                            "route.1111464476.cidr_block": "0.0.0.0/0",
                            "route.1111464476.gateway_id": "",
                            "route.1111464476.instance_id": "",
                            "route.1111464476.nat_gateway_id": "nat-004a09a41b9bed204",
                            "route.1111464476.network_interface_id": "",
                            "route.1111464476.vpc_peering_connection_id": "",
                            "tags.%": "5",
                            "tags.App": "cache",
                            "tags.Env": "admin",
                            "tags.ManagedBy": "terraform",
                            "tags.Name": "admin-cache-dns",
                            "tags.Service": "dns",
                            "vpc_id": "vpc-51727436"
                        },
                        "meta": {},
                        "tainted": false
                    },
                    "deposed": [],
                    "provider": ""
                },
                "aws_route_table_association.service.0": {
                    "type": "aws_route_table_association",
                    "depends_on": [
                        "aws_route_table.service",
                        "aws_subnet.service"
                    ],
                    "primary": {
                        "id": "rtbassoc-872747fe",
                        "attributes": {
                            "id": "rtbassoc-872747fe",
                            "route_table_id": "rtb-c04a25a6",
                            "subnet_id": "subnet-a23de88f"
                        },
                        "meta": {},
                        "tainted": false
                    },
                    "deposed": [],
                    "provider": ""
                },
                "aws_route_table_association.service.1": {
                    "type": "aws_route_table_association",
                    "depends_on": [
                        "aws_route_table.service",
                        "aws_subnet.service"
                    ],
                    "primary": {
                        "id": "rtbassoc-842747fd",
                        "attributes": {
                            "id": "rtbassoc-842747fd",
                            "route_table_id": "rtb-c34a25a5",
                            "subnet_id": "subnet-eea420a7"
                        },
                        "meta": {},
                        "tainted": false
                    },
                    "deposed": [],
                    "provider": ""
                },
                "aws_route_table_association.service.2": {
                    "type": "aws_route_table_association",
                    "depends_on": [
                        "aws_route_table.service",
                        "aws_subnet.service"
                    ],
                    "primary": {
                        "id": "rtbassoc-862747ff",
                        "attributes": {
                            "id": "rtbassoc-862747ff",
                            "route_table_id": "rtb-c24a25a4",
                            "subnet_id": "subnet-aade16f1"
                        },
                        "meta": {},
                        "tainted": false
                    },
                    "deposed": [],
                    "provider": ""
                },
                "aws_route_table_association.service.3": {
                    "type": "aws_route_table_association",
                    "depends_on": [
                        "aws_route_table.service",
                        "aws_subnet.service"
                    ],
                    "primary": {
                        "id": "rtbassoc-852747fc",
                        "attributes": {
                            "id": "rtbassoc-852747fc",
                            "route_table_id": "rtb-ce4a25a8",
                            "subnet_id": "subnet-dc40bbe0"
                        },
                        "meta": {},
                        "tainted": false
                    },
                    "deposed": [],
                    "provider": ""
                },
                "aws_security_group.service": {
                    "type": "aws_security_group",
                    "depends_on": [
                        "data.aws_vpc.current",
                        "data.terraform_remote_state.env"
                    ],
                    "primary": {
                        "id": "sg-e65a509c",
                        "attributes": {
                            "description": "Service cache-dns",
                            "egress.#": "0",
                            "id": "sg-e65a509c",
                            "ingress.#": "0",
                            "name": "admin-cache-dns",
                            "owner_id": "548373030883",
                            "tags.%": "5",
                            "tags.App": "cache",
                            "tags.Env": "admin",
                            "tags.ManagedBy": "terraform",
                            "tags.Name": "admin-cache-dns",
                            "tags.Service": "dns",
                            "vpc_id": "vpc-51727436"
                        },
                        "meta": {},
                        "tainted": false
                    },
                    "deposed": [],
                    "provider": ""
                },
                "aws_subnet.service.0": {
                    "type": "aws_subnet",
                    "depends_on": [
                        "data.aws_availability_zones.azs",
                        "data.aws_vpc.current",
                        "data.aws_vpc.current",
                        "data.terraform_remote_state.env"
                    ],
                    "primary": {
                        "id": "subnet-a23de88f",
                        "attributes": {
                            "availability_zone": "us-east-1a",
                            "cidr_block": "172.19.7.80/28",
                            "id": "subnet-a23de88f",
                            "map_public_ip_on_launch": "false",
                            "tags.%": "5",
                            "tags.App": "cache",
                            "tags.Env": "admin",
                            "tags.ManagedBy": "terraform",
                            "tags.Name": "admin-cache-dns",
                            "tags.Service": "dns",
                            "vpc_id": "vpc-51727436"
                        },
                        "meta": {},
                        "tainted": false
                    },
                    "deposed": [],
                    "provider": ""
                },
                "aws_subnet.service.1": {
                    "type": "aws_subnet",
                    "depends_on": [
                        "data.aws_availability_zones.azs",
                        "data.aws_vpc.current",
                        "data.aws_vpc.current",
                        "data.terraform_remote_state.env"
                    ],
                    "primary": {
                        "id": "subnet-eea420a7",
                        "attributes": {
                            "availability_zone": "us-east-1b",
                            "cidr_block": "172.19.7.96/28",
                            "id": "subnet-eea420a7",
                            "map_public_ip_on_launch": "false",
                            "tags.%": "5",
                            "tags.App": "cache",
                            "tags.Env": "admin",
                            "tags.ManagedBy": "terraform",
                            "tags.Name": "admin-cache-dns",
                            "tags.Service": "dns",
                            "vpc_id": "vpc-51727436"
                        },
                        "meta": {},
                        "tainted": false
                    },
                    "deposed": [],
                    "provider": ""
                },
                "aws_subnet.service.2": {
                    "type": "aws_subnet",
                    "depends_on": [
                        "data.aws_availability_zones.azs",
                        "data.aws_vpc.current",
                        "data.aws_vpc.current",
                        "data.terraform_remote_state.env"
                    ],
                    "primary": {
                        "id": "subnet-aade16f1",
                        "attributes": {
                            "availability_zone": "us-east-1c",
                            "cidr_block": "172.19.7.112/28",
                            "id": "subnet-aade16f1",
                            "map_public_ip_on_launch": "false",
                            "tags.%": "5",
                            "tags.App": "cache",
                            "tags.Env": "admin",
                            "tags.ManagedBy": "terraform",
                            "tags.Name": "admin-cache-dns",
                            "tags.Service": "dns",
                            "vpc_id": "vpc-51727436"
                        },
                        "meta": {},
                        "tainted": false
                    },
                    "deposed": [],
                    "provider": ""
                },
                "aws_subnet.service.3": {
                    "type": "aws_subnet",
                    "depends_on": [
                        "data.aws_availability_zones.azs",
                        "data.aws_vpc.current",
                        "data.aws_vpc.current",
                        "data.terraform_remote_state.env"
                    ],
                    "primary": {
                        "id": "subnet-dc40bbe0",
                        "attributes": {
                            "availability_zone": "us-east-1e",
                            "cidr_block": "172.19.62.192/28",
                            "id": "subnet-dc40bbe0",
                            "map_public_ip_on_launch": "false",
                            "tags.%": "5",
                            "tags.App": "cache",
                            "tags.Env": "admin",
                            "tags.ManagedBy": "terraform",
                            "tags.Name": "admin-cache-dns",
                            "tags.Service": "dns",
                            "vpc_id": "vpc-51727436"
                        },
                        "meta": {},
                        "tainted": false
                    },
                    "deposed": [],
                    "provider": ""
                },
                "data.aws_ami.service": {
                    "type": "aws_ami",
                    "depends_on": [],
                    "primary": {
                        "id": "ami-fd6e3bea",
                        "attributes": {
                            "architecture": "x86_64",
                            "block_device_mappings.#": "3",
                            "block_device_mappings.1634610537.device_name": "/dev/sdb",
                            "block_device_mappings.1634610537.ebs.%": "0",
                            "block_device_mappings.1634610537.no_device": "",
                            "block_device_mappings.1634610537.virtual_name": "ephemeral0",
                            "block_device_mappings.2547816212.device_name": "/dev/sda1",
                            "block_device_mappings.2547816212.ebs.%": "6",
                            "block_device_mappings.2547816212.ebs.delete_on_termination": "true",
                            "block_device_mappings.2547816212.ebs.encrypted": "false",
                            "block_device_mappings.2547816212.ebs.iops": "0",
                            "block_device_mappings.2547816212.ebs.snapshot_id": "snap-248695bf",
                            "block_device_mappings.2547816212.ebs.volume_size": "8",
                            "block_device_mappings.2547816212.ebs.volume_type": "gp2",
                            "block_device_mappings.2547816212.no_device": "",
                            "block_device_mappings.2547816212.virtual_name": "",
                            "block_device_mappings.3850042718.device_name": "/dev/sdc",
                            "block_device_mappings.3850042718.ebs.%": "0",
                            "block_device_mappings.3850042718.no_device": "",
                            "block_device_mappings.3850042718.virtual_name": "ephemeral1",
                            "creation_date": "2016-10-14T01:33:07.000Z",
                            "filter.#": "3",
                            "filter.1585153008.name": "name",
                            "filter.1585153008.values.#": "1",
                            "filter.1585153008.values.0": "ubuntu/images/hvm-ssd/ubuntu-xenial-16.04-amd64-server-*",
                            "filter.1609839683.name": "block-device-mapping.volume-type",
                            "filter.1609839683.values.#": "1",
                            "filter.1609839683.values.0": "gp2",
                            "filter.490168357.name": "virtualization-type",
                            "filter.490168357.values.#": "1",
                            "filter.490168357.values.0": "hvm",
                            "hypervisor": "xen",
                            "id": "ami-fd6e3bea",
                            "image_id": "ami-fd6e3bea",
                            "image_location": "099720109477/ubuntu/images/hvm-ssd/ubuntu-xenial-16.04-amd64-server-20161013",
                            "image_type": "machine",
                            "most_recent": "true",
                            "name": "ubuntu/images/hvm-ssd/ubuntu-xenial-16.04-amd64-server-20161013",
                            "owner_id": "099720109477",
                            "owners.#": "1",
                            "owners.0": "099720109477",
                            "product_codes.#": "0",
                            "public": "true",
                            "root_device_name": "/dev/sda1",
                            "root_device_type": "ebs",
                            "sriov_net_support": "simple",
                            "state": "available",
                            "state_reason.%": "2",
                            "state_reason.code": "UNSET",
                            "state_reason.message": "UNSET",
                            "tags.#": "0",
                            "virtualization_type": "hvm"
                        },
                        "meta": {},
                        "tainted": false
                    },
                    "deposed": [],
                    "provider": ""
                },
                "data.aws_availability_zones.azs": {
                    "type": "aws_availability_zones",
                    "depends_on": [],
                    "primary": {
                        "id": "2016-10-21 05:30:47.706727836 +0000 UTC",
                        "attributes": {
                            "id": "2016-10-21 05:30:47.706727836 +0000 UTC",
                            "names.#": "4",
                            "names.0": "us-east-1a",
                            "names.1": "us-east-1b",
                            "names.2": "us-east-1c",
                            "names.3": "us-east-1e"
                        },
                        "meta": {},
                        "tainted": false
                    },
                    "deposed": [],
                    "provider": ""
                },
                "data.aws_vpc.current": {
                    "type": "aws_vpc",
                    "depends_on": [
                        "data.terraform_remote_state.env"
                    ],
                    "primary": {
                        "id": "vpc-51727436",
                        "attributes": {
                            "cidr_block": "172.19.0.0/16",
                            "default": "false",
                            "dhcp_options_id": "dopt-3b4d775e",
                            "id": "vpc-51727436",
                            "instance_tenancy": "default",
                            "state": "available",
                            "tags.%": "3",
                            "tags.Env": "admin",
                            "tags.ManagedBy": "terraform",
                            "tags.Name": "admin"
                        },
                        "meta": {},
                        "tainted": false
                    },
                    "deposed": [],
                    "provider": ""
                },
                "data.template_file.key_pair_service": {
                    "type": "template_file",
                    "depends_on": [],
                    "primary": {
                        "id": "5035aaff317efe1209b2dede10a40005851c8565fcde8c12512d44c871e78263",
                        "attributes": {
                            "id": "5035aaff317efe1209b2dede10a40005851c8565fcde8c12512d44c871e78263",
                            "rendered": "ssh-rsa AAAAB3NzaC1yc2EAAAADAQABAAABAQCRskgy/FrRS6fWYRKPSXqYdaXUUoLwi+bdUFPTK0L99WAP438yWQtVE4EpSBkTWrWfK0xftFR4zC/xdC+84qzfVtkqEXtAw9sbC9RdMKEZX7PcMZx+Bl3J2bwbowg8+LmI0NFCNITB1jvMdKcK4HffEhT9QPlM06U0sIayHBR1cdiiMhocv0nkmLuaULNo+S/FRNR7pgYamtCkjol3yxbEDo54536+eA0BWjXbEiqEPiti/Q6QI+rBMdbz3oglphd1wi8bM2KN486lQaU/pTENZiFYRhk2kSt11zxYzJ9Wsj80lrcw1HxSj5q27wzo4y4UBaTl0Qq9+kxUSsoH70Fz app-demo/sandbox\n",
                            "template": "ssh-rsa AAAAB3NzaC1yc2EAAAADAQABAAABAQCRskgy/FrRS6fWYRKPSXqYdaXUUoLwi+bdUFPTK0L99WAP438yWQtVE4EpSBkTWrWfK0xftFR4zC/xdC+84qzfVtkqEXtAw9sbC9RdMKEZX7PcMZx+Bl3J2bwbowg8+LmI0NFCNITB1jvMdKcK4HffEhT9QPlM06U0sIayHBR1cdiiMhocv0nkmLuaULNo+S/FRNR7pgYamtCkjol3yxbEDo54536+eA0BWjXbEiqEPiti/Q6QI+rBMdbz3oglphd1wi8bM2KN486lQaU/pTENZiFYRhk2kSt11zxYzJ9Wsj80lrcw1HxSj5q27wzo4y4UBaTl0Qq9+kxUSsoH70Fz app-demo/sandbox\n"
                        },
                        "meta": {},
                        "tainted": false
                    },
                    "deposed": [],
                    "provider": ""
                },
                "data.template_file.user_data_service": {
                    "type": "template_file",
                    "depends_on": [
                        "data.aws_vpc.current",
                        "data.template_file.key_pair_service"
                    ],
                    "primary": {
                        "id": "b5cd76e505c64fa73a83c498dc8d654af0bd2f7a835b4831c56bcbb220901779",
                        "attributes": {
                            "id": "b5cd76e505c64fa73a83c498dc8d654af0bd2f7a835b4831c56bcbb220901779",
                            "rendered": "From nobody Wed Aug 10 18:58:26 2016\nContent-Type: multipart/mixed; boundary=\"===============88888888888888888888888888==\"\nMIME-Version: 1.0\nNumber-Attachments: 1\n\n--===============88888888888888888888888888==\nMIME-Version: 1.0\nContent-Type: text/cloud-config\nContent-Disposition: attachment; filename=\"part-001\"\n\nusers:\n - name: ubuntu\n   shell: /bin/bash\n   sudo: \"ALL=(ALL) NOPASSWD: ALL\"\n   ssh-authorized-keys:\n    - ssh-rsa AAAAB3NzaC1yc2EAAAADAQABAAABAQCRskgy/FrRS6fWYRKPSXqYdaXUUoLwi+bdUFPTK0L99WAP438yWQtVE4EpSBkTWrWfK0xftFR4zC/xdC+84qzfVtkqEXtAw9sbC9RdMKEZX7PcMZx+Bl3J2bwbowg8+LmI0NFCNITB1jvMdKcK4HffEhT9QPlM06U0sIayHBR1cdiiMhocv0nkmLuaULNo+S/FRNR7pgYamtCkjol3yxbEDo54536+eA0BWjXbEiqEPiti/Q6QI+rBMdbz3oglphd1wi8bM2KN486lQaU/pTENZiFYRhk2kSt11zxYzJ9Wsj80lrcw1HxSj5q27wzo4y4UBaTl0Qq9+kxUSsoH70Fz app-demo/sandbox\n\n\nmanage_etc_hosts: true\n\nwrite_files:\n - owner: root:root\n   path: /etc/network/fan\n   permissions: '0644'\n   content: |\n      172.19.0.0/16/16 250.0.0.0/8 --enable --dhcp\n - owner: root:root\n   path: /etc/sysctl.d/99-lxd.conf\n   permissions: '0644'\n   content: |\n      fs.inotify.max_queued_events = 1048576\n      fs.inotify.max_user_instances = 1048576\n      fs.inotify.max_user_watches = 1048576\n      vm.max_map_count = 262144\n      net.core.netdev_max_backlog = 182757\n - owner: root:root\n   path: /etc/security/limits.d/99-lxd.conf\n   permissions: '0644'\n   content: |\n      * soft nofile 1048576\n      * hard nofile 1048576\n      root soft nofile 1048576\n      root hard nofile 1048576\n      * soft memlock unlimited\n      * hard memlock unlimited\n - owner: root:root\n   path: /etc/cloud/cloud.cfg.d/99-disable-network-config.cfg\n   permissions: '0644'\n   content: |\n      network: {config: disabled}\n - owner: root:root\n   path: /etc/network/interfaces.d/50-cloud-init.cfg\n   permissions: '0644'\n   content: |\n      # This file is generated from information provided by\n      # the datasource.  Changes to it will not persist across an instance.\n      # To disable cloud-init's network configuration capabilities, write a file\n      # /etc/cloud/cloud.cfg.d/99-disable-network-config.cfg with the following:\n      # network: {config: disabled}\n      auto lo\n      iface lo inet loopback\n\n      auto eth0\n      iface eth0 inet manual\n          txqueuelen 10000\n\n      auto br0\n      iface br0 inet dhcp\n          txqueuelen 10000\n          bridge-ifaces eth0\n          bridge-ports eth0\n\nlxd:\n  init:\n    network_address: 0.0.0.0\n    network_port: 8443\n    trust_password: ubuntu\n  bridge:\n    mode: existing\n    name: br0\n\npackages:\n - openssh-server\n - aptitude\n - ntp\n - curl\n - unzip\n - git\n - perl\n - ruby\n - language-pack-en\n - nfs-common\n - build-essential\n - dkms\n - lvm2\n - xfsprogs\n - xfsdump\n - bridge-utils\n - thin-provisioning-tools\n - software-properties-common\n - btrfs-tools\n - ubuntu-fan\n - linux-generic\n - ifmetric\n\nruncmd:\n  - \"aptitude purge -y open-iscsi nano mlocate ubuntu-release-upgrader-core update-manager-core\"\n  - \"add-apt-repository -y ppa:ubuntu-lxc/lxd-stable\"\n  - \"aptitude update\"\n  - \"env DEBIAN_FRONTEND=noninteractive aptitude -o Dpkg::Options::=--force-confdef -o Dpkg::Options::=--force-confold install -y lxd lxd-tools criu docker.io\"\n  - \"env DEBIAN_FRONTEND=noninteractive aptitude -o Dpkg::Options::=--force-confdef -o Dpkg::Options::=--force-confold upgrade -y\"\n  - \"usermod -aG lxd ubuntu\"\n  - \"usermod -aG docker ubuntu\"\n  - \"systemctl disable apt-daily.service\"\n  - \"systemctl disable apt-daily.timer\"\n  - \"sleep 30\"\n  - \"reboot\"\n",
                            "template": "From nobody Wed Aug 10 18:58:26 2016\nContent-Type: multipart/mixed; boundary=\"===============88888888888888888888888888==\"\nMIME-Version: 1.0\nNumber-Attachments: 1\n\n--===============88888888888888888888888888==\nMIME-Version: 1.0\nContent-Type: text/cloud-config\nContent-Disposition: attachment; filename=\"part-001\"\n\nusers:\n - name: ubuntu\n   shell: /bin/bash\n   sudo: \"ALL=(ALL) NOPASSWD: ALL\"\n   ssh-authorized-keys:\n    - ${public_key}\n\nmanage_etc_hosts: true\n\nwrite_files:\n - owner: root:root\n   path: /etc/network/fan\n   permissions: '0644'\n   content: |\n      ${vpc_cidr}/16 250.0.0.0/8 --enable --dhcp\n - owner: root:root\n   path: /etc/sysctl.d/99-lxd.conf\n   permissions: '0644'\n   content: |\n      fs.inotify.max_queued_events = 1048576\n      fs.inotify.max_user_instances = 1048576\n      fs.inotify.max_user_watches = 1048576\n      vm.max_map_count = 262144\n      net.core.netdev_max_backlog = 182757\n - owner: root:root\n   path: /etc/security/limits.d/99-lxd.conf\n   permissions: '0644'\n   content: |\n      * soft nofile 1048576\n      * hard nofile 1048576\n      root soft nofile 1048576\n      root hard nofile 1048576\n      * soft memlock unlimited\n      * hard memlock unlimited\n - owner: root:root\n   path: /etc/cloud/cloud.cfg.d/99-disable-network-config.cfg\n   permissions: '0644'\n   content: |\n      network: {config: disabled}\n - owner: root:root\n   path: /etc/network/interfaces.d/50-cloud-init.cfg\n   permissions: '0644'\n   content: |\n      # This file is generated from information provided by\n      # the datasource.  Changes to it will not persist across an instance.\n      # To disable cloud-init's network configuration capabilities, write a file\n      # /etc/cloud/cloud.cfg.d/99-disable-network-config.cfg with the following:\n      # network: {config: disabled}\n      auto lo\n      iface lo inet loopback\n\n      auto eth0\n      iface eth0 inet manual\n          txqueuelen 10000\n\n      auto br0\n      iface br0 inet dhcp\n          txqueuelen 10000\n          bridge-ifaces eth0\n          bridge-ports eth0\n\nlxd:\n  init:\n    network_address: 0.0.0.0\n    network_port: 8443\n    trust_password: ubuntu\n  bridge:\n    mode: existing\n    name: br0\n\npackages:\n - openssh-server\n - aptitude\n - ntp\n - curl\n - unzip\n - git\n - perl\n - ruby\n - language-pack-en\n - nfs-common\n - build-essential\n - dkms\n - lvm2\n - xfsprogs\n - xfsdump\n - bridge-utils\n - thin-provisioning-tools\n - software-properties-common\n - btrfs-tools\n - ubuntu-fan\n - linux-generic\n - ifmetric\n\nruncmd:\n  - \"aptitude purge -y open-iscsi nano mlocate ubuntu-release-upgrader-core update-manager-core\"\n  - \"add-apt-repository -y ppa:ubuntu-lxc/lxd-stable\"\n  - \"aptitude update\"\n  - \"env DEBIAN_FRONTEND=noninteractive aptitude -o Dpkg::Options::=--force-confdef -o Dpkg::Options::=--force-confold install -y lxd lxd-tools criu docker.io\"\n  - \"env DEBIAN_FRONTEND=noninteractive aptitude -o Dpkg::Options::=--force-confdef -o Dpkg::Options::=--force-confold upgrade -y\"\n  - \"usermod -aG lxd ubuntu\"\n  - \"usermod -aG docker ubuntu\"\n  - \"systemctl disable apt-daily.service\"\n  - \"systemctl disable apt-daily.timer\"\n  - \"sleep 30\"\n  - \"reboot\"\n",
                            "vars.%": "2",
                            "vars.public_key": "ssh-rsa AAAAB3NzaC1yc2EAAAADAQABAAABAQCRskgy/FrRS6fWYRKPSXqYdaXUUoLwi+bdUFPTK0L99WAP438yWQtVE4EpSBkTWrWfK0xftFR4zC/xdC+84qzfVtkqEXtAw9sbC9RdMKEZX7PcMZx+Bl3J2bwbowg8+LmI0NFCNITB1jvMdKcK4HffEhT9QPlM06U0sIayHBR1cdiiMhocv0nkmLuaULNo+S/FRNR7pgYamtCkjol3yxbEDo54536+eA0BWjXbEiqEPiti/Q6QI+rBMdbz3oglphd1wi8bM2KN486lQaU/pTENZiFYRhk2kSt11zxYzJ9Wsj80lrcw1HxSj5q27wzo4y4UBaTl0Qq9+kxUSsoH70Fz app-demo/sandbox\n",
                            "vars.vpc_cidr": "172.19.0.0/16"
                        },
                        "meta": {},
                        "tainted": false
                    },
                    "deposed": [],
                    "provider": ""
                },
                "data.terraform_remote_state.env": {
                    "type": "terraform_remote_state",
                    "depends_on": [],
                    "primary": {
                        "id": "2016-10-21 05:30:42.648854158 +0000 UTC",
                        "attributes": {
                            "aws_region": "us-east-1",
                            "backend": "local",
                            "config.%": "1",
                            "config.path": "../../env/admin/.terraform/terraform.tfstate",
                            "env_name": "admin",
                            "id": "2016-10-21 05:30:42.648854158 +0000 UTC",
                            "igw_id": "igw-88c50fef",
                            "nat_gateways.#": "1",
                            "nat_gateways.0": "nat-01e5dd3b88d455637",
                            "private_zone_id": "Z27QSZW6JM3M7B",
                            "private_zone_name": "admin.imma.io",
                            "private_zone_servers.#": "4",
                            "private_zone_servers.0": "ns-0.awsdns-00.com.",
                            "private_zone_servers.1": "ns-1024.awsdns-00.org.",
                            "private_zone_servers.2": "ns-1536.awsdns-00.co.uk.",
                            "private_zone_servers.3": "ns-512.awsdns-00.net.",
                            "s3_remote_state": "imma-io-remote-state",
                            "sg_efs": "sg-bd8f83c7",
                            "sg_env": "sg-c38f83b9",
                            "sg_env_lb": "sg-c18f83bb",
                            "sg_env_lb_private": "sg-bf8f83c5",
                            "sg_env_lb_public": "sg-c28f83b8",
                            "sg_env_private": "sg-c08f83ba",
                            "sg_env_public": "sg-c68f83bc",
                            "vpc_id": "vpc-51727436"
                        },
                        "meta": {},
                        "tainted": false
                    },
                    "deposed": [],
                    "provider": ""
                },
                "data.terraform_remote_state.global": {
                    "type": "terraform_remote_state",
                    "depends_on": [],
                    "primary": {
                        "id": "2016-10-21 05:30:42.619636241 +0000 UTC",
                        "attributes": {
                            "aws_account_id": "548373030883",
                            "backend": "local",
                            "config.%": "1",
                            "config.path": "../../env/global/.terraform/terraform.tfstate",
                            "domain_name": "imma.io",
                            "env_cidr.%": "4",
                            "env_cidr._docker": "172.17.0.0/16",
                            "env_cidr.admin": "172.19.0.0/16",
                            "env_cidr.dev": "172.20.0.0/16",
                            "env_cidr.sandbox": "172.16.0.0/16",
                            "id": "2016-10-21 05:30:42.619636241 +0000 UTC",
                            "public_network.%": "9",
                            "public_network.aptly": "0",
                            "public_network.bastion": "0",
                            "public_network.blocks": "0",
                            "public_network.dns": "0",
                            "public_network.irssi": "0",
                            "public_network.nexus": "0",
                            "public_network.ntp": "0",
                            "public_network.openvpn": "0",
                            "public_network.packer": "0",
                            "s3_remote_state": "imma-io-remote-state",
                            "service_nets.%": "10",
                            "service_nets.aptly.#": "4",
                            "service_nets.aptly.0": "111",
                            "service_nets.aptly.1": "112",
                            "service_nets.aptly.2": "113",
                            "service_nets.aptly.3": "1002",
                            "service_nets.bastion.#": "4",
                            "service_nets.bastion.0": "102",
                            "service_nets.bastion.1": "103",
                            "service_nets.bastion.2": "104",
                            "service_nets.bastion.3": "1001",
                            "service_nets.blocks.#": "4",
                            "service_nets.blocks.0": "123",
                            "service_nets.blocks.1": "124",
                            "service_nets.blocks.2": "125",
                            "service_nets.blocks.3": "1008",
                            "service_nets.dns.#": "4",
                            "service_nets.dns.0": "117",
                            "service_nets.dns.1": "118",
                            "service_nets.dns.2": "119",
                            "service_nets.dns.3": "1004",
                            "service_nets.irssi.#": "4",
                            "service_nets.irssi.0": "105",
                            "service_nets.irssi.1": "106",
                            "service_nets.irssi.2": "107",
                            "service_nets.irssi.3": "1006",
                            "service_nets.meh.#": "3",
                            "service_nets.meh.0": "96",
                            "service_nets.meh.1": "97",
                            "service_nets.meh.2": "98",
                            "service_nets.nexus.#": "4",
                            "service_nets.nexus.0": "114",
                            "service_nets.nexus.1": "115",
                            "service_nets.nexus.2": "116",
                            "service_nets.nexus.3": "1003",
                            "service_nets.ntp.#": "4",
                            "service_nets.ntp.0": "120",
                            "service_nets.ntp.1": "121",
                            "service_nets.ntp.2": "122",
                            "service_nets.ntp.3": "1005",
                            "service_nets.openvpn.#": "4",
                            "service_nets.openvpn.0": "99",
                            "service_nets.openvpn.1": "100",
                            "service_nets.openvpn.2": "101",
                            "service_nets.openvpn.3": "1000",
                            "service_nets.packer.#": "4",
                            "service_nets.packer.0": "108",
                            "service_nets.packer.1": "109",
                            "service_nets.packer.2": "110",
                            "service_nets.packer.3": "1007",
                            "sys_nets.%": "4",
                            "sys_nets.common.#": "4",
                            "sys_nets.common.0": "2",
                            "sys_nets.common.1": "3",
                            "sys_nets.common.2": "4",
                            "sys_nets.common.3": "5",
                            "sys_nets.feh.#": "10",
                            "sys_nets.feh.0": "0",
                            "sys_nets.feh.1": "1",
                            "sys_nets.feh.2": "2",
                            "sys_nets.feh.3": "3",
                            "sys_nets.feh.4": "4",
                            "sys_nets.feh.5": "5",
                            "sys_nets.feh.6": "6",
                            "sys_nets.feh.7": "7",
                            "sys_nets.feh.8": "8",
                            "sys_nets.feh.9": "9",
                            "sys_nets.meh.#": "3",
                            "sys_nets.meh.0": "0",
                            "sys_nets.meh.1": "1",
                            "sys_nets.meh.2": "6",
                            "sys_nets.nat.#": "4",
                            "sys_nets.nat.0": "10",
                            "sys_nets.nat.1": "11",
                            "sys_nets.nat.2": "12",
                            "sys_nets.nat.3": "13"
                        },
                        "meta": {},
                        "tainted": false
                    },
                    "deposed": [],
                    "provider": ""
                }
            },
            "depends_on": []
        },
        {
            "path": [
                "root",
                "nexus"
            ],
            "outputs": {
                "service_sg": {
                    "sensitive": false,
                    "type": "string",
                    "value": "sg-e8878b92"
                }
            },
            "resources": {
                "aws_autoscaling_group.service.0": {
                    "type": "aws_autoscaling_group",
                    "depends_on": [
                        "aws_launch_configuration.service",
                        "aws_subnet.service",
                        "data.terraform_remote_state.env"
                    ],
                    "primary": {
                        "id": "admin-cache-nexus-blue",
                        "attributes": {
                            "arn": "arn:aws:autoscaling:us-east-1:548373030883:autoScalingGroup:95f2b62e-bb13-441b-bd4b-69c55cd87ba7:autoScalingGroupName/admin-cache-nexus-blue",
                            "availability_zones.#": "4",
                            "availability_zones.1305112097": "us-east-1b",
                            "availability_zones.3551460226": "us-east-1e",
                            "availability_zones.3569565595": "us-east-1a",
                            "availability_zones.986537655": "us-east-1c",
                            "default_cooldown": "300",
                            "desired_capacity": "0",
                            "force_delete": "false",
                            "health_check_grace_period": "300",
                            "health_check_type": "EC2",
                            "id": "admin-cache-nexus-blue",
                            "launch_configuration": "admin-cache-nexus-blue-20161016101930339270409p4p",
                            "load_balancers.#": "0",
                            "max_size": "5",
                            "metrics_granularity": "1Minute",
                            "min_size": "0",
                            "name": "admin-cache-nexus-blue",
                            "placement_group": "",
                            "protect_from_scale_in": "false",
                            "tag.#": "4",
                            "tag.1133649187.key": "App",
                            "tag.1133649187.propagate_at_launch": "true",
                            "tag.1133649187.value": "cache",
                            "tag.1365831665.key": "ManagedBy",
                            "tag.1365831665.propagate_at_launch": "true",
                            "tag.1365831665.value": "asg cache-nexus-blue",
                            "tag.2080912130.key": "Env",
                            "tag.2080912130.propagate_at_launch": "true",
                            "tag.2080912130.value": "admin",
                            "tag.3555549738.key": "Name",
                            "tag.3555549738.propagate_at_launch": "true",
                            "tag.3555549738.value": "admin-cache-nexus-blue",
                            "target_group_arns.#": "0",
                            "termination_policies.#": "1",
                            "termination_policies.0": "OldestInstance",
                            "vpc_zone_identifier.#": "4",
                            "vpc_zone_identifier.1873669457": "subnet-e428e6bf",
                            "vpc_zone_identifier.2909560931": "subnet-c163a8ec",
                            "vpc_zone_identifier.3347399807": "subnet-0465df4d",
                            "vpc_zone_identifier.4154311462": "subnet-68679f54",
                            "wait_for_capacity_timeout": "10m"
                        },
                        "meta": {},
                        "tainted": false
                    },
                    "deposed": [],
                    "provider": ""
                },
                "aws_autoscaling_group.service.1": {
                    "type": "aws_autoscaling_group",
                    "depends_on": [
                        "aws_launch_configuration.service",
                        "aws_subnet.service",
                        "data.terraform_remote_state.env"
                    ],
                    "primary": {
                        "id": "admin-cache-nexus-green",
                        "attributes": {
                            "arn": "arn:aws:autoscaling:us-east-1:548373030883:autoScalingGroup:10a80ddc-0c43-4a61-b12a-c717419938ed:autoScalingGroupName/admin-cache-nexus-green",
                            "availability_zones.#": "4",
                            "availability_zones.1305112097": "us-east-1b",
                            "availability_zones.3551460226": "us-east-1e",
                            "availability_zones.3569565595": "us-east-1a",
                            "availability_zones.986537655": "us-east-1c",
                            "default_cooldown": "300",
                            "desired_capacity": "0",
                            "force_delete": "false",
                            "health_check_grace_period": "300",
                            "health_check_type": "EC2",
                            "id": "admin-cache-nexus-green",
                            "launch_configuration": "admin-cache-nexus-green-20161016101929603309757k33",
                            "load_balancers.#": "0",
                            "max_size": "5",
                            "metrics_granularity": "1Minute",
                            "min_size": "0",
                            "name": "admin-cache-nexus-green",
                            "placement_group": "",
                            "protect_from_scale_in": "false",
                            "tag.#": "4",
                            "tag.1133649187.key": "App",
                            "tag.1133649187.propagate_at_launch": "true",
                            "tag.1133649187.value": "cache",
                            "tag.2080912130.key": "Env",
                            "tag.2080912130.propagate_at_launch": "true",
                            "tag.2080912130.value": "admin",
                            "tag.3224786331.key": "Name",
                            "tag.3224786331.propagate_at_launch": "true",
                            "tag.3224786331.value": "admin-cache-nexus-green",
                            "tag.3518356298.key": "ManagedBy",
                            "tag.3518356298.propagate_at_launch": "true",
                            "tag.3518356298.value": "asg cache-nexus-green",
                            "target_group_arns.#": "0",
                            "termination_policies.#": "1",
                            "termination_policies.0": "OldestInstance",
                            "vpc_zone_identifier.#": "4",
                            "vpc_zone_identifier.1873669457": "subnet-e428e6bf",
                            "vpc_zone_identifier.2909560931": "subnet-c163a8ec",
                            "vpc_zone_identifier.3347399807": "subnet-0465df4d",
                            "vpc_zone_identifier.4154311462": "subnet-68679f54",
                            "wait_for_capacity_timeout": "10m"
                        },
                        "meta": {},
                        "tainted": false
                    },
                    "deposed": [],
                    "provider": ""
                },
                "aws_iam_group.service": {
                    "type": "aws_iam_group",
                    "depends_on": [
                        "data.terraform_remote_state.env"
                    ],
                    "primary": {
                        "id": "admin-cache-nexus",
                        "attributes": {
                            "arn": "arn:aws:iam::548373030883:group/admin-cache-nexus",
                            "id": "admin-cache-nexus",
                            "name": "admin-cache-nexus",
                            "path": "/",
                            "unique_id": "AGPAIBAPOK7AOKNYOYBEO"
                        },
                        "meta": {},
                        "tainted": false
                    },
                    "deposed": [],
                    "provider": ""
                },
                "aws_iam_instance_profile.service": {
                    "type": "aws_iam_instance_profile",
                    "depends_on": [
                        "aws_iam_role.service",
                        "data.terraform_remote_state.env"
                    ],
                    "primary": {
                        "id": "admin-cache-nexus",
                        "attributes": {
                            "arn": "arn:aws:iam::548373030883:instance-profile/admin-cache-nexus",
                            "id": "admin-cache-nexus",
                            "name": "admin-cache-nexus",
                            "path": "/",
                            "roles.#": "1",
                            "roles.654266876": "admin-cache-nexus"
                        },
                        "meta": {},
                        "tainted": false
                    },
                    "deposed": [],
                    "provider": ""
                },
                "aws_iam_role.service": {
                    "type": "aws_iam_role",
                    "depends_on": [
                        "data.terraform_remote_state.env"
                    ],
                    "primary": {
                        "id": "admin-cache-nexus",
                        "attributes": {
                            "arn": "arn:aws:iam::548373030883:role/admin-cache-nexus",
                            "assume_role_policy": "{\n  \"Version\": \"2012-10-17\",\n  \"Statement\": [\n    {\n      \"Action\": \"sts:AssumeRole\",\n      \"Principal\": { \n        \"Service\": \"ec2.amazonaws.com\"\n      },\n      \"Effect\": \"Allow\"\n    }\n  ]\n}\n",
                            "id": "admin-cache-nexus",
                            "name": "admin-cache-nexus",
                            "path": "/",
                            "unique_id": "AROAJUPHECSMUEUB2KR3G"
                        },
                        "meta": {},
                        "tainted": false
                    },
                    "deposed": [],
                    "provider": ""
                },
                "aws_key_pair.service": {
                    "type": "aws_key_pair",
                    "depends_on": [
                        "data.template_file.key_pair_service"
                    ],
                    "primary": {
                        "id": "admin-cache-nexus",
                        "attributes": {
                            "fingerprint": "7e:31:77:1b:39:9d:7e:9d:2e:cc:02:90:56:d3:25:19",
                            "id": "admin-cache-nexus",
                            "key_name": "admin-cache-nexus",
                            "public_key": "ssh-rsa AAAAB3NzaC1yc2EAAAADAQABAAABAQCRskgy/FrRS6fWYRKPSXqYdaXUUoLwi+bdUFPTK0L99WAP438yWQtVE4EpSBkTWrWfK0xftFR4zC/xdC+84qzfVtkqEXtAw9sbC9RdMKEZX7PcMZx+Bl3J2bwbowg8+LmI0NFCNITB1jvMdKcK4HffEhT9QPlM06U0sIayHBR1cdiiMhocv0nkmLuaULNo+S/FRNR7pgYamtCkjol3yxbEDo54536+eA0BWjXbEiqEPiti/Q6QI+rBMdbz3oglphd1wi8bM2KN486lQaU/pTENZiFYRhk2kSt11zxYzJ9Wsj80lrcw1HxSj5q27wzo4y4UBaTl0Qq9+kxUSsoH70Fz app-demo/sandbox"
                        },
                        "meta": {
                            "schema_version": "1"
                        },
                        "tainted": false
                    },
                    "deposed": [],
                    "provider": ""
                },
                "aws_launch_configuration.service.0": {
                    "type": "aws_launch_configuration",
                    "depends_on": [
                        "aws_key_pair.service",
                        "aws_security_group.service",
                        "data.aws_ami.service",
                        "data.template_file.user_data_service",
                        "data.terraform_remote_state.env",
                        "data.terraform_remote_state.env",
                        "data.terraform_remote_state.env",
                        "data.terraform_remote_state.env"
                    ],
                    "primary": {
                        "id": "admin-cache-nexus-blue-20161016101930339270409p4p",
                        "attributes": {
                            "associate_public_ip_address": "false",
                            "ebs_block_device.#": "0",
                            "ebs_optimized": "false",
                            "enable_monitoring": "true",
                            "ephemeral_block_device.#": "4",
                            "ephemeral_block_device.1341606603.device_name": "/dev/sde",
                            "ephemeral_block_device.1341606603.virtual_name": "ephemeral3",
                            "ephemeral_block_device.2340069903.device_name": "/dev/sdd",
                            "ephemeral_block_device.2340069903.virtual_name": "ephemeral2",
                            "ephemeral_block_device.3710187412.device_name": "/dev/sdc",
                            "ephemeral_block_device.3710187412.virtual_name": "ephemeral1",
                            "ephemeral_block_device.430514000.device_name": "/dev/sdb",
                            "ephemeral_block_device.430514000.virtual_name": "ephemeral0",
                            "iam_instance_profile": "admin-cache-nexus",
                            "id": "admin-cache-nexus-blue-20161016101930339270409p4p",
                            "image_id": "ami-fd6e3bea",
                            "instance_type": "t2.nano",
                            "key_name": "admin-cache-nexus",
                            "name": "admin-cache-nexus-blue-20161016101930339270409p4p",
                            "name_prefix": "admin-cache-nexus-blue-",
                            "root_block_device.#": "1",
                            "root_block_device.0.delete_on_termination": "true",
                            "root_block_device.0.iops": "0",
                            "root_block_device.0.volume_size": "20",
                            "root_block_device.0.volume_type": "gp2",
                            "security_groups.#": "4",
                            "security_groups.1846209267": "sg-c38f83b9",
                            "security_groups.217204837": "sg-e8878b92",
                            "security_groups.2528611050": "sg-f5878b8f",
                            "security_groups.978463144": "sg-c08f83ba",
                            "spot_price": "",
                            "user_data": "5f5185f50888a34fff1bacb9d06d83b912718d76",
                            "vpc_classic_link_id": "",
                            "vpc_classic_link_security_groups.#": "0"
                        },
                        "meta": {},
                        "tainted": false
                    },
                    "deposed": [],
                    "provider": ""
                },
                "aws_launch_configuration.service.1": {
                    "type": "aws_launch_configuration",
                    "depends_on": [
                        "aws_key_pair.service",
                        "aws_security_group.service",
                        "data.aws_ami.service",
                        "data.template_file.user_data_service",
                        "data.terraform_remote_state.env",
                        "data.terraform_remote_state.env",
                        "data.terraform_remote_state.env",
                        "data.terraform_remote_state.env"
                    ],
                    "primary": {
                        "id": "admin-cache-nexus-green-20161016101929603309757k33",
                        "attributes": {
                            "associate_public_ip_address": "false",
                            "ebs_block_device.#": "0",
                            "ebs_optimized": "false",
                            "enable_monitoring": "true",
                            "ephemeral_block_device.#": "4",
                            "ephemeral_block_device.1341606603.device_name": "/dev/sde",
                            "ephemeral_block_device.1341606603.virtual_name": "ephemeral3",
                            "ephemeral_block_device.2340069903.device_name": "/dev/sdd",
                            "ephemeral_block_device.2340069903.virtual_name": "ephemeral2",
                            "ephemeral_block_device.3710187412.device_name": "/dev/sdc",
                            "ephemeral_block_device.3710187412.virtual_name": "ephemeral1",
                            "ephemeral_block_device.430514000.device_name": "/dev/sdb",
                            "ephemeral_block_device.430514000.virtual_name": "ephemeral0",
                            "iam_instance_profile": "admin-cache-nexus",
                            "id": "admin-cache-nexus-green-20161016101929603309757k33",
                            "image_id": "ami-fd6e3bea",
                            "instance_type": "t2.nano",
                            "key_name": "admin-cache-nexus",
                            "name": "admin-cache-nexus-green-20161016101929603309757k33",
                            "name_prefix": "admin-cache-nexus-green-",
                            "root_block_device.#": "1",
                            "root_block_device.0.delete_on_termination": "true",
                            "root_block_device.0.iops": "0",
                            "root_block_device.0.volume_size": "20",
                            "root_block_device.0.volume_type": "gp2",
                            "security_groups.#": "4",
                            "security_groups.1846209267": "sg-c38f83b9",
                            "security_groups.217204837": "sg-e8878b92",
                            "security_groups.2528611050": "sg-f5878b8f",
                            "security_groups.978463144": "sg-c08f83ba",
                            "spot_price": "",
                            "user_data": "5f5185f50888a34fff1bacb9d06d83b912718d76",
                            "vpc_classic_link_id": "",
                            "vpc_classic_link_security_groups.#": "0"
                        },
                        "meta": {},
                        "tainted": false
                    },
                    "deposed": [],
                    "provider": ""
                },
                "aws_route.service.0": {
                    "type": "aws_route",
                    "depends_on": [
                        "aws_route_table.service",
                        "data.terraform_remote_state.env"
                    ],
                    "primary": {
                        "id": "r-rtb-92f391f41080289494",
                        "attributes": {
                            "destination_cidr_block": "0.0.0.0/0",
                            "destination_prefix_list_id": "",
                            "gateway_id": "",
                            "id": "r-rtb-92f391f41080289494",
                            "instance_id": "",
                            "instance_owner_id": "",
                            "nat_gateway_id": "nat-01e5dd3b88d455637",
                            "network_interface_id": "",
                            "origin": "CreateRoute",
                            "route_table_id": "rtb-92f391f4",
                            "state": "active",
                            "vpc_peering_connection_id": ""
                        },
                        "meta": {},
                        "tainted": false
                    },
                    "deposed": [],
                    "provider": ""
                },
                "aws_route.service.1": {
                    "type": "aws_route",
                    "depends_on": [
                        "aws_route_table.service",
                        "data.terraform_remote_state.env"
                    ],
                    "primary": {
                        "id": "r-rtb-90f391f61080289494",
                        "attributes": {
                            "destination_cidr_block": "0.0.0.0/0",
                            "destination_prefix_list_id": "",
                            "gateway_id": "",
                            "id": "r-rtb-90f391f61080289494",
                            "instance_id": "",
                            "instance_owner_id": "",
                            "nat_gateway_id": "nat-01e5dd3b88d455637",
                            "network_interface_id": "",
                            "origin": "CreateRoute",
                            "route_table_id": "rtb-90f391f6",
                            "state": "blackhole",
                            "vpc_peering_connection_id": ""
                        },
                        "meta": {},
                        "tainted": false
                    },
                    "deposed": [],
                    "provider": ""
                },
                "aws_route.service.2": {
                    "type": "aws_route",
                    "depends_on": [
                        "aws_route_table.service",
                        "data.terraform_remote_state.env"
                    ],
                    "primary": {
                        "id": "r-rtb-93f391f51080289494",
                        "attributes": {
                            "destination_cidr_block": "0.0.0.0/0",
                            "destination_prefix_list_id": "",
                            "gateway_id": "",
                            "id": "r-rtb-93f391f51080289494",
                            "instance_id": "",
                            "instance_owner_id": "",
                            "nat_gateway_id": "nat-01e5dd3b88d455637",
                            "network_interface_id": "",
                            "origin": "CreateRoute",
                            "route_table_id": "rtb-93f391f5",
                            "state": "blackhole",
                            "vpc_peering_connection_id": ""
                        },
                        "meta": {},
                        "tainted": false
                    },
                    "deposed": [],
                    "provider": ""
                },
                "aws_route.service.3": {
                    "type": "aws_route",
                    "depends_on": [
                        "aws_route_table.service",
                        "data.terraform_remote_state.env"
                    ],
                    "primary": {
                        "id": "r-rtb-91f391f71080289494",
                        "attributes": {
                            "destination_cidr_block": "0.0.0.0/0",
                            "destination_prefix_list_id": "",
                            "gateway_id": "",
                            "id": "r-rtb-91f391f71080289494",
                            "instance_id": "",
                            "instance_owner_id": "",
                            "nat_gateway_id": "nat-01e5dd3b88d455637",
                            "network_interface_id": "",
                            "origin": "CreateRoute",
                            "route_table_id": "rtb-91f391f7",
                            "state": "blackhole",
                            "vpc_peering_connection_id": ""
                        },
                        "meta": {},
                        "tainted": false
                    },
                    "deposed": [],
                    "provider": ""
                },
                "aws_route_table.service.0": {
                    "type": "aws_route_table",
                    "depends_on": [
                        "data.aws_vpc.current",
                        "data.terraform_remote_state.env"
                    ],
                    "primary": {
                        "id": "rtb-92f391f4",
                        "attributes": {
                            "id": "rtb-92f391f4",
                            "propagating_vgws.#": "0",
                            "route.#": "1",
                            "route.2186387970.cidr_block": "0.0.0.0/0",
                            "route.2186387970.gateway_id": "",
                            "route.2186387970.instance_id": "",
                            "route.2186387970.nat_gateway_id": "nat-01e5dd3b88d455637",
                            "route.2186387970.network_interface_id": "",
                            "route.2186387970.vpc_peering_connection_id": "",
                            "tags.%": "5",
                            "tags.App": "cache",
                            "tags.Env": "admin",
                            "tags.ManagedBy": "terraform",
                            "tags.Name": "admin-cache-nexus",
                            "tags.Service": "nexus",
                            "vpc_id": "vpc-51727436"
                        },
                        "meta": {},
                        "tainted": false
                    },
                    "deposed": [],
                    "provider": ""
                },
                "aws_route_table.service.1": {
                    "type": "aws_route_table",
                    "depends_on": [
                        "data.aws_vpc.current",
                        "data.terraform_remote_state.env"
                    ],
                    "primary": {
                        "id": "rtb-90f391f6",
                        "attributes": {
                            "id": "rtb-90f391f6",
                            "propagating_vgws.#": "0",
                            "route.#": "1",
                            "route.3661739184.cidr_block": "0.0.0.0/0",
                            "route.3661739184.gateway_id": "",
                            "route.3661739184.instance_id": "",
                            "route.3661739184.nat_gateway_id": "nat-0ccf81567adbe8ef6",
                            "route.3661739184.network_interface_id": "",
                            "route.3661739184.vpc_peering_connection_id": "",
                            "tags.%": "5",
                            "tags.App": "cache",
                            "tags.Env": "admin",
                            "tags.ManagedBy": "terraform",
                            "tags.Name": "admin-cache-nexus",
                            "tags.Service": "nexus",
                            "vpc_id": "vpc-51727436"
                        },
                        "meta": {},
                        "tainted": false
                    },
                    "deposed": [],
                    "provider": ""
                },
                "aws_route_table.service.2": {
                    "type": "aws_route_table",
                    "depends_on": [
                        "data.aws_vpc.current",
                        "data.terraform_remote_state.env"
                    ],
                    "primary": {
                        "id": "rtb-93f391f5",
                        "attributes": {
                            "id": "rtb-93f391f5",
                            "propagating_vgws.#": "0",
                            "route.#": "1",
                            "route.2282860795.cidr_block": "0.0.0.0/0",
                            "route.2282860795.gateway_id": "",
                            "route.2282860795.instance_id": "",
                            "route.2282860795.nat_gateway_id": "nat-03e762779c62521e1",
                            "route.2282860795.network_interface_id": "",
                            "route.2282860795.vpc_peering_connection_id": "",
                            "tags.%": "5",
                            "tags.App": "cache",
                            "tags.Env": "admin",
                            "tags.ManagedBy": "terraform",
                            "tags.Name": "admin-cache-nexus",
                            "tags.Service": "nexus",
                            "vpc_id": "vpc-51727436"
                        },
                        "meta": {},
                        "tainted": false
                    },
                    "deposed": [],
                    "provider": ""
                },
                "aws_route_table.service.3": {
                    "type": "aws_route_table",
                    "depends_on": [
                        "data.aws_vpc.current",
                        "data.terraform_remote_state.env"
                    ],
                    "primary": {
                        "id": "rtb-91f391f7",
                        "attributes": {
                            "id": "rtb-91f391f7",
                            "propagating_vgws.#": "0",
                            "route.#": "1",
                            "route.1111464476.cidr_block": "0.0.0.0/0",
                            "route.1111464476.gateway_id": "",
                            "route.1111464476.instance_id": "",
                            "route.1111464476.nat_gateway_id": "nat-004a09a41b9bed204",
                            "route.1111464476.network_interface_id": "",
                            "route.1111464476.vpc_peering_connection_id": "",
                            "tags.%": "5",
                            "tags.App": "cache",
                            "tags.Env": "admin",
                            "tags.ManagedBy": "terraform",
                            "tags.Name": "admin-cache-nexus",
                            "tags.Service": "nexus",
                            "vpc_id": "vpc-51727436"
                        },
                        "meta": {},
                        "tainted": false
                    },
                    "deposed": [],
                    "provider": ""
                },
                "aws_route_table_association.service.0": {
                    "type": "aws_route_table_association",
                    "depends_on": [
                        "aws_route_table.service",
                        "aws_subnet.service"
                    ],
                    "primary": {
                        "id": "rtbassoc-d8d2b6a1",
                        "attributes": {
                            "id": "rtbassoc-d8d2b6a1",
                            "route_table_id": "rtb-92f391f4",
                            "subnet_id": "subnet-c163a8ec"
                        },
                        "meta": {},
                        "tainted": false
                    },
                    "deposed": [],
                    "provider": ""
                },
                "aws_route_table_association.service.1": {
                    "type": "aws_route_table_association",
                    "depends_on": [
                        "aws_route_table.service",
                        "aws_subnet.service"
                    ],
                    "primary": {
                        "id": "rtbassoc-dbd2b6a2",
                        "attributes": {
                            "id": "rtbassoc-dbd2b6a2",
                            "route_table_id": "rtb-90f391f6",
                            "subnet_id": "subnet-0465df4d"
                        },
                        "meta": {},
                        "tainted": false
                    },
                    "deposed": [],
                    "provider": ""
                },
                "aws_route_table_association.service.2": {
                    "type": "aws_route_table_association",
                    "depends_on": [
                        "aws_route_table.service",
                        "aws_subnet.service"
                    ],
                    "primary": {
                        "id": "rtbassoc-e9d3b790",
                        "attributes": {
                            "id": "rtbassoc-e9d3b790",
                            "route_table_id": "rtb-93f391f5",
                            "subnet_id": "subnet-e428e6bf"
                        },
                        "meta": {},
                        "tainted": false
                    },
                    "deposed": [],
                    "provider": ""
                },
                "aws_route_table_association.service.3": {
                    "type": "aws_route_table_association",
                    "depends_on": [
                        "aws_route_table.service",
                        "aws_subnet.service"
                    ],
                    "primary": {
                        "id": "rtbassoc-ecd3b795",
                        "attributes": {
                            "id": "rtbassoc-ecd3b795",
                            "route_table_id": "rtb-91f391f7",
                            "subnet_id": "subnet-68679f54"
                        },
                        "meta": {},
                        "tainted": false
                    },
                    "deposed": [],
                    "provider": ""
                },
                "aws_security_group.service": {
                    "type": "aws_security_group",
                    "depends_on": [
                        "data.aws_vpc.current",
                        "data.terraform_remote_state.env"
                    ],
                    "primary": {
                        "id": "sg-e8878b92",
                        "attributes": {
                            "description": "Service cache-nexus",
                            "egress.#": "0",
                            "id": "sg-e8878b92",
                            "ingress.#": "0",
                            "name": "admin-cache-nexus",
                            "owner_id": "548373030883",
                            "tags.%": "5",
                            "tags.App": "cache",
                            "tags.Env": "admin",
                            "tags.ManagedBy": "terraform",
                            "tags.Name": "admin-cache-nexus",
                            "tags.Service": "nexus",
                            "vpc_id": "vpc-51727436"
                        },
                        "meta": {},
                        "tainted": false
                    },
                    "deposed": [],
                    "provider": ""
                },
                "aws_subnet.service.0": {
                    "type": "aws_subnet",
                    "depends_on": [
                        "data.aws_availability_zones.azs",
                        "data.aws_vpc.current",
                        "data.aws_vpc.current",
                        "data.terraform_remote_state.env"
                    ],
                    "primary": {
                        "id": "subnet-c163a8ec",
                        "attributes": {
                            "availability_zone": "us-east-1a",
                            "cidr_block": "172.19.7.32/28",
                            "id": "subnet-c163a8ec",
                            "map_public_ip_on_launch": "false",
                            "tags.%": "5",
                            "tags.App": "cache",
                            "tags.Env": "admin",
                            "tags.ManagedBy": "terraform",
                            "tags.Name": "admin-cache-nexus",
                            "tags.Service": "nexus",
                            "vpc_id": "vpc-51727436"
                        },
                        "meta": {},
                        "tainted": false
                    },
                    "deposed": [],
                    "provider": ""
                },
                "aws_subnet.service.1": {
                    "type": "aws_subnet",
                    "depends_on": [
                        "data.aws_availability_zones.azs",
                        "data.aws_vpc.current",
                        "data.aws_vpc.current",
                        "data.terraform_remote_state.env"
                    ],
                    "primary": {
                        "id": "subnet-0465df4d",
                        "attributes": {
                            "availability_zone": "us-east-1b",
                            "cidr_block": "172.19.7.48/28",
                            "id": "subnet-0465df4d",
                            "map_public_ip_on_launch": "false",
                            "tags.%": "5",
                            "tags.App": "cache",
                            "tags.Env": "admin",
                            "tags.ManagedBy": "terraform",
                            "tags.Name": "admin-cache-nexus",
                            "tags.Service": "nexus",
                            "vpc_id": "vpc-51727436"
                        },
                        "meta": {},
                        "tainted": false
                    },
                    "deposed": [],
                    "provider": ""
                },
                "aws_subnet.service.2": {
                    "type": "aws_subnet",
                    "depends_on": [
                        "data.aws_availability_zones.azs",
                        "data.aws_vpc.current",
                        "data.aws_vpc.current",
                        "data.terraform_remote_state.env"
                    ],
                    "primary": {
                        "id": "subnet-e428e6bf",
                        "attributes": {
                            "availability_zone": "us-east-1c",
                            "cidr_block": "172.19.7.64/28",
                            "id": "subnet-e428e6bf",
                            "map_public_ip_on_launch": "false",
                            "tags.%": "5",
                            "tags.App": "cache",
                            "tags.Env": "admin",
                            "tags.ManagedBy": "terraform",
                            "tags.Name": "admin-cache-nexus",
                            "tags.Service": "nexus",
                            "vpc_id": "vpc-51727436"
                        },
                        "meta": {},
                        "tainted": false
                    },
                    "deposed": [],
                    "provider": ""
                },
                "aws_subnet.service.3": {
                    "type": "aws_subnet",
                    "depends_on": [
                        "data.aws_availability_zones.azs",
                        "data.aws_vpc.current",
                        "data.aws_vpc.current",
                        "data.terraform_remote_state.env"
                    ],
                    "primary": {
                        "id": "subnet-68679f54",
                        "attributes": {
                            "availability_zone": "us-east-1e",
                            "cidr_block": "172.19.62.176/28",
                            "id": "subnet-68679f54",
                            "map_public_ip_on_launch": "false",
                            "tags.%": "5",
                            "tags.App": "cache",
                            "tags.Env": "admin",
                            "tags.ManagedBy": "terraform",
                            "tags.Name": "admin-cache-nexus",
                            "tags.Service": "nexus",
                            "vpc_id": "vpc-51727436"
                        },
                        "meta": {},
                        "tainted": false
                    },
                    "deposed": [],
                    "provider": ""
                },
                "data.aws_ami.service": {
                    "type": "aws_ami",
                    "depends_on": [],
                    "primary": {
                        "id": "ami-fd6e3bea",
                        "attributes": {
                            "architecture": "x86_64",
                            "block_device_mappings.#": "3",
                            "block_device_mappings.1634610537.device_name": "/dev/sdb",
                            "block_device_mappings.1634610537.ebs.%": "0",
                            "block_device_mappings.1634610537.no_device": "",
                            "block_device_mappings.1634610537.virtual_name": "ephemeral0",
                            "block_device_mappings.2547816212.device_name": "/dev/sda1",
                            "block_device_mappings.2547816212.ebs.%": "6",
                            "block_device_mappings.2547816212.ebs.delete_on_termination": "true",
                            "block_device_mappings.2547816212.ebs.encrypted": "false",
                            "block_device_mappings.2547816212.ebs.iops": "0",
                            "block_device_mappings.2547816212.ebs.snapshot_id": "snap-248695bf",
                            "block_device_mappings.2547816212.ebs.volume_size": "8",
                            "block_device_mappings.2547816212.ebs.volume_type": "gp2",
                            "block_device_mappings.2547816212.no_device": "",
                            "block_device_mappings.2547816212.virtual_name": "",
                            "block_device_mappings.3850042718.device_name": "/dev/sdc",
                            "block_device_mappings.3850042718.ebs.%": "0",
                            "block_device_mappings.3850042718.no_device": "",
                            "block_device_mappings.3850042718.virtual_name": "ephemeral1",
                            "creation_date": "2016-10-14T01:33:07.000Z",
                            "filter.#": "3",
                            "filter.1585153008.name": "name",
                            "filter.1585153008.values.#": "1",
                            "filter.1585153008.values.0": "ubuntu/images/hvm-ssd/ubuntu-xenial-16.04-amd64-server-*",
                            "filter.1609839683.name": "block-device-mapping.volume-type",
                            "filter.1609839683.values.#": "1",
                            "filter.1609839683.values.0": "gp2",
                            "filter.490168357.name": "virtualization-type",
                            "filter.490168357.values.#": "1",
                            "filter.490168357.values.0": "hvm",
                            "hypervisor": "xen",
                            "id": "ami-fd6e3bea",
                            "image_id": "ami-fd6e3bea",
                            "image_location": "099720109477/ubuntu/images/hvm-ssd/ubuntu-xenial-16.04-amd64-server-20161013",
                            "image_type": "machine",
                            "most_recent": "true",
                            "name": "ubuntu/images/hvm-ssd/ubuntu-xenial-16.04-amd64-server-20161013",
                            "owner_id": "099720109477",
                            "owners.#": "1",
                            "owners.0": "099720109477",
                            "product_codes.#": "0",
                            "public": "true",
                            "root_device_name": "/dev/sda1",
                            "root_device_type": "ebs",
                            "sriov_net_support": "simple",
                            "state": "available",
                            "state_reason.%": "2",
                            "state_reason.code": "UNSET",
                            "state_reason.message": "UNSET",
                            "tags.#": "0",
                            "virtualization_type": "hvm"
                        },
                        "meta": {},
                        "tainted": false
                    },
                    "deposed": [],
                    "provider": ""
                },
                "data.aws_availability_zones.azs": {
                    "type": "aws_availability_zones",
                    "depends_on": [],
                    "primary": {
                        "id": "2016-10-21 05:30:45.282278908 +0000 UTC",
                        "attributes": {
                            "id": "2016-10-21 05:30:45.282278908 +0000 UTC",
                            "names.#": "4",
                            "names.0": "us-east-1a",
                            "names.1": "us-east-1b",
                            "names.2": "us-east-1c",
                            "names.3": "us-east-1e"
                        },
                        "meta": {},
                        "tainted": false
                    },
                    "deposed": [],
                    "provider": ""
                },
                "data.aws_vpc.current": {
                    "type": "aws_vpc",
                    "depends_on": [
                        "data.terraform_remote_state.env"
                    ],
                    "primary": {
                        "id": "vpc-51727436",
                        "attributes": {
                            "cidr_block": "172.19.0.0/16",
                            "default": "false",
                            "dhcp_options_id": "dopt-3b4d775e",
                            "id": "vpc-51727436",
                            "instance_tenancy": "default",
                            "state": "available",
                            "tags.%": "3",
                            "tags.Env": "admin",
                            "tags.ManagedBy": "terraform",
                            "tags.Name": "admin"
                        },
                        "meta": {},
                        "tainted": false
                    },
                    "deposed": [],
                    "provider": ""
                },
                "data.template_file.key_pair_service": {
                    "type": "template_file",
                    "depends_on": [],
                    "primary": {
                        "id": "5035aaff317efe1209b2dede10a40005851c8565fcde8c12512d44c871e78263",
                        "attributes": {
                            "id": "5035aaff317efe1209b2dede10a40005851c8565fcde8c12512d44c871e78263",
                            "rendered": "ssh-rsa AAAAB3NzaC1yc2EAAAADAQABAAABAQCRskgy/FrRS6fWYRKPSXqYdaXUUoLwi+bdUFPTK0L99WAP438yWQtVE4EpSBkTWrWfK0xftFR4zC/xdC+84qzfVtkqEXtAw9sbC9RdMKEZX7PcMZx+Bl3J2bwbowg8+LmI0NFCNITB1jvMdKcK4HffEhT9QPlM06U0sIayHBR1cdiiMhocv0nkmLuaULNo+S/FRNR7pgYamtCkjol3yxbEDo54536+eA0BWjXbEiqEPiti/Q6QI+rBMdbz3oglphd1wi8bM2KN486lQaU/pTENZiFYRhk2kSt11zxYzJ9Wsj80lrcw1HxSj5q27wzo4y4UBaTl0Qq9+kxUSsoH70Fz app-demo/sandbox\n",
                            "template": "ssh-rsa AAAAB3NzaC1yc2EAAAADAQABAAABAQCRskgy/FrRS6fWYRKPSXqYdaXUUoLwi+bdUFPTK0L99WAP438yWQtVE4EpSBkTWrWfK0xftFR4zC/xdC+84qzfVtkqEXtAw9sbC9RdMKEZX7PcMZx+Bl3J2bwbowg8+LmI0NFCNITB1jvMdKcK4HffEhT9QPlM06U0sIayHBR1cdiiMhocv0nkmLuaULNo+S/FRNR7pgYamtCkjol3yxbEDo54536+eA0BWjXbEiqEPiti/Q6QI+rBMdbz3oglphd1wi8bM2KN486lQaU/pTENZiFYRhk2kSt11zxYzJ9Wsj80lrcw1HxSj5q27wzo4y4UBaTl0Qq9+kxUSsoH70Fz app-demo/sandbox\n"
                        },
                        "meta": {},
                        "tainted": false
                    },
                    "deposed": [],
                    "provider": ""
                },
                "data.template_file.user_data_service": {
                    "type": "template_file",
                    "depends_on": [
                        "data.aws_vpc.current",
                        "data.template_file.key_pair_service"
                    ],
                    "primary": {
                        "id": "b5cd76e505c64fa73a83c498dc8d654af0bd2f7a835b4831c56bcbb220901779",
                        "attributes": {
                            "id": "b5cd76e505c64fa73a83c498dc8d654af0bd2f7a835b4831c56bcbb220901779",
                            "rendered": "From nobody Wed Aug 10 18:58:26 2016\nContent-Type: multipart/mixed; boundary=\"===============88888888888888888888888888==\"\nMIME-Version: 1.0\nNumber-Attachments: 1\n\n--===============88888888888888888888888888==\nMIME-Version: 1.0\nContent-Type: text/cloud-config\nContent-Disposition: attachment; filename=\"part-001\"\n\nusers:\n - name: ubuntu\n   shell: /bin/bash\n   sudo: \"ALL=(ALL) NOPASSWD: ALL\"\n   ssh-authorized-keys:\n    - ssh-rsa AAAAB3NzaC1yc2EAAAADAQABAAABAQCRskgy/FrRS6fWYRKPSXqYdaXUUoLwi+bdUFPTK0L99WAP438yWQtVE4EpSBkTWrWfK0xftFR4zC/xdC+84qzfVtkqEXtAw9sbC9RdMKEZX7PcMZx+Bl3J2bwbowg8+LmI0NFCNITB1jvMdKcK4HffEhT9QPlM06U0sIayHBR1cdiiMhocv0nkmLuaULNo+S/FRNR7pgYamtCkjol3yxbEDo54536+eA0BWjXbEiqEPiti/Q6QI+rBMdbz3oglphd1wi8bM2KN486lQaU/pTENZiFYRhk2kSt11zxYzJ9Wsj80lrcw1HxSj5q27wzo4y4UBaTl0Qq9+kxUSsoH70Fz app-demo/sandbox\n\n\nmanage_etc_hosts: true\n\nwrite_files:\n - owner: root:root\n   path: /etc/network/fan\n   permissions: '0644'\n   content: |\n      172.19.0.0/16/16 250.0.0.0/8 --enable --dhcp\n - owner: root:root\n   path: /etc/sysctl.d/99-lxd.conf\n   permissions: '0644'\n   content: |\n      fs.inotify.max_queued_events = 1048576\n      fs.inotify.max_user_instances = 1048576\n      fs.inotify.max_user_watches = 1048576\n      vm.max_map_count = 262144\n      net.core.netdev_max_backlog = 182757\n - owner: root:root\n   path: /etc/security/limits.d/99-lxd.conf\n   permissions: '0644'\n   content: |\n      * soft nofile 1048576\n      * hard nofile 1048576\n      root soft nofile 1048576\n      root hard nofile 1048576\n      * soft memlock unlimited\n      * hard memlock unlimited\n - owner: root:root\n   path: /etc/cloud/cloud.cfg.d/99-disable-network-config.cfg\n   permissions: '0644'\n   content: |\n      network: {config: disabled}\n - owner: root:root\n   path: /etc/network/interfaces.d/50-cloud-init.cfg\n   permissions: '0644'\n   content: |\n      # This file is generated from information provided by\n      # the datasource.  Changes to it will not persist across an instance.\n      # To disable cloud-init's network configuration capabilities, write a file\n      # /etc/cloud/cloud.cfg.d/99-disable-network-config.cfg with the following:\n      # network: {config: disabled}\n      auto lo\n      iface lo inet loopback\n\n      auto eth0\n      iface eth0 inet manual\n          txqueuelen 10000\n\n      auto br0\n      iface br0 inet dhcp\n          txqueuelen 10000\n          bridge-ifaces eth0\n          bridge-ports eth0\n\nlxd:\n  init:\n    network_address: 0.0.0.0\n    network_port: 8443\n    trust_password: ubuntu\n  bridge:\n    mode: existing\n    name: br0\n\npackages:\n - openssh-server\n - aptitude\n - ntp\n - curl\n - unzip\n - git\n - perl\n - ruby\n - language-pack-en\n - nfs-common\n - build-essential\n - dkms\n - lvm2\n - xfsprogs\n - xfsdump\n - bridge-utils\n - thin-provisioning-tools\n - software-properties-common\n - btrfs-tools\n - ubuntu-fan\n - linux-generic\n - ifmetric\n\nruncmd:\n  - \"aptitude purge -y open-iscsi nano mlocate ubuntu-release-upgrader-core update-manager-core\"\n  - \"add-apt-repository -y ppa:ubuntu-lxc/lxd-stable\"\n  - \"aptitude update\"\n  - \"env DEBIAN_FRONTEND=noninteractive aptitude -o Dpkg::Options::=--force-confdef -o Dpkg::Options::=--force-confold install -y lxd lxd-tools criu docker.io\"\n  - \"env DEBIAN_FRONTEND=noninteractive aptitude -o Dpkg::Options::=--force-confdef -o Dpkg::Options::=--force-confold upgrade -y\"\n  - \"usermod -aG lxd ubuntu\"\n  - \"usermod -aG docker ubuntu\"\n  - \"systemctl disable apt-daily.service\"\n  - \"systemctl disable apt-daily.timer\"\n  - \"sleep 30\"\n  - \"reboot\"\n",
                            "template": "From nobody Wed Aug 10 18:58:26 2016\nContent-Type: multipart/mixed; boundary=\"===============88888888888888888888888888==\"\nMIME-Version: 1.0\nNumber-Attachments: 1\n\n--===============88888888888888888888888888==\nMIME-Version: 1.0\nContent-Type: text/cloud-config\nContent-Disposition: attachment; filename=\"part-001\"\n\nusers:\n - name: ubuntu\n   shell: /bin/bash\n   sudo: \"ALL=(ALL) NOPASSWD: ALL\"\n   ssh-authorized-keys:\n    - ${public_key}\n\nmanage_etc_hosts: true\n\nwrite_files:\n - owner: root:root\n   path: /etc/network/fan\n   permissions: '0644'\n   content: |\n      ${vpc_cidr}/16 250.0.0.0/8 --enable --dhcp\n - owner: root:root\n   path: /etc/sysctl.d/99-lxd.conf\n   permissions: '0644'\n   content: |\n      fs.inotify.max_queued_events = 1048576\n      fs.inotify.max_user_instances = 1048576\n      fs.inotify.max_user_watches = 1048576\n      vm.max_map_count = 262144\n      net.core.netdev_max_backlog = 182757\n - owner: root:root\n   path: /etc/security/limits.d/99-lxd.conf\n   permissions: '0644'\n   content: |\n      * soft nofile 1048576\n      * hard nofile 1048576\n      root soft nofile 1048576\n      root hard nofile 1048576\n      * soft memlock unlimited\n      * hard memlock unlimited\n - owner: root:root\n   path: /etc/cloud/cloud.cfg.d/99-disable-network-config.cfg\n   permissions: '0644'\n   content: |\n      network: {config: disabled}\n - owner: root:root\n   path: /etc/network/interfaces.d/50-cloud-init.cfg\n   permissions: '0644'\n   content: |\n      # This file is generated from information provided by\n      # the datasource.  Changes to it will not persist across an instance.\n      # To disable cloud-init's network configuration capabilities, write a file\n      # /etc/cloud/cloud.cfg.d/99-disable-network-config.cfg with the following:\n      # network: {config: disabled}\n      auto lo\n      iface lo inet loopback\n\n      auto eth0\n      iface eth0 inet manual\n          txqueuelen 10000\n\n      auto br0\n      iface br0 inet dhcp\n          txqueuelen 10000\n          bridge-ifaces eth0\n          bridge-ports eth0\n\nlxd:\n  init:\n    network_address: 0.0.0.0\n    network_port: 8443\n    trust_password: ubuntu\n  bridge:\n    mode: existing\n    name: br0\n\npackages:\n - openssh-server\n - aptitude\n - ntp\n - curl\n - unzip\n - git\n - perl\n - ruby\n - language-pack-en\n - nfs-common\n - build-essential\n - dkms\n - lvm2\n - xfsprogs\n - xfsdump\n - bridge-utils\n - thin-provisioning-tools\n - software-properties-common\n - btrfs-tools\n - ubuntu-fan\n - linux-generic\n - ifmetric\n\nruncmd:\n  - \"aptitude purge -y open-iscsi nano mlocate ubuntu-release-upgrader-core update-manager-core\"\n  - \"add-apt-repository -y ppa:ubuntu-lxc/lxd-stable\"\n  - \"aptitude update\"\n  - \"env DEBIAN_FRONTEND=noninteractive aptitude -o Dpkg::Options::=--force-confdef -o Dpkg::Options::=--force-confold install -y lxd lxd-tools criu docker.io\"\n  - \"env DEBIAN_FRONTEND=noninteractive aptitude -o Dpkg::Options::=--force-confdef -o Dpkg::Options::=--force-confold upgrade -y\"\n  - \"usermod -aG lxd ubuntu\"\n  - \"usermod -aG docker ubuntu\"\n  - \"systemctl disable apt-daily.service\"\n  - \"systemctl disable apt-daily.timer\"\n  - \"sleep 30\"\n  - \"reboot\"\n",
                            "vars.%": "2",
                            "vars.public_key": "ssh-rsa AAAAB3NzaC1yc2EAAAADAQABAAABAQCRskgy/FrRS6fWYRKPSXqYdaXUUoLwi+bdUFPTK0L99WAP438yWQtVE4EpSBkTWrWfK0xftFR4zC/xdC+84qzfVtkqEXtAw9sbC9RdMKEZX7PcMZx+Bl3J2bwbowg8+LmI0NFCNITB1jvMdKcK4HffEhT9QPlM06U0sIayHBR1cdiiMhocv0nkmLuaULNo+S/FRNR7pgYamtCkjol3yxbEDo54536+eA0BWjXbEiqEPiti/Q6QI+rBMdbz3oglphd1wi8bM2KN486lQaU/pTENZiFYRhk2kSt11zxYzJ9Wsj80lrcw1HxSj5q27wzo4y4UBaTl0Qq9+kxUSsoH70Fz app-demo/sandbox\n",
                            "vars.vpc_cidr": "172.19.0.0/16"
                        },
                        "meta": {},
                        "tainted": false
                    },
                    "deposed": [],
                    "provider": ""
                },
                "data.terraform_remote_state.env": {
                    "type": "terraform_remote_state",
                    "depends_on": [],
                    "primary": {
                        "id": "2016-10-21 05:30:42.653156121 +0000 UTC",
                        "attributes": {
                            "aws_region": "us-east-1",
                            "backend": "local",
                            "config.%": "1",
                            "config.path": "../../env/admin/.terraform/terraform.tfstate",
                            "env_name": "admin",
                            "id": "2016-10-21 05:30:42.653156121 +0000 UTC",
                            "igw_id": "igw-88c50fef",
                            "nat_gateways.#": "1",
                            "nat_gateways.0": "nat-01e5dd3b88d455637",
                            "private_zone_id": "Z27QSZW6JM3M7B",
                            "private_zone_name": "admin.imma.io",
                            "private_zone_servers.#": "4",
                            "private_zone_servers.0": "ns-0.awsdns-00.com.",
                            "private_zone_servers.1": "ns-1024.awsdns-00.org.",
                            "private_zone_servers.2": "ns-1536.awsdns-00.co.uk.",
                            "private_zone_servers.3": "ns-512.awsdns-00.net.",
                            "s3_remote_state": "imma-io-remote-state",
                            "sg_efs": "sg-bd8f83c7",
                            "sg_env": "sg-c38f83b9",
                            "sg_env_lb": "sg-c18f83bb",
                            "sg_env_lb_private": "sg-bf8f83c5",
                            "sg_env_lb_public": "sg-c28f83b8",
                            "sg_env_private": "sg-c08f83ba",
                            "sg_env_public": "sg-c68f83bc",
                            "vpc_id": "vpc-51727436"
                        },
                        "meta": {},
                        "tainted": false
                    },
                    "deposed": [],
                    "provider": ""
                },
                "data.terraform_remote_state.global": {
                    "type": "terraform_remote_state",
                    "depends_on": [],
                    "primary": {
                        "id": "2016-10-21 05:30:42.630822576 +0000 UTC",
                        "attributes": {
                            "aws_account_id": "548373030883",
                            "backend": "local",
                            "config.%": "1",
                            "config.path": "../../env/global/.terraform/terraform.tfstate",
                            "domain_name": "imma.io",
                            "env_cidr.%": "4",
                            "env_cidr._docker": "172.17.0.0/16",
                            "env_cidr.admin": "172.19.0.0/16",
                            "env_cidr.dev": "172.20.0.0/16",
                            "env_cidr.sandbox": "172.16.0.0/16",
                            "id": "2016-10-21 05:30:42.630822576 +0000 UTC",
                            "public_network.%": "9",
                            "public_network.aptly": "0",
                            "public_network.bastion": "0",
                            "public_network.blocks": "0",
                            "public_network.dns": "0",
                            "public_network.irssi": "0",
                            "public_network.nexus": "0",
                            "public_network.ntp": "0",
                            "public_network.openvpn": "0",
                            "public_network.packer": "0",
                            "s3_remote_state": "imma-io-remote-state",
                            "service_nets.%": "10",
                            "service_nets.aptly.#": "4",
                            "service_nets.aptly.0": "111",
                            "service_nets.aptly.1": "112",
                            "service_nets.aptly.2": "113",
                            "service_nets.aptly.3": "1002",
                            "service_nets.bastion.#": "4",
                            "service_nets.bastion.0": "102",
                            "service_nets.bastion.1": "103",
                            "service_nets.bastion.2": "104",
                            "service_nets.bastion.3": "1001",
                            "service_nets.blocks.#": "4",
                            "service_nets.blocks.0": "123",
                            "service_nets.blocks.1": "124",
                            "service_nets.blocks.2": "125",
                            "service_nets.blocks.3": "1008",
                            "service_nets.dns.#": "4",
                            "service_nets.dns.0": "117",
                            "service_nets.dns.1": "118",
                            "service_nets.dns.2": "119",
                            "service_nets.dns.3": "1004",
                            "service_nets.irssi.#": "4",
                            "service_nets.irssi.0": "105",
                            "service_nets.irssi.1": "106",
                            "service_nets.irssi.2": "107",
                            "service_nets.irssi.3": "1006",
                            "service_nets.meh.#": "3",
                            "service_nets.meh.0": "96",
                            "service_nets.meh.1": "97",
                            "service_nets.meh.2": "98",
                            "service_nets.nexus.#": "4",
                            "service_nets.nexus.0": "114",
                            "service_nets.nexus.1": "115",
                            "service_nets.nexus.2": "116",
                            "service_nets.nexus.3": "1003",
                            "service_nets.ntp.#": "4",
                            "service_nets.ntp.0": "120",
                            "service_nets.ntp.1": "121",
                            "service_nets.ntp.2": "122",
                            "service_nets.ntp.3": "1005",
                            "service_nets.openvpn.#": "4",
                            "service_nets.openvpn.0": "99",
                            "service_nets.openvpn.1": "100",
                            "service_nets.openvpn.2": "101",
                            "service_nets.openvpn.3": "1000",
                            "service_nets.packer.#": "4",
                            "service_nets.packer.0": "108",
                            "service_nets.packer.1": "109",
                            "service_nets.packer.2": "110",
                            "service_nets.packer.3": "1007",
                            "sys_nets.%": "4",
                            "sys_nets.common.#": "4",
                            "sys_nets.common.0": "2",
                            "sys_nets.common.1": "3",
                            "sys_nets.common.2": "4",
                            "sys_nets.common.3": "5",
                            "sys_nets.feh.#": "10",
                            "sys_nets.feh.0": "0",
                            "sys_nets.feh.1": "1",
                            "sys_nets.feh.2": "2",
                            "sys_nets.feh.3": "3",
                            "sys_nets.feh.4": "4",
                            "sys_nets.feh.5": "5",
                            "sys_nets.feh.6": "6",
                            "sys_nets.feh.7": "7",
                            "sys_nets.feh.8": "8",
                            "sys_nets.feh.9": "9",
                            "sys_nets.meh.#": "3",
                            "sys_nets.meh.0": "0",
                            "sys_nets.meh.1": "1",
                            "sys_nets.meh.2": "6",
                            "sys_nets.nat.#": "4",
                            "sys_nets.nat.0": "10",
                            "sys_nets.nat.1": "11",
                            "sys_nets.nat.2": "12",
                            "sys_nets.nat.3": "13"
                        },
                        "meta": {},
                        "tainted": false
                    },
                    "deposed": [],
                    "provider": ""
                }
            },
            "depends_on": []
        },
        {
            "path": [
                "root",
                "ntp"
            ],
            "outputs": {
                "service_sg": {
                    "sensitive": false,
                    "type": "string",
                    "value": "sg-ef878b95"
                }
            },
            "resources": {
                "aws_autoscaling_group.service.0": {
                    "type": "aws_autoscaling_group",
                    "depends_on": [
                        "aws_launch_configuration.service",
                        "aws_subnet.service",
                        "data.terraform_remote_state.env"
                    ],
                    "primary": {
                        "id": "admin-cache-ntp-blue",
                        "attributes": {
                            "arn": "arn:aws:autoscaling:us-east-1:548373030883:autoScalingGroup:ccaa896e-76ce-4142-b56b-d3d0c270b373:autoScalingGroupName/admin-cache-ntp-blue",
                            "availability_zones.#": "4",
                            "availability_zones.1305112097": "us-east-1b",
                            "availability_zones.3551460226": "us-east-1e",
                            "availability_zones.3569565595": "us-east-1a",
                            "availability_zones.986537655": "us-east-1c",
                            "default_cooldown": "300",
                            "desired_capacity": "0",
                            "force_delete": "false",
                            "health_check_grace_period": "300",
                            "health_check_type": "EC2",
                            "id": "admin-cache-ntp-blue",
                            "launch_configuration": "admin-cache-ntp-blue-20161016102334829558586pkz",
                            "load_balancers.#": "0",
                            "max_size": "5",
                            "metrics_granularity": "1Minute",
                            "min_size": "0",
                            "name": "admin-cache-ntp-blue",
                            "placement_group": "",
                            "protect_from_scale_in": "false",
                            "tag.#": "4",
                            "tag.1133649187.key": "App",
                            "tag.1133649187.propagate_at_launch": "true",
                            "tag.1133649187.value": "cache",
                            "tag.2080912130.key": "Env",
                            "tag.2080912130.propagate_at_launch": "true",
                            "tag.2080912130.value": "admin",
                            "tag.2639481250.key": "Name",
                            "tag.2639481250.propagate_at_launch": "true",
                            "tag.2639481250.value": "admin-cache-ntp-blue",
                            "tag.3963939517.key": "ManagedBy",
                            "tag.3963939517.propagate_at_launch": "true",
                            "tag.3963939517.value": "asg cache-ntp-blue",
                            "target_group_arns.#": "0",
                            "termination_policies.#": "1",
                            "termination_policies.0": "OldestInstance",
                            "vpc_zone_identifier.#": "4",
                            "vpc_zone_identifier.2950565486": "subnet-6a679f56",
                            "vpc_zone_identifier.3188995194": "subnet-0665df4f",
                            "vpc_zone_identifier.3549484159": "subnet-c363a8ee",
                            "vpc_zone_identifier.4041029854": "subnet-9a28e6c1",
                            "wait_for_capacity_timeout": "10m"
                        },
                        "meta": {},
                        "tainted": false
                    },
                    "deposed": [],
                    "provider": ""
                },
                "aws_autoscaling_group.service.1": {
                    "type": "aws_autoscaling_group",
                    "depends_on": [
                        "aws_launch_configuration.service",
                        "aws_subnet.service",
                        "data.terraform_remote_state.env"
                    ],
                    "primary": {
                        "id": "admin-cache-ntp-green",
                        "attributes": {
                            "arn": "arn:aws:autoscaling:us-east-1:548373030883:autoScalingGroup:dce4b126-84e1-4ac7-949d-93121548d83e:autoScalingGroupName/admin-cache-ntp-green",
                            "availability_zones.#": "4",
                            "availability_zones.1305112097": "us-east-1b",
                            "availability_zones.3551460226": "us-east-1e",
                            "availability_zones.3569565595": "us-east-1a",
                            "availability_zones.986537655": "us-east-1c",
                            "default_cooldown": "300",
                            "desired_capacity": "0",
                            "force_delete": "false",
                            "health_check_grace_period": "300",
                            "health_check_type": "EC2",
                            "id": "admin-cache-ntp-green",
                            "launch_configuration": "admin-cache-ntp-green-20161016102334814327434izb",
                            "load_balancers.#": "0",
                            "max_size": "5",
                            "metrics_granularity": "1Minute",
                            "min_size": "0",
                            "name": "admin-cache-ntp-green",
                            "placement_group": "",
                            "protect_from_scale_in": "false",
                            "tag.#": "4",
                            "tag.1133649187.key": "App",
                            "tag.1133649187.propagate_at_launch": "true",
                            "tag.1133649187.value": "cache",
                            "tag.2080912130.key": "Env",
                            "tag.2080912130.propagate_at_launch": "true",
                            "tag.2080912130.value": "admin",
                            "tag.2925722356.key": "ManagedBy",
                            "tag.2925722356.propagate_at_launch": "true",
                            "tag.2925722356.value": "asg cache-ntp-green",
                            "tag.589029538.key": "Name",
                            "tag.589029538.propagate_at_launch": "true",
                            "tag.589029538.value": "admin-cache-ntp-green",
                            "target_group_arns.#": "0",
                            "termination_policies.#": "1",
                            "termination_policies.0": "OldestInstance",
                            "vpc_zone_identifier.#": "4",
                            "vpc_zone_identifier.2950565486": "subnet-6a679f56",
                            "vpc_zone_identifier.3188995194": "subnet-0665df4f",
                            "vpc_zone_identifier.3549484159": "subnet-c363a8ee",
                            "vpc_zone_identifier.4041029854": "subnet-9a28e6c1",
                            "wait_for_capacity_timeout": "10m"
                        },
                        "meta": {},
                        "tainted": false
                    },
                    "deposed": [],
                    "provider": ""
                },
                "aws_iam_group.service": {
                    "type": "aws_iam_group",
                    "depends_on": [
                        "data.terraform_remote_state.env"
                    ],
                    "primary": {
                        "id": "admin-cache-ntp",
                        "attributes": {
                            "arn": "arn:aws:iam::548373030883:group/admin-cache-ntp",
                            "id": "admin-cache-ntp",
                            "name": "admin-cache-ntp",
                            "path": "/",
                            "unique_id": "AGPAJVG6JA2FLCHERVWIY"
                        },
                        "meta": {},
                        "tainted": false
                    },
                    "deposed": [],
                    "provider": ""
                },
                "aws_iam_instance_profile.service": {
                    "type": "aws_iam_instance_profile",
                    "depends_on": [
                        "aws_iam_role.service",
                        "data.terraform_remote_state.env"
                    ],
                    "primary": {
                        "id": "admin-cache-ntp",
                        "attributes": {
                            "arn": "arn:aws:iam::548373030883:instance-profile/admin-cache-ntp",
                            "id": "admin-cache-ntp",
                            "name": "admin-cache-ntp",
                            "path": "/",
                            "roles.#": "1",
                            "roles.2155947528": "admin-cache-ntp"
                        },
                        "meta": {},
                        "tainted": false
                    },
                    "deposed": [],
                    "provider": ""
                },
                "aws_iam_role.service": {
                    "type": "aws_iam_role",
                    "depends_on": [
                        "data.terraform_remote_state.env"
                    ],
                    "primary": {
                        "id": "admin-cache-ntp",
                        "attributes": {
                            "arn": "arn:aws:iam::548373030883:role/admin-cache-ntp",
                            "assume_role_policy": "{\n  \"Version\": \"2012-10-17\",\n  \"Statement\": [\n    {\n      \"Action\": \"sts:AssumeRole\",\n      \"Principal\": { \n        \"Service\": \"ec2.amazonaws.com\"\n      },\n      \"Effect\": \"Allow\"\n    }\n  ]\n}\n",
                            "id": "admin-cache-ntp",
                            "name": "admin-cache-ntp",
                            "path": "/",
                            "unique_id": "AROAJBBBOZHHDHW4UWQP4"
                        },
                        "meta": {},
                        "tainted": false
                    },
                    "deposed": [],
                    "provider": ""
                },
                "aws_key_pair.service": {
                    "type": "aws_key_pair",
                    "depends_on": [
                        "data.template_file.key_pair_service"
                    ],
                    "primary": {
                        "id": "admin-cache-ntp",
                        "attributes": {
                            "fingerprint": "7e:31:77:1b:39:9d:7e:9d:2e:cc:02:90:56:d3:25:19",
                            "id": "admin-cache-ntp",
                            "key_name": "admin-cache-ntp",
                            "public_key": "ssh-rsa AAAAB3NzaC1yc2EAAAADAQABAAABAQCRskgy/FrRS6fWYRKPSXqYdaXUUoLwi+bdUFPTK0L99WAP438yWQtVE4EpSBkTWrWfK0xftFR4zC/xdC+84qzfVtkqEXtAw9sbC9RdMKEZX7PcMZx+Bl3J2bwbowg8+LmI0NFCNITB1jvMdKcK4HffEhT9QPlM06U0sIayHBR1cdiiMhocv0nkmLuaULNo+S/FRNR7pgYamtCkjol3yxbEDo54536+eA0BWjXbEiqEPiti/Q6QI+rBMdbz3oglphd1wi8bM2KN486lQaU/pTENZiFYRhk2kSt11zxYzJ9Wsj80lrcw1HxSj5q27wzo4y4UBaTl0Qq9+kxUSsoH70Fz app-demo/sandbox"
                        },
                        "meta": {
                            "schema_version": "1"
                        },
                        "tainted": false
                    },
                    "deposed": [],
                    "provider": ""
                },
                "aws_launch_configuration.service.0": {
                    "type": "aws_launch_configuration",
                    "depends_on": [
                        "aws_key_pair.service",
                        "aws_security_group.service",
                        "data.aws_ami.service",
                        "data.template_file.user_data_service",
                        "data.terraform_remote_state.env",
                        "data.terraform_remote_state.env",
                        "data.terraform_remote_state.env",
                        "data.terraform_remote_state.env"
                    ],
                    "primary": {
                        "id": "admin-cache-ntp-blue-20161016102334829558586pkz",
                        "attributes": {
                            "associate_public_ip_address": "false",
                            "ebs_block_device.#": "0",
                            "ebs_optimized": "false",
                            "enable_monitoring": "true",
                            "ephemeral_block_device.#": "4",
                            "ephemeral_block_device.1341606603.device_name": "/dev/sde",
                            "ephemeral_block_device.1341606603.virtual_name": "ephemeral3",
                            "ephemeral_block_device.2340069903.device_name": "/dev/sdd",
                            "ephemeral_block_device.2340069903.virtual_name": "ephemeral2",
                            "ephemeral_block_device.3710187412.device_name": "/dev/sdc",
                            "ephemeral_block_device.3710187412.virtual_name": "ephemeral1",
                            "ephemeral_block_device.430514000.device_name": "/dev/sdb",
                            "ephemeral_block_device.430514000.virtual_name": "ephemeral0",
                            "iam_instance_profile": "admin-cache-ntp",
                            "id": "admin-cache-ntp-blue-20161016102334829558586pkz",
                            "image_id": "ami-fd6e3bea",
                            "instance_type": "t2.nano",
                            "key_name": "admin-cache-ntp",
                            "name": "admin-cache-ntp-blue-20161016102334829558586pkz",
                            "name_prefix": "admin-cache-ntp-blue-",
                            "root_block_device.#": "1",
                            "root_block_device.0.delete_on_termination": "true",
                            "root_block_device.0.iops": "0",
                            "root_block_device.0.volume_size": "20",
                            "root_block_device.0.volume_type": "gp2",
                            "security_groups.#": "4",
                            "security_groups.1846209267": "sg-c38f83b9",
                            "security_groups.2528611050": "sg-f5878b8f",
                            "security_groups.3783020332": "sg-ef878b95",
                            "security_groups.978463144": "sg-c08f83ba",
                            "spot_price": "",
                            "user_data": "5f5185f50888a34fff1bacb9d06d83b912718d76",
                            "vpc_classic_link_id": "",
                            "vpc_classic_link_security_groups.#": "0"
                        },
                        "meta": {},
                        "tainted": false
                    },
                    "deposed": [],
                    "provider": ""
                },
                "aws_launch_configuration.service.1": {
                    "type": "aws_launch_configuration",
                    "depends_on": [
                        "aws_key_pair.service",
                        "aws_security_group.service",
                        "data.aws_ami.service",
                        "data.template_file.user_data_service",
                        "data.terraform_remote_state.env",
                        "data.terraform_remote_state.env",
                        "data.terraform_remote_state.env",
                        "data.terraform_remote_state.env"
                    ],
                    "primary": {
                        "id": "admin-cache-ntp-green-20161016102334814327434izb",
                        "attributes": {
                            "associate_public_ip_address": "false",
                            "ebs_block_device.#": "0",
                            "ebs_optimized": "false",
                            "enable_monitoring": "true",
                            "ephemeral_block_device.#": "4",
                            "ephemeral_block_device.1341606603.device_name": "/dev/sde",
                            "ephemeral_block_device.1341606603.virtual_name": "ephemeral3",
                            "ephemeral_block_device.2340069903.device_name": "/dev/sdd",
                            "ephemeral_block_device.2340069903.virtual_name": "ephemeral2",
                            "ephemeral_block_device.3710187412.device_name": "/dev/sdc",
                            "ephemeral_block_device.3710187412.virtual_name": "ephemeral1",
                            "ephemeral_block_device.430514000.device_name": "/dev/sdb",
                            "ephemeral_block_device.430514000.virtual_name": "ephemeral0",
                            "iam_instance_profile": "admin-cache-ntp",
                            "id": "admin-cache-ntp-green-20161016102334814327434izb",
                            "image_id": "ami-fd6e3bea",
                            "instance_type": "t2.nano",
                            "key_name": "admin-cache-ntp",
                            "name": "admin-cache-ntp-green-20161016102334814327434izb",
                            "name_prefix": "admin-cache-ntp-green-",
                            "root_block_device.#": "1",
                            "root_block_device.0.delete_on_termination": "true",
                            "root_block_device.0.iops": "0",
                            "root_block_device.0.volume_size": "20",
                            "root_block_device.0.volume_type": "gp2",
                            "security_groups.#": "4",
                            "security_groups.1846209267": "sg-c38f83b9",
                            "security_groups.2528611050": "sg-f5878b8f",
                            "security_groups.3783020332": "sg-ef878b95",
                            "security_groups.978463144": "sg-c08f83ba",
                            "spot_price": "",
                            "user_data": "5f5185f50888a34fff1bacb9d06d83b912718d76",
                            "vpc_classic_link_id": "",
                            "vpc_classic_link_security_groups.#": "0"
                        },
                        "meta": {},
                        "tainted": false
                    },
                    "deposed": [],
                    "provider": ""
                },
                "aws_route.service.0": {
                    "type": "aws_route",
                    "depends_on": [
                        "aws_route_table.service",
                        "data.terraform_remote_state.env"
                    ],
                    "primary": {
                        "id": "r-rtb-9ef391f81080289494",
                        "attributes": {
                            "destination_cidr_block": "0.0.0.0/0",
                            "destination_prefix_list_id": "",
                            "gateway_id": "",
                            "id": "r-rtb-9ef391f81080289494",
                            "instance_id": "",
                            "instance_owner_id": "",
                            "nat_gateway_id": "nat-01e5dd3b88d455637",
                            "network_interface_id": "",
                            "origin": "CreateRoute",
                            "route_table_id": "rtb-9ef391f8",
                            "state": "active",
                            "vpc_peering_connection_id": ""
                        },
                        "meta": {},
                        "tainted": false
                    },
                    "deposed": [],
                    "provider": ""
                },
                "aws_route.service.1": {
                    "type": "aws_route",
                    "depends_on": [
                        "aws_route_table.service",
                        "data.terraform_remote_state.env"
                    ],
                    "primary": {
                        "id": "r-rtb-9ff391f91080289494",
                        "attributes": {
                            "destination_cidr_block": "0.0.0.0/0",
                            "destination_prefix_list_id": "",
                            "gateway_id": "",
                            "id": "r-rtb-9ff391f91080289494",
                            "instance_id": "",
                            "instance_owner_id": "",
                            "nat_gateway_id": "nat-01e5dd3b88d455637",
                            "network_interface_id": "",
                            "origin": "CreateRoute",
                            "route_table_id": "rtb-9ff391f9",
                            "state": "blackhole",
                            "vpc_peering_connection_id": ""
                        },
                        "meta": {},
                        "tainted": false
                    },
                    "deposed": [],
                    "provider": ""
                },
                "aws_route.service.2": {
                    "type": "aws_route",
                    "depends_on": [
                        "aws_route_table.service",
                        "data.terraform_remote_state.env"
                    ],
                    "primary": {
                        "id": "r-rtb-98f391fe1080289494",
                        "attributes": {
                            "destination_cidr_block": "0.0.0.0/0",
                            "destination_prefix_list_id": "",
                            "gateway_id": "",
                            "id": "r-rtb-98f391fe1080289494",
                            "instance_id": "",
                            "instance_owner_id": "",
                            "nat_gateway_id": "nat-01e5dd3b88d455637",
                            "network_interface_id": "",
                            "origin": "CreateRoute",
                            "route_table_id": "rtb-98f391fe",
                            "state": "blackhole",
                            "vpc_peering_connection_id": ""
                        },
                        "meta": {},
                        "tainted": false
                    },
                    "deposed": [],
                    "provider": ""
                },
                "aws_route.service.3": {
                    "type": "aws_route",
                    "depends_on": [
                        "aws_route_table.service",
                        "data.terraform_remote_state.env"
                    ],
                    "primary": {
                        "id": "r-rtb-9bf391fd1080289494",
                        "attributes": {
                            "destination_cidr_block": "0.0.0.0/0",
                            "destination_prefix_list_id": "",
                            "gateway_id": "",
                            "id": "r-rtb-9bf391fd1080289494",
                            "instance_id": "",
                            "instance_owner_id": "",
                            "nat_gateway_id": "nat-01e5dd3b88d455637",
                            "network_interface_id": "",
                            "origin": "CreateRoute",
                            "route_table_id": "rtb-9bf391fd",
                            "state": "blackhole",
                            "vpc_peering_connection_id": ""
                        },
                        "meta": {},
                        "tainted": false
                    },
                    "deposed": [],
                    "provider": ""
                },
                "aws_route_table.service.0": {
                    "type": "aws_route_table",
                    "depends_on": [
                        "data.aws_vpc.current",
                        "data.terraform_remote_state.env"
                    ],
                    "primary": {
                        "id": "rtb-9ef391f8",
                        "attributes": {
                            "id": "rtb-9ef391f8",
                            "propagating_vgws.#": "0",
                            "route.#": "1",
                            "route.2186387970.cidr_block": "0.0.0.0/0",
                            "route.2186387970.gateway_id": "",
                            "route.2186387970.instance_id": "",
                            "route.2186387970.nat_gateway_id": "nat-01e5dd3b88d455637",
                            "route.2186387970.network_interface_id": "",
                            "route.2186387970.vpc_peering_connection_id": "",
                            "tags.%": "5",
                            "tags.App": "cache",
                            "tags.Env": "admin",
                            "tags.ManagedBy": "terraform",
                            "tags.Name": "admin-cache-ntp",
                            "tags.Service": "ntp",
                            "vpc_id": "vpc-51727436"
                        },
                        "meta": {},
                        "tainted": false
                    },
                    "deposed": [],
                    "provider": ""
                },
                "aws_route_table.service.1": {
                    "type": "aws_route_table",
                    "depends_on": [
                        "data.aws_vpc.current",
                        "data.terraform_remote_state.env"
                    ],
                    "primary": {
                        "id": "rtb-9ff391f9",
                        "attributes": {
                            "id": "rtb-9ff391f9",
                            "propagating_vgws.#": "0",
                            "route.#": "1",
                            "route.3661739184.cidr_block": "0.0.0.0/0",
                            "route.3661739184.gateway_id": "",
                            "route.3661739184.instance_id": "",
                            "route.3661739184.nat_gateway_id": "nat-0ccf81567adbe8ef6",
                            "route.3661739184.network_interface_id": "",
                            "route.3661739184.vpc_peering_connection_id": "",
                            "tags.%": "5",
                            "tags.App": "cache",
                            "tags.Env": "admin",
                            "tags.ManagedBy": "terraform",
                            "tags.Name": "admin-cache-ntp",
                            "tags.Service": "ntp",
                            "vpc_id": "vpc-51727436"
                        },
                        "meta": {},
                        "tainted": false
                    },
                    "deposed": [],
                    "provider": ""
                },
                "aws_route_table.service.2": {
                    "type": "aws_route_table",
                    "depends_on": [
                        "data.aws_vpc.current",
                        "data.terraform_remote_state.env"
                    ],
                    "primary": {
                        "id": "rtb-98f391fe",
                        "attributes": {
                            "id": "rtb-98f391fe",
                            "propagating_vgws.#": "0",
                            "route.#": "1",
                            "route.2282860795.cidr_block": "0.0.0.0/0",
                            "route.2282860795.gateway_id": "",
                            "route.2282860795.instance_id": "",
                            "route.2282860795.nat_gateway_id": "nat-03e762779c62521e1",
                            "route.2282860795.network_interface_id": "",
                            "route.2282860795.vpc_peering_connection_id": "",
                            "tags.%": "5",
                            "tags.App": "cache",
                            "tags.Env": "admin",
                            "tags.ManagedBy": "terraform",
                            "tags.Name": "admin-cache-ntp",
                            "tags.Service": "ntp",
                            "vpc_id": "vpc-51727436"
                        },
                        "meta": {},
                        "tainted": false
                    },
                    "deposed": [],
                    "provider": ""
                },
                "aws_route_table.service.3": {
                    "type": "aws_route_table",
                    "depends_on": [
                        "data.aws_vpc.current",
                        "data.terraform_remote_state.env"
                    ],
                    "primary": {
                        "id": "rtb-9bf391fd",
                        "attributes": {
                            "id": "rtb-9bf391fd",
                            "propagating_vgws.#": "0",
                            "route.#": "1",
                            "route.1111464476.cidr_block": "0.0.0.0/0",
                            "route.1111464476.gateway_id": "",
                            "route.1111464476.instance_id": "",
                            "route.1111464476.nat_gateway_id": "nat-004a09a41b9bed204",
                            "route.1111464476.network_interface_id": "",
                            "route.1111464476.vpc_peering_connection_id": "",
                            "tags.%": "5",
                            "tags.App": "cache",
                            "tags.Env": "admin",
                            "tags.ManagedBy": "terraform",
                            "tags.Name": "admin-cache-ntp",
                            "tags.Service": "ntp",
                            "vpc_id": "vpc-51727436"
                        },
                        "meta": {},
                        "tainted": false
                    },
                    "deposed": [],
                    "provider": ""
                },
                "aws_route_table_association.service.0": {
                    "type": "aws_route_table_association",
                    "depends_on": [
                        "aws_route_table.service",
                        "aws_subnet.service"
                    ],
                    "primary": {
                        "id": "rtbassoc-edd3b794",
                        "attributes": {
                            "id": "rtbassoc-edd3b794",
                            "route_table_id": "rtb-9ef391f8",
                            "subnet_id": "subnet-c363a8ee"
                        },
                        "meta": {},
                        "tainted": false
                    },
                    "deposed": [],
                    "provider": ""
                },
                "aws_route_table_association.service.1": {
                    "type": "aws_route_table_association",
                    "depends_on": [
                        "aws_route_table.service",
                        "aws_subnet.service"
                    ],
                    "primary": {
                        "id": "rtbassoc-4ed3b737",
                        "attributes": {
                            "id": "rtbassoc-4ed3b737",
                            "route_table_id": "rtb-9ff391f9",
                            "subnet_id": "subnet-0665df4f"
                        },
                        "meta": {},
                        "tainted": false
                    },
                    "deposed": [],
                    "provider": ""
                },
                "aws_route_table_association.service.2": {
                    "type": "aws_route_table_association",
                    "depends_on": [
                        "aws_route_table.service",
                        "aws_subnet.service"
                    ],
                    "primary": {
                        "id": "rtbassoc-51d3b728",
                        "attributes": {
                            "id": "rtbassoc-51d3b728",
                            "route_table_id": "rtb-98f391fe",
                            "subnet_id": "subnet-9a28e6c1"
                        },
                        "meta": {},
                        "tainted": false
                    },
                    "deposed": [],
                    "provider": ""
                },
                "aws_route_table_association.service.3": {
                    "type": "aws_route_table_association",
                    "depends_on": [
                        "aws_route_table.service",
                        "aws_subnet.service"
                    ],
                    "primary": {
                        "id": "rtbassoc-5ed3b727",
                        "attributes": {
                            "id": "rtbassoc-5ed3b727",
                            "route_table_id": "rtb-9bf391fd",
                            "subnet_id": "subnet-6a679f56"
                        },
                        "meta": {},
                        "tainted": false
                    },
                    "deposed": [],
                    "provider": ""
                },
                "aws_security_group.service": {
                    "type": "aws_security_group",
                    "depends_on": [
                        "data.aws_vpc.current",
                        "data.terraform_remote_state.env"
                    ],
                    "primary": {
                        "id": "sg-ef878b95",
                        "attributes": {
                            "description": "Service cache-ntp",
                            "egress.#": "0",
                            "id": "sg-ef878b95",
                            "ingress.#": "0",
                            "name": "admin-cache-ntp",
                            "owner_id": "548373030883",
                            "tags.%": "5",
                            "tags.App": "cache",
                            "tags.Env": "admin",
                            "tags.ManagedBy": "terraform",
                            "tags.Name": "admin-cache-ntp",
                            "tags.Service": "ntp",
                            "vpc_id": "vpc-51727436"
                        },
                        "meta": {},
                        "tainted": false
                    },
                    "deposed": [],
                    "provider": ""
                },
                "aws_subnet.service.0": {
                    "type": "aws_subnet",
                    "depends_on": [
                        "data.aws_availability_zones.azs",
                        "data.aws_vpc.current",
                        "data.aws_vpc.current",
                        "data.terraform_remote_state.env"
                    ],
                    "primary": {
                        "id": "subnet-c363a8ee",
                        "attributes": {
                            "availability_zone": "us-east-1a",
                            "cidr_block": "172.19.7.128/28",
                            "id": "subnet-c363a8ee",
                            "map_public_ip_on_launch": "false",
                            "tags.%": "5",
                            "tags.App": "cache",
                            "tags.Env": "admin",
                            "tags.ManagedBy": "terraform",
                            "tags.Name": "admin-cache-ntp",
                            "tags.Service": "ntp",
                            "vpc_id": "vpc-51727436"
                        },
                        "meta": {},
                        "tainted": false
                    },
                    "deposed": [],
                    "provider": ""
                },
                "aws_subnet.service.1": {
                    "type": "aws_subnet",
                    "depends_on": [
                        "data.aws_availability_zones.azs",
                        "data.aws_vpc.current",
                        "data.aws_vpc.current",
                        "data.terraform_remote_state.env"
                    ],
                    "primary": {
                        "id": "subnet-0665df4f",
                        "attributes": {
                            "availability_zone": "us-east-1b",
                            "cidr_block": "172.19.7.144/28",
                            "id": "subnet-0665df4f",
                            "map_public_ip_on_launch": "false",
                            "tags.%": "5",
                            "tags.App": "cache",
                            "tags.Env": "admin",
                            "tags.ManagedBy": "terraform",
                            "tags.Name": "admin-cache-ntp",
                            "tags.Service": "ntp",
                            "vpc_id": "vpc-51727436"
                        },
                        "meta": {},
                        "tainted": false
                    },
                    "deposed": [],
                    "provider": ""
                },
                "aws_subnet.service.2": {
                    "type": "aws_subnet",
                    "depends_on": [
                        "data.aws_availability_zones.azs",
                        "data.aws_vpc.current",
                        "data.aws_vpc.current",
                        "data.terraform_remote_state.env"
                    ],
                    "primary": {
                        "id": "subnet-9a28e6c1",
                        "attributes": {
                            "availability_zone": "us-east-1c",
                            "cidr_block": "172.19.7.160/28",
                            "id": "subnet-9a28e6c1",
                            "map_public_ip_on_launch": "false",
                            "tags.%": "5",
                            "tags.App": "cache",
                            "tags.Env": "admin",
                            "tags.ManagedBy": "terraform",
                            "tags.Name": "admin-cache-ntp",
                            "tags.Service": "ntp",
                            "vpc_id": "vpc-51727436"
                        },
                        "meta": {},
                        "tainted": false
                    },
                    "deposed": [],
                    "provider": ""
                },
                "aws_subnet.service.3": {
                    "type": "aws_subnet",
                    "depends_on": [
                        "data.aws_availability_zones.azs",
                        "data.aws_vpc.current",
                        "data.aws_vpc.current",
                        "data.terraform_remote_state.env"
                    ],
                    "primary": {
                        "id": "subnet-6a679f56",
                        "attributes": {
                            "availability_zone": "us-east-1e",
                            "cidr_block": "172.19.62.208/28",
                            "id": "subnet-6a679f56",
                            "map_public_ip_on_launch": "false",
                            "tags.%": "5",
                            "tags.App": "cache",
                            "tags.Env": "admin",
                            "tags.ManagedBy": "terraform",
                            "tags.Name": "admin-cache-ntp",
                            "tags.Service": "ntp",
                            "vpc_id": "vpc-51727436"
                        },
                        "meta": {},
                        "tainted": false
                    },
                    "deposed": [],
                    "provider": ""
                },
                "data.aws_ami.service": {
                    "type": "aws_ami",
                    "depends_on": [],
                    "primary": {
                        "id": "ami-fd6e3bea",
                        "attributes": {
                            "architecture": "x86_64",
                            "block_device_mappings.#": "3",
                            "block_device_mappings.1634610537.device_name": "/dev/sdb",
                            "block_device_mappings.1634610537.ebs.%": "0",
                            "block_device_mappings.1634610537.no_device": "",
                            "block_device_mappings.1634610537.virtual_name": "ephemeral0",
                            "block_device_mappings.2547816212.device_name": "/dev/sda1",
                            "block_device_mappings.2547816212.ebs.%": "6",
                            "block_device_mappings.2547816212.ebs.delete_on_termination": "true",
                            "block_device_mappings.2547816212.ebs.encrypted": "false",
                            "block_device_mappings.2547816212.ebs.iops": "0",
                            "block_device_mappings.2547816212.ebs.snapshot_id": "snap-248695bf",
                            "block_device_mappings.2547816212.ebs.volume_size": "8",
                            "block_device_mappings.2547816212.ebs.volume_type": "gp2",
                            "block_device_mappings.2547816212.no_device": "",
                            "block_device_mappings.2547816212.virtual_name": "",
                            "block_device_mappings.3850042718.device_name": "/dev/sdc",
                            "block_device_mappings.3850042718.ebs.%": "0",
                            "block_device_mappings.3850042718.no_device": "",
                            "block_device_mappings.3850042718.virtual_name": "ephemeral1",
                            "creation_date": "2016-10-14T01:33:07.000Z",
                            "filter.#": "3",
                            "filter.1585153008.name": "name",
                            "filter.1585153008.values.#": "1",
                            "filter.1585153008.values.0": "ubuntu/images/hvm-ssd/ubuntu-xenial-16.04-amd64-server-*",
                            "filter.1609839683.name": "block-device-mapping.volume-type",
                            "filter.1609839683.values.#": "1",
                            "filter.1609839683.values.0": "gp2",
                            "filter.490168357.name": "virtualization-type",
                            "filter.490168357.values.#": "1",
                            "filter.490168357.values.0": "hvm",
                            "hypervisor": "xen",
                            "id": "ami-fd6e3bea",
                            "image_id": "ami-fd6e3bea",
                            "image_location": "099720109477/ubuntu/images/hvm-ssd/ubuntu-xenial-16.04-amd64-server-20161013",
                            "image_type": "machine",
                            "most_recent": "true",
                            "name": "ubuntu/images/hvm-ssd/ubuntu-xenial-16.04-amd64-server-20161013",
                            "owner_id": "099720109477",
                            "owners.#": "1",
                            "owners.0": "099720109477",
                            "product_codes.#": "0",
                            "public": "true",
                            "root_device_name": "/dev/sda1",
                            "root_device_type": "ebs",
                            "sriov_net_support": "simple",
                            "state": "available",
                            "state_reason.%": "2",
                            "state_reason.code": "UNSET",
                            "state_reason.message": "UNSET",
                            "tags.#": "0",
                            "virtualization_type": "hvm"
                        },
                        "meta": {},
                        "tainted": false
                    },
                    "deposed": [],
                    "provider": ""
                },
                "data.aws_availability_zones.azs": {
                    "type": "aws_availability_zones",
                    "depends_on": [],
                    "primary": {
                        "id": "2016-10-21 05:30:45.696089964 +0000 UTC",
                        "attributes": {
                            "id": "2016-10-21 05:30:45.696089964 +0000 UTC",
                            "names.#": "4",
                            "names.0": "us-east-1a",
                            "names.1": "us-east-1b",
                            "names.2": "us-east-1c",
                            "names.3": "us-east-1e"
                        },
                        "meta": {},
                        "tainted": false
                    },
                    "deposed": [],
                    "provider": ""
                },
                "data.aws_vpc.current": {
                    "type": "aws_vpc",
                    "depends_on": [
                        "data.terraform_remote_state.env"
                    ],
                    "primary": {
                        "id": "vpc-51727436",
                        "attributes": {
                            "cidr_block": "172.19.0.0/16",
                            "default": "false",
                            "dhcp_options_id": "dopt-3b4d775e",
                            "id": "vpc-51727436",
                            "instance_tenancy": "default",
                            "state": "available",
                            "tags.%": "3",
                            "tags.Env": "admin",
                            "tags.ManagedBy": "terraform",
                            "tags.Name": "admin"
                        },
                        "meta": {},
                        "tainted": false
                    },
                    "deposed": [],
                    "provider": ""
                },
                "data.template_file.key_pair_service": {
                    "type": "template_file",
                    "depends_on": [],
                    "primary": {
                        "id": "5035aaff317efe1209b2dede10a40005851c8565fcde8c12512d44c871e78263",
                        "attributes": {
                            "id": "5035aaff317efe1209b2dede10a40005851c8565fcde8c12512d44c871e78263",
                            "rendered": "ssh-rsa AAAAB3NzaC1yc2EAAAADAQABAAABAQCRskgy/FrRS6fWYRKPSXqYdaXUUoLwi+bdUFPTK0L99WAP438yWQtVE4EpSBkTWrWfK0xftFR4zC/xdC+84qzfVtkqEXtAw9sbC9RdMKEZX7PcMZx+Bl3J2bwbowg8+LmI0NFCNITB1jvMdKcK4HffEhT9QPlM06U0sIayHBR1cdiiMhocv0nkmLuaULNo+S/FRNR7pgYamtCkjol3yxbEDo54536+eA0BWjXbEiqEPiti/Q6QI+rBMdbz3oglphd1wi8bM2KN486lQaU/pTENZiFYRhk2kSt11zxYzJ9Wsj80lrcw1HxSj5q27wzo4y4UBaTl0Qq9+kxUSsoH70Fz app-demo/sandbox\n",
                            "template": "ssh-rsa AAAAB3NzaC1yc2EAAAADAQABAAABAQCRskgy/FrRS6fWYRKPSXqYdaXUUoLwi+bdUFPTK0L99WAP438yWQtVE4EpSBkTWrWfK0xftFR4zC/xdC+84qzfVtkqEXtAw9sbC9RdMKEZX7PcMZx+Bl3J2bwbowg8+LmI0NFCNITB1jvMdKcK4HffEhT9QPlM06U0sIayHBR1cdiiMhocv0nkmLuaULNo+S/FRNR7pgYamtCkjol3yxbEDo54536+eA0BWjXbEiqEPiti/Q6QI+rBMdbz3oglphd1wi8bM2KN486lQaU/pTENZiFYRhk2kSt11zxYzJ9Wsj80lrcw1HxSj5q27wzo4y4UBaTl0Qq9+kxUSsoH70Fz app-demo/sandbox\n"
                        },
                        "meta": {},
                        "tainted": false
                    },
                    "deposed": [],
                    "provider": ""
                },
                "data.template_file.user_data_service": {
                    "type": "template_file",
                    "depends_on": [
                        "data.aws_vpc.current",
                        "data.template_file.key_pair_service"
                    ],
                    "primary": {
                        "id": "b5cd76e505c64fa73a83c498dc8d654af0bd2f7a835b4831c56bcbb220901779",
                        "attributes": {
                            "id": "b5cd76e505c64fa73a83c498dc8d654af0bd2f7a835b4831c56bcbb220901779",
                            "rendered": "From nobody Wed Aug 10 18:58:26 2016\nContent-Type: multipart/mixed; boundary=\"===============88888888888888888888888888==\"\nMIME-Version: 1.0\nNumber-Attachments: 1\n\n--===============88888888888888888888888888==\nMIME-Version: 1.0\nContent-Type: text/cloud-config\nContent-Disposition: attachment; filename=\"part-001\"\n\nusers:\n - name: ubuntu\n   shell: /bin/bash\n   sudo: \"ALL=(ALL) NOPASSWD: ALL\"\n   ssh-authorized-keys:\n    - ssh-rsa AAAAB3NzaC1yc2EAAAADAQABAAABAQCRskgy/FrRS6fWYRKPSXqYdaXUUoLwi+bdUFPTK0L99WAP438yWQtVE4EpSBkTWrWfK0xftFR4zC/xdC+84qzfVtkqEXtAw9sbC9RdMKEZX7PcMZx+Bl3J2bwbowg8+LmI0NFCNITB1jvMdKcK4HffEhT9QPlM06U0sIayHBR1cdiiMhocv0nkmLuaULNo+S/FRNR7pgYamtCkjol3yxbEDo54536+eA0BWjXbEiqEPiti/Q6QI+rBMdbz3oglphd1wi8bM2KN486lQaU/pTENZiFYRhk2kSt11zxYzJ9Wsj80lrcw1HxSj5q27wzo4y4UBaTl0Qq9+kxUSsoH70Fz app-demo/sandbox\n\n\nmanage_etc_hosts: true\n\nwrite_files:\n - owner: root:root\n   path: /etc/network/fan\n   permissions: '0644'\n   content: |\n      172.19.0.0/16/16 250.0.0.0/8 --enable --dhcp\n - owner: root:root\n   path: /etc/sysctl.d/99-lxd.conf\n   permissions: '0644'\n   content: |\n      fs.inotify.max_queued_events = 1048576\n      fs.inotify.max_user_instances = 1048576\n      fs.inotify.max_user_watches = 1048576\n      vm.max_map_count = 262144\n      net.core.netdev_max_backlog = 182757\n - owner: root:root\n   path: /etc/security/limits.d/99-lxd.conf\n   permissions: '0644'\n   content: |\n      * soft nofile 1048576\n      * hard nofile 1048576\n      root soft nofile 1048576\n      root hard nofile 1048576\n      * soft memlock unlimited\n      * hard memlock unlimited\n - owner: root:root\n   path: /etc/cloud/cloud.cfg.d/99-disable-network-config.cfg\n   permissions: '0644'\n   content: |\n      network: {config: disabled}\n - owner: root:root\n   path: /etc/network/interfaces.d/50-cloud-init.cfg\n   permissions: '0644'\n   content: |\n      # This file is generated from information provided by\n      # the datasource.  Changes to it will not persist across an instance.\n      # To disable cloud-init's network configuration capabilities, write a file\n      # /etc/cloud/cloud.cfg.d/99-disable-network-config.cfg with the following:\n      # network: {config: disabled}\n      auto lo\n      iface lo inet loopback\n\n      auto eth0\n      iface eth0 inet manual\n          txqueuelen 10000\n\n      auto br0\n      iface br0 inet dhcp\n          txqueuelen 10000\n          bridge-ifaces eth0\n          bridge-ports eth0\n\nlxd:\n  init:\n    network_address: 0.0.0.0\n    network_port: 8443\n    trust_password: ubuntu\n  bridge:\n    mode: existing\n    name: br0\n\npackages:\n - openssh-server\n - aptitude\n - ntp\n - curl\n - unzip\n - git\n - perl\n - ruby\n - language-pack-en\n - nfs-common\n - build-essential\n - dkms\n - lvm2\n - xfsprogs\n - xfsdump\n - bridge-utils\n - thin-provisioning-tools\n - software-properties-common\n - btrfs-tools\n - ubuntu-fan\n - linux-generic\n - ifmetric\n\nruncmd:\n  - \"aptitude purge -y open-iscsi nano mlocate ubuntu-release-upgrader-core update-manager-core\"\n  - \"add-apt-repository -y ppa:ubuntu-lxc/lxd-stable\"\n  - \"aptitude update\"\n  - \"env DEBIAN_FRONTEND=noninteractive aptitude -o Dpkg::Options::=--force-confdef -o Dpkg::Options::=--force-confold install -y lxd lxd-tools criu docker.io\"\n  - \"env DEBIAN_FRONTEND=noninteractive aptitude -o Dpkg::Options::=--force-confdef -o Dpkg::Options::=--force-confold upgrade -y\"\n  - \"usermod -aG lxd ubuntu\"\n  - \"usermod -aG docker ubuntu\"\n  - \"systemctl disable apt-daily.service\"\n  - \"systemctl disable apt-daily.timer\"\n  - \"sleep 30\"\n  - \"reboot\"\n",
                            "template": "From nobody Wed Aug 10 18:58:26 2016\nContent-Type: multipart/mixed; boundary=\"===============88888888888888888888888888==\"\nMIME-Version: 1.0\nNumber-Attachments: 1\n\n--===============88888888888888888888888888==\nMIME-Version: 1.0\nContent-Type: text/cloud-config\nContent-Disposition: attachment; filename=\"part-001\"\n\nusers:\n - name: ubuntu\n   shell: /bin/bash\n   sudo: \"ALL=(ALL) NOPASSWD: ALL\"\n   ssh-authorized-keys:\n    - ${public_key}\n\nmanage_etc_hosts: true\n\nwrite_files:\n - owner: root:root\n   path: /etc/network/fan\n   permissions: '0644'\n   content: |\n      ${vpc_cidr}/16 250.0.0.0/8 --enable --dhcp\n - owner: root:root\n   path: /etc/sysctl.d/99-lxd.conf\n   permissions: '0644'\n   content: |\n      fs.inotify.max_queued_events = 1048576\n      fs.inotify.max_user_instances = 1048576\n      fs.inotify.max_user_watches = 1048576\n      vm.max_map_count = 262144\n      net.core.netdev_max_backlog = 182757\n - owner: root:root\n   path: /etc/security/limits.d/99-lxd.conf\n   permissions: '0644'\n   content: |\n      * soft nofile 1048576\n      * hard nofile 1048576\n      root soft nofile 1048576\n      root hard nofile 1048576\n      * soft memlock unlimited\n      * hard memlock unlimited\n - owner: root:root\n   path: /etc/cloud/cloud.cfg.d/99-disable-network-config.cfg\n   permissions: '0644'\n   content: |\n      network: {config: disabled}\n - owner: root:root\n   path: /etc/network/interfaces.d/50-cloud-init.cfg\n   permissions: '0644'\n   content: |\n      # This file is generated from information provided by\n      # the datasource.  Changes to it will not persist across an instance.\n      # To disable cloud-init's network configuration capabilities, write a file\n      # /etc/cloud/cloud.cfg.d/99-disable-network-config.cfg with the following:\n      # network: {config: disabled}\n      auto lo\n      iface lo inet loopback\n\n      auto eth0\n      iface eth0 inet manual\n          txqueuelen 10000\n\n      auto br0\n      iface br0 inet dhcp\n          txqueuelen 10000\n          bridge-ifaces eth0\n          bridge-ports eth0\n\nlxd:\n  init:\n    network_address: 0.0.0.0\n    network_port: 8443\n    trust_password: ubuntu\n  bridge:\n    mode: existing\n    name: br0\n\npackages:\n - openssh-server\n - aptitude\n - ntp\n - curl\n - unzip\n - git\n - perl\n - ruby\n - language-pack-en\n - nfs-common\n - build-essential\n - dkms\n - lvm2\n - xfsprogs\n - xfsdump\n - bridge-utils\n - thin-provisioning-tools\n - software-properties-common\n - btrfs-tools\n - ubuntu-fan\n - linux-generic\n - ifmetric\n\nruncmd:\n  - \"aptitude purge -y open-iscsi nano mlocate ubuntu-release-upgrader-core update-manager-core\"\n  - \"add-apt-repository -y ppa:ubuntu-lxc/lxd-stable\"\n  - \"aptitude update\"\n  - \"env DEBIAN_FRONTEND=noninteractive aptitude -o Dpkg::Options::=--force-confdef -o Dpkg::Options::=--force-confold install -y lxd lxd-tools criu docker.io\"\n  - \"env DEBIAN_FRONTEND=noninteractive aptitude -o Dpkg::Options::=--force-confdef -o Dpkg::Options::=--force-confold upgrade -y\"\n  - \"usermod -aG lxd ubuntu\"\n  - \"usermod -aG docker ubuntu\"\n  - \"systemctl disable apt-daily.service\"\n  - \"systemctl disable apt-daily.timer\"\n  - \"sleep 30\"\n  - \"reboot\"\n",
                            "vars.%": "2",
                            "vars.public_key": "ssh-rsa AAAAB3NzaC1yc2EAAAADAQABAAABAQCRskgy/FrRS6fWYRKPSXqYdaXUUoLwi+bdUFPTK0L99WAP438yWQtVE4EpSBkTWrWfK0xftFR4zC/xdC+84qzfVtkqEXtAw9sbC9RdMKEZX7PcMZx+Bl3J2bwbowg8+LmI0NFCNITB1jvMdKcK4HffEhT9QPlM06U0sIayHBR1cdiiMhocv0nkmLuaULNo+S/FRNR7pgYamtCkjol3yxbEDo54536+eA0BWjXbEiqEPiti/Q6QI+rBMdbz3oglphd1wi8bM2KN486lQaU/pTENZiFYRhk2kSt11zxYzJ9Wsj80lrcw1HxSj5q27wzo4y4UBaTl0Qq9+kxUSsoH70Fz app-demo/sandbox\n",
                            "vars.vpc_cidr": "172.19.0.0/16"
                        },
                        "meta": {},
                        "tainted": false
                    },
                    "deposed": [],
                    "provider": ""
                },
                "data.terraform_remote_state.env": {
                    "type": "terraform_remote_state",
                    "depends_on": [],
                    "primary": {
                        "id": "2016-10-21 05:30:42.636324656 +0000 UTC",
                        "attributes": {
                            "aws_region": "us-east-1",
                            "backend": "local",
                            "config.%": "1",
                            "config.path": "../../env/admin/.terraform/terraform.tfstate",
                            "env_name": "admin",
                            "id": "2016-10-21 05:30:42.636324656 +0000 UTC",
                            "igw_id": "igw-88c50fef",
                            "nat_gateways.#": "1",
                            "nat_gateways.0": "nat-01e5dd3b88d455637",
                            "private_zone_id": "Z27QSZW6JM3M7B",
                            "private_zone_name": "admin.imma.io",
                            "private_zone_servers.#": "4",
                            "private_zone_servers.0": "ns-0.awsdns-00.com.",
                            "private_zone_servers.1": "ns-1024.awsdns-00.org.",
                            "private_zone_servers.2": "ns-1536.awsdns-00.co.uk.",
                            "private_zone_servers.3": "ns-512.awsdns-00.net.",
                            "s3_remote_state": "imma-io-remote-state",
                            "sg_efs": "sg-bd8f83c7",
                            "sg_env": "sg-c38f83b9",
                            "sg_env_lb": "sg-c18f83bb",
                            "sg_env_lb_private": "sg-bf8f83c5",
                            "sg_env_lb_public": "sg-c28f83b8",
                            "sg_env_private": "sg-c08f83ba",
                            "sg_env_public": "sg-c68f83bc",
                            "vpc_id": "vpc-51727436"
                        },
                        "meta": {},
                        "tainted": false
                    },
                    "deposed": [],
                    "provider": ""
                },
                "data.terraform_remote_state.global": {
                    "type": "terraform_remote_state",
                    "depends_on": [],
                    "primary": {
                        "id": "2016-10-21 05:30:42.626633619 +0000 UTC",
                        "attributes": {
                            "aws_account_id": "548373030883",
                            "backend": "local",
                            "config.%": "1",
                            "config.path": "../../env/global/.terraform/terraform.tfstate",
                            "domain_name": "imma.io",
                            "env_cidr.%": "4",
                            "env_cidr._docker": "172.17.0.0/16",
                            "env_cidr.admin": "172.19.0.0/16",
                            "env_cidr.dev": "172.20.0.0/16",
                            "env_cidr.sandbox": "172.16.0.0/16",
                            "id": "2016-10-21 05:30:42.626633619 +0000 UTC",
                            "public_network.%": "9",
                            "public_network.aptly": "0",
                            "public_network.bastion": "0",
                            "public_network.blocks": "0",
                            "public_network.dns": "0",
                            "public_network.irssi": "0",
                            "public_network.nexus": "0",
                            "public_network.ntp": "0",
                            "public_network.openvpn": "0",
                            "public_network.packer": "0",
                            "s3_remote_state": "imma-io-remote-state",
                            "service_nets.%": "10",
                            "service_nets.aptly.#": "4",
                            "service_nets.aptly.0": "111",
                            "service_nets.aptly.1": "112",
                            "service_nets.aptly.2": "113",
                            "service_nets.aptly.3": "1002",
                            "service_nets.bastion.#": "4",
                            "service_nets.bastion.0": "102",
                            "service_nets.bastion.1": "103",
                            "service_nets.bastion.2": "104",
                            "service_nets.bastion.3": "1001",
                            "service_nets.blocks.#": "4",
                            "service_nets.blocks.0": "123",
                            "service_nets.blocks.1": "124",
                            "service_nets.blocks.2": "125",
                            "service_nets.blocks.3": "1008",
                            "service_nets.dns.#": "4",
                            "service_nets.dns.0": "117",
                            "service_nets.dns.1": "118",
                            "service_nets.dns.2": "119",
                            "service_nets.dns.3": "1004",
                            "service_nets.irssi.#": "4",
                            "service_nets.irssi.0": "105",
                            "service_nets.irssi.1": "106",
                            "service_nets.irssi.2": "107",
                            "service_nets.irssi.3": "1006",
                            "service_nets.meh.#": "3",
                            "service_nets.meh.0": "96",
                            "service_nets.meh.1": "97",
                            "service_nets.meh.2": "98",
                            "service_nets.nexus.#": "4",
                            "service_nets.nexus.0": "114",
                            "service_nets.nexus.1": "115",
                            "service_nets.nexus.2": "116",
                            "service_nets.nexus.3": "1003",
                            "service_nets.ntp.#": "4",
                            "service_nets.ntp.0": "120",
                            "service_nets.ntp.1": "121",
                            "service_nets.ntp.2": "122",
                            "service_nets.ntp.3": "1005",
                            "service_nets.openvpn.#": "4",
                            "service_nets.openvpn.0": "99",
                            "service_nets.openvpn.1": "100",
                            "service_nets.openvpn.2": "101",
                            "service_nets.openvpn.3": "1000",
                            "service_nets.packer.#": "4",
                            "service_nets.packer.0": "108",
                            "service_nets.packer.1": "109",
                            "service_nets.packer.2": "110",
                            "service_nets.packer.3": "1007",
                            "sys_nets.%": "4",
                            "sys_nets.common.#": "4",
                            "sys_nets.common.0": "2",
                            "sys_nets.common.1": "3",
                            "sys_nets.common.2": "4",
                            "sys_nets.common.3": "5",
                            "sys_nets.feh.#": "10",
                            "sys_nets.feh.0": "0",
                            "sys_nets.feh.1": "1",
                            "sys_nets.feh.2": "2",
                            "sys_nets.feh.3": "3",
                            "sys_nets.feh.4": "4",
                            "sys_nets.feh.5": "5",
                            "sys_nets.feh.6": "6",
                            "sys_nets.feh.7": "7",
                            "sys_nets.feh.8": "8",
                            "sys_nets.feh.9": "9",
                            "sys_nets.meh.#": "3",
                            "sys_nets.meh.0": "0",
                            "sys_nets.meh.1": "1",
                            "sys_nets.meh.2": "6",
                            "sys_nets.nat.#": "4",
                            "sys_nets.nat.0": "10",
                            "sys_nets.nat.1": "11",
                            "sys_nets.nat.2": "12",
                            "sys_nets.nat.3": "13"
                        },
                        "meta": {},
                        "tainted": false
                    },
                    "deposed": [],
                    "provider": ""
                }
            },
            "depends_on": []
        },
        {
            "path": [
                "root",
                "aptly",
                "fs"
            ],
            "outputs": {
                "efs_dns_names": {
                    "sensitive": false,
                    "type": "list",
                    "value": []
                }
            },
            "resources": {
                "data.aws_vpc.current": {
                    "type": "aws_vpc",
                    "depends_on": [],
                    "primary": {
                        "id": "vpc-51727436",
                        "attributes": {
                            "cidr_block": "172.19.0.0/16",
                            "default": "false",
                            "dhcp_options_id": "dopt-3b4d775e",
                            "id": "vpc-51727436",
                            "instance_tenancy": "default",
                            "state": "available",
                            "tags.%": "3",
                            "tags.Env": "admin",
                            "tags.ManagedBy": "terraform",
                            "tags.Name": "admin"
                        },
                        "meta": {},
                        "tainted": false
                    },
                    "deposed": [],
                    "provider": ""
                }
            },
            "depends_on": []
        },
        {
            "path": [
                "root",
                "dns",
                "fs"
            ],
            "outputs": {
                "efs_dns_names": {
                    "sensitive": false,
                    "type": "list",
                    "value": []
                }
            },
            "resources": {
                "data.aws_vpc.current": {
                    "type": "aws_vpc",
                    "depends_on": [],
                    "primary": {
                        "id": "vpc-51727436",
                        "attributes": {
                            "cidr_block": "172.19.0.0/16",
                            "default": "false",
                            "dhcp_options_id": "dopt-3b4d775e",
                            "id": "vpc-51727436",
                            "instance_tenancy": "default",
                            "state": "available",
                            "tags.%": "3",
                            "tags.Env": "admin",
                            "tags.ManagedBy": "terraform",
                            "tags.Name": "admin"
                        },
                        "meta": {},
                        "tainted": false
                    },
                    "deposed": [],
                    "provider": ""
                }
            },
            "depends_on": []
        },
        {
            "path": [
                "root",
                "nexus",
                "fs"
            ],
            "outputs": {
                "efs_dns_names": {
                    "sensitive": false,
                    "type": "list",
                    "value": []
                }
            },
            "resources": {
                "data.aws_vpc.current": {
                    "type": "aws_vpc",
                    "depends_on": [],
                    "primary": {
                        "id": "vpc-51727436",
                        "attributes": {
                            "cidr_block": "172.19.0.0/16",
                            "default": "false",
                            "dhcp_options_id": "dopt-3b4d775e",
                            "id": "vpc-51727436",
                            "instance_tenancy": "default",
                            "state": "available",
                            "tags.%": "3",
                            "tags.Env": "admin",
                            "tags.ManagedBy": "terraform",
                            "tags.Name": "admin"
                        },
                        "meta": {},
                        "tainted": false
                    },
                    "deposed": [],
                    "provider": ""
                }
            },
            "depends_on": []
        },
        {
            "path": [
                "root",
                "ntp",
                "fs"
            ],
            "outputs": {
                "efs_dns_names": {
                    "sensitive": false,
                    "type": "list",
                    "value": []
                }
            },
            "resources": {
                "data.aws_vpc.current": {
                    "type": "aws_vpc",
                    "depends_on": [],
                    "primary": {
                        "id": "vpc-51727436",
                        "attributes": {
                            "cidr_block": "172.19.0.0/16",
                            "default": "false",
                            "dhcp_options_id": "dopt-3b4d775e",
                            "id": "vpc-51727436",
                            "instance_tenancy": "default",
                            "state": "available",
                            "tags.%": "3",
                            "tags.Env": "admin",
                            "tags.ManagedBy": "terraform",
                            "tags.Name": "admin"
                        },
                        "meta": {},
                        "tainted": false
                    },
                    "deposed": [],
                    "provider": ""
                }
            },
            "depends_on": []
        }
    ]
}
